{
  "version": 4,
  "terraform_version": "1.13.4",
  "serial": 269,
  "lineage": "5bfa71c1-047c-c252-77c8-da12ccbfd91e",
  "outputs": {
    "artifacts_bucket": {
      "value": "pkg-artifacts",
      "type": "string"
    },
    "cloudfront_distribution_id": {
      "value": "E3DMUZE2UO7GWZ",
      "type": "string"
    },
    "cloudfront_domain_name": {
      "value": "d2y6kf3qaredsh.cloudfront.net",
      "type": "string"
    },
    "cloudfront_url": {
      "value": "https://d2y6kf3qaredsh.cloudfront.net",
      "type": "string"
    },
    "ddb_tables": {
      "value": {
        "artifacts": "arn:aws:dynamodb:us-east-1:838693051036:table/artifacts",
        "downloads": "arn:aws:dynamodb:us-east-1:838693051036:table/downloads",
        "packages": "arn:aws:dynamodb:us-east-1:838693051036:table/packages",
        "performance_metrics": "arn:aws:dynamodb:us-east-1:838693051036:table/performance_metrics",
        "tokens": "arn:aws:dynamodb:us-east-1:838693051036:table/tokens",
        "uploads": "arn:aws:dynamodb:us-east-1:838693051036:table/uploads",
        "users": "arn:aws:dynamodb:us-east-1:838693051036:table/users"
      },
      "type": [
        "object",
        {
          "artifacts": "string",
          "downloads": "string",
          "packages": "string",
          "performance_metrics": "string",
          "tokens": "string",
          "uploads": "string",
          "users": "string"
        }
      ]
    },
    "ecr_repository_url": {
      "value": "838693051036.dkr.ecr.us-east-1.amazonaws.com/validator-service",
      "type": "string"
    },
    "group106_policy_arn": {
      "value": "arn:aws:iam::838693051036:policy/group106_project_policy",
      "type": "string"
    },
    "validator_cluster_arn": {
      "value": "arn:aws:ecs:us-east-1:838693051036:cluster/validator-cluster",
      "type": "string"
    },
    "validator_service_url": {
      "value": "http://validator-lb-727503296.us-east-1.elb.amazonaws.com",
      "type": "string"
    }
  },
  "resources": [
    {
      "mode": "data",
      "type": "aws_iam_policy_document",
      "name": "api_ddb_rw",
      "provider": "provider[\"registry.terraform.io/hashicorp/aws\"]",
      "instances": [
        {
          "schema_version": 0,
          "attributes": {
            "id": "1740634139",
            "json": "{\n  \"Version\": \"2012-10-17\",\n  \"Statement\": [\n    {\n      \"Effect\": \"Allow\",\n      \"Action\": [\n        \"dynamodb:Scan\",\n        \"dynamodb:Query\",\n        \"dynamodb:GetItem\",\n        \"dynamodb:DescribeTable\",\n        \"dynamodb:BatchGetItem\"\n      ],\n      \"Resource\": [\n        \"arn:aws:dynamodb:us-east-1:838693051036:table/packages/index/*\",\n        \"arn:aws:dynamodb:us-east-1:838693051036:table/packages\",\n        \"arn:aws:dynamodb:us-east-1:838693051036:table/artifacts\"\n      ]\n    },\n    {\n      \"Effect\": \"Allow\",\n      \"Action\": [\n        \"dynamodb:UpdateItem\",\n        \"dynamodb:PutItem\",\n        \"dynamodb:DeleteItem\",\n        \"dynamodb:BatchWriteItem\"\n      ],\n      \"Resource\": [\n        \"arn:aws:dynamodb:us-east-1:838693051036:table/packages\",\n        \"arn:aws:dynamodb:us-east-1:838693051036:table/artifacts\"\n      ]\n    }\n  ]\n}",
            "minified_json": "{\"Version\":\"2012-10-17\",\"Statement\":[{\"Effect\":\"Allow\",\"Action\":[\"dynamodb:Scan\",\"dynamodb:Query\",\"dynamodb:GetItem\",\"dynamodb:DescribeTable\",\"dynamodb:BatchGetItem\"],\"Resource\":[\"arn:aws:dynamodb:us-east-1:838693051036:table/packages/index/*\",\"arn:aws:dynamodb:us-east-1:838693051036:table/packages\",\"arn:aws:dynamodb:us-east-1:838693051036:table/artifacts\"]},{\"Effect\":\"Allow\",\"Action\":[\"dynamodb:UpdateItem\",\"dynamodb:PutItem\",\"dynamodb:DeleteItem\",\"dynamodb:BatchWriteItem\"],\"Resource\":[\"arn:aws:dynamodb:us-east-1:838693051036:table/packages\",\"arn:aws:dynamodb:us-east-1:838693051036:table/artifacts\"]}]}",
            "override_json": null,
            "override_policy_documents": null,
            "policy_id": null,
            "source_json": null,
            "source_policy_documents": null,
            "statement": [
              {
                "actions": [
                  "dynamodb:BatchGetItem",
                  "dynamodb:DescribeTable",
                  "dynamodb:GetItem",
                  "dynamodb:Query",
                  "dynamodb:Scan"
                ],
                "condition": [],
                "effect": "Allow",
                "not_actions": [],
                "not_principals": [],
                "not_resources": [],
                "principals": [],
                "resources": [
                  "arn:aws:dynamodb:us-east-1:838693051036:table/artifacts",
                  "arn:aws:dynamodb:us-east-1:838693051036:table/packages",
                  "arn:aws:dynamodb:us-east-1:838693051036:table/packages/index/*"
                ],
                "sid": ""
              },
              {
                "actions": [
                  "dynamodb:BatchWriteItem",
                  "dynamodb:DeleteItem",
                  "dynamodb:PutItem",
                  "dynamodb:UpdateItem"
                ],
                "condition": [],
                "effect": "Allow",
                "not_actions": [],
                "not_principals": [],
                "not_resources": [],
                "principals": [],
                "resources": [
                  "arn:aws:dynamodb:us-east-1:838693051036:table/artifacts",
                  "arn:aws:dynamodb:us-east-1:838693051036:table/packages"
                ],
                "sid": ""
              }
            ],
            "version": "2012-10-17"
          },
          "sensitive_attributes": [],
          "identity_schema_version": 0
        }
      ]
    },
    {
      "mode": "data",
      "type": "aws_iam_policy_document",
      "name": "api_s3_packages_rw",
      "provider": "provider[\"registry.terraform.io/hashicorp/aws\"]",
      "instances": [
        {
          "schema_version": 0,
          "attributes": {
            "id": "1497547368",
            "json": "{\n  \"Version\": \"2012-10-17\",\n  \"Statement\": [\n    {\n      \"Sid\": \"AccessPointPermissions\",\n      \"Effect\": \"Allow\",\n      \"Action\": [\n        \"s3:ListAccessPoint\",\n        \"s3:GetAccessPoint\"\n      ],\n      \"Resource\": \"arn:aws:s3:us-east-1:838693051036:accesspoint/cs450-s3\"\n    },\n    {\n      \"Sid\": \"ListAccessPoint\",\n      \"Effect\": \"Allow\",\n      \"Action\": \"s3:ListBucket\",\n      \"Resource\": \"arn:aws:s3:::pkg-artifacts-team\"\n    },\n    {\n      \"Sid\": \"ListPackagesPrefix\",\n      \"Effect\": \"Allow\",\n      \"Action\": \"s3:ListBucket\",\n      \"Resource\": \"arn:aws:s3:::pkg-artifacts-team\",\n      \"Condition\": {\n        \"StringLike\": {\n          \"s3:prefix\": [\n            \"packages/*\",\n            \"models/*\"\n          ]\n        }\n      }\n    },\n    {\n      \"Sid\": \"RWAccessPointObjects\",\n      \"Effect\": \"Allow\",\n      \"Action\": [\n        \"s3:UploadPart\",\n        \"s3:PutObjectTagging\",\n        \"s3:PutObject\",\n        \"s3:ListMultipartUploadParts\",\n        \"s3:GetObjectTagging\",\n        \"s3:GetObject\",\n        \"s3:DeleteObject\",\n        \"s3:CreateMultipartUpload\",\n        \"s3:CompleteMultipartUpload\",\n        \"s3:AbortMultipartUpload\"\n      ],\n      \"Resource\": [\n        \"arn:aws:s3:us-east-1:838693051036:accesspoint/cs450-s3/*\",\n        \"arn:aws:s3:::pkg-artifacts-team/packages/*\",\n        \"arn:aws:s3:::pkg-artifacts-team/models/*\"\n      ]\n    },\n    {\n      \"Sid\": \"RWPackagesWithKMS\",\n      \"Effect\": \"Allow\",\n      \"Action\": [\n        \"s3:PutObjectTagging\",\n        \"s3:PutObject\",\n        \"s3:ListMultipartUploadParts\",\n        \"s3:GetObjectTagging\",\n        \"s3:GetObject\",\n        \"s3:DeleteObject\",\n        \"s3:AbortMultipartUpload\"\n      ],\n      \"Resource\": \"arn:aws:s3:::pkg-artifacts-team/packages/*\",\n      \"Condition\": {\n        \"StringEquals\": {\n          \"s3:x-amz-server-side-encryption\": \"aws:kms\"\n        }\n      }\n    }\n  ]\n}",
            "minified_json": "{\"Version\":\"2012-10-17\",\"Statement\":[{\"Sid\":\"AccessPointPermissions\",\"Effect\":\"Allow\",\"Action\":[\"s3:ListAccessPoint\",\"s3:GetAccessPoint\"],\"Resource\":\"arn:aws:s3:us-east-1:838693051036:accesspoint/cs450-s3\"},{\"Sid\":\"ListAccessPoint\",\"Effect\":\"Allow\",\"Action\":\"s3:ListBucket\",\"Resource\":\"arn:aws:s3:::pkg-artifacts-team\"},{\"Sid\":\"ListPackagesPrefix\",\"Effect\":\"Allow\",\"Action\":\"s3:ListBucket\",\"Resource\":\"arn:aws:s3:::pkg-artifacts-team\",\"Condition\":{\"StringLike\":{\"s3:prefix\":[\"packages/*\",\"models/*\"]}}},{\"Sid\":\"RWAccessPointObjects\",\"Effect\":\"Allow\",\"Action\":[\"s3:UploadPart\",\"s3:PutObjectTagging\",\"s3:PutObject\",\"s3:ListMultipartUploadParts\",\"s3:GetObjectTagging\",\"s3:GetObject\",\"s3:DeleteObject\",\"s3:CreateMultipartUpload\",\"s3:CompleteMultipartUpload\",\"s3:AbortMultipartUpload\"],\"Resource\":[\"arn:aws:s3:us-east-1:838693051036:accesspoint/cs450-s3/*\",\"arn:aws:s3:::pkg-artifacts-team/packages/*\",\"arn:aws:s3:::pkg-artifacts-team/models/*\"]},{\"Sid\":\"RWPackagesWithKMS\",\"Effect\":\"Allow\",\"Action\":[\"s3:PutObjectTagging\",\"s3:PutObject\",\"s3:ListMultipartUploadParts\",\"s3:GetObjectTagging\",\"s3:GetObject\",\"s3:DeleteObject\",\"s3:AbortMultipartUpload\"],\"Resource\":\"arn:aws:s3:::pkg-artifacts-team/packages/*\",\"Condition\":{\"StringEquals\":{\"s3:x-amz-server-side-encryption\":\"aws:kms\"}}}]}",
            "override_json": null,
            "override_policy_documents": null,
            "policy_id": null,
            "source_json": null,
            "source_policy_documents": null,
            "statement": [
              {
                "actions": [
                  "s3:GetAccessPoint",
                  "s3:ListAccessPoint"
                ],
                "condition": [],
                "effect": "Allow",
                "not_actions": [],
                "not_principals": [],
                "not_resources": [],
                "principals": [],
                "resources": [
                  "arn:aws:s3:us-east-1:838693051036:accesspoint/cs450-s3"
                ],
                "sid": "AccessPointPermissions"
              },
              {
                "actions": [
                  "s3:ListBucket"
                ],
                "condition": [],
                "effect": "Allow",
                "not_actions": [],
                "not_principals": [],
                "not_resources": [],
                "principals": [],
                "resources": [
                  "arn:aws:s3:::pkg-artifacts-team"
                ],
                "sid": "ListAccessPoint"
              },
              {
                "actions": [
                  "s3:ListBucket"
                ],
                "condition": [
                  {
                    "test": "StringLike",
                    "values": [
                      "packages/*",
                      "models/*"
                    ],
                    "variable": "s3:prefix"
                  }
                ],
                "effect": "Allow",
                "not_actions": [],
                "not_principals": [],
                "not_resources": [],
                "principals": [],
                "resources": [
                  "arn:aws:s3:::pkg-artifacts-team"
                ],
                "sid": "ListPackagesPrefix"
              },
              {
                "actions": [
                  "s3:AbortMultipartUpload",
                  "s3:CompleteMultipartUpload",
                  "s3:CreateMultipartUpload",
                  "s3:DeleteObject",
                  "s3:GetObject",
                  "s3:GetObjectTagging",
                  "s3:ListMultipartUploadParts",
                  "s3:PutObject",
                  "s3:PutObjectTagging",
                  "s3:UploadPart"
                ],
                "condition": [],
                "effect": "Allow",
                "not_actions": [],
                "not_principals": [],
                "not_resources": [],
                "principals": [],
                "resources": [
                  "arn:aws:s3:::pkg-artifacts-team/models/*",
                  "arn:aws:s3:::pkg-artifacts-team/packages/*",
                  "arn:aws:s3:us-east-1:838693051036:accesspoint/cs450-s3/*"
                ],
                "sid": "RWAccessPointObjects"
              },
              {
                "actions": [
                  "s3:AbortMultipartUpload",
                  "s3:DeleteObject",
                  "s3:GetObject",
                  "s3:GetObjectTagging",
                  "s3:ListMultipartUploadParts",
                  "s3:PutObject",
                  "s3:PutObjectTagging"
                ],
                "condition": [
                  {
                    "test": "StringEquals",
                    "values": [
                      "aws:kms"
                    ],
                    "variable": "s3:x-amz-server-side-encryption"
                  }
                ],
                "effect": "Allow",
                "not_actions": [],
                "not_principals": [],
                "not_resources": [],
                "principals": [],
                "resources": [
                  "arn:aws:s3:::pkg-artifacts-team/packages/*"
                ],
                "sid": "RWPackagesWithKMS"
              }
            ],
            "version": "2012-10-17"
          },
          "sensitive_attributes": [],
          "identity_schema_version": 0
        }
      ]
    },
    {
      "mode": "data",
      "type": "aws_iam_policy_document",
      "name": "validator_ddb_min_rw",
      "provider": "provider[\"registry.terraform.io/hashicorp/aws\"]",
      "instances": [
        {
          "schema_version": 0,
          "attributes": {
            "id": "1836627799",
            "json": "{\n  \"Version\": \"2012-10-17\",\n  \"Statement\": [\n    {\n      \"Sid\": \"DDBRead\",\n      \"Effect\": \"Allow\",\n      \"Action\": [\n        \"dynamodb:Scan\",\n        \"dynamodb:Query\",\n        \"dynamodb:GetItem\",\n        \"dynamodb:DescribeTable\",\n        \"dynamodb:BatchGetItem\"\n      ],\n      \"Resource\": [\n        \"arn:aws:dynamodb:us-east-1:838693051036:table/packages/index/*\",\n        \"arn:aws:dynamodb:us-east-1:838693051036:table/packages\"\n      ]\n    },\n    {\n      \"Sid\": \"DDBUpdateOnly\",\n      \"Effect\": \"Allow\",\n      \"Action\": \"dynamodb:UpdateItem\",\n      \"Resource\": \"arn:aws:dynamodb:us-east-1:838693051036:table/packages\"\n    }\n  ]\n}",
            "minified_json": "{\"Version\":\"2012-10-17\",\"Statement\":[{\"Sid\":\"DDBRead\",\"Effect\":\"Allow\",\"Action\":[\"dynamodb:Scan\",\"dynamodb:Query\",\"dynamodb:GetItem\",\"dynamodb:DescribeTable\",\"dynamodb:BatchGetItem\"],\"Resource\":[\"arn:aws:dynamodb:us-east-1:838693051036:table/packages/index/*\",\"arn:aws:dynamodb:us-east-1:838693051036:table/packages\"]},{\"Sid\":\"DDBUpdateOnly\",\"Effect\":\"Allow\",\"Action\":\"dynamodb:UpdateItem\",\"Resource\":\"arn:aws:dynamodb:us-east-1:838693051036:table/packages\"}]}",
            "override_json": null,
            "override_policy_documents": null,
            "policy_id": null,
            "source_json": null,
            "source_policy_documents": null,
            "statement": [
              {
                "actions": [
                  "dynamodb:BatchGetItem",
                  "dynamodb:DescribeTable",
                  "dynamodb:GetItem",
                  "dynamodb:Query",
                  "dynamodb:Scan"
                ],
                "condition": [],
                "effect": "Allow",
                "not_actions": [],
                "not_principals": [],
                "not_resources": [],
                "principals": [],
                "resources": [
                  "arn:aws:dynamodb:us-east-1:838693051036:table/packages",
                  "arn:aws:dynamodb:us-east-1:838693051036:table/packages/index/*"
                ],
                "sid": "DDBRead"
              },
              {
                "actions": [
                  "dynamodb:UpdateItem"
                ],
                "condition": [],
                "effect": "Allow",
                "not_actions": [],
                "not_principals": [],
                "not_resources": [],
                "principals": [],
                "resources": [
                  "arn:aws:dynamodb:us-east-1:838693051036:table/packages"
                ],
                "sid": "DDBUpdateOnly"
              }
            ],
            "version": "2012-10-17"
          },
          "sensitive_attributes": [],
          "identity_schema_version": 0
        }
      ]
    },
    {
      "mode": "data",
      "type": "aws_iam_policy_document",
      "name": "validator_s3_inputs_ro",
      "provider": "provider[\"registry.terraform.io/hashicorp/aws\"]",
      "instances": [
        {
          "schema_version": 0,
          "attributes": {
            "id": "37455665",
            "json": "{\n  \"Version\": \"2012-10-17\",\n  \"Statement\": [\n    {\n      \"Sid\": \"ListValidatorInputs\",\n      \"Effect\": \"Allow\",\n      \"Action\": \"s3:ListBucket\",\n      \"Resource\": \"arn:aws:s3:::pkg-artifacts\",\n      \"Condition\": {\n        \"StringLike\": {\n          \"s3:prefix\": \"validator/inputs/*\"\n        }\n      }\n    },\n    {\n      \"Sid\": \"ReadValidatorInputs\",\n      \"Effect\": \"Allow\",\n      \"Action\": [\n        \"s3:GetObjectTagging\",\n        \"s3:GetObject\"\n      ],\n      \"Resource\": \"arn:aws:s3:::pkg-artifacts/validator/inputs/*\"\n    }\n  ]\n}",
            "minified_json": "{\"Version\":\"2012-10-17\",\"Statement\":[{\"Sid\":\"ListValidatorInputs\",\"Effect\":\"Allow\",\"Action\":\"s3:ListBucket\",\"Resource\":\"arn:aws:s3:::pkg-artifacts\",\"Condition\":{\"StringLike\":{\"s3:prefix\":\"validator/inputs/*\"}}},{\"Sid\":\"ReadValidatorInputs\",\"Effect\":\"Allow\",\"Action\":[\"s3:GetObjectTagging\",\"s3:GetObject\"],\"Resource\":\"arn:aws:s3:::pkg-artifacts/validator/inputs/*\"}]}",
            "override_json": null,
            "override_policy_documents": null,
            "policy_id": null,
            "source_json": null,
            "source_policy_documents": null,
            "statement": [
              {
                "actions": [
                  "s3:ListBucket"
                ],
                "condition": [
                  {
                    "test": "StringLike",
                    "values": [
                      "validator/inputs/*"
                    ],
                    "variable": "s3:prefix"
                  }
                ],
                "effect": "Allow",
                "not_actions": [],
                "not_principals": [],
                "not_resources": [],
                "principals": [],
                "resources": [
                  "arn:aws:s3:::pkg-artifacts"
                ],
                "sid": "ListValidatorInputs"
              },
              {
                "actions": [
                  "s3:GetObject",
                  "s3:GetObjectTagging"
                ],
                "condition": [],
                "effect": "Allow",
                "not_actions": [],
                "not_principals": [],
                "not_resources": [],
                "principals": [],
                "resources": [
                  "arn:aws:s3:::pkg-artifacts/validator/inputs/*"
                ],
                "sid": "ReadValidatorInputs"
              }
            ],
            "version": "2012-10-17"
          },
          "sensitive_attributes": [],
          "identity_schema_version": 0
        }
      ]
    },
    {
      "mode": "data",
      "type": "aws_iam_role",
      "name": "ecs_task_role",
      "provider": "provider[\"registry.terraform.io/hashicorp/aws\"]",
      "instances": [
        {
          "schema_version": 0,
          "attributes": {
            "arn": "arn:aws:iam::838693051036:role/ecs-task-role",
            "assume_role_policy": "{\"Version\":\"2012-10-17\",\"Statement\":[{\"Effect\":\"Allow\",\"Principal\":{\"Service\":\"ecs-tasks.amazonaws.com\"},\"Action\":\"sts:AssumeRole\"}]}",
            "create_date": "2025-10-14T19:25:34Z",
            "description": "",
            "id": "ecs-task-role",
            "max_session_duration": 3600,
            "name": "ecs-task-role",
            "path": "/",
            "permissions_boundary": "",
            "role_last_used": [
              {
                "last_used_date": "2025-11-28T16:42:08Z",
                "region": "us-east-1"
              }
            ],
            "tags": {},
            "unique_id": "AROA4GRQALKOPIFHSBZOA"
          },
          "sensitive_attributes": [],
          "identity_schema_version": 0
        }
      ]
    },
    {
      "mode": "managed",
      "type": "aws_iam_policy",
      "name": "api_ddb_rw_managed",
      "provider": "provider[\"registry.terraform.io/hashicorp/aws\"]",
      "instances": [
        {
          "schema_version": 0,
          "attributes": {
            "arn": "arn:aws:iam::838693051036:policy/api-ddb-rw-dev",
            "attachment_count": 1,
            "description": "",
            "id": "arn:aws:iam::838693051036:policy/api-ddb-rw-dev",
            "name": "api-ddb-rw-dev",
            "name_prefix": "",
            "path": "/",
            "policy": "{\"Statement\":[{\"Action\":[\"dynamodb:Scan\",\"dynamodb:Query\",\"dynamodb:GetItem\",\"dynamodb:DescribeTable\",\"dynamodb:BatchGetItem\"],\"Effect\":\"Allow\",\"Resource\":[\"arn:aws:dynamodb:us-east-1:838693051036:table/packages/index/*\",\"arn:aws:dynamodb:us-east-1:838693051036:table/packages\",\"arn:aws:dynamodb:us-east-1:838693051036:table/artifacts\"]},{\"Action\":[\"dynamodb:UpdateItem\",\"dynamodb:PutItem\",\"dynamodb:DeleteItem\",\"dynamodb:BatchWriteItem\"],\"Effect\":\"Allow\",\"Resource\":[\"arn:aws:dynamodb:us-east-1:838693051036:table/packages\",\"arn:aws:dynamodb:us-east-1:838693051036:table/artifacts\"]}],\"Version\":\"2012-10-17\"}",
            "policy_id": "ANPA4GRQALKOJC2A2WVSS",
            "tags": {},
            "tags_all": {}
          },
          "sensitive_attributes": [],
          "identity_schema_version": 0,
          "identity": {
            "arn": "arn:aws:iam::838693051036:policy/api-ddb-rw-dev"
          },
          "private": "eyJzY2hlbWFfdmVyc2lvbiI6IjAifQ==",
          "dependencies": [
            "data.aws_iam_policy_document.api_ddb_rw"
          ]
        }
      ]
    },
    {
      "mode": "managed",
      "type": "aws_iam_policy",
      "name": "api_kms_s3_managed",
      "provider": "provider[\"registry.terraform.io/hashicorp/aws\"]",
      "instances": [
        {
          "schema_version": 0,
          "attributes": {
            "arn": "arn:aws:iam::838693051036:policy/api-kms-s3-dev",
            "attachment_count": 1,
            "description": "",
            "id": "arn:aws:iam::838693051036:policy/api-kms-s3-dev",
            "name": "api-kms-s3-dev",
            "name_prefix": "",
            "path": "/",
            "policy": "{\"Statement\":[{\"Action\":[\"kms:Encrypt\",\"kms:Decrypt\",\"kms:ReEncrypt*\",\"kms:GenerateDataKey*\",\"kms:DescribeKey\"],\"Condition\":{\"StringEquals\":{\"kms:ViaService\":\"s3.us-east-1.amazonaws.com\"}},\"Effect\":\"Allow\",\"Resource\":[\"arn:aws:kms:us-east-1:838693051036:key/0a2286a2-0ced-4a1a-aabc-43400aa4b8eb\",\"arn:aws:kms:us-east-1:838693051036:key/ffc50d00-4db1-4676-a63a-c7c1e286abfc\"],\"Sid\":\"KMSViaS3Service\"},{\"Action\":[\"kms:Encrypt\",\"kms:Decrypt\",\"kms:ReEncrypt*\",\"kms:GenerateDataKey*\",\"kms:DescribeKey\"],\"Effect\":\"Allow\",\"Resource\":[\"arn:aws:kms:us-east-1:838693051036:key/0a2286a2-0ced-4a1a-aabc-43400aa4b8eb\",\"arn:aws:kms:us-east-1:838693051036:key/ffc50d00-4db1-4676-a63a-c7c1e286abfc\"],\"Sid\":\"KMSDirectAccess\"}],\"Version\":\"2012-10-17\"}",
            "policy_id": "ANPA4GRQALKOPXX45LKUZ",
            "tags": {},
            "tags_all": {}
          },
          "sensitive_attributes": [],
          "identity_schema_version": 0,
          "identity": {
            "arn": "arn:aws:iam::838693051036:policy/api-kms-s3-dev"
          },
          "private": "bnVsbA==",
          "dependencies": [
            "module.monitoring.aws_kms_key.main_key"
          ]
        }
      ]
    },
    {
      "mode": "managed",
      "type": "aws_iam_policy",
      "name": "api_s3_packages_rw_managed",
      "provider": "provider[\"registry.terraform.io/hashicorp/aws\"]",
      "instances": [
        {
          "schema_version": 0,
          "attributes": {
            "arn": "arn:aws:iam::838693051036:policy/api-s3-packages-rw-dev",
            "attachment_count": 1,
            "description": "",
            "id": "arn:aws:iam::838693051036:policy/api-s3-packages-rw-dev",
            "name": "api-s3-packages-rw-dev",
            "name_prefix": "",
            "path": "/",
            "policy": "{\"Statement\":[{\"Action\":[\"s3:ListAccessPoint\",\"s3:GetAccessPoint\"],\"Effect\":\"Allow\",\"Resource\":\"arn:aws:s3:us-east-1:838693051036:accesspoint/cs450-s3\",\"Sid\":\"AccessPointPermissions\"},{\"Action\":\"s3:ListBucket\",\"Effect\":\"Allow\",\"Resource\":\"arn:aws:s3:::pkg-artifacts-team\",\"Sid\":\"ListAccessPoint\"},{\"Action\":\"s3:ListBucket\",\"Condition\":{\"StringLike\":{\"s3:prefix\":[\"packages/*\",\"models/*\"]}},\"Effect\":\"Allow\",\"Resource\":\"arn:aws:s3:::pkg-artifacts-team\",\"Sid\":\"ListPackagesPrefix\"},{\"Action\":[\"s3:UploadPart\",\"s3:PutObjectTagging\",\"s3:PutObject\",\"s3:ListMultipartUploadParts\",\"s3:GetObjectTagging\",\"s3:GetObject\",\"s3:DeleteObject\",\"s3:CreateMultipartUpload\",\"s3:CompleteMultipartUpload\",\"s3:AbortMultipartUpload\"],\"Effect\":\"Allow\",\"Resource\":[\"arn:aws:s3:us-east-1:838693051036:accesspoint/cs450-s3/*\",\"arn:aws:s3:::pkg-artifacts-team/packages/*\",\"arn:aws:s3:::pkg-artifacts-team/models/*\"],\"Sid\":\"RWAccessPointObjects\"},{\"Action\":[\"s3:PutObjectTagging\",\"s3:PutObject\",\"s3:ListMultipartUploadParts\",\"s3:GetObjectTagging\",\"s3:GetObject\",\"s3:DeleteObject\",\"s3:AbortMultipartUpload\"],\"Condition\":{\"StringEquals\":{\"s3:x-amz-server-side-encryption\":\"aws:kms\"}},\"Effect\":\"Allow\",\"Resource\":\"arn:aws:s3:::pkg-artifacts-team/packages/*\",\"Sid\":\"RWPackagesWithKMS\"}],\"Version\":\"2012-10-17\"}",
            "policy_id": "ANPA4GRQALKOJUQ54N3EF",
            "tags": {},
            "tags_all": {}
          },
          "sensitive_attributes": [],
          "identity_schema_version": 0,
          "identity": {
            "arn": "arn:aws:iam::838693051036:policy/api-s3-packages-rw-dev"
          },
          "private": "bnVsbA==",
          "dependencies": [
            "data.aws_iam_policy_document.api_s3_packages_rw"
          ]
        }
      ]
    },
    {
      "mode": "managed",
      "type": "aws_iam_policy",
      "name": "validator_ddb_min_rw_managed",
      "provider": "provider[\"registry.terraform.io/hashicorp/aws\"]",
      "instances": [
        {
          "schema_version": 0,
          "attributes": {
            "arn": "arn:aws:iam::838693051036:policy/validator-ddb-min-rw",
            "attachment_count": 1,
            "description": "",
            "id": "arn:aws:iam::838693051036:policy/validator-ddb-min-rw",
            "name": "validator-ddb-min-rw",
            "name_prefix": "",
            "path": "/",
            "policy": "{\"Statement\":[{\"Action\":[\"dynamodb:Scan\",\"dynamodb:Query\",\"dynamodb:GetItem\",\"dynamodb:DescribeTable\",\"dynamodb:BatchGetItem\"],\"Effect\":\"Allow\",\"Resource\":[\"arn:aws:dynamodb:us-east-1:838693051036:table/packages/index/*\",\"arn:aws:dynamodb:us-east-1:838693051036:table/packages\"],\"Sid\":\"DDBRead\"},{\"Action\":\"dynamodb:UpdateItem\",\"Effect\":\"Allow\",\"Resource\":\"arn:aws:dynamodb:us-east-1:838693051036:table/packages\",\"Sid\":\"DDBUpdateOnly\"}],\"Version\":\"2012-10-17\"}",
            "policy_id": "ANPA4GRQALKOEUXVDEXIW",
            "tags": {},
            "tags_all": {}
          },
          "sensitive_attributes": [],
          "identity_schema_version": 0,
          "identity": {
            "arn": "arn:aws:iam::838693051036:policy/validator-ddb-min-rw"
          },
          "private": "eyJzY2hlbWFfdmVyc2lvbiI6IjAifQ==",
          "dependencies": [
            "data.aws_iam_policy_document.validator_ddb_min_rw"
          ]
        }
      ]
    },
    {
      "mode": "managed",
      "type": "aws_iam_policy",
      "name": "validator_kms_s3_ro_managed",
      "provider": "provider[\"registry.terraform.io/hashicorp/aws\"]",
      "instances": [
        {
          "schema_version": 0,
          "attributes": {
            "arn": "arn:aws:iam::838693051036:policy/validator-kms-s3-ro",
            "attachment_count": 1,
            "description": "",
            "id": "arn:aws:iam::838693051036:policy/validator-kms-s3-ro",
            "name": "validator-kms-s3-ro",
            "name_prefix": "",
            "path": "/",
            "policy": "{\"Statement\":[{\"Action\":[\"kms:Decrypt\",\"kms:DescribeKey\",\"kms:GenerateDataKey*\"],\"Condition\":{\"StringEquals\":{\"kms:ViaService\":\"s3.us-east-1.amazonaws.com\"}},\"Effect\":\"Allow\",\"Resource\":[\"arn:aws:kms:us-east-1:838693051036:key/0a2286a2-0ced-4a1a-aabc-43400aa4b8eb\",\"arn:aws:kms:us-east-1:838693051036:key/ffc50d00-4db1-4676-a63a-c7c1e286abfc\"],\"Sid\":\"KMSViaS3Service\"},{\"Action\":[\"kms:Decrypt\",\"kms:DescribeKey\",\"kms:GenerateDataKey*\"],\"Effect\":\"Allow\",\"Resource\":[\"arn:aws:kms:us-east-1:838693051036:key/0a2286a2-0ced-4a1a-aabc-43400aa4b8eb\",\"arn:aws:kms:us-east-1:838693051036:key/ffc50d00-4db1-4676-a63a-c7c1e286abfc\"],\"Sid\":\"KMSDirectAccess\"}],\"Version\":\"2012-10-17\"}",
            "policy_id": "ANPA4GRQALKOPFBNPCN7D",
            "tags": {},
            "tags_all": {}
          },
          "sensitive_attributes": [],
          "identity_schema_version": 0,
          "identity": {
            "arn": "arn:aws:iam::838693051036:policy/validator-kms-s3-ro"
          },
          "private": "bnVsbA==",
          "dependencies": [
            "module.monitoring.aws_kms_key.main_key"
          ]
        }
      ]
    },
    {
      "mode": "managed",
      "type": "aws_iam_policy",
      "name": "validator_s3_inputs_ro_managed",
      "provider": "provider[\"registry.terraform.io/hashicorp/aws\"]",
      "instances": [
        {
          "schema_version": 0,
          "attributes": {
            "arn": "arn:aws:iam::838693051036:policy/validator-s3-inputs-ro",
            "attachment_count": 1,
            "description": "",
            "id": "arn:aws:iam::838693051036:policy/validator-s3-inputs-ro",
            "name": "validator-s3-inputs-ro",
            "name_prefix": "",
            "path": "/",
            "policy": "{\"Statement\":[{\"Action\":\"s3:ListBucket\",\"Condition\":{\"StringLike\":{\"s3:prefix\":\"validator/inputs/*\"}},\"Effect\":\"Allow\",\"Resource\":\"arn:aws:s3:::pkg-artifacts\",\"Sid\":\"ListValidatorInputs\"},{\"Action\":[\"s3:GetObjectTagging\",\"s3:GetObject\"],\"Effect\":\"Allow\",\"Resource\":\"arn:aws:s3:::pkg-artifacts/validator/inputs/*\",\"Sid\":\"ReadValidatorInputs\"}],\"Version\":\"2012-10-17\"}",
            "policy_id": "ANPA4GRQALKODWHQA6I2V",
            "tags": {},
            "tags_all": {}
          },
          "sensitive_attributes": [],
          "identity_schema_version": 0,
          "identity": {
            "arn": "arn:aws:iam::838693051036:policy/validator-s3-inputs-ro"
          },
          "private": "eyJzY2hlbWFfdmVyc2lvbiI6IjAifQ==",
          "dependencies": [
            "data.aws_iam_policy_document.validator_s3_inputs_ro"
          ]
        }
      ]
    },
    {
      "mode": "managed",
      "type": "aws_iam_policy",
      "name": "validator_secrets_jwt_ro_managed",
      "provider": "provider[\"registry.terraform.io/hashicorp/aws\"]",
      "instances": [
        {
          "schema_version": 0,
          "attributes": {
            "arn": "arn:aws:iam::838693051036:policy/validator-secrets-jwt-ro",
            "attachment_count": 1,
            "description": "",
            "id": "arn:aws:iam::838693051036:policy/validator-secrets-jwt-ro",
            "name": "validator-secrets-jwt-ro",
            "name_prefix": "",
            "path": "/",
            "policy": "{\"Statement\":[{\"Action\":[\"secretsmanager:GetSecretValue\",\"secretsmanager:DescribeSecret\"],\"Effect\":\"Allow\",\"Resource\":\"arn:aws:secretsmanager:us-east-1:838693051036:secret:acme-jwt-secret-lFC1MI\"},{\"Action\":[\"kms:Decrypt\",\"kms:DescribeKey\",\"kms:GenerateDataKey*\"],\"Condition\":{\"StringEquals\":{\"kms:ViaService\":\"secretsmanager.us-east-1.amazonaws.com\"}},\"Effect\":\"Allow\",\"Resource\":\"arn:aws:kms:us-east-1:838693051036:key/0a2286a2-0ced-4a1a-aabc-43400aa4b8eb\"}],\"Version\":\"2012-10-17\"}",
            "policy_id": "ANPA4GRQALKOOTS6LRIOC",
            "tags": {},
            "tags_all": {}
          },
          "sensitive_attributes": [],
          "identity_schema_version": 0,
          "identity": {
            "arn": "arn:aws:iam::838693051036:policy/validator-secrets-jwt-ro"
          },
          "private": "bnVsbA==",
          "dependencies": [
            "module.monitoring.aws_kms_key.main_key",
            "module.monitoring.aws_secretsmanager_secret.jwt_secret"
          ]
        }
      ]
    },
    {
      "mode": "managed",
      "type": "aws_iam_role",
      "name": "api_task",
      "provider": "provider[\"registry.terraform.io/hashicorp/aws\"]",
      "instances": [
        {
          "schema_version": 0,
          "attributes": {
            "arn": "arn:aws:iam::838693051036:role/api-task-role-dev",
            "assume_role_policy": "{\"Statement\":[{\"Action\":\"sts:AssumeRole\",\"Effect\":\"Allow\",\"Principal\":{\"Service\":\"ecs-tasks.amazonaws.com\"}}],\"Version\":\"2012-10-17\"}",
            "create_date": "2025-11-09T12:30:35Z",
            "description": "",
            "force_detach_policies": false,
            "id": "api-task-role-dev",
            "inline_policy": [],
            "managed_policy_arns": [
              "arn:aws:iam::838693051036:policy/api-ddb-rw-dev",
              "arn:aws:iam::838693051036:policy/api-kms-s3-dev",
              "arn:aws:iam::838693051036:policy/api-s3-packages-rw-dev"
            ],
            "max_session_duration": 3600,
            "name": "api-task-role-dev",
            "name_prefix": "",
            "path": "/",
            "permissions_boundary": "",
            "tags": {
              "Environment": "dev",
              "Name": "api-task-role-dev",
              "Service": "api"
            },
            "tags_all": {
              "Environment": "dev",
              "Name": "api-task-role-dev",
              "Service": "api"
            },
            "unique_id": "AROA4GRQALKODE263RYUZ"
          },
          "sensitive_attributes": [],
          "identity_schema_version": 0,
          "identity": {
            "account_id": "838693051036",
            "name": "api-task-role-dev"
          },
          "private": "eyJzY2hlbWFfdmVyc2lvbiI6IjAifQ=="
        }
      ]
    },
    {
      "mode": "managed",
      "type": "aws_iam_role",
      "name": "validator_task",
      "provider": "provider[\"registry.terraform.io/hashicorp/aws\"]",
      "instances": [
        {
          "schema_version": 0,
          "attributes": {
            "arn": "arn:aws:iam::838693051036:role/validator-task-role-dev",
            "assume_role_policy": "{\"Statement\":[{\"Action\":\"sts:AssumeRole\",\"Effect\":\"Allow\",\"Principal\":{\"Service\":\"ecs-tasks.amazonaws.com\"}}],\"Version\":\"2012-10-17\"}",
            "create_date": "2025-11-09T12:30:35Z",
            "description": "",
            "force_detach_policies": false,
            "id": "validator-task-role-dev",
            "inline_policy": [],
            "managed_policy_arns": [
              "arn:aws:iam::838693051036:policy/validator-ddb-min-rw",
              "arn:aws:iam::838693051036:policy/validator-kms-s3-ro",
              "arn:aws:iam::838693051036:policy/validator-s3-inputs-ro",
              "arn:aws:iam::838693051036:policy/validator-secrets-jwt-ro"
            ],
            "max_session_duration": 3600,
            "name": "validator-task-role-dev",
            "name_prefix": "",
            "path": "/",
            "permissions_boundary": "",
            "tags": {
              "Environment": "dev",
              "Name": "validator-task-role-dev",
              "Service": "validator"
            },
            "tags_all": {
              "Environment": "dev",
              "Name": "validator-task-role-dev",
              "Service": "validator"
            },
            "unique_id": "AROA4GRQALKOBYDTCLCEG"
          },
          "sensitive_attributes": [],
          "identity_schema_version": 0,
          "identity": {
            "account_id": "838693051036",
            "name": "validator-task-role-dev"
          },
          "private": "eyJzY2hlbWFfdmVyc2lvbiI6IjAifQ=="
        }
      ]
    },
    {
      "mode": "managed",
      "type": "aws_iam_role_policy_attachment",
      "name": "api_attach_ddb",
      "provider": "provider[\"registry.terraform.io/hashicorp/aws\"]",
      "instances": [
        {
          "schema_version": 0,
          "attributes": {
            "id": "api-task-role-dev/arn:aws:iam::838693051036:policy/api-ddb-rw-dev",
            "policy_arn": "arn:aws:iam::838693051036:policy/api-ddb-rw-dev",
            "role": "api-task-role-dev"
          },
          "sensitive_attributes": [],
          "identity_schema_version": 0,
          "identity": {
            "account_id": "838693051036",
            "policy_arn": "arn:aws:iam::838693051036:policy/api-ddb-rw-dev",
            "role": "api-task-role-dev"
          },
          "private": "bnVsbA==",
          "dependencies": [
            "aws_iam_policy.api_ddb_rw_managed",
            "aws_iam_role.api_task",
            "data.aws_iam_policy_document.api_ddb_rw"
          ]
        }
      ]
    },
    {
      "mode": "managed",
      "type": "aws_iam_role_policy_attachment",
      "name": "api_attach_kms",
      "provider": "provider[\"registry.terraform.io/hashicorp/aws\"]",
      "instances": [
        {
          "schema_version": 0,
          "attributes": {
            "id": "api-task-role-dev/arn:aws:iam::838693051036:policy/api-kms-s3-dev",
            "policy_arn": "arn:aws:iam::838693051036:policy/api-kms-s3-dev",
            "role": "api-task-role-dev"
          },
          "sensitive_attributes": [],
          "identity_schema_version": 0,
          "identity": {
            "account_id": "838693051036",
            "policy_arn": "arn:aws:iam::838693051036:policy/api-kms-s3-dev",
            "role": "api-task-role-dev"
          },
          "private": "bnVsbA==",
          "dependencies": [
            "aws_iam_policy.api_kms_s3_managed",
            "aws_iam_role.api_task",
            "module.monitoring.aws_kms_key.main_key"
          ]
        }
      ]
    },
    {
      "mode": "managed",
      "type": "aws_iam_role_policy_attachment",
      "name": "api_attach_s3",
      "provider": "provider[\"registry.terraform.io/hashicorp/aws\"]",
      "instances": [
        {
          "schema_version": 0,
          "attributes": {
            "id": "api-task-role-dev/arn:aws:iam::838693051036:policy/api-s3-packages-rw-dev",
            "policy_arn": "arn:aws:iam::838693051036:policy/api-s3-packages-rw-dev",
            "role": "api-task-role-dev"
          },
          "sensitive_attributes": [],
          "identity_schema_version": 0,
          "identity": {
            "account_id": "838693051036",
            "policy_arn": "arn:aws:iam::838693051036:policy/api-s3-packages-rw-dev",
            "role": "api-task-role-dev"
          },
          "private": "bnVsbA==",
          "dependencies": [
            "aws_iam_policy.api_s3_packages_rw_managed",
            "aws_iam_role.api_task",
            "data.aws_iam_policy_document.api_s3_packages_rw"
          ]
        }
      ]
    },
    {
      "mode": "managed",
      "type": "aws_iam_role_policy_attachment",
      "name": "validator_attach_ddb",
      "provider": "provider[\"registry.terraform.io/hashicorp/aws\"]",
      "instances": [
        {
          "schema_version": 0,
          "attributes": {
            "id": "validator-task-role-dev/arn:aws:iam::838693051036:policy/validator-ddb-min-rw",
            "policy_arn": "arn:aws:iam::838693051036:policy/validator-ddb-min-rw",
            "role": "validator-task-role-dev"
          },
          "sensitive_attributes": [],
          "identity_schema_version": 0,
          "identity": {
            "account_id": "838693051036",
            "policy_arn": "arn:aws:iam::838693051036:policy/validator-ddb-min-rw",
            "role": "validator-task-role-dev"
          },
          "private": "bnVsbA==",
          "dependencies": [
            "aws_iam_policy.validator_ddb_min_rw_managed",
            "aws_iam_role.validator_task",
            "data.aws_iam_policy_document.validator_ddb_min_rw"
          ]
        }
      ]
    },
    {
      "mode": "managed",
      "type": "aws_iam_role_policy_attachment",
      "name": "validator_attach_kms",
      "provider": "provider[\"registry.terraform.io/hashicorp/aws\"]",
      "instances": [
        {
          "schema_version": 0,
          "attributes": {
            "id": "validator-task-role-dev/arn:aws:iam::838693051036:policy/validator-kms-s3-ro",
            "policy_arn": "arn:aws:iam::838693051036:policy/validator-kms-s3-ro",
            "role": "validator-task-role-dev"
          },
          "sensitive_attributes": [],
          "identity_schema_version": 0,
          "identity": {
            "account_id": "838693051036",
            "policy_arn": "arn:aws:iam::838693051036:policy/validator-kms-s3-ro",
            "role": "validator-task-role-dev"
          },
          "private": "bnVsbA==",
          "dependencies": [
            "aws_iam_policy.validator_kms_s3_ro_managed",
            "aws_iam_role.validator_task",
            "module.monitoring.aws_kms_key.main_key"
          ]
        }
      ]
    },
    {
      "mode": "managed",
      "type": "aws_iam_role_policy_attachment",
      "name": "validator_attach_s3",
      "provider": "provider[\"registry.terraform.io/hashicorp/aws\"]",
      "instances": [
        {
          "schema_version": 0,
          "attributes": {
            "id": "validator-task-role-dev/arn:aws:iam::838693051036:policy/validator-s3-inputs-ro",
            "policy_arn": "arn:aws:iam::838693051036:policy/validator-s3-inputs-ro",
            "role": "validator-task-role-dev"
          },
          "sensitive_attributes": [],
          "identity_schema_version": 0,
          "identity": {
            "account_id": "838693051036",
            "policy_arn": "arn:aws:iam::838693051036:policy/validator-s3-inputs-ro",
            "role": "validator-task-role-dev"
          },
          "private": "bnVsbA==",
          "dependencies": [
            "aws_iam_policy.validator_s3_inputs_ro_managed",
            "aws_iam_role.validator_task",
            "data.aws_iam_policy_document.validator_s3_inputs_ro"
          ]
        }
      ]
    },
    {
      "mode": "managed",
      "type": "aws_iam_role_policy_attachment",
      "name": "validator_attach_secrets",
      "provider": "provider[\"registry.terraform.io/hashicorp/aws\"]",
      "instances": [
        {
          "schema_version": 0,
          "attributes": {
            "id": "validator-task-role-dev/arn:aws:iam::838693051036:policy/validator-secrets-jwt-ro",
            "policy_arn": "arn:aws:iam::838693051036:policy/validator-secrets-jwt-ro",
            "role": "validator-task-role-dev"
          },
          "sensitive_attributes": [],
          "identity_schema_version": 0,
          "identity": {
            "account_id": "838693051036",
            "policy_arn": "arn:aws:iam::838693051036:policy/validator-secrets-jwt-ro",
            "role": "validator-task-role-dev"
          },
          "private": "bnVsbA==",
          "dependencies": [
            "aws_iam_policy.validator_secrets_jwt_ro_managed",
            "aws_iam_role.validator_task",
            "module.monitoring.aws_kms_key.main_key",
            "module.monitoring.aws_secretsmanager_secret.jwt_secret"
          ]
        }
      ]
    },
    {
      "module": "module.api_gateway",
      "mode": "managed",
      "type": "aws_api_gateway_account",
      "name": "api_gateway_account",
      "provider": "provider[\"registry.terraform.io/hashicorp/aws\"]",
      "instances": [
        {
          "schema_version": 0,
          "attributes": {
            "api_key_version": "4",
            "cloudwatch_role_arn": "arn:aws:iam::838693051036:role/api-gateway-cloudwatch-logs-role",
            "features": [
              "UsagePlans"
            ],
            "id": "838693051036",
            "region": "us-east-1",
            "throttle_settings": [
              {
                "burst_limit": 5000,
                "rate_limit": 10000
              }
            ]
          },
          "sensitive_attributes": [],
          "identity_schema_version": 0,
          "dependencies": [
            "module.api_gateway.aws_iam_role.api_gateway_cloudwatch_role"
          ]
        }
      ]
    },
    {
      "module": "module.api_gateway",
      "mode": "managed",
      "type": "aws_api_gateway_deployment",
      "name": "main_deployment",
      "provider": "provider[\"registry.terraform.io/hashicorp/aws\"]",
      "instances": [
        {
          "schema_version": 0,
          "attributes": {
            "created_date": "2025-11-28T16:52:07Z",
            "description": "",
            "id": "h5etex",
            "region": "us-east-1",
            "rest_api_id": "pc1plkgnbd",
            "triggers": {
              "redeployment": "0fccb2cb088888b099fd3cf08f9ceda44903f1ae"
            },
            "variables": null
          },
          "sensitive_attributes": [],
          "identity_schema_version": 0,
          "private": "bnVsbA==",
          "dependencies": [
            "module.api_gateway.aws_api_gateway_integration.admin_get",
            "module.api_gateway.aws_api_gateway_integration.admin_options",
            "module.api_gateway.aws_api_gateway_integration.artifact_byname_name_get",
            "module.api_gateway.aws_api_gateway_integration.artifact_byregex_options",
            "module.api_gateway.aws_api_gateway_integration.artifact_byregex_post",
            "module.api_gateway.aws_api_gateway_integration.artifact_directory_get",
            "module.api_gateway.aws_api_gateway_integration.artifact_get",
            "module.api_gateway.aws_api_gateway_integration.artifact_ingest_get",
            "module.api_gateway.aws_api_gateway_integration.artifact_ingest_post",
            "module.api_gateway.aws_api_gateway_integration.artifact_model_id_download_get",
            "module.api_gateway.aws_api_gateway_integration.artifact_model_id_license_check_post",
            "module.api_gateway.aws_api_gateway_integration.artifact_model_id_lineage_get",
            "module.api_gateway.aws_api_gateway_integration.artifact_model_id_rate_get",
            "module.api_gateway.aws_api_gateway_integration.artifact_model_id_upload_post",
            "module.api_gateway.aws_api_gateway_integration.artifact_type_get",
            "module.api_gateway.aws_api_gateway_integration.artifact_type_id_audit_get",
            "module.api_gateway.aws_api_gateway_integration.artifact_type_id_cost_get",
            "module.api_gateway.aws_api_gateway_integration.artifact_type_id_get",
            "module.api_gateway.aws_api_gateway_integration.artifact_type_options",
            "module.api_gateway.aws_api_gateway_integration.artifact_type_post",
            "module.api_gateway.aws_api_gateway_integration.artifacts_options",
            "module.api_gateway.aws_api_gateway_integration.artifacts_post",
            "module.api_gateway.aws_api_gateway_integration.artifacts_type_id_delete",
            "module.api_gateway.aws_api_gateway_integration.artifacts_type_id_get",
            "module.api_gateway.aws_api_gateway_integration.artifacts_type_id_put",
            "module.api_gateway.aws_api_gateway_integration.authenticate_options",
            "module.api_gateway.aws_api_gateway_integration.authenticate_put",
            "module.api_gateway.aws_api_gateway_integration.directory_get",
            "module.api_gateway.aws_api_gateway_integration.directory_options",
            "module.api_gateway.aws_api_gateway_integration.health_components_get",
            "module.api_gateway.aws_api_gateway_integration.health_get",
            "module.api_gateway.aws_api_gateway_integration.health_performance_results_run_id_get",
            "module.api_gateway.aws_api_gateway_integration.health_performance_workload_post",
            "module.api_gateway.aws_api_gateway_integration.package_id_get",
            "module.api_gateway.aws_api_gateway_integration.package_id_rate_get",
            "module.api_gateway.aws_api_gateway_integration.reset_delete",
            "module.api_gateway.aws_api_gateway_integration.root_get",
            "module.api_gateway.aws_api_gateway_integration.tracks_get",
            "module.api_gateway.aws_api_gateway_integration.upload_get",
            "module.api_gateway.aws_api_gateway_integration.upload_options",
            "module.api_gateway.aws_api_gateway_integration.upload_post",
            "module.api_gateway.aws_api_gateway_integration_response.artifact_byname_name_get_200",
            "module.api_gateway.aws_api_gateway_integration_response.artifact_byname_name_get_400",
            "module.api_gateway.aws_api_gateway_integration_response.artifact_byname_name_get_403",
            "module.api_gateway.aws_api_gateway_integration_response.artifact_byname_name_get_404",
            "module.api_gateway.aws_api_gateway_integration_response.artifact_byregex_options_200",
            "module.api_gateway.aws_api_gateway_integration_response.artifact_model_id_rate_get_200",
            "module.api_gateway.aws_api_gateway_integration_response.artifact_model_id_rate_get_400",
            "module.api_gateway.aws_api_gateway_integration_response.artifact_model_id_rate_get_403",
            "module.api_gateway.aws_api_gateway_integration_response.artifact_model_id_rate_get_404",
            "module.api_gateway.aws_api_gateway_integration_response.artifact_model_id_rate_get_500",
            "module.api_gateway.aws_api_gateway_integration_response.artifact_type_options_200",
            "module.api_gateway.aws_api_gateway_integration_response.artifacts_options_200",
            "module.api_gateway.aws_api_gateway_integration_response.authenticate_options_200",
            "module.api_gateway.aws_api_gateway_integration_response.health_performance_results_run_id_get_200",
            "module.api_gateway.aws_api_gateway_integration_response.health_performance_results_run_id_get_404",
            "module.api_gateway.aws_api_gateway_integration_response.health_performance_results_run_id_get_500",
            "module.api_gateway.aws_api_gateway_integration_response.health_performance_workload_post_202",
            "module.api_gateway.aws_api_gateway_integration_response.health_performance_workload_post_400",
            "module.api_gateway.aws_api_gateway_integration_response.health_performance_workload_post_500",
            "module.api_gateway.aws_api_gateway_integration_response.package_id_get_200",
            "module.api_gateway.aws_api_gateway_integration_response.package_id_get_400",
            "module.api_gateway.aws_api_gateway_integration_response.package_id_get_403",
            "module.api_gateway.aws_api_gateway_integration_response.package_id_get_404",
            "module.api_gateway.aws_api_gateway_integration_response.package_id_get_500",
            "module.api_gateway.aws_api_gateway_integration_response.package_id_rate_get_200",
            "module.api_gateway.aws_api_gateway_integration_response.package_id_rate_get_400",
            "module.api_gateway.aws_api_gateway_integration_response.package_id_rate_get_403",
            "module.api_gateway.aws_api_gateway_integration_response.package_id_rate_get_404",
            "module.api_gateway.aws_api_gateway_integration_response.package_id_rate_get_500",
            "module.api_gateway.aws_api_gateway_integration_response.root_get_200",
            "module.api_gateway.aws_api_gateway_method.admin_get",
            "module.api_gateway.aws_api_gateway_method.admin_options",
            "module.api_gateway.aws_api_gateway_method.artifact_byname_name_get",
            "module.api_gateway.aws_api_gateway_method.artifact_byregex_options",
            "module.api_gateway.aws_api_gateway_method.artifact_byregex_post",
            "module.api_gateway.aws_api_gateway_method.artifact_directory_get",
            "module.api_gateway.aws_api_gateway_method.artifact_get",
            "module.api_gateway.aws_api_gateway_method.artifact_ingest_get",
            "module.api_gateway.aws_api_gateway_method.artifact_ingest_post",
            "module.api_gateway.aws_api_gateway_method.artifact_model_id_download_get",
            "module.api_gateway.aws_api_gateway_method.artifact_model_id_license_check_post",
            "module.api_gateway.aws_api_gateway_method.artifact_model_id_lineage_get",
            "module.api_gateway.aws_api_gateway_method.artifact_model_id_rate_get",
            "module.api_gateway.aws_api_gateway_method.artifact_model_id_upload_post",
            "module.api_gateway.aws_api_gateway_method.artifact_type_get",
            "module.api_gateway.aws_api_gateway_method.artifact_type_id_audit_get",
            "module.api_gateway.aws_api_gateway_method.artifact_type_id_cost_get",
            "module.api_gateway.aws_api_gateway_method.artifact_type_id_delete",
            "module.api_gateway.aws_api_gateway_method.artifact_type_id_get",
            "module.api_gateway.aws_api_gateway_method.artifact_type_id_put",
            "module.api_gateway.aws_api_gateway_method.artifact_type_options",
            "module.api_gateway.aws_api_gateway_method.artifact_type_post",
            "module.api_gateway.aws_api_gateway_method.artifacts_options",
            "module.api_gateway.aws_api_gateway_method.artifacts_post",
            "module.api_gateway.aws_api_gateway_method.artifacts_type_id_delete",
            "module.api_gateway.aws_api_gateway_method.artifacts_type_id_get",
            "module.api_gateway.aws_api_gateway_method.artifacts_type_id_put",
            "module.api_gateway.aws_api_gateway_method.authenticate_options",
            "module.api_gateway.aws_api_gateway_method.authenticate_put",
            "module.api_gateway.aws_api_gateway_method.directory_get",
            "module.api_gateway.aws_api_gateway_method.directory_options",
            "module.api_gateway.aws_api_gateway_method.health_components_get",
            "module.api_gateway.aws_api_gateway_method.health_get",
            "module.api_gateway.aws_api_gateway_method.health_performance_results_run_id_get",
            "module.api_gateway.aws_api_gateway_method.health_performance_workload_post",
            "module.api_gateway.aws_api_gateway_method.package_id_get",
            "module.api_gateway.aws_api_gateway_method.package_id_rate_get",
            "module.api_gateway.aws_api_gateway_method.reset_delete",
            "module.api_gateway.aws_api_gateway_method.root_get",
            "module.api_gateway.aws_api_gateway_method.tracks_get",
            "module.api_gateway.aws_api_gateway_method.upload_get",
            "module.api_gateway.aws_api_gateway_method.upload_options",
            "module.api_gateway.aws_api_gateway_method.upload_post",
            "module.api_gateway.aws_api_gateway_method_response.artifact_byname_name_get_200",
            "module.api_gateway.aws_api_gateway_method_response.artifact_byname_name_get_400",
            "module.api_gateway.aws_api_gateway_method_response.artifact_byname_name_get_403",
            "module.api_gateway.aws_api_gateway_method_response.artifact_byname_name_get_404",
            "module.api_gateway.aws_api_gateway_method_response.artifact_byregex_options_200",
            "module.api_gateway.aws_api_gateway_method_response.artifact_model_id_rate_get_200",
            "module.api_gateway.aws_api_gateway_method_response.artifact_model_id_rate_get_400",
            "module.api_gateway.aws_api_gateway_method_response.artifact_model_id_rate_get_403",
            "module.api_gateway.aws_api_gateway_method_response.artifact_model_id_rate_get_404",
            "module.api_gateway.aws_api_gateway_method_response.artifact_model_id_rate_get_500",
            "module.api_gateway.aws_api_gateway_method_response.artifact_type_options_200",
            "module.api_gateway.aws_api_gateway_method_response.artifacts_options_200",
            "module.api_gateway.aws_api_gateway_method_response.authenticate_options_200",
            "module.api_gateway.aws_api_gateway_method_response.health_performance_results_run_id_get_200",
            "module.api_gateway.aws_api_gateway_method_response.health_performance_results_run_id_get_404",
            "module.api_gateway.aws_api_gateway_method_response.health_performance_results_run_id_get_500",
            "module.api_gateway.aws_api_gateway_method_response.health_performance_workload_post_202",
            "module.api_gateway.aws_api_gateway_method_response.health_performance_workload_post_400",
            "module.api_gateway.aws_api_gateway_method_response.health_performance_workload_post_500",
            "module.api_gateway.aws_api_gateway_method_response.package_id_get_200",
            "module.api_gateway.aws_api_gateway_method_response.package_id_get_400",
            "module.api_gateway.aws_api_gateway_method_response.package_id_get_403",
            "module.api_gateway.aws_api_gateway_method_response.package_id_get_404",
            "module.api_gateway.aws_api_gateway_method_response.package_id_get_500",
            "module.api_gateway.aws_api_gateway_method_response.package_id_rate_get_200",
            "module.api_gateway.aws_api_gateway_method_response.package_id_rate_get_400",
            "module.api_gateway.aws_api_gateway_method_response.package_id_rate_get_403",
            "module.api_gateway.aws_api_gateway_method_response.package_id_rate_get_404",
            "module.api_gateway.aws_api_gateway_method_response.package_id_rate_get_500",
            "module.api_gateway.aws_api_gateway_method_response.root_get_200",
            "module.api_gateway.aws_api_gateway_resource.admin",
            "module.api_gateway.aws_api_gateway_resource.artifact",
            "module.api_gateway.aws_api_gateway_resource.artifact_byname",
            "module.api_gateway.aws_api_gateway_resource.artifact_byname_name",
            "module.api_gateway.aws_api_gateway_resource.artifact_byregex",
            "module.api_gateway.aws_api_gateway_resource.artifact_directory",
            "module.api_gateway.aws_api_gateway_resource.artifact_ingest",
            "module.api_gateway.aws_api_gateway_resource.artifact_model",
            "module.api_gateway.aws_api_gateway_resource.artifact_model_id",
            "module.api_gateway.aws_api_gateway_resource.artifact_model_id_download",
            "module.api_gateway.aws_api_gateway_resource.artifact_model_id_license_check",
            "module.api_gateway.aws_api_gateway_resource.artifact_model_id_lineage",
            "module.api_gateway.aws_api_gateway_resource.artifact_model_id_rate",
            "module.api_gateway.aws_api_gateway_resource.artifact_model_id_upload",
            "module.api_gateway.aws_api_gateway_resource.artifact_type",
            "module.api_gateway.aws_api_gateway_resource.artifact_type_id",
            "module.api_gateway.aws_api_gateway_resource.artifact_type_id_audit",
            "module.api_gateway.aws_api_gateway_resource.artifact_type_id_cost",
            "module.api_gateway.aws_api_gateway_resource.artifacts",
            "module.api_gateway.aws_api_gateway_resource.artifacts_type",
            "module.api_gateway.aws_api_gateway_resource.artifacts_type_id",
            "module.api_gateway.aws_api_gateway_resource.authenticate",
            "module.api_gateway.aws_api_gateway_resource.directory",
            "module.api_gateway.aws_api_gateway_resource.health",
            "module.api_gateway.aws_api_gateway_resource.health_components",
            "module.api_gateway.aws_api_gateway_resource.health_performance",
            "module.api_gateway.aws_api_gateway_resource.health_performance_results",
            "module.api_gateway.aws_api_gateway_resource.health_performance_results_run_id",
            "module.api_gateway.aws_api_gateway_resource.health_performance_workload",
            "module.api_gateway.aws_api_gateway_resource.package",
            "module.api_gateway.aws_api_gateway_resource.package_id",
            "module.api_gateway.aws_api_gateway_resource.package_id_rate",
            "module.api_gateway.aws_api_gateway_resource.reset",
            "module.api_gateway.aws_api_gateway_resource.tracks",
            "module.api_gateway.aws_api_gateway_resource.upload",
            "module.api_gateway.aws_api_gateway_rest_api.main_api",
            "module.ecs.aws_lb.validator_lb",
            "module.ecs.aws_security_group.validator_sg",
            "module.ecs.aws_subnet.validator_subnet_1",
            "module.ecs.aws_subnet.validator_subnet_2",
            "module.ecs.aws_vpc.validator_vpc"
          ],
          "create_before_destroy": true
        }
      ]
    },
    {
      "module": "module.api_gateway",
      "mode": "managed",
      "type": "aws_api_gateway_integration",
      "name": "admin_get",
      "provider": "provider[\"registry.terraform.io/hashicorp/aws\"]",
      "instances": [
        {
          "schema_version": 0,
          "attributes": {
            "cache_key_parameters": [],
            "cache_namespace": "hc00rg",
            "connection_id": "",
            "connection_type": "INTERNET",
            "content_handling": "",
            "credentials": "",
            "http_method": "GET",
            "id": "agi-pc1plkgnbd-hc00rg-GET",
            "integration_http_method": "GET",
            "passthrough_behavior": "WHEN_NO_MATCH",
            "region": "us-east-1",
            "request_parameters": {},
            "request_templates": {},
            "resource_id": "hc00rg",
            "rest_api_id": "pc1plkgnbd",
            "timeout_milliseconds": 29000,
            "tls_config": [],
            "type": "HTTP_PROXY",
            "uri": "http://validator-lb-727503296.us-east-1.elb.amazonaws.com/admin"
          },
          "sensitive_attributes": [],
          "identity_schema_version": 0,
          "private": "bnVsbA==",
          "dependencies": [
            "module.api_gateway.aws_api_gateway_method.admin_get",
            "module.api_gateway.aws_api_gateway_resource.admin",
            "module.api_gateway.aws_api_gateway_rest_api.main_api",
            "module.ecs.aws_lb.validator_lb",
            "module.ecs.aws_security_group.validator_sg",
            "module.ecs.aws_subnet.validator_subnet_1",
            "module.ecs.aws_subnet.validator_subnet_2",
            "module.ecs.aws_vpc.validator_vpc"
          ],
          "create_before_destroy": true
        }
      ]
    },
    {
      "module": "module.api_gateway",
      "mode": "managed",
      "type": "aws_api_gateway_integration",
      "name": "admin_options",
      "provider": "provider[\"registry.terraform.io/hashicorp/aws\"]",
      "instances": [
        {
          "schema_version": 0,
          "attributes": {
            "cache_key_parameters": [],
            "cache_namespace": "hc00rg",
            "connection_id": "",
            "connection_type": "INTERNET",
            "content_handling": "",
            "credentials": "",
            "http_method": "OPTIONS",
            "id": "agi-pc1plkgnbd-hc00rg-OPTIONS",
            "integration_http_method": "",
            "passthrough_behavior": "WHEN_NO_MATCH",
            "region": "us-east-1",
            "request_parameters": {},
            "request_templates": {
              "application/json": "{\"statusCode\": 200}"
            },
            "resource_id": "hc00rg",
            "rest_api_id": "pc1plkgnbd",
            "timeout_milliseconds": 29000,
            "tls_config": [],
            "type": "MOCK",
            "uri": ""
          },
          "sensitive_attributes": [],
          "identity_schema_version": 0,
          "private": "bnVsbA==",
          "dependencies": [
            "module.api_gateway.aws_api_gateway_method.admin_options",
            "module.api_gateway.aws_api_gateway_resource.admin",
            "module.api_gateway.aws_api_gateway_rest_api.main_api"
          ],
          "create_before_destroy": true
        }
      ]
    },
    {
      "module": "module.api_gateway",
      "mode": "managed",
      "type": "aws_api_gateway_integration",
      "name": "artifact_byname_name_get",
      "provider": "provider[\"registry.terraform.io/hashicorp/aws\"]",
      "instances": [
        {
          "schema_version": 0,
          "attributes": {
            "cache_key_parameters": [],
            "cache_namespace": "elyrrt",
            "connection_id": "",
            "connection_type": "INTERNET",
            "content_handling": "",
            "credentials": "",
            "http_method": "GET",
            "id": "agi-pc1plkgnbd-elyrrt-GET",
            "integration_http_method": "GET",
            "passthrough_behavior": "WHEN_NO_MATCH",
            "region": "us-east-1",
            "request_parameters": {
              "integration.request.header.X-Authorization": "method.request.header.X-Authorization",
              "integration.request.path.name": "method.request.path.proxy"
            },
            "request_templates": {},
            "resource_id": "elyrrt",
            "rest_api_id": "pc1plkgnbd",
            "timeout_milliseconds": 29000,
            "tls_config": [],
            "type": "HTTP_PROXY",
            "uri": "http://validator-lb-727503296.us-east-1.elb.amazonaws.com/artifact/byName/{name}"
          },
          "sensitive_attributes": [],
          "identity_schema_version": 0,
          "private": "bnVsbA==",
          "dependencies": [
            "module.api_gateway.aws_api_gateway_method.artifact_byname_name_get",
            "module.api_gateway.aws_api_gateway_resource.artifact",
            "module.api_gateway.aws_api_gateway_resource.artifact_byname",
            "module.api_gateway.aws_api_gateway_resource.artifact_byname_name",
            "module.api_gateway.aws_api_gateway_rest_api.main_api",
            "module.ecs.aws_lb.validator_lb",
            "module.ecs.aws_security_group.validator_sg",
            "module.ecs.aws_subnet.validator_subnet_1",
            "module.ecs.aws_subnet.validator_subnet_2",
            "module.ecs.aws_vpc.validator_vpc"
          ],
          "create_before_destroy": true
        }
      ]
    },
    {
      "module": "module.api_gateway",
      "mode": "managed",
      "type": "aws_api_gateway_integration",
      "name": "artifact_byregex_options",
      "provider": "provider[\"registry.terraform.io/hashicorp/aws\"]",
      "instances": [
        {
          "schema_version": 0,
          "attributes": {
            "cache_key_parameters": [],
            "cache_namespace": "ua868c",
            "connection_id": "",
            "connection_type": "INTERNET",
            "content_handling": "",
            "credentials": "",
            "http_method": "OPTIONS",
            "id": "agi-pc1plkgnbd-ua868c-OPTIONS",
            "integration_http_method": "",
            "passthrough_behavior": "WHEN_NO_MATCH",
            "region": "us-east-1",
            "request_parameters": {},
            "request_templates": {
              "application/json": "{\"statusCode\":200}"
            },
            "resource_id": "ua868c",
            "rest_api_id": "pc1plkgnbd",
            "timeout_milliseconds": 29000,
            "tls_config": [],
            "type": "MOCK",
            "uri": ""
          },
          "sensitive_attributes": [],
          "identity_schema_version": 0,
          "private": "bnVsbA==",
          "dependencies": [
            "module.api_gateway.aws_api_gateway_method.artifact_byregex_options",
            "module.api_gateway.aws_api_gateway_resource.artifact",
            "module.api_gateway.aws_api_gateway_resource.artifact_byregex",
            "module.api_gateway.aws_api_gateway_rest_api.main_api"
          ],
          "create_before_destroy": true
        }
      ]
    },
    {
      "module": "module.api_gateway",
      "mode": "managed",
      "type": "aws_api_gateway_integration",
      "name": "artifact_byregex_post",
      "provider": "provider[\"registry.terraform.io/hashicorp/aws\"]",
      "instances": [
        {
          "schema_version": 0,
          "attributes": {
            "cache_key_parameters": [],
            "cache_namespace": "ua868c",
            "connection_id": "",
            "connection_type": "INTERNET",
            "content_handling": "",
            "credentials": "",
            "http_method": "POST",
            "id": "agi-pc1plkgnbd-ua868c-POST",
            "integration_http_method": "POST",
            "passthrough_behavior": "WHEN_NO_MATCH",
            "region": "us-east-1",
            "request_parameters": {
              "integration.request.header.X-Authorization": "method.request.header.X-Authorization"
            },
            "request_templates": {},
            "resource_id": "ua868c",
            "rest_api_id": "pc1plkgnbd",
            "timeout_milliseconds": 29000,
            "tls_config": [],
            "type": "HTTP_PROXY",
            "uri": "http://validator-lb-727503296.us-east-1.elb.amazonaws.com/artifact/byRegEx"
          },
          "sensitive_attributes": [],
          "identity_schema_version": 0,
          "private": "bnVsbA==",
          "dependencies": [
            "module.api_gateway.aws_api_gateway_method.artifact_byregex_post",
            "module.api_gateway.aws_api_gateway_resource.artifact",
            "module.api_gateway.aws_api_gateway_resource.artifact_byregex",
            "module.api_gateway.aws_api_gateway_rest_api.main_api",
            "module.ecs.aws_lb.validator_lb",
            "module.ecs.aws_security_group.validator_sg",
            "module.ecs.aws_subnet.validator_subnet_1",
            "module.ecs.aws_subnet.validator_subnet_2",
            "module.ecs.aws_vpc.validator_vpc"
          ],
          "create_before_destroy": true
        }
      ]
    },
    {
      "module": "module.api_gateway",
      "mode": "managed",
      "type": "aws_api_gateway_integration",
      "name": "artifact_directory_get",
      "provider": "provider[\"registry.terraform.io/hashicorp/aws\"]",
      "instances": [
        {
          "schema_version": 0,
          "attributes": {
            "cache_key_parameters": [],
            "cache_namespace": "avc8qw",
            "connection_id": "",
            "connection_type": "INTERNET",
            "content_handling": "",
            "credentials": "",
            "http_method": "GET",
            "id": "agi-pc1plkgnbd-avc8qw-GET",
            "integration_http_method": "GET",
            "passthrough_behavior": "WHEN_NO_MATCH",
            "region": "us-east-1",
            "request_parameters": {},
            "request_templates": {},
            "resource_id": "avc8qw",
            "rest_api_id": "pc1plkgnbd",
            "timeout_milliseconds": 29000,
            "tls_config": [],
            "type": "HTTP_PROXY",
            "uri": "http://validator-lb-727503296.us-east-1.elb.amazonaws.com/artifact/directory"
          },
          "sensitive_attributes": [],
          "identity_schema_version": 0,
          "private": "bnVsbA==",
          "dependencies": [
            "module.api_gateway.aws_api_gateway_method.artifact_directory_get",
            "module.api_gateway.aws_api_gateway_resource.artifact",
            "module.api_gateway.aws_api_gateway_resource.artifact_directory",
            "module.api_gateway.aws_api_gateway_rest_api.main_api",
            "module.ecs.aws_lb.validator_lb",
            "module.ecs.aws_security_group.validator_sg",
            "module.ecs.aws_subnet.validator_subnet_1",
            "module.ecs.aws_subnet.validator_subnet_2",
            "module.ecs.aws_vpc.validator_vpc"
          ],
          "create_before_destroy": true
        }
      ]
    },
    {
      "module": "module.api_gateway",
      "mode": "managed",
      "type": "aws_api_gateway_integration",
      "name": "artifact_get",
      "provider": "provider[\"registry.terraform.io/hashicorp/aws\"]",
      "instances": [
        {
          "schema_version": 0,
          "attributes": {
            "cache_key_parameters": [],
            "cache_namespace": "m9052t",
            "connection_id": "",
            "connection_type": "INTERNET",
            "content_handling": "",
            "credentials": "",
            "http_method": "GET",
            "id": "agi-pc1plkgnbd-m9052t-GET",
            "integration_http_method": "GET",
            "passthrough_behavior": "WHEN_NO_MATCH",
            "region": "us-east-1",
            "request_parameters": {},
            "request_templates": {},
            "resource_id": "m9052t",
            "rest_api_id": "pc1plkgnbd",
            "timeout_milliseconds": 29000,
            "tls_config": [],
            "type": "HTTP_PROXY",
            "uri": "http://validator-lb-727503296.us-east-1.elb.amazonaws.com/artifact"
          },
          "sensitive_attributes": [],
          "identity_schema_version": 0,
          "private": "bnVsbA==",
          "dependencies": [
            "module.api_gateway.aws_api_gateway_method.artifact_get",
            "module.api_gateway.aws_api_gateway_resource.artifact",
            "module.api_gateway.aws_api_gateway_rest_api.main_api",
            "module.ecs.aws_lb.validator_lb",
            "module.ecs.aws_security_group.validator_sg",
            "module.ecs.aws_subnet.validator_subnet_1",
            "module.ecs.aws_subnet.validator_subnet_2",
            "module.ecs.aws_vpc.validator_vpc"
          ],
          "create_before_destroy": true
        }
      ]
    },
    {
      "module": "module.api_gateway",
      "mode": "managed",
      "type": "aws_api_gateway_integration",
      "name": "artifact_ingest_get",
      "provider": "provider[\"registry.terraform.io/hashicorp/aws\"]",
      "instances": [
        {
          "schema_version": 0,
          "attributes": {
            "cache_key_parameters": [],
            "cache_namespace": "4uu3bi",
            "connection_id": "",
            "connection_type": "INTERNET",
            "content_handling": "",
            "credentials": "",
            "http_method": "GET",
            "id": "agi-pc1plkgnbd-4uu3bi-GET",
            "integration_http_method": "GET",
            "passthrough_behavior": "WHEN_NO_MATCH",
            "region": "us-east-1",
            "request_parameters": {},
            "request_templates": {},
            "resource_id": "4uu3bi",
            "rest_api_id": "pc1plkgnbd",
            "timeout_milliseconds": 29000,
            "tls_config": [],
            "type": "HTTP_PROXY",
            "uri": "http://validator-lb-727503296.us-east-1.elb.amazonaws.com/artifact/ingest"
          },
          "sensitive_attributes": [],
          "identity_schema_version": 0,
          "private": "bnVsbA==",
          "dependencies": [
            "module.api_gateway.aws_api_gateway_method.artifact_ingest_get",
            "module.api_gateway.aws_api_gateway_resource.artifact",
            "module.api_gateway.aws_api_gateway_resource.artifact_ingest",
            "module.api_gateway.aws_api_gateway_rest_api.main_api",
            "module.ecs.aws_lb.validator_lb",
            "module.ecs.aws_security_group.validator_sg",
            "module.ecs.aws_subnet.validator_subnet_1",
            "module.ecs.aws_subnet.validator_subnet_2",
            "module.ecs.aws_vpc.validator_vpc"
          ],
          "create_before_destroy": true
        }
      ]
    },
    {
      "module": "module.api_gateway",
      "mode": "managed",
      "type": "aws_api_gateway_integration",
      "name": "artifact_ingest_post",
      "provider": "provider[\"registry.terraform.io/hashicorp/aws\"]",
      "instances": [
        {
          "schema_version": 0,
          "attributes": {
            "cache_key_parameters": [],
            "cache_namespace": "4uu3bi",
            "connection_id": "",
            "connection_type": "INTERNET",
            "content_handling": "",
            "credentials": "",
            "http_method": "POST",
            "id": "agi-pc1plkgnbd-4uu3bi-POST",
            "integration_http_method": "POST",
            "passthrough_behavior": "WHEN_NO_MATCH",
            "region": "us-east-1",
            "request_parameters": {},
            "request_templates": {},
            "resource_id": "4uu3bi",
            "rest_api_id": "pc1plkgnbd",
            "timeout_milliseconds": 29000,
            "tls_config": [],
            "type": "HTTP_PROXY",
            "uri": "http://validator-lb-727503296.us-east-1.elb.amazonaws.com/artifact/ingest"
          },
          "sensitive_attributes": [],
          "identity_schema_version": 0,
          "private": "bnVsbA==",
          "dependencies": [
            "module.api_gateway.aws_api_gateway_method.artifact_ingest_post",
            "module.api_gateway.aws_api_gateway_resource.artifact",
            "module.api_gateway.aws_api_gateway_resource.artifact_ingest",
            "module.api_gateway.aws_api_gateway_rest_api.main_api",
            "module.ecs.aws_lb.validator_lb",
            "module.ecs.aws_security_group.validator_sg",
            "module.ecs.aws_subnet.validator_subnet_1",
            "module.ecs.aws_subnet.validator_subnet_2",
            "module.ecs.aws_vpc.validator_vpc"
          ],
          "create_before_destroy": true
        }
      ]
    },
    {
      "module": "module.api_gateway",
      "mode": "managed",
      "type": "aws_api_gateway_integration",
      "name": "artifact_model_id_download_get",
      "provider": "provider[\"registry.terraform.io/hashicorp/aws\"]",
      "instances": [
        {
          "schema_version": 0,
          "attributes": {
            "cache_key_parameters": [],
            "cache_namespace": "frr39l",
            "connection_id": "",
            "connection_type": "INTERNET",
            "content_handling": "",
            "credentials": "",
            "http_method": "GET",
            "id": "agi-pc1plkgnbd-frr39l-GET",
            "integration_http_method": "GET",
            "passthrough_behavior": "WHEN_NO_MATCH",
            "region": "us-east-1",
            "request_parameters": {
              "integration.request.header.X-Authorization": "method.request.header.X-Authorization",
              "integration.request.path.id": "method.request.path.id"
            },
            "request_templates": {},
            "resource_id": "frr39l",
            "rest_api_id": "pc1plkgnbd",
            "timeout_milliseconds": 29000,
            "tls_config": [],
            "type": "HTTP_PROXY",
            "uri": "http://validator-lb-727503296.us-east-1.elb.amazonaws.com/artifact/model/{id}/download"
          },
          "sensitive_attributes": [],
          "identity_schema_version": 0,
          "private": "bnVsbA==",
          "dependencies": [
            "module.api_gateway.aws_api_gateway_method.artifact_model_id_download_get",
            "module.api_gateway.aws_api_gateway_resource.artifact",
            "module.api_gateway.aws_api_gateway_resource.artifact_model",
            "module.api_gateway.aws_api_gateway_resource.artifact_model_id",
            "module.api_gateway.aws_api_gateway_resource.artifact_model_id_download",
            "module.api_gateway.aws_api_gateway_rest_api.main_api",
            "module.ecs.aws_lb.validator_lb",
            "module.ecs.aws_security_group.validator_sg",
            "module.ecs.aws_subnet.validator_subnet_1",
            "module.ecs.aws_subnet.validator_subnet_2",
            "module.ecs.aws_vpc.validator_vpc"
          ],
          "create_before_destroy": true
        }
      ]
    },
    {
      "module": "module.api_gateway",
      "mode": "managed",
      "type": "aws_api_gateway_integration",
      "name": "artifact_model_id_license_check_post",
      "provider": "provider[\"registry.terraform.io/hashicorp/aws\"]",
      "instances": [
        {
          "schema_version": 0,
          "attributes": {
            "cache_key_parameters": [],
            "cache_namespace": "azzh6n",
            "connection_id": "",
            "connection_type": "INTERNET",
            "content_handling": "",
            "credentials": "",
            "http_method": "POST",
            "id": "agi-pc1plkgnbd-azzh6n-POST",
            "integration_http_method": "POST",
            "passthrough_behavior": "WHEN_NO_MATCH",
            "region": "us-east-1",
            "request_parameters": {
              "integration.request.header.X-Authorization": "method.request.header.X-Authorization",
              "integration.request.path.id": "method.request.path.id"
            },
            "request_templates": {},
            "resource_id": "azzh6n",
            "rest_api_id": "pc1plkgnbd",
            "timeout_milliseconds": 29000,
            "tls_config": [],
            "type": "HTTP_PROXY",
            "uri": "http://validator-lb-727503296.us-east-1.elb.amazonaws.com/artifact/model/{id}/license-check"
          },
          "sensitive_attributes": [],
          "identity_schema_version": 0,
          "private": "bnVsbA==",
          "dependencies": [
            "module.api_gateway.aws_api_gateway_method.artifact_model_id_license_check_post",
            "module.api_gateway.aws_api_gateway_resource.artifact",
            "module.api_gateway.aws_api_gateway_resource.artifact_model",
            "module.api_gateway.aws_api_gateway_resource.artifact_model_id",
            "module.api_gateway.aws_api_gateway_resource.artifact_model_id_license_check",
            "module.api_gateway.aws_api_gateway_rest_api.main_api",
            "module.ecs.aws_lb.validator_lb",
            "module.ecs.aws_security_group.validator_sg",
            "module.ecs.aws_subnet.validator_subnet_1",
            "module.ecs.aws_subnet.validator_subnet_2",
            "module.ecs.aws_vpc.validator_vpc"
          ],
          "create_before_destroy": true
        }
      ]
    },
    {
      "module": "module.api_gateway",
      "mode": "managed",
      "type": "aws_api_gateway_integration",
      "name": "artifact_model_id_lineage_get",
      "provider": "provider[\"registry.terraform.io/hashicorp/aws\"]",
      "instances": [
        {
          "schema_version": 0,
          "attributes": {
            "cache_key_parameters": [],
            "cache_namespace": "st42x5",
            "connection_id": "",
            "connection_type": "INTERNET",
            "content_handling": "",
            "credentials": "",
            "http_method": "GET",
            "id": "agi-pc1plkgnbd-st42x5-GET",
            "integration_http_method": "GET",
            "passthrough_behavior": "WHEN_NO_MATCH",
            "region": "us-east-1",
            "request_parameters": {
              "integration.request.header.X-Authorization": "method.request.header.X-Authorization",
              "integration.request.path.id": "method.request.path.id"
            },
            "request_templates": {},
            "resource_id": "st42x5",
            "rest_api_id": "pc1plkgnbd",
            "timeout_milliseconds": 29000,
            "tls_config": [],
            "type": "HTTP_PROXY",
            "uri": "http://validator-lb-727503296.us-east-1.elb.amazonaws.com/artifact/model/{id}/lineage"
          },
          "sensitive_attributes": [],
          "identity_schema_version": 0,
          "private": "bnVsbA==",
          "dependencies": [
            "module.api_gateway.aws_api_gateway_method.artifact_model_id_lineage_get",
            "module.api_gateway.aws_api_gateway_resource.artifact",
            "module.api_gateway.aws_api_gateway_resource.artifact_model",
            "module.api_gateway.aws_api_gateway_resource.artifact_model_id",
            "module.api_gateway.aws_api_gateway_resource.artifact_model_id_lineage",
            "module.api_gateway.aws_api_gateway_rest_api.main_api",
            "module.ecs.aws_lb.validator_lb",
            "module.ecs.aws_security_group.validator_sg",
            "module.ecs.aws_subnet.validator_subnet_1",
            "module.ecs.aws_subnet.validator_subnet_2",
            "module.ecs.aws_vpc.validator_vpc"
          ],
          "create_before_destroy": true
        }
      ]
    },
    {
      "module": "module.api_gateway",
      "mode": "managed",
      "type": "aws_api_gateway_integration",
      "name": "artifact_model_id_rate_get",
      "provider": "provider[\"registry.terraform.io/hashicorp/aws\"]",
      "instances": [
        {
          "schema_version": 0,
          "attributes": {
            "cache_key_parameters": [],
            "cache_namespace": "gl51hs",
            "connection_id": "",
            "connection_type": "INTERNET",
            "content_handling": "",
            "credentials": "",
            "http_method": "GET",
            "id": "agi-pc1plkgnbd-gl51hs-GET",
            "integration_http_method": "GET",
            "passthrough_behavior": "WHEN_NO_MATCH",
            "region": "us-east-1",
            "request_parameters": {
              "integration.request.header.X-Authorization": "method.request.header.X-Authorization",
              "integration.request.path.id": "method.request.path.id"
            },
            "request_templates": {},
            "resource_id": "gl51hs",
            "rest_api_id": "pc1plkgnbd",
            "timeout_milliseconds": 29000,
            "tls_config": [],
            "type": "HTTP",
            "uri": "http://validator-lb-727503296.us-east-1.elb.amazonaws.com/artifact/model/{id}/rate"
          },
          "sensitive_attributes": [],
          "identity_schema_version": 0,
          "private": "bnVsbA==",
          "dependencies": [
            "module.api_gateway.aws_api_gateway_method.artifact_model_id_rate_get",
            "module.api_gateway.aws_api_gateway_resource.artifact",
            "module.api_gateway.aws_api_gateway_resource.artifact_model",
            "module.api_gateway.aws_api_gateway_resource.artifact_model_id",
            "module.api_gateway.aws_api_gateway_resource.artifact_model_id_rate",
            "module.api_gateway.aws_api_gateway_rest_api.main_api",
            "module.ecs.aws_lb.validator_lb",
            "module.ecs.aws_security_group.validator_sg",
            "module.ecs.aws_subnet.validator_subnet_1",
            "module.ecs.aws_subnet.validator_subnet_2",
            "module.ecs.aws_vpc.validator_vpc"
          ],
          "create_before_destroy": true
        }
      ]
    },
    {
      "module": "module.api_gateway",
      "mode": "managed",
      "type": "aws_api_gateway_integration",
      "name": "artifact_model_id_upload_post",
      "provider": "provider[\"registry.terraform.io/hashicorp/aws\"]",
      "instances": [
        {
          "schema_version": 0,
          "attributes": {
            "cache_key_parameters": [],
            "cache_namespace": "ftwq2j",
            "connection_id": "",
            "connection_type": "INTERNET",
            "content_handling": "",
            "credentials": "",
            "http_method": "POST",
            "id": "agi-pc1plkgnbd-ftwq2j-POST",
            "integration_http_method": "POST",
            "passthrough_behavior": "WHEN_NO_MATCH",
            "region": "us-east-1",
            "request_parameters": {
              "integration.request.header.X-Authorization": "method.request.header.X-Authorization",
              "integration.request.path.id": "method.request.path.id"
            },
            "request_templates": {},
            "resource_id": "ftwq2j",
            "rest_api_id": "pc1plkgnbd",
            "timeout_milliseconds": 29000,
            "tls_config": [],
            "type": "HTTP_PROXY",
            "uri": "http://validator-lb-727503296.us-east-1.elb.amazonaws.com/artifact/model/{id}/upload"
          },
          "sensitive_attributes": [],
          "identity_schema_version": 0,
          "private": "bnVsbA==",
          "dependencies": [
            "module.api_gateway.aws_api_gateway_method.artifact_model_id_upload_post",
            "module.api_gateway.aws_api_gateway_resource.artifact",
            "module.api_gateway.aws_api_gateway_resource.artifact_model",
            "module.api_gateway.aws_api_gateway_resource.artifact_model_id",
            "module.api_gateway.aws_api_gateway_resource.artifact_model_id_upload",
            "module.api_gateway.aws_api_gateway_rest_api.main_api",
            "module.ecs.aws_lb.validator_lb",
            "module.ecs.aws_security_group.validator_sg",
            "module.ecs.aws_subnet.validator_subnet_1",
            "module.ecs.aws_subnet.validator_subnet_2",
            "module.ecs.aws_vpc.validator_vpc"
          ],
          "create_before_destroy": true
        }
      ]
    },
    {
      "module": "module.api_gateway",
      "mode": "managed",
      "type": "aws_api_gateway_integration",
      "name": "artifact_type_get",
      "provider": "provider[\"registry.terraform.io/hashicorp/aws\"]",
      "instances": [
        {
          "schema_version": 0,
          "attributes": {
            "cache_key_parameters": [],
            "cache_namespace": "2qsucn",
            "connection_id": "",
            "connection_type": "INTERNET",
            "content_handling": "",
            "credentials": "",
            "http_method": "GET",
            "id": "agi-pc1plkgnbd-2qsucn-GET",
            "integration_http_method": "GET",
            "passthrough_behavior": "WHEN_NO_MATCH",
            "region": "us-east-1",
            "request_parameters": {
              "integration.request.header.X-Authorization": "method.request.header.X-Authorization",
              "integration.request.path.artifact_type": "method.request.path.artifact_type"
            },
            "request_templates": {},
            "resource_id": "2qsucn",
            "rest_api_id": "pc1plkgnbd",
            "timeout_milliseconds": 29000,
            "tls_config": [],
            "type": "HTTP_PROXY",
            "uri": "http://validator-lb-727503296.us-east-1.elb.amazonaws.com/artifact/{artifact_type}"
          },
          "sensitive_attributes": [],
          "identity_schema_version": 0,
          "private": "bnVsbA==",
          "dependencies": [
            "module.api_gateway.aws_api_gateway_method.artifact_type_get",
            "module.api_gateway.aws_api_gateway_resource.artifact",
            "module.api_gateway.aws_api_gateway_resource.artifact_type",
            "module.api_gateway.aws_api_gateway_rest_api.main_api",
            "module.ecs.aws_lb.validator_lb",
            "module.ecs.aws_security_group.validator_sg",
            "module.ecs.aws_subnet.validator_subnet_1",
            "module.ecs.aws_subnet.validator_subnet_2",
            "module.ecs.aws_vpc.validator_vpc"
          ],
          "create_before_destroy": true
        }
      ]
    },
    {
      "module": "module.api_gateway",
      "mode": "managed",
      "type": "aws_api_gateway_integration",
      "name": "artifact_type_id_audit_get",
      "provider": "provider[\"registry.terraform.io/hashicorp/aws\"]",
      "instances": [
        {
          "schema_version": 0,
          "attributes": {
            "cache_key_parameters": [],
            "cache_namespace": "fwlez3",
            "connection_id": "",
            "connection_type": "INTERNET",
            "content_handling": "",
            "credentials": "",
            "http_method": "GET",
            "id": "agi-pc1plkgnbd-fwlez3-GET",
            "integration_http_method": "GET",
            "passthrough_behavior": "WHEN_NO_MATCH",
            "region": "us-east-1",
            "request_parameters": {
              "integration.request.header.X-Authorization": "method.request.header.X-Authorization",
              "integration.request.path.artifact_type": "method.request.path.artifact_type",
              "integration.request.path.id": "method.request.path.id"
            },
            "request_templates": {},
            "resource_id": "fwlez3",
            "rest_api_id": "pc1plkgnbd",
            "timeout_milliseconds": 29000,
            "tls_config": [],
            "type": "HTTP_PROXY",
            "uri": "http://validator-lb-727503296.us-east-1.elb.amazonaws.com/artifact/{artifact_type}/{id}/audit"
          },
          "sensitive_attributes": [],
          "identity_schema_version": 0,
          "private": "bnVsbA==",
          "dependencies": [
            "module.api_gateway.aws_api_gateway_method.artifact_type_id_audit_get",
            "module.api_gateway.aws_api_gateway_resource.artifact",
            "module.api_gateway.aws_api_gateway_resource.artifact_type",
            "module.api_gateway.aws_api_gateway_resource.artifact_type_id",
            "module.api_gateway.aws_api_gateway_resource.artifact_type_id_audit",
            "module.api_gateway.aws_api_gateway_rest_api.main_api",
            "module.ecs.aws_lb.validator_lb",
            "module.ecs.aws_security_group.validator_sg",
            "module.ecs.aws_subnet.validator_subnet_1",
            "module.ecs.aws_subnet.validator_subnet_2",
            "module.ecs.aws_vpc.validator_vpc"
          ],
          "create_before_destroy": true
        }
      ]
    },
    {
      "module": "module.api_gateway",
      "mode": "managed",
      "type": "aws_api_gateway_integration",
      "name": "artifact_type_id_cost_get",
      "provider": "provider[\"registry.terraform.io/hashicorp/aws\"]",
      "instances": [
        {
          "schema_version": 0,
          "attributes": {
            "cache_key_parameters": [],
            "cache_namespace": "zs83ai",
            "connection_id": "",
            "connection_type": "INTERNET",
            "content_handling": "",
            "credentials": "",
            "http_method": "GET",
            "id": "agi-pc1plkgnbd-zs83ai-GET",
            "integration_http_method": "GET",
            "passthrough_behavior": "WHEN_NO_MATCH",
            "region": "us-east-1",
            "request_parameters": {
              "integration.request.header.X-Authorization": "method.request.header.X-Authorization",
              "integration.request.path.artifact_type": "method.request.path.artifact_type",
              "integration.request.path.id": "method.request.path.id",
              "integration.request.querystring.dependency": "method.request.querystring.dependency"
            },
            "request_templates": {},
            "resource_id": "zs83ai",
            "rest_api_id": "pc1plkgnbd",
            "timeout_milliseconds": 29000,
            "tls_config": [],
            "type": "HTTP_PROXY",
            "uri": "http://validator-lb-727503296.us-east-1.elb.amazonaws.com/artifact/{artifact_type}/{id}/cost"
          },
          "sensitive_attributes": [],
          "identity_schema_version": 0,
          "private": "bnVsbA==",
          "dependencies": [
            "module.api_gateway.aws_api_gateway_method.artifact_type_id_cost_get",
            "module.api_gateway.aws_api_gateway_resource.artifact",
            "module.api_gateway.aws_api_gateway_resource.artifact_type",
            "module.api_gateway.aws_api_gateway_resource.artifact_type_id",
            "module.api_gateway.aws_api_gateway_resource.artifact_type_id_cost",
            "module.api_gateway.aws_api_gateway_rest_api.main_api",
            "module.ecs.aws_lb.validator_lb",
            "module.ecs.aws_security_group.validator_sg",
            "module.ecs.aws_subnet.validator_subnet_1",
            "module.ecs.aws_subnet.validator_subnet_2",
            "module.ecs.aws_vpc.validator_vpc"
          ],
          "create_before_destroy": true
        }
      ]
    },
    {
      "module": "module.api_gateway",
      "mode": "managed",
      "type": "aws_api_gateway_integration",
      "name": "artifact_type_id_delete",
      "provider": "provider[\"registry.terraform.io/hashicorp/aws\"]",
      "instances": [
        {
          "schema_version": 0,
          "attributes": {
            "cache_key_parameters": [],
            "cache_namespace": "jkth37",
            "connection_id": "",
            "connection_type": "INTERNET",
            "content_handling": "",
            "credentials": "",
            "http_method": "DELETE",
            "id": "agi-pc1plkgnbd-jkth37-DELETE",
            "integration_http_method": "DELETE",
            "passthrough_behavior": "WHEN_NO_MATCH",
            "region": "us-east-1",
            "request_parameters": {
              "integration.request.header.X-Authorization": "method.request.header.X-Authorization",
              "integration.request.path.artifact_type": "method.request.path.artifact_type",
              "integration.request.path.id": "method.request.path.id"
            },
            "request_templates": {},
            "resource_id": "jkth37",
            "rest_api_id": "pc1plkgnbd",
            "timeout_milliseconds": 29000,
            "tls_config": [],
            "type": "HTTP_PROXY",
            "uri": "http://validator-lb-727503296.us-east-1.elb.amazonaws.com/artifact/{artifact_type}/{id}"
          },
          "sensitive_attributes": [],
          "identity_schema_version": 0,
          "private": "bnVsbA==",
          "dependencies": [
            "module.api_gateway.aws_api_gateway_method.artifact_type_id_delete",
            "module.api_gateway.aws_api_gateway_resource.artifact",
            "module.api_gateway.aws_api_gateway_resource.artifact_type",
            "module.api_gateway.aws_api_gateway_resource.artifact_type_id",
            "module.api_gateway.aws_api_gateway_rest_api.main_api",
            "module.ecs.aws_lb.validator_lb",
            "module.ecs.aws_security_group.validator_sg",
            "module.ecs.aws_subnet.validator_subnet_1",
            "module.ecs.aws_subnet.validator_subnet_2",
            "module.ecs.aws_vpc.validator_vpc"
          ]
        }
      ]
    },
    {
      "module": "module.api_gateway",
      "mode": "managed",
      "type": "aws_api_gateway_integration",
      "name": "artifact_type_id_get",
      "provider": "provider[\"registry.terraform.io/hashicorp/aws\"]",
      "instances": [
        {
          "schema_version": 0,
          "attributes": {
            "cache_key_parameters": [],
            "cache_namespace": "jkth37",
            "connection_id": "",
            "connection_type": "INTERNET",
            "content_handling": "",
            "credentials": "",
            "http_method": "GET",
            "id": "agi-pc1plkgnbd-jkth37-GET",
            "integration_http_method": "GET",
            "passthrough_behavior": "WHEN_NO_MATCH",
            "region": "us-east-1",
            "request_parameters": {
              "integration.request.header.X-Authorization": "method.request.header.X-Authorization",
              "integration.request.path.artifact_type": "method.request.path.artifact_type",
              "integration.request.path.id": "method.request.path.id"
            },
            "request_templates": {},
            "resource_id": "jkth37",
            "rest_api_id": "pc1plkgnbd",
            "timeout_milliseconds": 29000,
            "tls_config": [],
            "type": "HTTP_PROXY",
            "uri": "http://validator-lb-727503296.us-east-1.elb.amazonaws.com/artifact/{artifact_type}/{id}"
          },
          "sensitive_attributes": [],
          "identity_schema_version": 0,
          "private": "bnVsbA==",
          "dependencies": [
            "module.api_gateway.aws_api_gateway_method.artifact_type_id_get",
            "module.api_gateway.aws_api_gateway_resource.artifact",
            "module.api_gateway.aws_api_gateway_resource.artifact_type",
            "module.api_gateway.aws_api_gateway_resource.artifact_type_id",
            "module.api_gateway.aws_api_gateway_rest_api.main_api",
            "module.ecs.aws_lb.validator_lb",
            "module.ecs.aws_security_group.validator_sg",
            "module.ecs.aws_subnet.validator_subnet_1",
            "module.ecs.aws_subnet.validator_subnet_2",
            "module.ecs.aws_vpc.validator_vpc"
          ],
          "create_before_destroy": true
        }
      ]
    },
    {
      "module": "module.api_gateway",
      "mode": "managed",
      "type": "aws_api_gateway_integration",
      "name": "artifact_type_id_put",
      "provider": "provider[\"registry.terraform.io/hashicorp/aws\"]",
      "instances": [
        {
          "schema_version": 0,
          "attributes": {
            "cache_key_parameters": [],
            "cache_namespace": "jkth37",
            "connection_id": "",
            "connection_type": "INTERNET",
            "content_handling": "",
            "credentials": "",
            "http_method": "PUT",
            "id": "agi-pc1plkgnbd-jkth37-PUT",
            "integration_http_method": "PUT",
            "passthrough_behavior": "WHEN_NO_MATCH",
            "region": "us-east-1",
            "request_parameters": {
              "integration.request.header.X-Authorization": "method.request.header.X-Authorization",
              "integration.request.path.artifact_type": "method.request.path.artifact_type",
              "integration.request.path.id": "method.request.path.id"
            },
            "request_templates": {},
            "resource_id": "jkth37",
            "rest_api_id": "pc1plkgnbd",
            "timeout_milliseconds": 29000,
            "tls_config": [],
            "type": "HTTP_PROXY",
            "uri": "http://validator-lb-727503296.us-east-1.elb.amazonaws.com/artifact/{artifact_type}/{id}"
          },
          "sensitive_attributes": [],
          "identity_schema_version": 0,
          "private": "bnVsbA==",
          "dependencies": [
            "module.api_gateway.aws_api_gateway_method.artifact_type_id_put",
            "module.api_gateway.aws_api_gateway_resource.artifact",
            "module.api_gateway.aws_api_gateway_resource.artifact_type",
            "module.api_gateway.aws_api_gateway_resource.artifact_type_id",
            "module.api_gateway.aws_api_gateway_rest_api.main_api",
            "module.ecs.aws_lb.validator_lb",
            "module.ecs.aws_security_group.validator_sg",
            "module.ecs.aws_subnet.validator_subnet_1",
            "module.ecs.aws_subnet.validator_subnet_2",
            "module.ecs.aws_vpc.validator_vpc"
          ]
        }
      ]
    },
    {
      "module": "module.api_gateway",
      "mode": "managed",
      "type": "aws_api_gateway_integration",
      "name": "artifact_type_options",
      "provider": "provider[\"registry.terraform.io/hashicorp/aws\"]",
      "instances": [
        {
          "schema_version": 0,
          "attributes": {
            "cache_key_parameters": [],
            "cache_namespace": "2qsucn",
            "connection_id": "",
            "connection_type": "INTERNET",
            "content_handling": "",
            "credentials": "",
            "http_method": "OPTIONS",
            "id": "agi-pc1plkgnbd-2qsucn-OPTIONS",
            "integration_http_method": "",
            "passthrough_behavior": "WHEN_NO_MATCH",
            "region": "us-east-1",
            "request_parameters": {},
            "request_templates": {
              "application/json": "{\"statusCode\":200}"
            },
            "resource_id": "2qsucn",
            "rest_api_id": "pc1plkgnbd",
            "timeout_milliseconds": 29000,
            "tls_config": [],
            "type": "MOCK",
            "uri": ""
          },
          "sensitive_attributes": [],
          "identity_schema_version": 0,
          "private": "bnVsbA==",
          "dependencies": [
            "module.api_gateway.aws_api_gateway_method.artifact_type_options",
            "module.api_gateway.aws_api_gateway_resource.artifact",
            "module.api_gateway.aws_api_gateway_resource.artifact_type",
            "module.api_gateway.aws_api_gateway_rest_api.main_api"
          ],
          "create_before_destroy": true
        }
      ]
    },
    {
      "module": "module.api_gateway",
      "mode": "managed",
      "type": "aws_api_gateway_integration",
      "name": "artifact_type_post",
      "provider": "provider[\"registry.terraform.io/hashicorp/aws\"]",
      "instances": [
        {
          "schema_version": 0,
          "attributes": {
            "cache_key_parameters": [],
            "cache_namespace": "2qsucn",
            "connection_id": "",
            "connection_type": "INTERNET",
            "content_handling": "",
            "credentials": "",
            "http_method": "POST",
            "id": "agi-pc1plkgnbd-2qsucn-POST",
            "integration_http_method": "POST",
            "passthrough_behavior": "WHEN_NO_MATCH",
            "region": "us-east-1",
            "request_parameters": {
              "integration.request.header.X-Authorization": "method.request.header.X-Authorization",
              "integration.request.path.artifact_type": "method.request.path.artifact_type"
            },
            "request_templates": {},
            "resource_id": "2qsucn",
            "rest_api_id": "pc1plkgnbd",
            "timeout_milliseconds": 29000,
            "tls_config": [],
            "type": "HTTP_PROXY",
            "uri": "http://validator-lb-727503296.us-east-1.elb.amazonaws.com/artifact/{artifact_type}"
          },
          "sensitive_attributes": [],
          "identity_schema_version": 0,
          "private": "bnVsbA==",
          "dependencies": [
            "module.api_gateway.aws_api_gateway_method.artifact_type_post",
            "module.api_gateway.aws_api_gateway_resource.artifact",
            "module.api_gateway.aws_api_gateway_resource.artifact_type",
            "module.api_gateway.aws_api_gateway_rest_api.main_api",
            "module.ecs.aws_lb.validator_lb",
            "module.ecs.aws_security_group.validator_sg",
            "module.ecs.aws_subnet.validator_subnet_1",
            "module.ecs.aws_subnet.validator_subnet_2",
            "module.ecs.aws_vpc.validator_vpc"
          ],
          "create_before_destroy": true
        }
      ]
    },
    {
      "module": "module.api_gateway",
      "mode": "managed",
      "type": "aws_api_gateway_integration",
      "name": "artifacts_options",
      "provider": "provider[\"registry.terraform.io/hashicorp/aws\"]",
      "instances": [
        {
          "schema_version": 0,
          "attributes": {
            "cache_key_parameters": [],
            "cache_namespace": "l3zo3u",
            "connection_id": "",
            "connection_type": "INTERNET",
            "content_handling": "",
            "credentials": "",
            "http_method": "OPTIONS",
            "id": "agi-pc1plkgnbd-l3zo3u-OPTIONS",
            "integration_http_method": "",
            "passthrough_behavior": "WHEN_NO_MATCH",
            "region": "us-east-1",
            "request_parameters": {},
            "request_templates": {
              "application/json": "{\"statusCode\":200}"
            },
            "resource_id": "l3zo3u",
            "rest_api_id": "pc1plkgnbd",
            "timeout_milliseconds": 29000,
            "tls_config": [],
            "type": "MOCK",
            "uri": ""
          },
          "sensitive_attributes": [],
          "identity_schema_version": 0,
          "private": "bnVsbA==",
          "dependencies": [
            "module.api_gateway.aws_api_gateway_method.artifacts_options",
            "module.api_gateway.aws_api_gateway_resource.artifacts",
            "module.api_gateway.aws_api_gateway_rest_api.main_api"
          ],
          "create_before_destroy": true
        }
      ]
    },
    {
      "module": "module.api_gateway",
      "mode": "managed",
      "type": "aws_api_gateway_integration",
      "name": "artifacts_post",
      "provider": "provider[\"registry.terraform.io/hashicorp/aws\"]",
      "instances": [
        {
          "schema_version": 0,
          "attributes": {
            "cache_key_parameters": [],
            "cache_namespace": "l3zo3u",
            "connection_id": "",
            "connection_type": "INTERNET",
            "content_handling": "",
            "credentials": "",
            "http_method": "POST",
            "id": "agi-pc1plkgnbd-l3zo3u-POST",
            "integration_http_method": "POST",
            "passthrough_behavior": "WHEN_NO_MATCH",
            "region": "us-east-1",
            "request_parameters": {
              "integration.request.header.X-Authorization": "method.request.header.X-Authorization",
              "integration.request.querystring.offset": "method.request.querystring.offset"
            },
            "request_templates": {},
            "resource_id": "l3zo3u",
            "rest_api_id": "pc1plkgnbd",
            "timeout_milliseconds": 29000,
            "tls_config": [],
            "type": "HTTP_PROXY",
            "uri": "http://validator-lb-727503296.us-east-1.elb.amazonaws.com/artifacts"
          },
          "sensitive_attributes": [],
          "identity_schema_version": 0,
          "private": "bnVsbA==",
          "dependencies": [
            "module.api_gateway.aws_api_gateway_method.artifacts_post",
            "module.api_gateway.aws_api_gateway_resource.artifacts",
            "module.api_gateway.aws_api_gateway_rest_api.main_api",
            "module.ecs.aws_lb.validator_lb",
            "module.ecs.aws_security_group.validator_sg",
            "module.ecs.aws_subnet.validator_subnet_1",
            "module.ecs.aws_subnet.validator_subnet_2",
            "module.ecs.aws_vpc.validator_vpc"
          ],
          "create_before_destroy": true
        }
      ]
    },
    {
      "module": "module.api_gateway",
      "mode": "managed",
      "type": "aws_api_gateway_integration",
      "name": "artifacts_type_id_delete",
      "provider": "provider[\"registry.terraform.io/hashicorp/aws\"]",
      "instances": [
        {
          "schema_version": 0,
          "attributes": {
            "cache_key_parameters": [],
            "cache_namespace": "act92r",
            "connection_id": "",
            "connection_type": "INTERNET",
            "content_handling": "",
            "credentials": "",
            "http_method": "DELETE",
            "id": "agi-pc1plkgnbd-act92r-DELETE",
            "integration_http_method": "DELETE",
            "passthrough_behavior": "WHEN_NO_MATCH",
            "region": "us-east-1",
            "request_parameters": {
              "integration.request.header.X-Authorization": "method.request.header.X-Authorization",
              "integration.request.path.artifact_type": "method.request.path.artifact_type",
              "integration.request.path.id": "method.request.path.id"
            },
            "request_templates": {},
            "resource_id": "act92r",
            "rest_api_id": "pc1plkgnbd",
            "timeout_milliseconds": 29000,
            "tls_config": [],
            "type": "HTTP_PROXY",
            "uri": "http://validator-lb-727503296.us-east-1.elb.amazonaws.com/artifacts/{artifact_type}/{id}"
          },
          "sensitive_attributes": [],
          "identity_schema_version": 0,
          "private": "bnVsbA==",
          "dependencies": [
            "module.api_gateway.aws_api_gateway_method.artifacts_type_id_delete",
            "module.api_gateway.aws_api_gateway_resource.artifacts",
            "module.api_gateway.aws_api_gateway_resource.artifacts_type",
            "module.api_gateway.aws_api_gateway_resource.artifacts_type_id",
            "module.api_gateway.aws_api_gateway_rest_api.main_api",
            "module.ecs.aws_lb.validator_lb",
            "module.ecs.aws_security_group.validator_sg",
            "module.ecs.aws_subnet.validator_subnet_1",
            "module.ecs.aws_subnet.validator_subnet_2",
            "module.ecs.aws_vpc.validator_vpc"
          ],
          "create_before_destroy": true
        }
      ]
    },
    {
      "module": "module.api_gateway",
      "mode": "managed",
      "type": "aws_api_gateway_integration",
      "name": "artifacts_type_id_get",
      "provider": "provider[\"registry.terraform.io/hashicorp/aws\"]",
      "instances": [
        {
          "schema_version": 0,
          "attributes": {
            "cache_key_parameters": [],
            "cache_namespace": "act92r",
            "connection_id": "",
            "connection_type": "INTERNET",
            "content_handling": "",
            "credentials": "",
            "http_method": "GET",
            "id": "agi-pc1plkgnbd-act92r-GET",
            "integration_http_method": "GET",
            "passthrough_behavior": "WHEN_NO_MATCH",
            "region": "us-east-1",
            "request_parameters": {
              "integration.request.header.X-Authorization": "method.request.header.X-Authorization",
              "integration.request.path.artifact_type": "method.request.path.artifact_type",
              "integration.request.path.id": "method.request.path.id"
            },
            "request_templates": {},
            "resource_id": "act92r",
            "rest_api_id": "pc1plkgnbd",
            "timeout_milliseconds": 29000,
            "tls_config": [],
            "type": "HTTP_PROXY",
            "uri": "http://validator-lb-727503296.us-east-1.elb.amazonaws.com/artifacts/{artifact_type}/{id}"
          },
          "sensitive_attributes": [],
          "identity_schema_version": 0,
          "private": "bnVsbA==",
          "dependencies": [
            "module.api_gateway.aws_api_gateway_method.artifacts_type_id_get",
            "module.api_gateway.aws_api_gateway_resource.artifacts",
            "module.api_gateway.aws_api_gateway_resource.artifacts_type",
            "module.api_gateway.aws_api_gateway_resource.artifacts_type_id",
            "module.api_gateway.aws_api_gateway_rest_api.main_api",
            "module.ecs.aws_lb.validator_lb",
            "module.ecs.aws_security_group.validator_sg",
            "module.ecs.aws_subnet.validator_subnet_1",
            "module.ecs.aws_subnet.validator_subnet_2",
            "module.ecs.aws_vpc.validator_vpc"
          ],
          "create_before_destroy": true
        }
      ]
    },
    {
      "module": "module.api_gateway",
      "mode": "managed",
      "type": "aws_api_gateway_integration",
      "name": "artifacts_type_id_put",
      "provider": "provider[\"registry.terraform.io/hashicorp/aws\"]",
      "instances": [
        {
          "schema_version": 0,
          "attributes": {
            "cache_key_parameters": [],
            "cache_namespace": "act92r",
            "connection_id": "",
            "connection_type": "INTERNET",
            "content_handling": "",
            "credentials": "",
            "http_method": "PUT",
            "id": "agi-pc1plkgnbd-act92r-PUT",
            "integration_http_method": "PUT",
            "passthrough_behavior": "WHEN_NO_MATCH",
            "region": "us-east-1",
            "request_parameters": {
              "integration.request.header.X-Authorization": "method.request.header.X-Authorization",
              "integration.request.path.artifact_type": "method.request.path.artifact_type",
              "integration.request.path.id": "method.request.path.id"
            },
            "request_templates": {},
            "resource_id": "act92r",
            "rest_api_id": "pc1plkgnbd",
            "timeout_milliseconds": 29000,
            "tls_config": [],
            "type": "HTTP_PROXY",
            "uri": "http://validator-lb-727503296.us-east-1.elb.amazonaws.com/artifacts/{artifact_type}/{id}"
          },
          "sensitive_attributes": [],
          "identity_schema_version": 0,
          "private": "bnVsbA==",
          "dependencies": [
            "module.api_gateway.aws_api_gateway_method.artifacts_type_id_put",
            "module.api_gateway.aws_api_gateway_resource.artifacts",
            "module.api_gateway.aws_api_gateway_resource.artifacts_type",
            "module.api_gateway.aws_api_gateway_resource.artifacts_type_id",
            "module.api_gateway.aws_api_gateway_rest_api.main_api",
            "module.ecs.aws_lb.validator_lb",
            "module.ecs.aws_security_group.validator_sg",
            "module.ecs.aws_subnet.validator_subnet_1",
            "module.ecs.aws_subnet.validator_subnet_2",
            "module.ecs.aws_vpc.validator_vpc"
          ],
          "create_before_destroy": true
        }
      ]
    },
    {
      "module": "module.api_gateway",
      "mode": "managed",
      "type": "aws_api_gateway_integration",
      "name": "authenticate_options",
      "provider": "provider[\"registry.terraform.io/hashicorp/aws\"]",
      "instances": [
        {
          "schema_version": 0,
          "attributes": {
            "cache_key_parameters": [],
            "cache_namespace": "2i5q4v",
            "connection_id": "",
            "connection_type": "INTERNET",
            "content_handling": "",
            "credentials": "",
            "http_method": "OPTIONS",
            "id": "agi-pc1plkgnbd-2i5q4v-OPTIONS",
            "integration_http_method": "",
            "passthrough_behavior": "WHEN_NO_MATCH",
            "region": "us-east-1",
            "request_parameters": {},
            "request_templates": {
              "application/json": "{\"statusCode\":200}"
            },
            "resource_id": "2i5q4v",
            "rest_api_id": "pc1plkgnbd",
            "timeout_milliseconds": 29000,
            "tls_config": [],
            "type": "MOCK",
            "uri": ""
          },
          "sensitive_attributes": [],
          "identity_schema_version": 0,
          "private": "bnVsbA==",
          "dependencies": [
            "module.api_gateway.aws_api_gateway_method.authenticate_options",
            "module.api_gateway.aws_api_gateway_resource.authenticate",
            "module.api_gateway.aws_api_gateway_rest_api.main_api"
          ],
          "create_before_destroy": true
        }
      ]
    },
    {
      "module": "module.api_gateway",
      "mode": "managed",
      "type": "aws_api_gateway_integration",
      "name": "authenticate_put",
      "provider": "provider[\"registry.terraform.io/hashicorp/aws\"]",
      "instances": [
        {
          "schema_version": 0,
          "attributes": {
            "cache_key_parameters": [],
            "cache_namespace": "2i5q4v",
            "connection_id": "",
            "connection_type": "INTERNET",
            "content_handling": "",
            "credentials": "",
            "http_method": "PUT",
            "id": "agi-pc1plkgnbd-2i5q4v-PUT",
            "integration_http_method": "PUT",
            "passthrough_behavior": "WHEN_NO_MATCH",
            "region": "us-east-1",
            "request_parameters": {},
            "request_templates": {},
            "resource_id": "2i5q4v",
            "rest_api_id": "pc1plkgnbd",
            "timeout_milliseconds": 29000,
            "tls_config": [],
            "type": "HTTP_PROXY",
            "uri": "http://validator-lb-727503296.us-east-1.elb.amazonaws.com/authenticate"
          },
          "sensitive_attributes": [],
          "identity_schema_version": 0,
          "private": "bnVsbA==",
          "dependencies": [
            "module.api_gateway.aws_api_gateway_method.authenticate_put",
            "module.api_gateway.aws_api_gateway_resource.authenticate",
            "module.api_gateway.aws_api_gateway_rest_api.main_api",
            "module.ecs.aws_lb.validator_lb",
            "module.ecs.aws_security_group.validator_sg",
            "module.ecs.aws_subnet.validator_subnet_1",
            "module.ecs.aws_subnet.validator_subnet_2",
            "module.ecs.aws_vpc.validator_vpc"
          ],
          "create_before_destroy": true
        }
      ]
    },
    {
      "module": "module.api_gateway",
      "mode": "managed",
      "type": "aws_api_gateway_integration",
      "name": "directory_get",
      "provider": "provider[\"registry.terraform.io/hashicorp/aws\"]",
      "instances": [
        {
          "schema_version": 0,
          "attributes": {
            "cache_key_parameters": [],
            "cache_namespace": "0cv1iq",
            "connection_id": "",
            "connection_type": "INTERNET",
            "content_handling": "",
            "credentials": "",
            "http_method": "GET",
            "id": "agi-pc1plkgnbd-0cv1iq-GET",
            "integration_http_method": "GET",
            "passthrough_behavior": "WHEN_NO_MATCH",
            "region": "us-east-1",
            "request_parameters": {},
            "request_templates": {},
            "resource_id": "0cv1iq",
            "rest_api_id": "pc1plkgnbd",
            "timeout_milliseconds": 29000,
            "tls_config": [],
            "type": "HTTP_PROXY",
            "uri": "http://validator-lb-727503296.us-east-1.elb.amazonaws.com/directory"
          },
          "sensitive_attributes": [],
          "identity_schema_version": 0,
          "private": "bnVsbA==",
          "dependencies": [
            "module.api_gateway.aws_api_gateway_method.directory_get",
            "module.api_gateway.aws_api_gateway_resource.directory",
            "module.api_gateway.aws_api_gateway_rest_api.main_api",
            "module.ecs.aws_lb.validator_lb",
            "module.ecs.aws_security_group.validator_sg",
            "module.ecs.aws_subnet.validator_subnet_1",
            "module.ecs.aws_subnet.validator_subnet_2",
            "module.ecs.aws_vpc.validator_vpc"
          ],
          "create_before_destroy": true
        }
      ]
    },
    {
      "module": "module.api_gateway",
      "mode": "managed",
      "type": "aws_api_gateway_integration",
      "name": "directory_options",
      "provider": "provider[\"registry.terraform.io/hashicorp/aws\"]",
      "instances": [
        {
          "schema_version": 0,
          "attributes": {
            "cache_key_parameters": [],
            "cache_namespace": "0cv1iq",
            "connection_id": "",
            "connection_type": "INTERNET",
            "content_handling": "",
            "credentials": "",
            "http_method": "OPTIONS",
            "id": "agi-pc1plkgnbd-0cv1iq-OPTIONS",
            "integration_http_method": "",
            "passthrough_behavior": "WHEN_NO_MATCH",
            "region": "us-east-1",
            "request_parameters": {},
            "request_templates": {
              "application/json": "{\"statusCode\": 200}"
            },
            "resource_id": "0cv1iq",
            "rest_api_id": "pc1plkgnbd",
            "timeout_milliseconds": 29000,
            "tls_config": [],
            "type": "MOCK",
            "uri": ""
          },
          "sensitive_attributes": [],
          "identity_schema_version": 0,
          "private": "bnVsbA==",
          "dependencies": [
            "module.api_gateway.aws_api_gateway_method.directory_options",
            "module.api_gateway.aws_api_gateway_resource.directory",
            "module.api_gateway.aws_api_gateway_rest_api.main_api"
          ],
          "create_before_destroy": true
        }
      ]
    },
    {
      "module": "module.api_gateway",
      "mode": "managed",
      "type": "aws_api_gateway_integration",
      "name": "health_components_get",
      "provider": "provider[\"registry.terraform.io/hashicorp/aws\"]",
      "instances": [
        {
          "schema_version": 0,
          "attributes": {
            "cache_key_parameters": [],
            "cache_namespace": "go5arl",
            "connection_id": "",
            "connection_type": "INTERNET",
            "content_handling": "",
            "credentials": "",
            "http_method": "GET",
            "id": "agi-pc1plkgnbd-go5arl-GET",
            "integration_http_method": "GET",
            "passthrough_behavior": "WHEN_NO_MATCH",
            "region": "us-east-1",
            "request_parameters": {
              "integration.request.querystring.includeTimeline": "method.request.querystring.includeTimeline",
              "integration.request.querystring.windowMinutes": "method.request.querystring.windowMinutes"
            },
            "request_templates": {},
            "resource_id": "go5arl",
            "rest_api_id": "pc1plkgnbd",
            "timeout_milliseconds": 29000,
            "tls_config": [],
            "type": "HTTP_PROXY",
            "uri": "http://validator-lb-727503296.us-east-1.elb.amazonaws.com/health/components"
          },
          "sensitive_attributes": [],
          "identity_schema_version": 0,
          "private": "bnVsbA==",
          "dependencies": [
            "module.api_gateway.aws_api_gateway_method.health_components_get",
            "module.api_gateway.aws_api_gateway_resource.health",
            "module.api_gateway.aws_api_gateway_resource.health_components",
            "module.api_gateway.aws_api_gateway_rest_api.main_api",
            "module.ecs.aws_lb.validator_lb",
            "module.ecs.aws_security_group.validator_sg",
            "module.ecs.aws_subnet.validator_subnet_1",
            "module.ecs.aws_subnet.validator_subnet_2",
            "module.ecs.aws_vpc.validator_vpc"
          ],
          "create_before_destroy": true
        }
      ]
    },
    {
      "module": "module.api_gateway",
      "mode": "managed",
      "type": "aws_api_gateway_integration",
      "name": "health_get",
      "provider": "provider[\"registry.terraform.io/hashicorp/aws\"]",
      "instances": [
        {
          "schema_version": 0,
          "attributes": {
            "cache_key_parameters": [],
            "cache_namespace": "mvqmg2",
            "connection_id": "",
            "connection_type": "INTERNET",
            "content_handling": "",
            "credentials": "",
            "http_method": "GET",
            "id": "agi-pc1plkgnbd-mvqmg2-GET",
            "integration_http_method": "GET",
            "passthrough_behavior": "WHEN_NO_MATCH",
            "region": "us-east-1",
            "request_parameters": {},
            "request_templates": {},
            "resource_id": "mvqmg2",
            "rest_api_id": "pc1plkgnbd",
            "timeout_milliseconds": 29000,
            "tls_config": [],
            "type": "HTTP_PROXY",
            "uri": "http://validator-lb-727503296.us-east-1.elb.amazonaws.com/health"
          },
          "sensitive_attributes": [],
          "identity_schema_version": 0,
          "private": "bnVsbA==",
          "dependencies": [
            "module.api_gateway.aws_api_gateway_method.health_get",
            "module.api_gateway.aws_api_gateway_resource.health",
            "module.api_gateway.aws_api_gateway_rest_api.main_api",
            "module.ecs.aws_lb.validator_lb",
            "module.ecs.aws_security_group.validator_sg",
            "module.ecs.aws_subnet.validator_subnet_1",
            "module.ecs.aws_subnet.validator_subnet_2",
            "module.ecs.aws_vpc.validator_vpc"
          ],
          "create_before_destroy": true
        }
      ]
    },
    {
      "module": "module.api_gateway",
      "mode": "managed",
      "type": "aws_api_gateway_integration",
      "name": "health_performance_results_run_id_get",
      "provider": "provider[\"registry.terraform.io/hashicorp/aws\"]",
      "instances": [
        {
          "schema_version": 0,
          "attributes": {
            "cache_key_parameters": [],
            "cache_namespace": "8b44nc",
            "connection_id": "",
            "connection_type": "INTERNET",
            "content_handling": "",
            "credentials": "",
            "http_method": "GET",
            "id": "agi-pc1plkgnbd-8b44nc-GET",
            "integration_http_method": "GET",
            "passthrough_behavior": "WHEN_NO_MATCH",
            "region": "us-east-1",
            "request_parameters": {
              "integration.request.path.run_id": "method.request.path.run_id"
            },
            "request_templates": {},
            "resource_id": "8b44nc",
            "rest_api_id": "pc1plkgnbd",
            "timeout_milliseconds": 29000,
            "tls_config": [],
            "type": "HTTP_PROXY",
            "uri": "http://validator-lb-727503296.us-east-1.elb.amazonaws.com/health/performance/results/{run_id}"
          },
          "sensitive_attributes": [],
          "identity_schema_version": 0,
          "private": "bnVsbA==",
          "dependencies": [
            "module.api_gateway.aws_api_gateway_method.health_performance_results_run_id_get",
            "module.api_gateway.aws_api_gateway_resource.health",
            "module.api_gateway.aws_api_gateway_resource.health_performance",
            "module.api_gateway.aws_api_gateway_resource.health_performance_results",
            "module.api_gateway.aws_api_gateway_resource.health_performance_results_run_id",
            "module.api_gateway.aws_api_gateway_rest_api.main_api",
            "module.ecs.aws_lb.validator_lb",
            "module.ecs.aws_security_group.validator_sg",
            "module.ecs.aws_subnet.validator_subnet_1",
            "module.ecs.aws_subnet.validator_subnet_2",
            "module.ecs.aws_vpc.validator_vpc"
          ],
          "create_before_destroy": true
        }
      ]
    },
    {
      "module": "module.api_gateway",
      "mode": "managed",
      "type": "aws_api_gateway_integration",
      "name": "health_performance_workload_post",
      "provider": "provider[\"registry.terraform.io/hashicorp/aws\"]",
      "instances": [
        {
          "schema_version": 0,
          "attributes": {
            "cache_key_parameters": [],
            "cache_namespace": "mhkb1e",
            "connection_id": "",
            "connection_type": "INTERNET",
            "content_handling": "",
            "credentials": "",
            "http_method": "POST",
            "id": "agi-pc1plkgnbd-mhkb1e-POST",
            "integration_http_method": "POST",
            "passthrough_behavior": "WHEN_NO_MATCH",
            "region": "us-east-1",
            "request_parameters": {},
            "request_templates": {},
            "resource_id": "mhkb1e",
            "rest_api_id": "pc1plkgnbd",
            "timeout_milliseconds": 29000,
            "tls_config": [],
            "type": "HTTP_PROXY",
            "uri": "http://validator-lb-727503296.us-east-1.elb.amazonaws.com/health/performance/workload"
          },
          "sensitive_attributes": [],
          "identity_schema_version": 0,
          "private": "bnVsbA==",
          "dependencies": [
            "module.api_gateway.aws_api_gateway_method.health_performance_workload_post",
            "module.api_gateway.aws_api_gateway_resource.health",
            "module.api_gateway.aws_api_gateway_resource.health_performance",
            "module.api_gateway.aws_api_gateway_resource.health_performance_workload",
            "module.api_gateway.aws_api_gateway_rest_api.main_api",
            "module.ecs.aws_lb.validator_lb",
            "module.ecs.aws_security_group.validator_sg",
            "module.ecs.aws_subnet.validator_subnet_1",
            "module.ecs.aws_subnet.validator_subnet_2",
            "module.ecs.aws_vpc.validator_vpc"
          ],
          "create_before_destroy": true
        }
      ]
    },
    {
      "module": "module.api_gateway",
      "mode": "managed",
      "type": "aws_api_gateway_integration",
      "name": "package_id_get",
      "provider": "provider[\"registry.terraform.io/hashicorp/aws\"]",
      "instances": [
        {
          "schema_version": 0,
          "attributes": {
            "cache_key_parameters": [],
            "cache_namespace": "xk3sss",
            "connection_id": "",
            "connection_type": "INTERNET",
            "content_handling": "",
            "credentials": "",
            "http_method": "GET",
            "id": "agi-pc1plkgnbd-xk3sss-GET",
            "integration_http_method": "GET",
            "passthrough_behavior": "WHEN_NO_MATCH",
            "region": "us-east-1",
            "request_parameters": {
              "integration.request.header.X-Authorization": "method.request.header.X-Authorization",
              "integration.request.path.id": "method.request.path.id"
            },
            "request_templates": {},
            "resource_id": "xk3sss",
            "rest_api_id": "pc1plkgnbd",
            "timeout_milliseconds": 29000,
            "tls_config": [],
            "type": "HTTP",
            "uri": "http://validator-lb-727503296.us-east-1.elb.amazonaws.com/package/{id}"
          },
          "sensitive_attributes": [],
          "identity_schema_version": 0,
          "private": "bnVsbA==",
          "dependencies": [
            "module.api_gateway.aws_api_gateway_method.package_id_get",
            "module.api_gateway.aws_api_gateway_resource.package",
            "module.api_gateway.aws_api_gateway_resource.package_id",
            "module.api_gateway.aws_api_gateway_rest_api.main_api",
            "module.ecs.aws_lb.validator_lb",
            "module.ecs.aws_security_group.validator_sg",
            "module.ecs.aws_subnet.validator_subnet_1",
            "module.ecs.aws_subnet.validator_subnet_2",
            "module.ecs.aws_vpc.validator_vpc"
          ],
          "create_before_destroy": true
        }
      ]
    },
    {
      "module": "module.api_gateway",
      "mode": "managed",
      "type": "aws_api_gateway_integration",
      "name": "package_id_rate_get",
      "provider": "provider[\"registry.terraform.io/hashicorp/aws\"]",
      "instances": [
        {
          "schema_version": 0,
          "attributes": {
            "cache_key_parameters": [],
            "cache_namespace": "vs0h0g",
            "connection_id": "",
            "connection_type": "INTERNET",
            "content_handling": "",
            "credentials": "",
            "http_method": "GET",
            "id": "agi-pc1plkgnbd-vs0h0g-GET",
            "integration_http_method": "GET",
            "passthrough_behavior": "WHEN_NO_MATCH",
            "region": "us-east-1",
            "request_parameters": {
              "integration.request.header.X-Authorization": "method.request.header.X-Authorization",
              "integration.request.path.id": "method.request.path.id"
            },
            "request_templates": {},
            "resource_id": "vs0h0g",
            "rest_api_id": "pc1plkgnbd",
            "timeout_milliseconds": 29000,
            "tls_config": [],
            "type": "HTTP",
            "uri": "http://validator-lb-727503296.us-east-1.elb.amazonaws.com/package/{id}/rate"
          },
          "sensitive_attributes": [],
          "identity_schema_version": 0,
          "private": "bnVsbA==",
          "dependencies": [
            "module.api_gateway.aws_api_gateway_method.package_id_rate_get",
            "module.api_gateway.aws_api_gateway_resource.package",
            "module.api_gateway.aws_api_gateway_resource.package_id",
            "module.api_gateway.aws_api_gateway_resource.package_id_rate",
            "module.api_gateway.aws_api_gateway_rest_api.main_api",
            "module.ecs.aws_lb.validator_lb",
            "module.ecs.aws_security_group.validator_sg",
            "module.ecs.aws_subnet.validator_subnet_1",
            "module.ecs.aws_subnet.validator_subnet_2",
            "module.ecs.aws_vpc.validator_vpc"
          ],
          "create_before_destroy": true
        }
      ]
    },
    {
      "module": "module.api_gateway",
      "mode": "managed",
      "type": "aws_api_gateway_integration",
      "name": "reset_delete",
      "provider": "provider[\"registry.terraform.io/hashicorp/aws\"]",
      "instances": [
        {
          "schema_version": 0,
          "attributes": {
            "cache_key_parameters": [],
            "cache_namespace": "kmlom9",
            "connection_id": "",
            "connection_type": "INTERNET",
            "content_handling": "",
            "credentials": "",
            "http_method": "DELETE",
            "id": "agi-pc1plkgnbd-kmlom9-DELETE",
            "integration_http_method": "DELETE",
            "passthrough_behavior": "WHEN_NO_MATCH",
            "region": "us-east-1",
            "request_parameters": {},
            "request_templates": {},
            "resource_id": "kmlom9",
            "rest_api_id": "pc1plkgnbd",
            "timeout_milliseconds": 29000,
            "tls_config": [],
            "type": "HTTP_PROXY",
            "uri": "http://validator-lb-727503296.us-east-1.elb.amazonaws.com/reset"
          },
          "sensitive_attributes": [],
          "identity_schema_version": 0,
          "private": "bnVsbA==",
          "dependencies": [
            "module.api_gateway.aws_api_gateway_method.reset_delete",
            "module.api_gateway.aws_api_gateway_resource.reset",
            "module.api_gateway.aws_api_gateway_rest_api.main_api",
            "module.ecs.aws_lb.validator_lb",
            "module.ecs.aws_security_group.validator_sg",
            "module.ecs.aws_subnet.validator_subnet_1",
            "module.ecs.aws_subnet.validator_subnet_2",
            "module.ecs.aws_vpc.validator_vpc"
          ],
          "create_before_destroy": true
        }
      ]
    },
    {
      "module": "module.api_gateway",
      "mode": "managed",
      "type": "aws_api_gateway_integration",
      "name": "root_get",
      "provider": "provider[\"registry.terraform.io/hashicorp/aws\"]",
      "instances": [
        {
          "schema_version": 0,
          "attributes": {
            "cache_key_parameters": [],
            "cache_namespace": "kkazkjelg4",
            "connection_id": "",
            "connection_type": "INTERNET",
            "content_handling": "",
            "credentials": "",
            "http_method": "GET",
            "id": "agi-pc1plkgnbd-kkazkjelg4-GET",
            "integration_http_method": "",
            "passthrough_behavior": "WHEN_NO_MATCH",
            "region": "us-east-1",
            "request_parameters": {},
            "request_templates": {
              "application/json": "{\"statusCode\":200}"
            },
            "resource_id": "kkazkjelg4",
            "rest_api_id": "pc1plkgnbd",
            "timeout_milliseconds": 29000,
            "tls_config": [],
            "type": "MOCK",
            "uri": ""
          },
          "sensitive_attributes": [],
          "identity_schema_version": 0,
          "private": "bnVsbA==",
          "dependencies": [
            "module.api_gateway.aws_api_gateway_method.root_get",
            "module.api_gateway.aws_api_gateway_rest_api.main_api"
          ],
          "create_before_destroy": true
        }
      ]
    },
    {
      "module": "module.api_gateway",
      "mode": "managed",
      "type": "aws_api_gateway_integration",
      "name": "tracks_get",
      "provider": "provider[\"registry.terraform.io/hashicorp/aws\"]",
      "instances": [
        {
          "schema_version": 0,
          "attributes": {
            "cache_key_parameters": [],
            "cache_namespace": "ja86tk",
            "connection_id": "",
            "connection_type": "INTERNET",
            "content_handling": "",
            "credentials": "",
            "http_method": "GET",
            "id": "agi-pc1plkgnbd-ja86tk-GET",
            "integration_http_method": "GET",
            "passthrough_behavior": "WHEN_NO_MATCH",
            "region": "us-east-1",
            "request_parameters": {},
            "request_templates": {},
            "resource_id": "ja86tk",
            "rest_api_id": "pc1plkgnbd",
            "timeout_milliseconds": 29000,
            "tls_config": [],
            "type": "HTTP_PROXY",
            "uri": "http://validator-lb-727503296.us-east-1.elb.amazonaws.com/tracks"
          },
          "sensitive_attributes": [],
          "identity_schema_version": 0,
          "private": "bnVsbA==",
          "dependencies": [
            "module.api_gateway.aws_api_gateway_method.tracks_get",
            "module.api_gateway.aws_api_gateway_resource.tracks",
            "module.api_gateway.aws_api_gateway_rest_api.main_api",
            "module.ecs.aws_lb.validator_lb",
            "module.ecs.aws_security_group.validator_sg",
            "module.ecs.aws_subnet.validator_subnet_1",
            "module.ecs.aws_subnet.validator_subnet_2",
            "module.ecs.aws_vpc.validator_vpc"
          ],
          "create_before_destroy": true
        }
      ]
    },
    {
      "module": "module.api_gateway",
      "mode": "managed",
      "type": "aws_api_gateway_integration",
      "name": "upload_get",
      "provider": "provider[\"registry.terraform.io/hashicorp/aws\"]",
      "instances": [
        {
          "schema_version": 0,
          "attributes": {
            "cache_key_parameters": [],
            "cache_namespace": "afoai9",
            "connection_id": "",
            "connection_type": "INTERNET",
            "content_handling": "",
            "credentials": "",
            "http_method": "GET",
            "id": "agi-pc1plkgnbd-afoai9-GET",
            "integration_http_method": "GET",
            "passthrough_behavior": "WHEN_NO_MATCH",
            "region": "us-east-1",
            "request_parameters": {},
            "request_templates": {},
            "resource_id": "afoai9",
            "rest_api_id": "pc1plkgnbd",
            "timeout_milliseconds": 29000,
            "tls_config": [],
            "type": "HTTP_PROXY",
            "uri": "http://validator-lb-727503296.us-east-1.elb.amazonaws.com/upload"
          },
          "sensitive_attributes": [],
          "identity_schema_version": 0,
          "private": "bnVsbA==",
          "dependencies": [
            "module.api_gateway.aws_api_gateway_method.upload_get",
            "module.api_gateway.aws_api_gateway_resource.upload",
            "module.api_gateway.aws_api_gateway_rest_api.main_api",
            "module.ecs.aws_lb.validator_lb",
            "module.ecs.aws_security_group.validator_sg",
            "module.ecs.aws_subnet.validator_subnet_1",
            "module.ecs.aws_subnet.validator_subnet_2",
            "module.ecs.aws_vpc.validator_vpc"
          ],
          "create_before_destroy": true
        }
      ]
    },
    {
      "module": "module.api_gateway",
      "mode": "managed",
      "type": "aws_api_gateway_integration",
      "name": "upload_options",
      "provider": "provider[\"registry.terraform.io/hashicorp/aws\"]",
      "instances": [
        {
          "schema_version": 0,
          "attributes": {
            "cache_key_parameters": [],
            "cache_namespace": "afoai9",
            "connection_id": "",
            "connection_type": "INTERNET",
            "content_handling": "",
            "credentials": "",
            "http_method": "OPTIONS",
            "id": "agi-pc1plkgnbd-afoai9-OPTIONS",
            "integration_http_method": "",
            "passthrough_behavior": "WHEN_NO_MATCH",
            "region": "us-east-1",
            "request_parameters": {},
            "request_templates": {
              "application/json": "{\"statusCode\": 200}"
            },
            "resource_id": "afoai9",
            "rest_api_id": "pc1plkgnbd",
            "timeout_milliseconds": 29000,
            "tls_config": [],
            "type": "MOCK",
            "uri": ""
          },
          "sensitive_attributes": [],
          "identity_schema_version": 0,
          "private": "bnVsbA==",
          "dependencies": [
            "module.api_gateway.aws_api_gateway_method.upload_options",
            "module.api_gateway.aws_api_gateway_resource.upload",
            "module.api_gateway.aws_api_gateway_rest_api.main_api"
          ],
          "create_before_destroy": true
        }
      ]
    },
    {
      "module": "module.api_gateway",
      "mode": "managed",
      "type": "aws_api_gateway_integration",
      "name": "upload_post",
      "provider": "provider[\"registry.terraform.io/hashicorp/aws\"]",
      "instances": [
        {
          "schema_version": 0,
          "attributes": {
            "cache_key_parameters": [],
            "cache_namespace": "afoai9",
            "connection_id": "",
            "connection_type": "INTERNET",
            "content_handling": "CONVERT_TO_BINARY",
            "credentials": "",
            "http_method": "POST",
            "id": "agi-pc1plkgnbd-afoai9-POST",
            "integration_http_method": "POST",
            "passthrough_behavior": "WHEN_NO_MATCH",
            "region": "us-east-1",
            "request_parameters": {},
            "request_templates": {},
            "resource_id": "afoai9",
            "rest_api_id": "pc1plkgnbd",
            "timeout_milliseconds": 29000,
            "tls_config": [],
            "type": "HTTP_PROXY",
            "uri": "http://validator-lb-727503296.us-east-1.elb.amazonaws.com/upload"
          },
          "sensitive_attributes": [],
          "identity_schema_version": 0,
          "private": "bnVsbA==",
          "dependencies": [
            "module.api_gateway.aws_api_gateway_method.upload_post",
            "module.api_gateway.aws_api_gateway_resource.upload",
            "module.api_gateway.aws_api_gateway_rest_api.main_api",
            "module.ecs.aws_lb.validator_lb",
            "module.ecs.aws_security_group.validator_sg",
            "module.ecs.aws_subnet.validator_subnet_1",
            "module.ecs.aws_subnet.validator_subnet_2",
            "module.ecs.aws_vpc.validator_vpc"
          ],
          "create_before_destroy": true
        }
      ]
    },
    {
      "module": "module.api_gateway",
      "mode": "managed",
      "type": "aws_api_gateway_integration_response",
      "name": "admin_options_200",
      "provider": "provider[\"registry.terraform.io/hashicorp/aws\"]",
      "instances": [
        {
          "schema_version": 0,
          "attributes": {
            "content_handling": "",
            "http_method": "OPTIONS",
            "id": "agir-pc1plkgnbd-hc00rg-OPTIONS-200",
            "region": "us-east-1",
            "resource_id": "hc00rg",
            "response_parameters": {
              "method.response.header.Access-Control-Allow-Headers": "'Content-Type,X-Amz-Date,Authorization,X-Api-Key,X-Amz-Security-Token'",
              "method.response.header.Access-Control-Allow-Methods": "'GET,OPTIONS'",
              "method.response.header.Access-Control-Allow-Origin": "'*'"
            },
            "response_templates": {},
            "rest_api_id": "pc1plkgnbd",
            "selection_pattern": "",
            "status_code": "200"
          },
          "sensitive_attributes": [],
          "identity_schema_version": 0,
          "private": "bnVsbA==",
          "dependencies": [
            "module.api_gateway.aws_api_gateway_integration.admin_options",
            "module.api_gateway.aws_api_gateway_method.admin_options",
            "module.api_gateway.aws_api_gateway_method_response.admin_options_200",
            "module.api_gateway.aws_api_gateway_resource.admin",
            "module.api_gateway.aws_api_gateway_rest_api.main_api"
          ]
        }
      ]
    },
    {
      "module": "module.api_gateway",
      "mode": "managed",
      "type": "aws_api_gateway_integration_response",
      "name": "artifact_byname_name_get_200",
      "provider": "provider[\"registry.terraform.io/hashicorp/aws\"]",
      "instances": [
        {
          "schema_version": 0,
          "attributes": {
            "content_handling": "",
            "http_method": "GET",
            "id": "agir-pc1plkgnbd-elyrrt-GET-200",
            "region": "us-east-1",
            "resource_id": "elyrrt",
            "response_parameters": {},
            "response_templates": {},
            "rest_api_id": "pc1plkgnbd",
            "selection_pattern": "200",
            "status_code": "200"
          },
          "sensitive_attributes": [],
          "identity_schema_version": 0,
          "private": "bnVsbA==",
          "dependencies": [
            "module.api_gateway.aws_api_gateway_integration.artifact_byname_name_get",
            "module.api_gateway.aws_api_gateway_method.artifact_byname_name_get",
            "module.api_gateway.aws_api_gateway_method_response.artifact_byname_name_get_200",
            "module.api_gateway.aws_api_gateway_resource.artifact",
            "module.api_gateway.aws_api_gateway_resource.artifact_byname",
            "module.api_gateway.aws_api_gateway_resource.artifact_byname_name",
            "module.api_gateway.aws_api_gateway_rest_api.main_api",
            "module.ecs.aws_lb.validator_lb",
            "module.ecs.aws_security_group.validator_sg",
            "module.ecs.aws_subnet.validator_subnet_1",
            "module.ecs.aws_subnet.validator_subnet_2",
            "module.ecs.aws_vpc.validator_vpc"
          ],
          "create_before_destroy": true
        }
      ]
    },
    {
      "module": "module.api_gateway",
      "mode": "managed",
      "type": "aws_api_gateway_integration_response",
      "name": "artifact_byname_name_get_400",
      "provider": "provider[\"registry.terraform.io/hashicorp/aws\"]",
      "instances": [
        {
          "schema_version": 0,
          "attributes": {
            "content_handling": "",
            "http_method": "GET",
            "id": "agir-pc1plkgnbd-elyrrt-GET-400",
            "region": "us-east-1",
            "resource_id": "elyrrt",
            "response_parameters": {},
            "response_templates": {},
            "rest_api_id": "pc1plkgnbd",
            "selection_pattern": "400",
            "status_code": "400"
          },
          "sensitive_attributes": [],
          "identity_schema_version": 0,
          "private": "bnVsbA==",
          "dependencies": [
            "module.api_gateway.aws_api_gateway_integration.artifact_byname_name_get",
            "module.api_gateway.aws_api_gateway_method.artifact_byname_name_get",
            "module.api_gateway.aws_api_gateway_method_response.artifact_byname_name_get_400",
            "module.api_gateway.aws_api_gateway_resource.artifact",
            "module.api_gateway.aws_api_gateway_resource.artifact_byname",
            "module.api_gateway.aws_api_gateway_resource.artifact_byname_name",
            "module.api_gateway.aws_api_gateway_rest_api.main_api",
            "module.ecs.aws_lb.validator_lb",
            "module.ecs.aws_security_group.validator_sg",
            "module.ecs.aws_subnet.validator_subnet_1",
            "module.ecs.aws_subnet.validator_subnet_2",
            "module.ecs.aws_vpc.validator_vpc"
          ],
          "create_before_destroy": true
        }
      ]
    },
    {
      "module": "module.api_gateway",
      "mode": "managed",
      "type": "aws_api_gateway_integration_response",
      "name": "artifact_byname_name_get_403",
      "provider": "provider[\"registry.terraform.io/hashicorp/aws\"]",
      "instances": [
        {
          "schema_version": 0,
          "attributes": {
            "content_handling": "",
            "http_method": "GET",
            "id": "agir-pc1plkgnbd-elyrrt-GET-403",
            "region": "us-east-1",
            "resource_id": "elyrrt",
            "response_parameters": {},
            "response_templates": {},
            "rest_api_id": "pc1plkgnbd",
            "selection_pattern": "403",
            "status_code": "403"
          },
          "sensitive_attributes": [],
          "identity_schema_version": 0,
          "private": "bnVsbA==",
          "dependencies": [
            "module.api_gateway.aws_api_gateway_integration.artifact_byname_name_get",
            "module.api_gateway.aws_api_gateway_method.artifact_byname_name_get",
            "module.api_gateway.aws_api_gateway_method_response.artifact_byname_name_get_403",
            "module.api_gateway.aws_api_gateway_resource.artifact",
            "module.api_gateway.aws_api_gateway_resource.artifact_byname",
            "module.api_gateway.aws_api_gateway_resource.artifact_byname_name",
            "module.api_gateway.aws_api_gateway_rest_api.main_api",
            "module.ecs.aws_lb.validator_lb",
            "module.ecs.aws_security_group.validator_sg",
            "module.ecs.aws_subnet.validator_subnet_1",
            "module.ecs.aws_subnet.validator_subnet_2",
            "module.ecs.aws_vpc.validator_vpc"
          ],
          "create_before_destroy": true
        }
      ]
    },
    {
      "module": "module.api_gateway",
      "mode": "managed",
      "type": "aws_api_gateway_integration_response",
      "name": "artifact_byname_name_get_404",
      "provider": "provider[\"registry.terraform.io/hashicorp/aws\"]",
      "instances": [
        {
          "schema_version": 0,
          "attributes": {
            "content_handling": "",
            "http_method": "GET",
            "id": "agir-pc1plkgnbd-elyrrt-GET-404",
            "region": "us-east-1",
            "resource_id": "elyrrt",
            "response_parameters": {},
            "response_templates": {},
            "rest_api_id": "pc1plkgnbd",
            "selection_pattern": "404",
            "status_code": "404"
          },
          "sensitive_attributes": [],
          "identity_schema_version": 0,
          "private": "bnVsbA==",
          "dependencies": [
            "module.api_gateway.aws_api_gateway_integration.artifact_byname_name_get",
            "module.api_gateway.aws_api_gateway_method.artifact_byname_name_get",
            "module.api_gateway.aws_api_gateway_method_response.artifact_byname_name_get_404",
            "module.api_gateway.aws_api_gateway_resource.artifact",
            "module.api_gateway.aws_api_gateway_resource.artifact_byname",
            "module.api_gateway.aws_api_gateway_resource.artifact_byname_name",
            "module.api_gateway.aws_api_gateway_rest_api.main_api",
            "module.ecs.aws_lb.validator_lb",
            "module.ecs.aws_security_group.validator_sg",
            "module.ecs.aws_subnet.validator_subnet_1",
            "module.ecs.aws_subnet.validator_subnet_2",
            "module.ecs.aws_vpc.validator_vpc"
          ],
          "create_before_destroy": true
        }
      ]
    },
    {
      "module": "module.api_gateway",
      "mode": "managed",
      "type": "aws_api_gateway_integration_response",
      "name": "artifact_byregex_options_200",
      "provider": "provider[\"registry.terraform.io/hashicorp/aws\"]",
      "instances": [
        {
          "schema_version": 0,
          "attributes": {
            "content_handling": "",
            "http_method": "OPTIONS",
            "id": "agir-pc1plkgnbd-ua868c-OPTIONS-200",
            "region": "us-east-1",
            "resource_id": "ua868c",
            "response_parameters": {
              "method.response.header.Access-Control-Allow-Headers": "'Content-Type,X-Amz-Date,Authorization,X-Api-Key,X-Amz-Security-Token,X-Authorization'",
              "method.response.header.Access-Control-Allow-Methods": "'POST,OPTIONS'",
              "method.response.header.Access-Control-Allow-Origin": "'*'"
            },
            "response_templates": {},
            "rest_api_id": "pc1plkgnbd",
            "selection_pattern": "",
            "status_code": "200"
          },
          "sensitive_attributes": [],
          "identity_schema_version": 0,
          "private": "bnVsbA==",
          "dependencies": [
            "module.api_gateway.aws_api_gateway_integration.artifact_byregex_options",
            "module.api_gateway.aws_api_gateway_method.artifact_byregex_options",
            "module.api_gateway.aws_api_gateway_method_response.artifact_byregex_options_200",
            "module.api_gateway.aws_api_gateway_resource.artifact",
            "module.api_gateway.aws_api_gateway_resource.artifact_byregex",
            "module.api_gateway.aws_api_gateway_rest_api.main_api"
          ],
          "create_before_destroy": true
        }
      ]
    },
    {
      "module": "module.api_gateway",
      "mode": "managed",
      "type": "aws_api_gateway_integration_response",
      "name": "artifact_byregex_post_200",
      "provider": "provider[\"registry.terraform.io/hashicorp/aws\"]",
      "instances": [
        {
          "schema_version": 0,
          "attributes": {
            "content_handling": "",
            "http_method": "POST",
            "id": "agir-pc1plkgnbd-ua868c-POST-200",
            "region": "us-east-1",
            "resource_id": "ua868c",
            "response_parameters": {},
            "response_templates": {},
            "rest_api_id": "pc1plkgnbd",
            "selection_pattern": "200",
            "status_code": "200"
          },
          "sensitive_attributes": [],
          "identity_schema_version": 0,
          "private": "bnVsbA==",
          "dependencies": [
            "module.api_gateway.aws_api_gateway_integration.artifact_byregex_post",
            "module.api_gateway.aws_api_gateway_method.artifact_byregex_post",
            "module.api_gateway.aws_api_gateway_method_response.artifact_byregex_post_200",
            "module.api_gateway.aws_api_gateway_resource.artifact",
            "module.api_gateway.aws_api_gateway_resource.artifact_byregex",
            "module.api_gateway.aws_api_gateway_rest_api.main_api",
            "module.ecs.aws_lb.validator_lb",
            "module.ecs.aws_security_group.validator_sg",
            "module.ecs.aws_subnet.validator_subnet_1",
            "module.ecs.aws_subnet.validator_subnet_2",
            "module.ecs.aws_vpc.validator_vpc"
          ]
        }
      ]
    },
    {
      "module": "module.api_gateway",
      "mode": "managed",
      "type": "aws_api_gateway_integration_response",
      "name": "artifact_byregex_post_400",
      "provider": "provider[\"registry.terraform.io/hashicorp/aws\"]",
      "instances": [
        {
          "schema_version": 0,
          "attributes": {
            "content_handling": "",
            "http_method": "POST",
            "id": "agir-pc1plkgnbd-ua868c-POST-400",
            "region": "us-east-1",
            "resource_id": "ua868c",
            "response_parameters": {},
            "response_templates": {},
            "rest_api_id": "pc1plkgnbd",
            "selection_pattern": "400",
            "status_code": "400"
          },
          "sensitive_attributes": [],
          "identity_schema_version": 0,
          "private": "bnVsbA==",
          "dependencies": [
            "module.api_gateway.aws_api_gateway_integration.artifact_byregex_post",
            "module.api_gateway.aws_api_gateway_method.artifact_byregex_post",
            "module.api_gateway.aws_api_gateway_method_response.artifact_byregex_post_400",
            "module.api_gateway.aws_api_gateway_resource.artifact",
            "module.api_gateway.aws_api_gateway_resource.artifact_byregex",
            "module.api_gateway.aws_api_gateway_rest_api.main_api",
            "module.ecs.aws_lb.validator_lb",
            "module.ecs.aws_security_group.validator_sg",
            "module.ecs.aws_subnet.validator_subnet_1",
            "module.ecs.aws_subnet.validator_subnet_2",
            "module.ecs.aws_vpc.validator_vpc"
          ]
        }
      ]
    },
    {
      "module": "module.api_gateway",
      "mode": "managed",
      "type": "aws_api_gateway_integration_response",
      "name": "artifact_byregex_post_403",
      "provider": "provider[\"registry.terraform.io/hashicorp/aws\"]",
      "instances": [
        {
          "schema_version": 0,
          "attributes": {
            "content_handling": "",
            "http_method": "POST",
            "id": "agir-pc1plkgnbd-ua868c-POST-403",
            "region": "us-east-1",
            "resource_id": "ua868c",
            "response_parameters": {},
            "response_templates": {},
            "rest_api_id": "pc1plkgnbd",
            "selection_pattern": "403",
            "status_code": "403"
          },
          "sensitive_attributes": [],
          "identity_schema_version": 0,
          "private": "bnVsbA==",
          "dependencies": [
            "module.api_gateway.aws_api_gateway_integration.artifact_byregex_post",
            "module.api_gateway.aws_api_gateway_method.artifact_byregex_post",
            "module.api_gateway.aws_api_gateway_method_response.artifact_byregex_post_403",
            "module.api_gateway.aws_api_gateway_resource.artifact",
            "module.api_gateway.aws_api_gateway_resource.artifact_byregex",
            "module.api_gateway.aws_api_gateway_rest_api.main_api",
            "module.ecs.aws_lb.validator_lb",
            "module.ecs.aws_security_group.validator_sg",
            "module.ecs.aws_subnet.validator_subnet_1",
            "module.ecs.aws_subnet.validator_subnet_2",
            "module.ecs.aws_vpc.validator_vpc"
          ]
        }
      ]
    },
    {
      "module": "module.api_gateway",
      "mode": "managed",
      "type": "aws_api_gateway_integration_response",
      "name": "artifact_byregex_post_404",
      "provider": "provider[\"registry.terraform.io/hashicorp/aws\"]",
      "instances": [
        {
          "schema_version": 0,
          "attributes": {
            "content_handling": "",
            "http_method": "POST",
            "id": "agir-pc1plkgnbd-ua868c-POST-404",
            "region": "us-east-1",
            "resource_id": "ua868c",
            "response_parameters": {},
            "response_templates": {},
            "rest_api_id": "pc1plkgnbd",
            "selection_pattern": "404",
            "status_code": "404"
          },
          "sensitive_attributes": [],
          "identity_schema_version": 0,
          "private": "bnVsbA==",
          "dependencies": [
            "module.api_gateway.aws_api_gateway_integration.artifact_byregex_post",
            "module.api_gateway.aws_api_gateway_method.artifact_byregex_post",
            "module.api_gateway.aws_api_gateway_method_response.artifact_byregex_post_404",
            "module.api_gateway.aws_api_gateway_resource.artifact",
            "module.api_gateway.aws_api_gateway_resource.artifact_byregex",
            "module.api_gateway.aws_api_gateway_rest_api.main_api",
            "module.ecs.aws_lb.validator_lb",
            "module.ecs.aws_security_group.validator_sg",
            "module.ecs.aws_subnet.validator_subnet_1",
            "module.ecs.aws_subnet.validator_subnet_2",
            "module.ecs.aws_vpc.validator_vpc"
          ]
        }
      ]
    },
    {
      "module": "module.api_gateway",
      "mode": "managed",
      "type": "aws_api_gateway_integration_response",
      "name": "artifact_model_id_license_check_post_200",
      "provider": "provider[\"registry.terraform.io/hashicorp/aws\"]",
      "instances": [
        {
          "schema_version": 0,
          "attributes": {
            "content_handling": "",
            "http_method": "POST",
            "id": "agir-pc1plkgnbd-azzh6n-POST-200",
            "region": "us-east-1",
            "resource_id": "azzh6n",
            "response_parameters": {},
            "response_templates": {},
            "rest_api_id": "pc1plkgnbd",
            "selection_pattern": "200",
            "status_code": "200"
          },
          "sensitive_attributes": [],
          "identity_schema_version": 0,
          "private": "bnVsbA==",
          "dependencies": [
            "module.api_gateway.aws_api_gateway_integration.artifact_model_id_license_check_post",
            "module.api_gateway.aws_api_gateway_method.artifact_model_id_license_check_post",
            "module.api_gateway.aws_api_gateway_method_response.artifact_model_id_license_check_post_200",
            "module.api_gateway.aws_api_gateway_resource.artifact",
            "module.api_gateway.aws_api_gateway_resource.artifact_model",
            "module.api_gateway.aws_api_gateway_resource.artifact_model_id",
            "module.api_gateway.aws_api_gateway_resource.artifact_model_id_license_check",
            "module.api_gateway.aws_api_gateway_rest_api.main_api",
            "module.ecs.aws_lb.validator_lb",
            "module.ecs.aws_security_group.validator_sg",
            "module.ecs.aws_subnet.validator_subnet_1",
            "module.ecs.aws_subnet.validator_subnet_2",
            "module.ecs.aws_vpc.validator_vpc"
          ]
        }
      ]
    },
    {
      "module": "module.api_gateway",
      "mode": "managed",
      "type": "aws_api_gateway_integration_response",
      "name": "artifact_model_id_license_check_post_400",
      "provider": "provider[\"registry.terraform.io/hashicorp/aws\"]",
      "instances": [
        {
          "schema_version": 0,
          "attributes": {
            "content_handling": "",
            "http_method": "POST",
            "id": "agir-pc1plkgnbd-azzh6n-POST-400",
            "region": "us-east-1",
            "resource_id": "azzh6n",
            "response_parameters": {},
            "response_templates": {},
            "rest_api_id": "pc1plkgnbd",
            "selection_pattern": "400",
            "status_code": "400"
          },
          "sensitive_attributes": [],
          "identity_schema_version": 0,
          "private": "bnVsbA==",
          "dependencies": [
            "module.api_gateway.aws_api_gateway_integration.artifact_model_id_license_check_post",
            "module.api_gateway.aws_api_gateway_method.artifact_model_id_license_check_post",
            "module.api_gateway.aws_api_gateway_method_response.artifact_model_id_license_check_post_400",
            "module.api_gateway.aws_api_gateway_resource.artifact",
            "module.api_gateway.aws_api_gateway_resource.artifact_model",
            "module.api_gateway.aws_api_gateway_resource.artifact_model_id",
            "module.api_gateway.aws_api_gateway_resource.artifact_model_id_license_check",
            "module.api_gateway.aws_api_gateway_rest_api.main_api",
            "module.ecs.aws_lb.validator_lb",
            "module.ecs.aws_security_group.validator_sg",
            "module.ecs.aws_subnet.validator_subnet_1",
            "module.ecs.aws_subnet.validator_subnet_2",
            "module.ecs.aws_vpc.validator_vpc"
          ]
        }
      ]
    },
    {
      "module": "module.api_gateway",
      "mode": "managed",
      "type": "aws_api_gateway_integration_response",
      "name": "artifact_model_id_license_check_post_403",
      "provider": "provider[\"registry.terraform.io/hashicorp/aws\"]",
      "instances": [
        {
          "schema_version": 0,
          "attributes": {
            "content_handling": "",
            "http_method": "POST",
            "id": "agir-pc1plkgnbd-azzh6n-POST-403",
            "region": "us-east-1",
            "resource_id": "azzh6n",
            "response_parameters": {},
            "response_templates": {},
            "rest_api_id": "pc1plkgnbd",
            "selection_pattern": "403",
            "status_code": "403"
          },
          "sensitive_attributes": [],
          "identity_schema_version": 0,
          "private": "bnVsbA==",
          "dependencies": [
            "module.api_gateway.aws_api_gateway_integration.artifact_model_id_license_check_post",
            "module.api_gateway.aws_api_gateway_method.artifact_model_id_license_check_post",
            "module.api_gateway.aws_api_gateway_method_response.artifact_model_id_license_check_post_403",
            "module.api_gateway.aws_api_gateway_resource.artifact",
            "module.api_gateway.aws_api_gateway_resource.artifact_model",
            "module.api_gateway.aws_api_gateway_resource.artifact_model_id",
            "module.api_gateway.aws_api_gateway_resource.artifact_model_id_license_check",
            "module.api_gateway.aws_api_gateway_rest_api.main_api",
            "module.ecs.aws_lb.validator_lb",
            "module.ecs.aws_security_group.validator_sg",
            "module.ecs.aws_subnet.validator_subnet_1",
            "module.ecs.aws_subnet.validator_subnet_2",
            "module.ecs.aws_vpc.validator_vpc"
          ]
        }
      ]
    },
    {
      "module": "module.api_gateway",
      "mode": "managed",
      "type": "aws_api_gateway_integration_response",
      "name": "artifact_model_id_license_check_post_404",
      "provider": "provider[\"registry.terraform.io/hashicorp/aws\"]",
      "instances": [
        {
          "schema_version": 0,
          "attributes": {
            "content_handling": "",
            "http_method": "POST",
            "id": "agir-pc1plkgnbd-azzh6n-POST-404",
            "region": "us-east-1",
            "resource_id": "azzh6n",
            "response_parameters": {},
            "response_templates": {},
            "rest_api_id": "pc1plkgnbd",
            "selection_pattern": "404",
            "status_code": "404"
          },
          "sensitive_attributes": [],
          "identity_schema_version": 0,
          "private": "bnVsbA==",
          "dependencies": [
            "module.api_gateway.aws_api_gateway_integration.artifact_model_id_license_check_post",
            "module.api_gateway.aws_api_gateway_method.artifact_model_id_license_check_post",
            "module.api_gateway.aws_api_gateway_method_response.artifact_model_id_license_check_post_404",
            "module.api_gateway.aws_api_gateway_resource.artifact",
            "module.api_gateway.aws_api_gateway_resource.artifact_model",
            "module.api_gateway.aws_api_gateway_resource.artifact_model_id",
            "module.api_gateway.aws_api_gateway_resource.artifact_model_id_license_check",
            "module.api_gateway.aws_api_gateway_rest_api.main_api",
            "module.ecs.aws_lb.validator_lb",
            "module.ecs.aws_security_group.validator_sg",
            "module.ecs.aws_subnet.validator_subnet_1",
            "module.ecs.aws_subnet.validator_subnet_2",
            "module.ecs.aws_vpc.validator_vpc"
          ]
        }
      ]
    },
    {
      "module": "module.api_gateway",
      "mode": "managed",
      "type": "aws_api_gateway_integration_response",
      "name": "artifact_model_id_license_check_post_502",
      "provider": "provider[\"registry.terraform.io/hashicorp/aws\"]",
      "instances": [
        {
          "schema_version": 0,
          "attributes": {
            "content_handling": "",
            "http_method": "POST",
            "id": "agir-pc1plkgnbd-azzh6n-POST-502",
            "region": "us-east-1",
            "resource_id": "azzh6n",
            "response_parameters": {},
            "response_templates": {},
            "rest_api_id": "pc1plkgnbd",
            "selection_pattern": "502",
            "status_code": "502"
          },
          "sensitive_attributes": [],
          "identity_schema_version": 0,
          "private": "bnVsbA==",
          "dependencies": [
            "module.api_gateway.aws_api_gateway_integration.artifact_model_id_license_check_post",
            "module.api_gateway.aws_api_gateway_method.artifact_model_id_license_check_post",
            "module.api_gateway.aws_api_gateway_method_response.artifact_model_id_license_check_post_502",
            "module.api_gateway.aws_api_gateway_resource.artifact",
            "module.api_gateway.aws_api_gateway_resource.artifact_model",
            "module.api_gateway.aws_api_gateway_resource.artifact_model_id",
            "module.api_gateway.aws_api_gateway_resource.artifact_model_id_license_check",
            "module.api_gateway.aws_api_gateway_rest_api.main_api",
            "module.ecs.aws_lb.validator_lb",
            "module.ecs.aws_security_group.validator_sg",
            "module.ecs.aws_subnet.validator_subnet_1",
            "module.ecs.aws_subnet.validator_subnet_2",
            "module.ecs.aws_vpc.validator_vpc"
          ]
        }
      ]
    },
    {
      "module": "module.api_gateway",
      "mode": "managed",
      "type": "aws_api_gateway_integration_response",
      "name": "artifact_model_id_lineage_get_200",
      "provider": "provider[\"registry.terraform.io/hashicorp/aws\"]",
      "instances": [
        {
          "schema_version": 0,
          "attributes": {
            "content_handling": "",
            "http_method": "GET",
            "id": "agir-pc1plkgnbd-st42x5-GET-200",
            "region": "us-east-1",
            "resource_id": "st42x5",
            "response_parameters": {},
            "response_templates": {},
            "rest_api_id": "pc1plkgnbd",
            "selection_pattern": "200",
            "status_code": "200"
          },
          "sensitive_attributes": [],
          "identity_schema_version": 0,
          "private": "bnVsbA==",
          "dependencies": [
            "module.api_gateway.aws_api_gateway_integration.artifact_model_id_lineage_get",
            "module.api_gateway.aws_api_gateway_method.artifact_model_id_lineage_get",
            "module.api_gateway.aws_api_gateway_method_response.artifact_model_id_lineage_get_200",
            "module.api_gateway.aws_api_gateway_resource.artifact",
            "module.api_gateway.aws_api_gateway_resource.artifact_model",
            "module.api_gateway.aws_api_gateway_resource.artifact_model_id",
            "module.api_gateway.aws_api_gateway_resource.artifact_model_id_lineage",
            "module.api_gateway.aws_api_gateway_rest_api.main_api",
            "module.ecs.aws_lb.validator_lb",
            "module.ecs.aws_security_group.validator_sg",
            "module.ecs.aws_subnet.validator_subnet_1",
            "module.ecs.aws_subnet.validator_subnet_2",
            "module.ecs.aws_vpc.validator_vpc"
          ]
        }
      ]
    },
    {
      "module": "module.api_gateway",
      "mode": "managed",
      "type": "aws_api_gateway_integration_response",
      "name": "artifact_model_id_lineage_get_400",
      "provider": "provider[\"registry.terraform.io/hashicorp/aws\"]",
      "instances": [
        {
          "schema_version": 0,
          "attributes": {
            "content_handling": "",
            "http_method": "GET",
            "id": "agir-pc1plkgnbd-st42x5-GET-400",
            "region": "us-east-1",
            "resource_id": "st42x5",
            "response_parameters": {},
            "response_templates": {},
            "rest_api_id": "pc1plkgnbd",
            "selection_pattern": "400",
            "status_code": "400"
          },
          "sensitive_attributes": [],
          "identity_schema_version": 0,
          "private": "bnVsbA==",
          "dependencies": [
            "module.api_gateway.aws_api_gateway_integration.artifact_model_id_lineage_get",
            "module.api_gateway.aws_api_gateway_method.artifact_model_id_lineage_get",
            "module.api_gateway.aws_api_gateway_method_response.artifact_model_id_lineage_get_400",
            "module.api_gateway.aws_api_gateway_resource.artifact",
            "module.api_gateway.aws_api_gateway_resource.artifact_model",
            "module.api_gateway.aws_api_gateway_resource.artifact_model_id",
            "module.api_gateway.aws_api_gateway_resource.artifact_model_id_lineage",
            "module.api_gateway.aws_api_gateway_rest_api.main_api",
            "module.ecs.aws_lb.validator_lb",
            "module.ecs.aws_security_group.validator_sg",
            "module.ecs.aws_subnet.validator_subnet_1",
            "module.ecs.aws_subnet.validator_subnet_2",
            "module.ecs.aws_vpc.validator_vpc"
          ]
        }
      ]
    },
    {
      "module": "module.api_gateway",
      "mode": "managed",
      "type": "aws_api_gateway_integration_response",
      "name": "artifact_model_id_lineage_get_403",
      "provider": "provider[\"registry.terraform.io/hashicorp/aws\"]",
      "instances": [
        {
          "schema_version": 0,
          "attributes": {
            "content_handling": "",
            "http_method": "GET",
            "id": "agir-pc1plkgnbd-st42x5-GET-403",
            "region": "us-east-1",
            "resource_id": "st42x5",
            "response_parameters": {},
            "response_templates": {},
            "rest_api_id": "pc1plkgnbd",
            "selection_pattern": "403",
            "status_code": "403"
          },
          "sensitive_attributes": [],
          "identity_schema_version": 0,
          "private": "bnVsbA==",
          "dependencies": [
            "module.api_gateway.aws_api_gateway_integration.artifact_model_id_lineage_get",
            "module.api_gateway.aws_api_gateway_method.artifact_model_id_lineage_get",
            "module.api_gateway.aws_api_gateway_method_response.artifact_model_id_lineage_get_403",
            "module.api_gateway.aws_api_gateway_resource.artifact",
            "module.api_gateway.aws_api_gateway_resource.artifact_model",
            "module.api_gateway.aws_api_gateway_resource.artifact_model_id",
            "module.api_gateway.aws_api_gateway_resource.artifact_model_id_lineage",
            "module.api_gateway.aws_api_gateway_rest_api.main_api",
            "module.ecs.aws_lb.validator_lb",
            "module.ecs.aws_security_group.validator_sg",
            "module.ecs.aws_subnet.validator_subnet_1",
            "module.ecs.aws_subnet.validator_subnet_2",
            "module.ecs.aws_vpc.validator_vpc"
          ]
        }
      ]
    },
    {
      "module": "module.api_gateway",
      "mode": "managed",
      "type": "aws_api_gateway_integration_response",
      "name": "artifact_model_id_lineage_get_404",
      "provider": "provider[\"registry.terraform.io/hashicorp/aws\"]",
      "instances": [
        {
          "schema_version": 0,
          "attributes": {
            "content_handling": "",
            "http_method": "GET",
            "id": "agir-pc1plkgnbd-st42x5-GET-404",
            "region": "us-east-1",
            "resource_id": "st42x5",
            "response_parameters": {},
            "response_templates": {},
            "rest_api_id": "pc1plkgnbd",
            "selection_pattern": "404",
            "status_code": "404"
          },
          "sensitive_attributes": [],
          "identity_schema_version": 0,
          "private": "bnVsbA==",
          "dependencies": [
            "module.api_gateway.aws_api_gateway_integration.artifact_model_id_lineage_get",
            "module.api_gateway.aws_api_gateway_method.artifact_model_id_lineage_get",
            "module.api_gateway.aws_api_gateway_method_response.artifact_model_id_lineage_get_404",
            "module.api_gateway.aws_api_gateway_resource.artifact",
            "module.api_gateway.aws_api_gateway_resource.artifact_model",
            "module.api_gateway.aws_api_gateway_resource.artifact_model_id",
            "module.api_gateway.aws_api_gateway_resource.artifact_model_id_lineage",
            "module.api_gateway.aws_api_gateway_rest_api.main_api",
            "module.ecs.aws_lb.validator_lb",
            "module.ecs.aws_security_group.validator_sg",
            "module.ecs.aws_subnet.validator_subnet_1",
            "module.ecs.aws_subnet.validator_subnet_2",
            "module.ecs.aws_vpc.validator_vpc"
          ]
        }
      ]
    },
    {
      "module": "module.api_gateway",
      "mode": "managed",
      "type": "aws_api_gateway_integration_response",
      "name": "artifact_model_id_rate_get_200",
      "provider": "provider[\"registry.terraform.io/hashicorp/aws\"]",
      "instances": [
        {
          "schema_version": 0,
          "attributes": {
            "content_handling": "",
            "http_method": "GET",
            "id": "agir-pc1plkgnbd-gl51hs-GET-200",
            "region": "us-east-1",
            "resource_id": "gl51hs",
            "response_parameters": {},
            "response_templates": {},
            "rest_api_id": "pc1plkgnbd",
            "selection_pattern": "",
            "status_code": "200"
          },
          "sensitive_attributes": [],
          "identity_schema_version": 0,
          "private": "bnVsbA==",
          "dependencies": [
            "module.api_gateway.aws_api_gateway_integration.artifact_model_id_rate_get",
            "module.api_gateway.aws_api_gateway_method.artifact_model_id_rate_get",
            "module.api_gateway.aws_api_gateway_method_response.artifact_model_id_rate_get_200",
            "module.api_gateway.aws_api_gateway_resource.artifact",
            "module.api_gateway.aws_api_gateway_resource.artifact_model",
            "module.api_gateway.aws_api_gateway_resource.artifact_model_id",
            "module.api_gateway.aws_api_gateway_resource.artifact_model_id_rate",
            "module.api_gateway.aws_api_gateway_rest_api.main_api",
            "module.ecs.aws_lb.validator_lb",
            "module.ecs.aws_security_group.validator_sg",
            "module.ecs.aws_subnet.validator_subnet_1",
            "module.ecs.aws_subnet.validator_subnet_2",
            "module.ecs.aws_vpc.validator_vpc"
          ],
          "create_before_destroy": true
        }
      ]
    },
    {
      "module": "module.api_gateway",
      "mode": "managed",
      "type": "aws_api_gateway_integration_response",
      "name": "artifact_model_id_rate_get_400",
      "provider": "provider[\"registry.terraform.io/hashicorp/aws\"]",
      "instances": [
        {
          "schema_version": 0,
          "attributes": {
            "content_handling": "",
            "http_method": "GET",
            "id": "agir-pc1plkgnbd-gl51hs-GET-400",
            "region": "us-east-1",
            "resource_id": "gl51hs",
            "response_parameters": {},
            "response_templates": {},
            "rest_api_id": "pc1plkgnbd",
            "selection_pattern": "400",
            "status_code": "400"
          },
          "sensitive_attributes": [],
          "identity_schema_version": 0,
          "private": "bnVsbA==",
          "dependencies": [
            "module.api_gateway.aws_api_gateway_integration.artifact_model_id_rate_get",
            "module.api_gateway.aws_api_gateway_method.artifact_model_id_rate_get",
            "module.api_gateway.aws_api_gateway_method_response.artifact_model_id_rate_get_400",
            "module.api_gateway.aws_api_gateway_resource.artifact",
            "module.api_gateway.aws_api_gateway_resource.artifact_model",
            "module.api_gateway.aws_api_gateway_resource.artifact_model_id",
            "module.api_gateway.aws_api_gateway_resource.artifact_model_id_rate",
            "module.api_gateway.aws_api_gateway_rest_api.main_api",
            "module.ecs.aws_lb.validator_lb",
            "module.ecs.aws_security_group.validator_sg",
            "module.ecs.aws_subnet.validator_subnet_1",
            "module.ecs.aws_subnet.validator_subnet_2",
            "module.ecs.aws_vpc.validator_vpc"
          ],
          "create_before_destroy": true
        }
      ]
    },
    {
      "module": "module.api_gateway",
      "mode": "managed",
      "type": "aws_api_gateway_integration_response",
      "name": "artifact_model_id_rate_get_403",
      "provider": "provider[\"registry.terraform.io/hashicorp/aws\"]",
      "instances": [
        {
          "schema_version": 0,
          "attributes": {
            "content_handling": "",
            "http_method": "GET",
            "id": "agir-pc1plkgnbd-gl51hs-GET-403",
            "region": "us-east-1",
            "resource_id": "gl51hs",
            "response_parameters": {},
            "response_templates": {},
            "rest_api_id": "pc1plkgnbd",
            "selection_pattern": "403",
            "status_code": "403"
          },
          "sensitive_attributes": [],
          "identity_schema_version": 0,
          "private": "bnVsbA==",
          "dependencies": [
            "module.api_gateway.aws_api_gateway_integration.artifact_model_id_rate_get",
            "module.api_gateway.aws_api_gateway_method.artifact_model_id_rate_get",
            "module.api_gateway.aws_api_gateway_method_response.artifact_model_id_rate_get_403",
            "module.api_gateway.aws_api_gateway_resource.artifact",
            "module.api_gateway.aws_api_gateway_resource.artifact_model",
            "module.api_gateway.aws_api_gateway_resource.artifact_model_id",
            "module.api_gateway.aws_api_gateway_resource.artifact_model_id_rate",
            "module.api_gateway.aws_api_gateway_rest_api.main_api",
            "module.ecs.aws_lb.validator_lb",
            "module.ecs.aws_security_group.validator_sg",
            "module.ecs.aws_subnet.validator_subnet_1",
            "module.ecs.aws_subnet.validator_subnet_2",
            "module.ecs.aws_vpc.validator_vpc"
          ],
          "create_before_destroy": true
        }
      ]
    },
    {
      "module": "module.api_gateway",
      "mode": "managed",
      "type": "aws_api_gateway_integration_response",
      "name": "artifact_model_id_rate_get_404",
      "provider": "provider[\"registry.terraform.io/hashicorp/aws\"]",
      "instances": [
        {
          "schema_version": 0,
          "attributes": {
            "content_handling": "",
            "http_method": "GET",
            "id": "agir-pc1plkgnbd-gl51hs-GET-404",
            "region": "us-east-1",
            "resource_id": "gl51hs",
            "response_parameters": {},
            "response_templates": {},
            "rest_api_id": "pc1plkgnbd",
            "selection_pattern": "404",
            "status_code": "404"
          },
          "sensitive_attributes": [],
          "identity_schema_version": 0,
          "private": "bnVsbA==",
          "dependencies": [
            "module.api_gateway.aws_api_gateway_integration.artifact_model_id_rate_get",
            "module.api_gateway.aws_api_gateway_method.artifact_model_id_rate_get",
            "module.api_gateway.aws_api_gateway_method_response.artifact_model_id_rate_get_404",
            "module.api_gateway.aws_api_gateway_resource.artifact",
            "module.api_gateway.aws_api_gateway_resource.artifact_model",
            "module.api_gateway.aws_api_gateway_resource.artifact_model_id",
            "module.api_gateway.aws_api_gateway_resource.artifact_model_id_rate",
            "module.api_gateway.aws_api_gateway_rest_api.main_api",
            "module.ecs.aws_lb.validator_lb",
            "module.ecs.aws_security_group.validator_sg",
            "module.ecs.aws_subnet.validator_subnet_1",
            "module.ecs.aws_subnet.validator_subnet_2",
            "module.ecs.aws_vpc.validator_vpc"
          ],
          "create_before_destroy": true
        }
      ]
    },
    {
      "module": "module.api_gateway",
      "mode": "managed",
      "type": "aws_api_gateway_integration_response",
      "name": "artifact_model_id_rate_get_500",
      "provider": "provider[\"registry.terraform.io/hashicorp/aws\"]",
      "instances": [
        {
          "schema_version": 0,
          "attributes": {
            "content_handling": "",
            "http_method": "GET",
            "id": "agir-pc1plkgnbd-gl51hs-GET-500",
            "region": "us-east-1",
            "resource_id": "gl51hs",
            "response_parameters": {},
            "response_templates": {},
            "rest_api_id": "pc1plkgnbd",
            "selection_pattern": "500",
            "status_code": "500"
          },
          "sensitive_attributes": [],
          "identity_schema_version": 0,
          "private": "bnVsbA==",
          "dependencies": [
            "module.api_gateway.aws_api_gateway_integration.artifact_model_id_rate_get",
            "module.api_gateway.aws_api_gateway_method.artifact_model_id_rate_get",
            "module.api_gateway.aws_api_gateway_method_response.artifact_model_id_rate_get_500",
            "module.api_gateway.aws_api_gateway_resource.artifact",
            "module.api_gateway.aws_api_gateway_resource.artifact_model",
            "module.api_gateway.aws_api_gateway_resource.artifact_model_id",
            "module.api_gateway.aws_api_gateway_resource.artifact_model_id_rate",
            "module.api_gateway.aws_api_gateway_rest_api.main_api",
            "module.ecs.aws_lb.validator_lb",
            "module.ecs.aws_security_group.validator_sg",
            "module.ecs.aws_subnet.validator_subnet_1",
            "module.ecs.aws_subnet.validator_subnet_2",
            "module.ecs.aws_vpc.validator_vpc"
          ],
          "create_before_destroy": true
        }
      ]
    },
    {
      "module": "module.api_gateway",
      "mode": "managed",
      "type": "aws_api_gateway_integration_response",
      "name": "artifact_type_id_audit_get_200",
      "provider": "provider[\"registry.terraform.io/hashicorp/aws\"]",
      "instances": [
        {
          "schema_version": 0,
          "attributes": {
            "content_handling": "",
            "http_method": "GET",
            "id": "agir-pc1plkgnbd-fwlez3-GET-200",
            "region": "us-east-1",
            "resource_id": "fwlez3",
            "response_parameters": {},
            "response_templates": {},
            "rest_api_id": "pc1plkgnbd",
            "selection_pattern": "200",
            "status_code": "200"
          },
          "sensitive_attributes": [],
          "identity_schema_version": 0,
          "private": "bnVsbA==",
          "dependencies": [
            "module.api_gateway.aws_api_gateway_integration.artifact_type_id_audit_get",
            "module.api_gateway.aws_api_gateway_method.artifact_type_id_audit_get",
            "module.api_gateway.aws_api_gateway_method_response.artifact_type_id_audit_get_200",
            "module.api_gateway.aws_api_gateway_resource.artifact",
            "module.api_gateway.aws_api_gateway_resource.artifact_type",
            "module.api_gateway.aws_api_gateway_resource.artifact_type_id",
            "module.api_gateway.aws_api_gateway_resource.artifact_type_id_audit",
            "module.api_gateway.aws_api_gateway_rest_api.main_api",
            "module.ecs.aws_lb.validator_lb",
            "module.ecs.aws_security_group.validator_sg",
            "module.ecs.aws_subnet.validator_subnet_1",
            "module.ecs.aws_subnet.validator_subnet_2",
            "module.ecs.aws_vpc.validator_vpc"
          ]
        }
      ]
    },
    {
      "module": "module.api_gateway",
      "mode": "managed",
      "type": "aws_api_gateway_integration_response",
      "name": "artifact_type_id_audit_get_400",
      "provider": "provider[\"registry.terraform.io/hashicorp/aws\"]",
      "instances": [
        {
          "schema_version": 0,
          "attributes": {
            "content_handling": "",
            "http_method": "GET",
            "id": "agir-pc1plkgnbd-fwlez3-GET-400",
            "region": "us-east-1",
            "resource_id": "fwlez3",
            "response_parameters": {},
            "response_templates": {},
            "rest_api_id": "pc1plkgnbd",
            "selection_pattern": "400",
            "status_code": "400"
          },
          "sensitive_attributes": [],
          "identity_schema_version": 0,
          "private": "bnVsbA==",
          "dependencies": [
            "module.api_gateway.aws_api_gateway_integration.artifact_type_id_audit_get",
            "module.api_gateway.aws_api_gateway_method.artifact_type_id_audit_get",
            "module.api_gateway.aws_api_gateway_method_response.artifact_type_id_audit_get_400",
            "module.api_gateway.aws_api_gateway_resource.artifact",
            "module.api_gateway.aws_api_gateway_resource.artifact_type",
            "module.api_gateway.aws_api_gateway_resource.artifact_type_id",
            "module.api_gateway.aws_api_gateway_resource.artifact_type_id_audit",
            "module.api_gateway.aws_api_gateway_rest_api.main_api",
            "module.ecs.aws_lb.validator_lb",
            "module.ecs.aws_security_group.validator_sg",
            "module.ecs.aws_subnet.validator_subnet_1",
            "module.ecs.aws_subnet.validator_subnet_2",
            "module.ecs.aws_vpc.validator_vpc"
          ]
        }
      ]
    },
    {
      "module": "module.api_gateway",
      "mode": "managed",
      "type": "aws_api_gateway_integration_response",
      "name": "artifact_type_id_audit_get_403",
      "provider": "provider[\"registry.terraform.io/hashicorp/aws\"]",
      "instances": [
        {
          "schema_version": 0,
          "attributes": {
            "content_handling": "",
            "http_method": "GET",
            "id": "agir-pc1plkgnbd-fwlez3-GET-403",
            "region": "us-east-1",
            "resource_id": "fwlez3",
            "response_parameters": {},
            "response_templates": {},
            "rest_api_id": "pc1plkgnbd",
            "selection_pattern": "403",
            "status_code": "403"
          },
          "sensitive_attributes": [],
          "identity_schema_version": 0,
          "private": "bnVsbA==",
          "dependencies": [
            "module.api_gateway.aws_api_gateway_integration.artifact_type_id_audit_get",
            "module.api_gateway.aws_api_gateway_method.artifact_type_id_audit_get",
            "module.api_gateway.aws_api_gateway_method_response.artifact_type_id_audit_get_403",
            "module.api_gateway.aws_api_gateway_resource.artifact",
            "module.api_gateway.aws_api_gateway_resource.artifact_type",
            "module.api_gateway.aws_api_gateway_resource.artifact_type_id",
            "module.api_gateway.aws_api_gateway_resource.artifact_type_id_audit",
            "module.api_gateway.aws_api_gateway_rest_api.main_api",
            "module.ecs.aws_lb.validator_lb",
            "module.ecs.aws_security_group.validator_sg",
            "module.ecs.aws_subnet.validator_subnet_1",
            "module.ecs.aws_subnet.validator_subnet_2",
            "module.ecs.aws_vpc.validator_vpc"
          ]
        }
      ]
    },
    {
      "module": "module.api_gateway",
      "mode": "managed",
      "type": "aws_api_gateway_integration_response",
      "name": "artifact_type_id_audit_get_404",
      "provider": "provider[\"registry.terraform.io/hashicorp/aws\"]",
      "instances": [
        {
          "schema_version": 0,
          "attributes": {
            "content_handling": "",
            "http_method": "GET",
            "id": "agir-pc1plkgnbd-fwlez3-GET-404",
            "region": "us-east-1",
            "resource_id": "fwlez3",
            "response_parameters": {},
            "response_templates": {},
            "rest_api_id": "pc1plkgnbd",
            "selection_pattern": "404",
            "status_code": "404"
          },
          "sensitive_attributes": [],
          "identity_schema_version": 0,
          "private": "bnVsbA==",
          "dependencies": [
            "module.api_gateway.aws_api_gateway_integration.artifact_type_id_audit_get",
            "module.api_gateway.aws_api_gateway_method.artifact_type_id_audit_get",
            "module.api_gateway.aws_api_gateway_method_response.artifact_type_id_audit_get_404",
            "module.api_gateway.aws_api_gateway_resource.artifact",
            "module.api_gateway.aws_api_gateway_resource.artifact_type",
            "module.api_gateway.aws_api_gateway_resource.artifact_type_id",
            "module.api_gateway.aws_api_gateway_resource.artifact_type_id_audit",
            "module.api_gateway.aws_api_gateway_rest_api.main_api",
            "module.ecs.aws_lb.validator_lb",
            "module.ecs.aws_security_group.validator_sg",
            "module.ecs.aws_subnet.validator_subnet_1",
            "module.ecs.aws_subnet.validator_subnet_2",
            "module.ecs.aws_vpc.validator_vpc"
          ]
        }
      ]
    },
    {
      "module": "module.api_gateway",
      "mode": "managed",
      "type": "aws_api_gateway_integration_response",
      "name": "artifact_type_id_cost_get_200",
      "provider": "provider[\"registry.terraform.io/hashicorp/aws\"]",
      "instances": [
        {
          "schema_version": 0,
          "attributes": {
            "content_handling": "",
            "http_method": "GET",
            "id": "agir-pc1plkgnbd-zs83ai-GET-200",
            "region": "us-east-1",
            "resource_id": "zs83ai",
            "response_parameters": {},
            "response_templates": {},
            "rest_api_id": "pc1plkgnbd",
            "selection_pattern": "200",
            "status_code": "200"
          },
          "sensitive_attributes": [],
          "identity_schema_version": 0,
          "private": "bnVsbA==",
          "dependencies": [
            "module.api_gateway.aws_api_gateway_integration.artifact_type_id_cost_get",
            "module.api_gateway.aws_api_gateway_method.artifact_type_id_cost_get",
            "module.api_gateway.aws_api_gateway_method_response.artifact_type_id_cost_get_200",
            "module.api_gateway.aws_api_gateway_resource.artifact",
            "module.api_gateway.aws_api_gateway_resource.artifact_type",
            "module.api_gateway.aws_api_gateway_resource.artifact_type_id",
            "module.api_gateway.aws_api_gateway_resource.artifact_type_id_cost",
            "module.api_gateway.aws_api_gateway_rest_api.main_api",
            "module.ecs.aws_lb.validator_lb",
            "module.ecs.aws_security_group.validator_sg",
            "module.ecs.aws_subnet.validator_subnet_1",
            "module.ecs.aws_subnet.validator_subnet_2",
            "module.ecs.aws_vpc.validator_vpc"
          ]
        }
      ]
    },
    {
      "module": "module.api_gateway",
      "mode": "managed",
      "type": "aws_api_gateway_integration_response",
      "name": "artifact_type_id_cost_get_400",
      "provider": "provider[\"registry.terraform.io/hashicorp/aws\"]",
      "instances": [
        {
          "schema_version": 0,
          "attributes": {
            "content_handling": "",
            "http_method": "GET",
            "id": "agir-pc1plkgnbd-zs83ai-GET-400",
            "region": "us-east-1",
            "resource_id": "zs83ai",
            "response_parameters": {},
            "response_templates": {},
            "rest_api_id": "pc1plkgnbd",
            "selection_pattern": "400",
            "status_code": "400"
          },
          "sensitive_attributes": [],
          "identity_schema_version": 0,
          "private": "bnVsbA==",
          "dependencies": [
            "module.api_gateway.aws_api_gateway_integration.artifact_type_id_cost_get",
            "module.api_gateway.aws_api_gateway_method.artifact_type_id_cost_get",
            "module.api_gateway.aws_api_gateway_method_response.artifact_type_id_cost_get_400",
            "module.api_gateway.aws_api_gateway_resource.artifact",
            "module.api_gateway.aws_api_gateway_resource.artifact_type",
            "module.api_gateway.aws_api_gateway_resource.artifact_type_id",
            "module.api_gateway.aws_api_gateway_resource.artifact_type_id_cost",
            "module.api_gateway.aws_api_gateway_rest_api.main_api",
            "module.ecs.aws_lb.validator_lb",
            "module.ecs.aws_security_group.validator_sg",
            "module.ecs.aws_subnet.validator_subnet_1",
            "module.ecs.aws_subnet.validator_subnet_2",
            "module.ecs.aws_vpc.validator_vpc"
          ]
        }
      ]
    },
    {
      "module": "module.api_gateway",
      "mode": "managed",
      "type": "aws_api_gateway_integration_response",
      "name": "artifact_type_id_cost_get_403",
      "provider": "provider[\"registry.terraform.io/hashicorp/aws\"]",
      "instances": [
        {
          "schema_version": 0,
          "attributes": {
            "content_handling": "",
            "http_method": "GET",
            "id": "agir-pc1plkgnbd-zs83ai-GET-403",
            "region": "us-east-1",
            "resource_id": "zs83ai",
            "response_parameters": {},
            "response_templates": {},
            "rest_api_id": "pc1plkgnbd",
            "selection_pattern": "403",
            "status_code": "403"
          },
          "sensitive_attributes": [],
          "identity_schema_version": 0,
          "private": "bnVsbA==",
          "dependencies": [
            "module.api_gateway.aws_api_gateway_integration.artifact_type_id_cost_get",
            "module.api_gateway.aws_api_gateway_method.artifact_type_id_cost_get",
            "module.api_gateway.aws_api_gateway_method_response.artifact_type_id_cost_get_403",
            "module.api_gateway.aws_api_gateway_resource.artifact",
            "module.api_gateway.aws_api_gateway_resource.artifact_type",
            "module.api_gateway.aws_api_gateway_resource.artifact_type_id",
            "module.api_gateway.aws_api_gateway_resource.artifact_type_id_cost",
            "module.api_gateway.aws_api_gateway_rest_api.main_api",
            "module.ecs.aws_lb.validator_lb",
            "module.ecs.aws_security_group.validator_sg",
            "module.ecs.aws_subnet.validator_subnet_1",
            "module.ecs.aws_subnet.validator_subnet_2",
            "module.ecs.aws_vpc.validator_vpc"
          ]
        }
      ]
    },
    {
      "module": "module.api_gateway",
      "mode": "managed",
      "type": "aws_api_gateway_integration_response",
      "name": "artifact_type_id_cost_get_404",
      "provider": "provider[\"registry.terraform.io/hashicorp/aws\"]",
      "instances": [
        {
          "schema_version": 0,
          "attributes": {
            "content_handling": "",
            "http_method": "GET",
            "id": "agir-pc1plkgnbd-zs83ai-GET-404",
            "region": "us-east-1",
            "resource_id": "zs83ai",
            "response_parameters": {},
            "response_templates": {},
            "rest_api_id": "pc1plkgnbd",
            "selection_pattern": "404",
            "status_code": "404"
          },
          "sensitive_attributes": [],
          "identity_schema_version": 0,
          "private": "bnVsbA==",
          "dependencies": [
            "module.api_gateway.aws_api_gateway_integration.artifact_type_id_cost_get",
            "module.api_gateway.aws_api_gateway_method.artifact_type_id_cost_get",
            "module.api_gateway.aws_api_gateway_method_response.artifact_type_id_cost_get_404",
            "module.api_gateway.aws_api_gateway_resource.artifact",
            "module.api_gateway.aws_api_gateway_resource.artifact_type",
            "module.api_gateway.aws_api_gateway_resource.artifact_type_id",
            "module.api_gateway.aws_api_gateway_resource.artifact_type_id_cost",
            "module.api_gateway.aws_api_gateway_rest_api.main_api",
            "module.ecs.aws_lb.validator_lb",
            "module.ecs.aws_security_group.validator_sg",
            "module.ecs.aws_subnet.validator_subnet_1",
            "module.ecs.aws_subnet.validator_subnet_2",
            "module.ecs.aws_vpc.validator_vpc"
          ]
        }
      ]
    },
    {
      "module": "module.api_gateway",
      "mode": "managed",
      "type": "aws_api_gateway_integration_response",
      "name": "artifact_type_id_cost_get_500",
      "provider": "provider[\"registry.terraform.io/hashicorp/aws\"]",
      "instances": [
        {
          "schema_version": 0,
          "attributes": {
            "content_handling": "",
            "http_method": "GET",
            "id": "agir-pc1plkgnbd-zs83ai-GET-500",
            "region": "us-east-1",
            "resource_id": "zs83ai",
            "response_parameters": {},
            "response_templates": {},
            "rest_api_id": "pc1plkgnbd",
            "selection_pattern": "500",
            "status_code": "500"
          },
          "sensitive_attributes": [],
          "identity_schema_version": 0,
          "private": "bnVsbA==",
          "dependencies": [
            "module.api_gateway.aws_api_gateway_integration.artifact_type_id_cost_get",
            "module.api_gateway.aws_api_gateway_method.artifact_type_id_cost_get",
            "module.api_gateway.aws_api_gateway_method_response.artifact_type_id_cost_get_500",
            "module.api_gateway.aws_api_gateway_resource.artifact",
            "module.api_gateway.aws_api_gateway_resource.artifact_type",
            "module.api_gateway.aws_api_gateway_resource.artifact_type_id",
            "module.api_gateway.aws_api_gateway_resource.artifact_type_id_cost",
            "module.api_gateway.aws_api_gateway_rest_api.main_api",
            "module.ecs.aws_lb.validator_lb",
            "module.ecs.aws_security_group.validator_sg",
            "module.ecs.aws_subnet.validator_subnet_1",
            "module.ecs.aws_subnet.validator_subnet_2",
            "module.ecs.aws_vpc.validator_vpc"
          ]
        }
      ]
    },
    {
      "module": "module.api_gateway",
      "mode": "managed",
      "type": "aws_api_gateway_integration_response",
      "name": "artifact_type_id_delete_200",
      "provider": "provider[\"registry.terraform.io/hashicorp/aws\"]",
      "instances": [
        {
          "schema_version": 0,
          "attributes": {
            "content_handling": "",
            "http_method": "DELETE",
            "id": "agir-pc1plkgnbd-jkth37-DELETE-200",
            "region": "us-east-1",
            "resource_id": "jkth37",
            "response_parameters": {},
            "response_templates": {},
            "rest_api_id": "pc1plkgnbd",
            "selection_pattern": "200",
            "status_code": "200"
          },
          "sensitive_attributes": [],
          "identity_schema_version": 0,
          "private": "bnVsbA==",
          "dependencies": [
            "module.api_gateway.aws_api_gateway_integration.artifact_type_id_delete",
            "module.api_gateway.aws_api_gateway_method.artifact_type_id_delete",
            "module.api_gateway.aws_api_gateway_method_response.artifact_type_id_delete_200",
            "module.api_gateway.aws_api_gateway_resource.artifact",
            "module.api_gateway.aws_api_gateway_resource.artifact_type",
            "module.api_gateway.aws_api_gateway_resource.artifact_type_id",
            "module.api_gateway.aws_api_gateway_rest_api.main_api",
            "module.ecs.aws_lb.validator_lb",
            "module.ecs.aws_security_group.validator_sg",
            "module.ecs.aws_subnet.validator_subnet_1",
            "module.ecs.aws_subnet.validator_subnet_2",
            "module.ecs.aws_vpc.validator_vpc"
          ]
        }
      ]
    },
    {
      "module": "module.api_gateway",
      "mode": "managed",
      "type": "aws_api_gateway_integration_response",
      "name": "artifact_type_id_delete_400",
      "provider": "provider[\"registry.terraform.io/hashicorp/aws\"]",
      "instances": [
        {
          "schema_version": 0,
          "attributes": {
            "content_handling": "",
            "http_method": "DELETE",
            "id": "agir-pc1plkgnbd-jkth37-DELETE-400",
            "region": "us-east-1",
            "resource_id": "jkth37",
            "response_parameters": {},
            "response_templates": {},
            "rest_api_id": "pc1plkgnbd",
            "selection_pattern": "400",
            "status_code": "400"
          },
          "sensitive_attributes": [],
          "identity_schema_version": 0,
          "private": "bnVsbA==",
          "dependencies": [
            "module.api_gateway.aws_api_gateway_integration.artifact_type_id_delete",
            "module.api_gateway.aws_api_gateway_method.artifact_type_id_delete",
            "module.api_gateway.aws_api_gateway_method_response.artifact_type_id_delete_400",
            "module.api_gateway.aws_api_gateway_resource.artifact",
            "module.api_gateway.aws_api_gateway_resource.artifact_type",
            "module.api_gateway.aws_api_gateway_resource.artifact_type_id",
            "module.api_gateway.aws_api_gateway_rest_api.main_api",
            "module.ecs.aws_lb.validator_lb",
            "module.ecs.aws_security_group.validator_sg",
            "module.ecs.aws_subnet.validator_subnet_1",
            "module.ecs.aws_subnet.validator_subnet_2",
            "module.ecs.aws_vpc.validator_vpc"
          ]
        }
      ]
    },
    {
      "module": "module.api_gateway",
      "mode": "managed",
      "type": "aws_api_gateway_integration_response",
      "name": "artifact_type_id_delete_403",
      "provider": "provider[\"registry.terraform.io/hashicorp/aws\"]",
      "instances": [
        {
          "schema_version": 0,
          "attributes": {
            "content_handling": "",
            "http_method": "DELETE",
            "id": "agir-pc1plkgnbd-jkth37-DELETE-403",
            "region": "us-east-1",
            "resource_id": "jkth37",
            "response_parameters": {},
            "response_templates": {},
            "rest_api_id": "pc1plkgnbd",
            "selection_pattern": "403",
            "status_code": "403"
          },
          "sensitive_attributes": [],
          "identity_schema_version": 0,
          "private": "bnVsbA==",
          "dependencies": [
            "module.api_gateway.aws_api_gateway_integration.artifact_type_id_delete",
            "module.api_gateway.aws_api_gateway_method.artifact_type_id_delete",
            "module.api_gateway.aws_api_gateway_method_response.artifact_type_id_delete_403",
            "module.api_gateway.aws_api_gateway_resource.artifact",
            "module.api_gateway.aws_api_gateway_resource.artifact_type",
            "module.api_gateway.aws_api_gateway_resource.artifact_type_id",
            "module.api_gateway.aws_api_gateway_rest_api.main_api",
            "module.ecs.aws_lb.validator_lb",
            "module.ecs.aws_security_group.validator_sg",
            "module.ecs.aws_subnet.validator_subnet_1",
            "module.ecs.aws_subnet.validator_subnet_2",
            "module.ecs.aws_vpc.validator_vpc"
          ]
        }
      ]
    },
    {
      "module": "module.api_gateway",
      "mode": "managed",
      "type": "aws_api_gateway_integration_response",
      "name": "artifact_type_id_delete_404",
      "provider": "provider[\"registry.terraform.io/hashicorp/aws\"]",
      "instances": [
        {
          "schema_version": 0,
          "attributes": {
            "content_handling": "",
            "http_method": "DELETE",
            "id": "agir-pc1plkgnbd-jkth37-DELETE-404",
            "region": "us-east-1",
            "resource_id": "jkth37",
            "response_parameters": {},
            "response_templates": {},
            "rest_api_id": "pc1plkgnbd",
            "selection_pattern": "404",
            "status_code": "404"
          },
          "sensitive_attributes": [],
          "identity_schema_version": 0,
          "private": "bnVsbA==",
          "dependencies": [
            "module.api_gateway.aws_api_gateway_integration.artifact_type_id_delete",
            "module.api_gateway.aws_api_gateway_method.artifact_type_id_delete",
            "module.api_gateway.aws_api_gateway_method_response.artifact_type_id_delete_404",
            "module.api_gateway.aws_api_gateway_resource.artifact",
            "module.api_gateway.aws_api_gateway_resource.artifact_type",
            "module.api_gateway.aws_api_gateway_resource.artifact_type_id",
            "module.api_gateway.aws_api_gateway_rest_api.main_api",
            "module.ecs.aws_lb.validator_lb",
            "module.ecs.aws_security_group.validator_sg",
            "module.ecs.aws_subnet.validator_subnet_1",
            "module.ecs.aws_subnet.validator_subnet_2",
            "module.ecs.aws_vpc.validator_vpc"
          ]
        }
      ]
    },
    {
      "module": "module.api_gateway",
      "mode": "managed",
      "type": "aws_api_gateway_integration_response",
      "name": "artifact_type_id_put_200",
      "provider": "provider[\"registry.terraform.io/hashicorp/aws\"]",
      "instances": [
        {
          "schema_version": 0,
          "attributes": {
            "content_handling": "",
            "http_method": "PUT",
            "id": "agir-pc1plkgnbd-jkth37-PUT-200",
            "region": "us-east-1",
            "resource_id": "jkth37",
            "response_parameters": {},
            "response_templates": {},
            "rest_api_id": "pc1plkgnbd",
            "selection_pattern": "200",
            "status_code": "200"
          },
          "sensitive_attributes": [],
          "identity_schema_version": 0,
          "private": "bnVsbA==",
          "dependencies": [
            "module.api_gateway.aws_api_gateway_integration.artifact_type_id_put",
            "module.api_gateway.aws_api_gateway_method.artifact_type_id_put",
            "module.api_gateway.aws_api_gateway_method_response.artifact_type_id_put_200",
            "module.api_gateway.aws_api_gateway_resource.artifact",
            "module.api_gateway.aws_api_gateway_resource.artifact_type",
            "module.api_gateway.aws_api_gateway_resource.artifact_type_id",
            "module.api_gateway.aws_api_gateway_rest_api.main_api",
            "module.ecs.aws_lb.validator_lb",
            "module.ecs.aws_security_group.validator_sg",
            "module.ecs.aws_subnet.validator_subnet_1",
            "module.ecs.aws_subnet.validator_subnet_2",
            "module.ecs.aws_vpc.validator_vpc"
          ]
        }
      ]
    },
    {
      "module": "module.api_gateway",
      "mode": "managed",
      "type": "aws_api_gateway_integration_response",
      "name": "artifact_type_id_put_400",
      "provider": "provider[\"registry.terraform.io/hashicorp/aws\"]",
      "instances": [
        {
          "schema_version": 0,
          "attributes": {
            "content_handling": "",
            "http_method": "PUT",
            "id": "agir-pc1plkgnbd-jkth37-PUT-400",
            "region": "us-east-1",
            "resource_id": "jkth37",
            "response_parameters": {},
            "response_templates": {},
            "rest_api_id": "pc1plkgnbd",
            "selection_pattern": "400",
            "status_code": "400"
          },
          "sensitive_attributes": [],
          "identity_schema_version": 0,
          "private": "bnVsbA==",
          "dependencies": [
            "module.api_gateway.aws_api_gateway_integration.artifact_type_id_put",
            "module.api_gateway.aws_api_gateway_method.artifact_type_id_put",
            "module.api_gateway.aws_api_gateway_method_response.artifact_type_id_put_400",
            "module.api_gateway.aws_api_gateway_resource.artifact",
            "module.api_gateway.aws_api_gateway_resource.artifact_type",
            "module.api_gateway.aws_api_gateway_resource.artifact_type_id",
            "module.api_gateway.aws_api_gateway_rest_api.main_api",
            "module.ecs.aws_lb.validator_lb",
            "module.ecs.aws_security_group.validator_sg",
            "module.ecs.aws_subnet.validator_subnet_1",
            "module.ecs.aws_subnet.validator_subnet_2",
            "module.ecs.aws_vpc.validator_vpc"
          ]
        }
      ]
    },
    {
      "module": "module.api_gateway",
      "mode": "managed",
      "type": "aws_api_gateway_integration_response",
      "name": "artifact_type_id_put_403",
      "provider": "provider[\"registry.terraform.io/hashicorp/aws\"]",
      "instances": [
        {
          "schema_version": 0,
          "attributes": {
            "content_handling": "",
            "http_method": "PUT",
            "id": "agir-pc1plkgnbd-jkth37-PUT-403",
            "region": "us-east-1",
            "resource_id": "jkth37",
            "response_parameters": {},
            "response_templates": {},
            "rest_api_id": "pc1plkgnbd",
            "selection_pattern": "403",
            "status_code": "403"
          },
          "sensitive_attributes": [],
          "identity_schema_version": 0,
          "private": "bnVsbA==",
          "dependencies": [
            "module.api_gateway.aws_api_gateway_integration.artifact_type_id_put",
            "module.api_gateway.aws_api_gateway_method.artifact_type_id_put",
            "module.api_gateway.aws_api_gateway_method_response.artifact_type_id_put_403",
            "module.api_gateway.aws_api_gateway_resource.artifact",
            "module.api_gateway.aws_api_gateway_resource.artifact_type",
            "module.api_gateway.aws_api_gateway_resource.artifact_type_id",
            "module.api_gateway.aws_api_gateway_rest_api.main_api",
            "module.ecs.aws_lb.validator_lb",
            "module.ecs.aws_security_group.validator_sg",
            "module.ecs.aws_subnet.validator_subnet_1",
            "module.ecs.aws_subnet.validator_subnet_2",
            "module.ecs.aws_vpc.validator_vpc"
          ]
        }
      ]
    },
    {
      "module": "module.api_gateway",
      "mode": "managed",
      "type": "aws_api_gateway_integration_response",
      "name": "artifact_type_id_put_404",
      "provider": "provider[\"registry.terraform.io/hashicorp/aws\"]",
      "instances": [
        {
          "schema_version": 0,
          "attributes": {
            "content_handling": "",
            "http_method": "PUT",
            "id": "agir-pc1plkgnbd-jkth37-PUT-404",
            "region": "us-east-1",
            "resource_id": "jkth37",
            "response_parameters": {},
            "response_templates": {},
            "rest_api_id": "pc1plkgnbd",
            "selection_pattern": "404",
            "status_code": "404"
          },
          "sensitive_attributes": [],
          "identity_schema_version": 0,
          "private": "bnVsbA==",
          "dependencies": [
            "module.api_gateway.aws_api_gateway_integration.artifact_type_id_put",
            "module.api_gateway.aws_api_gateway_method.artifact_type_id_put",
            "module.api_gateway.aws_api_gateway_method_response.artifact_type_id_put_404",
            "module.api_gateway.aws_api_gateway_resource.artifact",
            "module.api_gateway.aws_api_gateway_resource.artifact_type",
            "module.api_gateway.aws_api_gateway_resource.artifact_type_id",
            "module.api_gateway.aws_api_gateway_rest_api.main_api",
            "module.ecs.aws_lb.validator_lb",
            "module.ecs.aws_security_group.validator_sg",
            "module.ecs.aws_subnet.validator_subnet_1",
            "module.ecs.aws_subnet.validator_subnet_2",
            "module.ecs.aws_vpc.validator_vpc"
          ]
        }
      ]
    },
    {
      "module": "module.api_gateway",
      "mode": "managed",
      "type": "aws_api_gateway_integration_response",
      "name": "artifact_type_options_200",
      "provider": "provider[\"registry.terraform.io/hashicorp/aws\"]",
      "instances": [
        {
          "schema_version": 0,
          "attributes": {
            "content_handling": "",
            "http_method": "OPTIONS",
            "id": "agir-pc1plkgnbd-2qsucn-OPTIONS-200",
            "region": "us-east-1",
            "resource_id": "2qsucn",
            "response_parameters": {
              "method.response.header.Access-Control-Allow-Headers": "'Content-Type,X-Amz-Date,Authorization,X-Api-Key,X-Amz-Security-Token,X-Authorization'",
              "method.response.header.Access-Control-Allow-Methods": "'POST,OPTIONS'",
              "method.response.header.Access-Control-Allow-Origin": "'*'"
            },
            "response_templates": {},
            "rest_api_id": "pc1plkgnbd",
            "selection_pattern": "",
            "status_code": "200"
          },
          "sensitive_attributes": [],
          "identity_schema_version": 0,
          "private": "bnVsbA==",
          "dependencies": [
            "module.api_gateway.aws_api_gateway_integration.artifact_type_options",
            "module.api_gateway.aws_api_gateway_method.artifact_type_options",
            "module.api_gateway.aws_api_gateway_method_response.artifact_type_options_200",
            "module.api_gateway.aws_api_gateway_resource.artifact",
            "module.api_gateway.aws_api_gateway_resource.artifact_type",
            "module.api_gateway.aws_api_gateway_rest_api.main_api"
          ],
          "create_before_destroy": true
        }
      ]
    },
    {
      "module": "module.api_gateway",
      "mode": "managed",
      "type": "aws_api_gateway_integration_response",
      "name": "artifact_type_post_201",
      "provider": "provider[\"registry.terraform.io/hashicorp/aws\"]",
      "instances": [
        {
          "schema_version": 0,
          "attributes": {
            "content_handling": "",
            "http_method": "POST",
            "id": "agir-pc1plkgnbd-2qsucn-POST-201",
            "region": "us-east-1",
            "resource_id": "2qsucn",
            "response_parameters": {},
            "response_templates": {},
            "rest_api_id": "pc1plkgnbd",
            "selection_pattern": "201",
            "status_code": "201"
          },
          "sensitive_attributes": [],
          "identity_schema_version": 0,
          "private": "bnVsbA==",
          "dependencies": [
            "module.api_gateway.aws_api_gateway_integration.artifact_type_post",
            "module.api_gateway.aws_api_gateway_method.artifact_type_post",
            "module.api_gateway.aws_api_gateway_method_response.artifact_type_post_201",
            "module.api_gateway.aws_api_gateway_resource.artifact",
            "module.api_gateway.aws_api_gateway_resource.artifact_type",
            "module.api_gateway.aws_api_gateway_rest_api.main_api",
            "module.ecs.aws_lb.validator_lb",
            "module.ecs.aws_security_group.validator_sg",
            "module.ecs.aws_subnet.validator_subnet_1",
            "module.ecs.aws_subnet.validator_subnet_2",
            "module.ecs.aws_vpc.validator_vpc"
          ]
        }
      ]
    },
    {
      "module": "module.api_gateway",
      "mode": "managed",
      "type": "aws_api_gateway_integration_response",
      "name": "artifact_type_post_202",
      "provider": "provider[\"registry.terraform.io/hashicorp/aws\"]",
      "instances": [
        {
          "schema_version": 0,
          "attributes": {
            "content_handling": "",
            "http_method": "POST",
            "id": "agir-pc1plkgnbd-2qsucn-POST-202",
            "region": "us-east-1",
            "resource_id": "2qsucn",
            "response_parameters": {},
            "response_templates": {},
            "rest_api_id": "pc1plkgnbd",
            "selection_pattern": "202",
            "status_code": "202"
          },
          "sensitive_attributes": [],
          "identity_schema_version": 0,
          "private": "bnVsbA==",
          "dependencies": [
            "module.api_gateway.aws_api_gateway_integration.artifact_type_post",
            "module.api_gateway.aws_api_gateway_method.artifact_type_post",
            "module.api_gateway.aws_api_gateway_method_response.artifact_type_post_202",
            "module.api_gateway.aws_api_gateway_resource.artifact",
            "module.api_gateway.aws_api_gateway_resource.artifact_type",
            "module.api_gateway.aws_api_gateway_rest_api.main_api",
            "module.ecs.aws_lb.validator_lb",
            "module.ecs.aws_security_group.validator_sg",
            "module.ecs.aws_subnet.validator_subnet_1",
            "module.ecs.aws_subnet.validator_subnet_2",
            "module.ecs.aws_vpc.validator_vpc"
          ]
        }
      ]
    },
    {
      "module": "module.api_gateway",
      "mode": "managed",
      "type": "aws_api_gateway_integration_response",
      "name": "artifact_type_post_400",
      "provider": "provider[\"registry.terraform.io/hashicorp/aws\"]",
      "instances": [
        {
          "schema_version": 0,
          "attributes": {
            "content_handling": "",
            "http_method": "POST",
            "id": "agir-pc1plkgnbd-2qsucn-POST-400",
            "region": "us-east-1",
            "resource_id": "2qsucn",
            "response_parameters": {},
            "response_templates": {},
            "rest_api_id": "pc1plkgnbd",
            "selection_pattern": "400",
            "status_code": "400"
          },
          "sensitive_attributes": [],
          "identity_schema_version": 0,
          "private": "bnVsbA==",
          "dependencies": [
            "module.api_gateway.aws_api_gateway_integration.artifact_type_post",
            "module.api_gateway.aws_api_gateway_method.artifact_type_post",
            "module.api_gateway.aws_api_gateway_method_response.artifact_type_post_400",
            "module.api_gateway.aws_api_gateway_resource.artifact",
            "module.api_gateway.aws_api_gateway_resource.artifact_type",
            "module.api_gateway.aws_api_gateway_rest_api.main_api",
            "module.ecs.aws_lb.validator_lb",
            "module.ecs.aws_security_group.validator_sg",
            "module.ecs.aws_subnet.validator_subnet_1",
            "module.ecs.aws_subnet.validator_subnet_2",
            "module.ecs.aws_vpc.validator_vpc"
          ]
        }
      ]
    },
    {
      "module": "module.api_gateway",
      "mode": "managed",
      "type": "aws_api_gateway_integration_response",
      "name": "artifact_type_post_403",
      "provider": "provider[\"registry.terraform.io/hashicorp/aws\"]",
      "instances": [
        {
          "schema_version": 0,
          "attributes": {
            "content_handling": "",
            "http_method": "POST",
            "id": "agir-pc1plkgnbd-2qsucn-POST-403",
            "region": "us-east-1",
            "resource_id": "2qsucn",
            "response_parameters": {},
            "response_templates": {},
            "rest_api_id": "pc1plkgnbd",
            "selection_pattern": "403",
            "status_code": "403"
          },
          "sensitive_attributes": [],
          "identity_schema_version": 0,
          "private": "bnVsbA==",
          "dependencies": [
            "module.api_gateway.aws_api_gateway_integration.artifact_type_post",
            "module.api_gateway.aws_api_gateway_method.artifact_type_post",
            "module.api_gateway.aws_api_gateway_method_response.artifact_type_post_403",
            "module.api_gateway.aws_api_gateway_resource.artifact",
            "module.api_gateway.aws_api_gateway_resource.artifact_type",
            "module.api_gateway.aws_api_gateway_rest_api.main_api",
            "module.ecs.aws_lb.validator_lb",
            "module.ecs.aws_security_group.validator_sg",
            "module.ecs.aws_subnet.validator_subnet_1",
            "module.ecs.aws_subnet.validator_subnet_2",
            "module.ecs.aws_vpc.validator_vpc"
          ]
        }
      ]
    },
    {
      "module": "module.api_gateway",
      "mode": "managed",
      "type": "aws_api_gateway_integration_response",
      "name": "artifact_type_post_409",
      "provider": "provider[\"registry.terraform.io/hashicorp/aws\"]",
      "instances": [
        {
          "schema_version": 0,
          "attributes": {
            "content_handling": "",
            "http_method": "POST",
            "id": "agir-pc1plkgnbd-2qsucn-POST-409",
            "region": "us-east-1",
            "resource_id": "2qsucn",
            "response_parameters": {},
            "response_templates": {},
            "rest_api_id": "pc1plkgnbd",
            "selection_pattern": "409",
            "status_code": "409"
          },
          "sensitive_attributes": [],
          "identity_schema_version": 0,
          "private": "bnVsbA==",
          "dependencies": [
            "module.api_gateway.aws_api_gateway_integration.artifact_type_post",
            "module.api_gateway.aws_api_gateway_method.artifact_type_post",
            "module.api_gateway.aws_api_gateway_method_response.artifact_type_post_409",
            "module.api_gateway.aws_api_gateway_resource.artifact",
            "module.api_gateway.aws_api_gateway_resource.artifact_type",
            "module.api_gateway.aws_api_gateway_rest_api.main_api",
            "module.ecs.aws_lb.validator_lb",
            "module.ecs.aws_security_group.validator_sg",
            "module.ecs.aws_subnet.validator_subnet_1",
            "module.ecs.aws_subnet.validator_subnet_2",
            "module.ecs.aws_vpc.validator_vpc"
          ]
        }
      ]
    },
    {
      "module": "module.api_gateway",
      "mode": "managed",
      "type": "aws_api_gateway_integration_response",
      "name": "artifact_type_post_424",
      "provider": "provider[\"registry.terraform.io/hashicorp/aws\"]",
      "instances": [
        {
          "schema_version": 0,
          "attributes": {
            "content_handling": "",
            "http_method": "POST",
            "id": "agir-pc1plkgnbd-2qsucn-POST-424",
            "region": "us-east-1",
            "resource_id": "2qsucn",
            "response_parameters": {},
            "response_templates": {},
            "rest_api_id": "pc1plkgnbd",
            "selection_pattern": "424",
            "status_code": "424"
          },
          "sensitive_attributes": [],
          "identity_schema_version": 0,
          "private": "bnVsbA==",
          "dependencies": [
            "module.api_gateway.aws_api_gateway_integration.artifact_type_post",
            "module.api_gateway.aws_api_gateway_method.artifact_type_post",
            "module.api_gateway.aws_api_gateway_method_response.artifact_type_post_424",
            "module.api_gateway.aws_api_gateway_resource.artifact",
            "module.api_gateway.aws_api_gateway_resource.artifact_type",
            "module.api_gateway.aws_api_gateway_rest_api.main_api",
            "module.ecs.aws_lb.validator_lb",
            "module.ecs.aws_security_group.validator_sg",
            "module.ecs.aws_subnet.validator_subnet_1",
            "module.ecs.aws_subnet.validator_subnet_2",
            "module.ecs.aws_vpc.validator_vpc"
          ]
        }
      ]
    },
    {
      "module": "module.api_gateway",
      "mode": "managed",
      "type": "aws_api_gateway_integration_response",
      "name": "artifacts_options_200",
      "provider": "provider[\"registry.terraform.io/hashicorp/aws\"]",
      "instances": [
        {
          "schema_version": 0,
          "attributes": {
            "content_handling": "",
            "http_method": "OPTIONS",
            "id": "agir-pc1plkgnbd-l3zo3u-OPTIONS-200",
            "region": "us-east-1",
            "resource_id": "l3zo3u",
            "response_parameters": {
              "method.response.header.Access-Control-Allow-Headers": "'Content-Type,X-Amz-Date,Authorization,X-Api-Key,X-Amz-Security-Token,X-Authorization'",
              "method.response.header.Access-Control-Allow-Methods": "'POST,OPTIONS'",
              "method.response.header.Access-Control-Allow-Origin": "'*'"
            },
            "response_templates": {},
            "rest_api_id": "pc1plkgnbd",
            "selection_pattern": "",
            "status_code": "200"
          },
          "sensitive_attributes": [],
          "identity_schema_version": 0,
          "private": "bnVsbA==",
          "dependencies": [
            "module.api_gateway.aws_api_gateway_integration.artifacts_options",
            "module.api_gateway.aws_api_gateway_method.artifacts_options",
            "module.api_gateway.aws_api_gateway_method_response.artifacts_options_200",
            "module.api_gateway.aws_api_gateway_resource.artifacts",
            "module.api_gateway.aws_api_gateway_rest_api.main_api"
          ],
          "create_before_destroy": true
        }
      ]
    },
    {
      "module": "module.api_gateway",
      "mode": "managed",
      "type": "aws_api_gateway_integration_response",
      "name": "artifacts_post_200",
      "provider": "provider[\"registry.terraform.io/hashicorp/aws\"]",
      "instances": [
        {
          "schema_version": 0,
          "attributes": {
            "content_handling": "",
            "http_method": "POST",
            "id": "agir-pc1plkgnbd-l3zo3u-POST-200",
            "region": "us-east-1",
            "resource_id": "l3zo3u",
            "response_parameters": {
              "method.response.header.offset": "integration.response.header.offset"
            },
            "response_templates": {},
            "rest_api_id": "pc1plkgnbd",
            "selection_pattern": "200",
            "status_code": "200"
          },
          "sensitive_attributes": [],
          "identity_schema_version": 0,
          "private": "bnVsbA==",
          "dependencies": [
            "module.api_gateway.aws_api_gateway_integration.artifacts_post",
            "module.api_gateway.aws_api_gateway_method.artifacts_post",
            "module.api_gateway.aws_api_gateway_method_response.artifacts_post_200",
            "module.api_gateway.aws_api_gateway_resource.artifacts",
            "module.api_gateway.aws_api_gateway_rest_api.main_api",
            "module.ecs.aws_lb.validator_lb",
            "module.ecs.aws_security_group.validator_sg",
            "module.ecs.aws_subnet.validator_subnet_1",
            "module.ecs.aws_subnet.validator_subnet_2",
            "module.ecs.aws_vpc.validator_vpc"
          ]
        }
      ]
    },
    {
      "module": "module.api_gateway",
      "mode": "managed",
      "type": "aws_api_gateway_integration_response",
      "name": "artifacts_post_400",
      "provider": "provider[\"registry.terraform.io/hashicorp/aws\"]",
      "instances": [
        {
          "schema_version": 0,
          "attributes": {
            "content_handling": "",
            "http_method": "POST",
            "id": "agir-pc1plkgnbd-l3zo3u-POST-400",
            "region": "us-east-1",
            "resource_id": "l3zo3u",
            "response_parameters": {},
            "response_templates": {},
            "rest_api_id": "pc1plkgnbd",
            "selection_pattern": "400",
            "status_code": "400"
          },
          "sensitive_attributes": [],
          "identity_schema_version": 0,
          "private": "bnVsbA==",
          "dependencies": [
            "module.api_gateway.aws_api_gateway_integration.artifacts_post",
            "module.api_gateway.aws_api_gateway_method.artifacts_post",
            "module.api_gateway.aws_api_gateway_method_response.artifacts_post_400",
            "module.api_gateway.aws_api_gateway_resource.artifacts",
            "module.api_gateway.aws_api_gateway_rest_api.main_api",
            "module.ecs.aws_lb.validator_lb",
            "module.ecs.aws_security_group.validator_sg",
            "module.ecs.aws_subnet.validator_subnet_1",
            "module.ecs.aws_subnet.validator_subnet_2",
            "module.ecs.aws_vpc.validator_vpc"
          ]
        }
      ]
    },
    {
      "module": "module.api_gateway",
      "mode": "managed",
      "type": "aws_api_gateway_integration_response",
      "name": "artifacts_post_403",
      "provider": "provider[\"registry.terraform.io/hashicorp/aws\"]",
      "instances": [
        {
          "schema_version": 0,
          "attributes": {
            "content_handling": "",
            "http_method": "POST",
            "id": "agir-pc1plkgnbd-l3zo3u-POST-403",
            "region": "us-east-1",
            "resource_id": "l3zo3u",
            "response_parameters": {},
            "response_templates": {},
            "rest_api_id": "pc1plkgnbd",
            "selection_pattern": "403",
            "status_code": "403"
          },
          "sensitive_attributes": [],
          "identity_schema_version": 0,
          "private": "bnVsbA==",
          "dependencies": [
            "module.api_gateway.aws_api_gateway_integration.artifacts_post",
            "module.api_gateway.aws_api_gateway_method.artifacts_post",
            "module.api_gateway.aws_api_gateway_method_response.artifacts_post_403",
            "module.api_gateway.aws_api_gateway_resource.artifacts",
            "module.api_gateway.aws_api_gateway_rest_api.main_api",
            "module.ecs.aws_lb.validator_lb",
            "module.ecs.aws_security_group.validator_sg",
            "module.ecs.aws_subnet.validator_subnet_1",
            "module.ecs.aws_subnet.validator_subnet_2",
            "module.ecs.aws_vpc.validator_vpc"
          ]
        }
      ]
    },
    {
      "module": "module.api_gateway",
      "mode": "managed",
      "type": "aws_api_gateway_integration_response",
      "name": "artifacts_post_413",
      "provider": "provider[\"registry.terraform.io/hashicorp/aws\"]",
      "instances": [
        {
          "schema_version": 0,
          "attributes": {
            "content_handling": "",
            "http_method": "POST",
            "id": "agir-pc1plkgnbd-l3zo3u-POST-413",
            "region": "us-east-1",
            "resource_id": "l3zo3u",
            "response_parameters": {},
            "response_templates": {},
            "rest_api_id": "pc1plkgnbd",
            "selection_pattern": "413",
            "status_code": "413"
          },
          "sensitive_attributes": [],
          "identity_schema_version": 0,
          "private": "bnVsbA==",
          "dependencies": [
            "module.api_gateway.aws_api_gateway_integration.artifacts_post",
            "module.api_gateway.aws_api_gateway_method.artifacts_post",
            "module.api_gateway.aws_api_gateway_method_response.artifacts_post_413",
            "module.api_gateway.aws_api_gateway_resource.artifacts",
            "module.api_gateway.aws_api_gateway_rest_api.main_api",
            "module.ecs.aws_lb.validator_lb",
            "module.ecs.aws_security_group.validator_sg",
            "module.ecs.aws_subnet.validator_subnet_1",
            "module.ecs.aws_subnet.validator_subnet_2",
            "module.ecs.aws_vpc.validator_vpc"
          ]
        }
      ]
    },
    {
      "module": "module.api_gateway",
      "mode": "managed",
      "type": "aws_api_gateway_integration_response",
      "name": "artifacts_type_id_delete_200",
      "provider": "provider[\"registry.terraform.io/hashicorp/aws\"]",
      "instances": [
        {
          "schema_version": 0,
          "attributes": {
            "content_handling": "",
            "http_method": "DELETE",
            "id": "agir-pc1plkgnbd-act92r-DELETE-200",
            "region": "us-east-1",
            "resource_id": "act92r",
            "response_parameters": {},
            "response_templates": {},
            "rest_api_id": "pc1plkgnbd",
            "selection_pattern": "200",
            "status_code": "200"
          },
          "sensitive_attributes": [],
          "identity_schema_version": 0,
          "private": "bnVsbA==",
          "dependencies": [
            "module.api_gateway.aws_api_gateway_integration.artifacts_type_id_delete",
            "module.api_gateway.aws_api_gateway_method.artifacts_type_id_delete",
            "module.api_gateway.aws_api_gateway_method_response.artifacts_type_id_delete_200",
            "module.api_gateway.aws_api_gateway_resource.artifacts",
            "module.api_gateway.aws_api_gateway_resource.artifacts_type",
            "module.api_gateway.aws_api_gateway_resource.artifacts_type_id",
            "module.api_gateway.aws_api_gateway_rest_api.main_api",
            "module.ecs.aws_lb.validator_lb",
            "module.ecs.aws_security_group.validator_sg",
            "module.ecs.aws_subnet.validator_subnet_1",
            "module.ecs.aws_subnet.validator_subnet_2",
            "module.ecs.aws_vpc.validator_vpc"
          ]
        }
      ]
    },
    {
      "module": "module.api_gateway",
      "mode": "managed",
      "type": "aws_api_gateway_integration_response",
      "name": "artifacts_type_id_delete_400",
      "provider": "provider[\"registry.terraform.io/hashicorp/aws\"]",
      "instances": [
        {
          "schema_version": 0,
          "attributes": {
            "content_handling": "",
            "http_method": "DELETE",
            "id": "agir-pc1plkgnbd-act92r-DELETE-400",
            "region": "us-east-1",
            "resource_id": "act92r",
            "response_parameters": {},
            "response_templates": {},
            "rest_api_id": "pc1plkgnbd",
            "selection_pattern": "400",
            "status_code": "400"
          },
          "sensitive_attributes": [],
          "identity_schema_version": 0,
          "private": "bnVsbA==",
          "dependencies": [
            "module.api_gateway.aws_api_gateway_integration.artifacts_type_id_delete",
            "module.api_gateway.aws_api_gateway_method.artifacts_type_id_delete",
            "module.api_gateway.aws_api_gateway_method_response.artifacts_type_id_delete_400",
            "module.api_gateway.aws_api_gateway_resource.artifacts",
            "module.api_gateway.aws_api_gateway_resource.artifacts_type",
            "module.api_gateway.aws_api_gateway_resource.artifacts_type_id",
            "module.api_gateway.aws_api_gateway_rest_api.main_api",
            "module.ecs.aws_lb.validator_lb",
            "module.ecs.aws_security_group.validator_sg",
            "module.ecs.aws_subnet.validator_subnet_1",
            "module.ecs.aws_subnet.validator_subnet_2",
            "module.ecs.aws_vpc.validator_vpc"
          ]
        }
      ]
    },
    {
      "module": "module.api_gateway",
      "mode": "managed",
      "type": "aws_api_gateway_integration_response",
      "name": "artifacts_type_id_delete_403",
      "provider": "provider[\"registry.terraform.io/hashicorp/aws\"]",
      "instances": [
        {
          "schema_version": 0,
          "attributes": {
            "content_handling": "",
            "http_method": "DELETE",
            "id": "agir-pc1plkgnbd-act92r-DELETE-403",
            "region": "us-east-1",
            "resource_id": "act92r",
            "response_parameters": {},
            "response_templates": {},
            "rest_api_id": "pc1plkgnbd",
            "selection_pattern": "403",
            "status_code": "403"
          },
          "sensitive_attributes": [],
          "identity_schema_version": 0,
          "private": "bnVsbA==",
          "dependencies": [
            "module.api_gateway.aws_api_gateway_integration.artifacts_type_id_delete",
            "module.api_gateway.aws_api_gateway_method.artifacts_type_id_delete",
            "module.api_gateway.aws_api_gateway_method_response.artifacts_type_id_delete_403",
            "module.api_gateway.aws_api_gateway_resource.artifacts",
            "module.api_gateway.aws_api_gateway_resource.artifacts_type",
            "module.api_gateway.aws_api_gateway_resource.artifacts_type_id",
            "module.api_gateway.aws_api_gateway_rest_api.main_api",
            "module.ecs.aws_lb.validator_lb",
            "module.ecs.aws_security_group.validator_sg",
            "module.ecs.aws_subnet.validator_subnet_1",
            "module.ecs.aws_subnet.validator_subnet_2",
            "module.ecs.aws_vpc.validator_vpc"
          ]
        }
      ]
    },
    {
      "module": "module.api_gateway",
      "mode": "managed",
      "type": "aws_api_gateway_integration_response",
      "name": "artifacts_type_id_delete_404",
      "provider": "provider[\"registry.terraform.io/hashicorp/aws\"]",
      "instances": [
        {
          "schema_version": 0,
          "attributes": {
            "content_handling": "",
            "http_method": "DELETE",
            "id": "agir-pc1plkgnbd-act92r-DELETE-404",
            "region": "us-east-1",
            "resource_id": "act92r",
            "response_parameters": {},
            "response_templates": {},
            "rest_api_id": "pc1plkgnbd",
            "selection_pattern": "404",
            "status_code": "404"
          },
          "sensitive_attributes": [],
          "identity_schema_version": 0,
          "private": "bnVsbA==",
          "dependencies": [
            "module.api_gateway.aws_api_gateway_integration.artifacts_type_id_delete",
            "module.api_gateway.aws_api_gateway_method.artifacts_type_id_delete",
            "module.api_gateway.aws_api_gateway_method_response.artifacts_type_id_delete_404",
            "module.api_gateway.aws_api_gateway_resource.artifacts",
            "module.api_gateway.aws_api_gateway_resource.artifacts_type",
            "module.api_gateway.aws_api_gateway_resource.artifacts_type_id",
            "module.api_gateway.aws_api_gateway_rest_api.main_api",
            "module.ecs.aws_lb.validator_lb",
            "module.ecs.aws_security_group.validator_sg",
            "module.ecs.aws_subnet.validator_subnet_1",
            "module.ecs.aws_subnet.validator_subnet_2",
            "module.ecs.aws_vpc.validator_vpc"
          ]
        }
      ]
    },
    {
      "module": "module.api_gateway",
      "mode": "managed",
      "type": "aws_api_gateway_integration_response",
      "name": "artifacts_type_id_get_200",
      "provider": "provider[\"registry.terraform.io/hashicorp/aws\"]",
      "instances": [
        {
          "schema_version": 0,
          "attributes": {
            "content_handling": "",
            "http_method": "GET",
            "id": "agir-pc1plkgnbd-act92r-GET-200",
            "region": "us-east-1",
            "resource_id": "act92r",
            "response_parameters": {},
            "response_templates": {},
            "rest_api_id": "pc1plkgnbd",
            "selection_pattern": "200",
            "status_code": "200"
          },
          "sensitive_attributes": [],
          "identity_schema_version": 0,
          "private": "bnVsbA==",
          "dependencies": [
            "module.api_gateway.aws_api_gateway_integration.artifacts_type_id_get",
            "module.api_gateway.aws_api_gateway_method.artifacts_type_id_get",
            "module.api_gateway.aws_api_gateway_method_response.artifacts_type_id_get_200",
            "module.api_gateway.aws_api_gateway_resource.artifacts",
            "module.api_gateway.aws_api_gateway_resource.artifacts_type",
            "module.api_gateway.aws_api_gateway_resource.artifacts_type_id",
            "module.api_gateway.aws_api_gateway_rest_api.main_api",
            "module.ecs.aws_lb.validator_lb",
            "module.ecs.aws_security_group.validator_sg",
            "module.ecs.aws_subnet.validator_subnet_1",
            "module.ecs.aws_subnet.validator_subnet_2",
            "module.ecs.aws_vpc.validator_vpc"
          ]
        }
      ]
    },
    {
      "module": "module.api_gateway",
      "mode": "managed",
      "type": "aws_api_gateway_integration_response",
      "name": "artifacts_type_id_get_400",
      "provider": "provider[\"registry.terraform.io/hashicorp/aws\"]",
      "instances": [
        {
          "schema_version": 0,
          "attributes": {
            "content_handling": "",
            "http_method": "GET",
            "id": "agir-pc1plkgnbd-act92r-GET-400",
            "region": "us-east-1",
            "resource_id": "act92r",
            "response_parameters": {},
            "response_templates": {},
            "rest_api_id": "pc1plkgnbd",
            "selection_pattern": "400",
            "status_code": "400"
          },
          "sensitive_attributes": [],
          "identity_schema_version": 0,
          "private": "bnVsbA==",
          "dependencies": [
            "module.api_gateway.aws_api_gateway_integration.artifacts_type_id_get",
            "module.api_gateway.aws_api_gateway_method.artifacts_type_id_get",
            "module.api_gateway.aws_api_gateway_method_response.artifacts_type_id_get_400",
            "module.api_gateway.aws_api_gateway_resource.artifacts",
            "module.api_gateway.aws_api_gateway_resource.artifacts_type",
            "module.api_gateway.aws_api_gateway_resource.artifacts_type_id",
            "module.api_gateway.aws_api_gateway_rest_api.main_api",
            "module.ecs.aws_lb.validator_lb",
            "module.ecs.aws_security_group.validator_sg",
            "module.ecs.aws_subnet.validator_subnet_1",
            "module.ecs.aws_subnet.validator_subnet_2",
            "module.ecs.aws_vpc.validator_vpc"
          ]
        }
      ]
    },
    {
      "module": "module.api_gateway",
      "mode": "managed",
      "type": "aws_api_gateway_integration_response",
      "name": "artifacts_type_id_get_403",
      "provider": "provider[\"registry.terraform.io/hashicorp/aws\"]",
      "instances": [
        {
          "schema_version": 0,
          "attributes": {
            "content_handling": "",
            "http_method": "GET",
            "id": "agir-pc1plkgnbd-act92r-GET-403",
            "region": "us-east-1",
            "resource_id": "act92r",
            "response_parameters": {},
            "response_templates": {},
            "rest_api_id": "pc1plkgnbd",
            "selection_pattern": "403",
            "status_code": "403"
          },
          "sensitive_attributes": [],
          "identity_schema_version": 0,
          "private": "bnVsbA==",
          "dependencies": [
            "module.api_gateway.aws_api_gateway_integration.artifacts_type_id_get",
            "module.api_gateway.aws_api_gateway_method.artifacts_type_id_get",
            "module.api_gateway.aws_api_gateway_method_response.artifacts_type_id_get_403",
            "module.api_gateway.aws_api_gateway_resource.artifacts",
            "module.api_gateway.aws_api_gateway_resource.artifacts_type",
            "module.api_gateway.aws_api_gateway_resource.artifacts_type_id",
            "module.api_gateway.aws_api_gateway_rest_api.main_api",
            "module.ecs.aws_lb.validator_lb",
            "module.ecs.aws_security_group.validator_sg",
            "module.ecs.aws_subnet.validator_subnet_1",
            "module.ecs.aws_subnet.validator_subnet_2",
            "module.ecs.aws_vpc.validator_vpc"
          ]
        }
      ]
    },
    {
      "module": "module.api_gateway",
      "mode": "managed",
      "type": "aws_api_gateway_integration_response",
      "name": "artifacts_type_id_get_404",
      "provider": "provider[\"registry.terraform.io/hashicorp/aws\"]",
      "instances": [
        {
          "schema_version": 0,
          "attributes": {
            "content_handling": "",
            "http_method": "GET",
            "id": "agir-pc1plkgnbd-act92r-GET-404",
            "region": "us-east-1",
            "resource_id": "act92r",
            "response_parameters": {},
            "response_templates": {},
            "rest_api_id": "pc1plkgnbd",
            "selection_pattern": "404",
            "status_code": "404"
          },
          "sensitive_attributes": [],
          "identity_schema_version": 0,
          "private": "bnVsbA==",
          "dependencies": [
            "module.api_gateway.aws_api_gateway_integration.artifacts_type_id_get",
            "module.api_gateway.aws_api_gateway_method.artifacts_type_id_get",
            "module.api_gateway.aws_api_gateway_method_response.artifacts_type_id_get_404",
            "module.api_gateway.aws_api_gateway_resource.artifacts",
            "module.api_gateway.aws_api_gateway_resource.artifacts_type",
            "module.api_gateway.aws_api_gateway_resource.artifacts_type_id",
            "module.api_gateway.aws_api_gateway_rest_api.main_api",
            "module.ecs.aws_lb.validator_lb",
            "module.ecs.aws_security_group.validator_sg",
            "module.ecs.aws_subnet.validator_subnet_1",
            "module.ecs.aws_subnet.validator_subnet_2",
            "module.ecs.aws_vpc.validator_vpc"
          ]
        }
      ]
    },
    {
      "module": "module.api_gateway",
      "mode": "managed",
      "type": "aws_api_gateway_integration_response",
      "name": "artifacts_type_id_put_200",
      "provider": "provider[\"registry.terraform.io/hashicorp/aws\"]",
      "instances": [
        {
          "schema_version": 0,
          "attributes": {
            "content_handling": "",
            "http_method": "PUT",
            "id": "agir-pc1plkgnbd-act92r-PUT-200",
            "region": "us-east-1",
            "resource_id": "act92r",
            "response_parameters": {},
            "response_templates": {},
            "rest_api_id": "pc1plkgnbd",
            "selection_pattern": "200",
            "status_code": "200"
          },
          "sensitive_attributes": [],
          "identity_schema_version": 0,
          "private": "bnVsbA==",
          "dependencies": [
            "module.api_gateway.aws_api_gateway_integration.artifacts_type_id_put",
            "module.api_gateway.aws_api_gateway_method.artifacts_type_id_put",
            "module.api_gateway.aws_api_gateway_method_response.artifacts_type_id_put_200",
            "module.api_gateway.aws_api_gateway_resource.artifacts",
            "module.api_gateway.aws_api_gateway_resource.artifacts_type",
            "module.api_gateway.aws_api_gateway_resource.artifacts_type_id",
            "module.api_gateway.aws_api_gateway_rest_api.main_api",
            "module.ecs.aws_lb.validator_lb",
            "module.ecs.aws_security_group.validator_sg",
            "module.ecs.aws_subnet.validator_subnet_1",
            "module.ecs.aws_subnet.validator_subnet_2",
            "module.ecs.aws_vpc.validator_vpc"
          ]
        }
      ]
    },
    {
      "module": "module.api_gateway",
      "mode": "managed",
      "type": "aws_api_gateway_integration_response",
      "name": "artifacts_type_id_put_400",
      "provider": "provider[\"registry.terraform.io/hashicorp/aws\"]",
      "instances": [
        {
          "schema_version": 0,
          "attributes": {
            "content_handling": "",
            "http_method": "PUT",
            "id": "agir-pc1plkgnbd-act92r-PUT-400",
            "region": "us-east-1",
            "resource_id": "act92r",
            "response_parameters": {},
            "response_templates": {},
            "rest_api_id": "pc1plkgnbd",
            "selection_pattern": "400",
            "status_code": "400"
          },
          "sensitive_attributes": [],
          "identity_schema_version": 0,
          "private": "bnVsbA==",
          "dependencies": [
            "module.api_gateway.aws_api_gateway_integration.artifacts_type_id_put",
            "module.api_gateway.aws_api_gateway_method.artifacts_type_id_put",
            "module.api_gateway.aws_api_gateway_method_response.artifacts_type_id_put_400",
            "module.api_gateway.aws_api_gateway_resource.artifacts",
            "module.api_gateway.aws_api_gateway_resource.artifacts_type",
            "module.api_gateway.aws_api_gateway_resource.artifacts_type_id",
            "module.api_gateway.aws_api_gateway_rest_api.main_api",
            "module.ecs.aws_lb.validator_lb",
            "module.ecs.aws_security_group.validator_sg",
            "module.ecs.aws_subnet.validator_subnet_1",
            "module.ecs.aws_subnet.validator_subnet_2",
            "module.ecs.aws_vpc.validator_vpc"
          ]
        }
      ]
    },
    {
      "module": "module.api_gateway",
      "mode": "managed",
      "type": "aws_api_gateway_integration_response",
      "name": "artifacts_type_id_put_403",
      "provider": "provider[\"registry.terraform.io/hashicorp/aws\"]",
      "instances": [
        {
          "schema_version": 0,
          "attributes": {
            "content_handling": "",
            "http_method": "PUT",
            "id": "agir-pc1plkgnbd-act92r-PUT-403",
            "region": "us-east-1",
            "resource_id": "act92r",
            "response_parameters": {},
            "response_templates": {},
            "rest_api_id": "pc1plkgnbd",
            "selection_pattern": "403",
            "status_code": "403"
          },
          "sensitive_attributes": [],
          "identity_schema_version": 0,
          "private": "bnVsbA==",
          "dependencies": [
            "module.api_gateway.aws_api_gateway_integration.artifacts_type_id_put",
            "module.api_gateway.aws_api_gateway_method.artifacts_type_id_put",
            "module.api_gateway.aws_api_gateway_method_response.artifacts_type_id_put_403",
            "module.api_gateway.aws_api_gateway_resource.artifacts",
            "module.api_gateway.aws_api_gateway_resource.artifacts_type",
            "module.api_gateway.aws_api_gateway_resource.artifacts_type_id",
            "module.api_gateway.aws_api_gateway_rest_api.main_api",
            "module.ecs.aws_lb.validator_lb",
            "module.ecs.aws_security_group.validator_sg",
            "module.ecs.aws_subnet.validator_subnet_1",
            "module.ecs.aws_subnet.validator_subnet_2",
            "module.ecs.aws_vpc.validator_vpc"
          ]
        }
      ]
    },
    {
      "module": "module.api_gateway",
      "mode": "managed",
      "type": "aws_api_gateway_integration_response",
      "name": "artifacts_type_id_put_404",
      "provider": "provider[\"registry.terraform.io/hashicorp/aws\"]",
      "instances": [
        {
          "schema_version": 0,
          "attributes": {
            "content_handling": "",
            "http_method": "PUT",
            "id": "agir-pc1plkgnbd-act92r-PUT-404",
            "region": "us-east-1",
            "resource_id": "act92r",
            "response_parameters": {},
            "response_templates": {},
            "rest_api_id": "pc1plkgnbd",
            "selection_pattern": "404",
            "status_code": "404"
          },
          "sensitive_attributes": [],
          "identity_schema_version": 0,
          "private": "bnVsbA==",
          "dependencies": [
            "module.api_gateway.aws_api_gateway_integration.artifacts_type_id_put",
            "module.api_gateway.aws_api_gateway_method.artifacts_type_id_put",
            "module.api_gateway.aws_api_gateway_method_response.artifacts_type_id_put_404",
            "module.api_gateway.aws_api_gateway_resource.artifacts",
            "module.api_gateway.aws_api_gateway_resource.artifacts_type",
            "module.api_gateway.aws_api_gateway_resource.artifacts_type_id",
            "module.api_gateway.aws_api_gateway_rest_api.main_api",
            "module.ecs.aws_lb.validator_lb",
            "module.ecs.aws_security_group.validator_sg",
            "module.ecs.aws_subnet.validator_subnet_1",
            "module.ecs.aws_subnet.validator_subnet_2",
            "module.ecs.aws_vpc.validator_vpc"
          ]
        }
      ]
    },
    {
      "module": "module.api_gateway",
      "mode": "managed",
      "type": "aws_api_gateway_integration_response",
      "name": "authenticate_options_200",
      "provider": "provider[\"registry.terraform.io/hashicorp/aws\"]",
      "instances": [
        {
          "schema_version": 0,
          "attributes": {
            "content_handling": "",
            "http_method": "OPTIONS",
            "id": "agir-pc1plkgnbd-2i5q4v-OPTIONS-200",
            "region": "us-east-1",
            "resource_id": "2i5q4v",
            "response_parameters": {
              "method.response.header.Access-Control-Allow-Headers": "'Content-Type,X-Amz-Date,Authorization,X-Api-Key,X-Amz-Security-Token,X-Authorization'",
              "method.response.header.Access-Control-Allow-Methods": "'PUT,OPTIONS'",
              "method.response.header.Access-Control-Allow-Origin": "'*'"
            },
            "response_templates": {},
            "rest_api_id": "pc1plkgnbd",
            "selection_pattern": "",
            "status_code": "200"
          },
          "sensitive_attributes": [],
          "identity_schema_version": 0,
          "private": "bnVsbA==",
          "dependencies": [
            "module.api_gateway.aws_api_gateway_integration.authenticate_options",
            "module.api_gateway.aws_api_gateway_method.authenticate_options",
            "module.api_gateway.aws_api_gateway_method_response.authenticate_options_200",
            "module.api_gateway.aws_api_gateway_resource.authenticate",
            "module.api_gateway.aws_api_gateway_rest_api.main_api"
          ],
          "create_before_destroy": true
        }
      ]
    },
    {
      "module": "module.api_gateway",
      "mode": "managed",
      "type": "aws_api_gateway_integration_response",
      "name": "authenticate_put_200",
      "provider": "provider[\"registry.terraform.io/hashicorp/aws\"]",
      "instances": [
        {
          "schema_version": 0,
          "attributes": {
            "content_handling": "",
            "http_method": "PUT",
            "id": "agir-pc1plkgnbd-2i5q4v-PUT-200",
            "region": "us-east-1",
            "resource_id": "2i5q4v",
            "response_parameters": {},
            "response_templates": {},
            "rest_api_id": "pc1plkgnbd",
            "selection_pattern": "200",
            "status_code": "200"
          },
          "sensitive_attributes": [],
          "identity_schema_version": 0,
          "private": "bnVsbA==",
          "dependencies": [
            "module.api_gateway.aws_api_gateway_integration.authenticate_put",
            "module.api_gateway.aws_api_gateway_method.authenticate_put",
            "module.api_gateway.aws_api_gateway_method_response.authenticate_put_200",
            "module.api_gateway.aws_api_gateway_resource.authenticate",
            "module.api_gateway.aws_api_gateway_rest_api.main_api",
            "module.ecs.aws_lb.validator_lb",
            "module.ecs.aws_security_group.validator_sg",
            "module.ecs.aws_subnet.validator_subnet_1",
            "module.ecs.aws_subnet.validator_subnet_2",
            "module.ecs.aws_vpc.validator_vpc"
          ]
        }
      ]
    },
    {
      "module": "module.api_gateway",
      "mode": "managed",
      "type": "aws_api_gateway_integration_response",
      "name": "authenticate_put_400",
      "provider": "provider[\"registry.terraform.io/hashicorp/aws\"]",
      "instances": [
        {
          "schema_version": 0,
          "attributes": {
            "content_handling": "",
            "http_method": "PUT",
            "id": "agir-pc1plkgnbd-2i5q4v-PUT-400",
            "region": "us-east-1",
            "resource_id": "2i5q4v",
            "response_parameters": {},
            "response_templates": {},
            "rest_api_id": "pc1plkgnbd",
            "selection_pattern": "400",
            "status_code": "400"
          },
          "sensitive_attributes": [],
          "identity_schema_version": 0,
          "private": "bnVsbA==",
          "dependencies": [
            "module.api_gateway.aws_api_gateway_integration.authenticate_put",
            "module.api_gateway.aws_api_gateway_method.authenticate_put",
            "module.api_gateway.aws_api_gateway_method_response.authenticate_put_400",
            "module.api_gateway.aws_api_gateway_resource.authenticate",
            "module.api_gateway.aws_api_gateway_rest_api.main_api",
            "module.ecs.aws_lb.validator_lb",
            "module.ecs.aws_security_group.validator_sg",
            "module.ecs.aws_subnet.validator_subnet_1",
            "module.ecs.aws_subnet.validator_subnet_2",
            "module.ecs.aws_vpc.validator_vpc"
          ]
        }
      ]
    },
    {
      "module": "module.api_gateway",
      "mode": "managed",
      "type": "aws_api_gateway_integration_response",
      "name": "directory_options_200",
      "provider": "provider[\"registry.terraform.io/hashicorp/aws\"]",
      "instances": [
        {
          "schema_version": 0,
          "attributes": {
            "content_handling": "",
            "http_method": "OPTIONS",
            "id": "agir-pc1plkgnbd-0cv1iq-OPTIONS-200",
            "region": "us-east-1",
            "resource_id": "0cv1iq",
            "response_parameters": {
              "method.response.header.Access-Control-Allow-Headers": "'Content-Type,X-Amz-Date,Authorization,X-Api-Key,X-Amz-Security-Token'",
              "method.response.header.Access-Control-Allow-Methods": "'GET,OPTIONS'",
              "method.response.header.Access-Control-Allow-Origin": "'*'"
            },
            "response_templates": {},
            "rest_api_id": "pc1plkgnbd",
            "selection_pattern": "",
            "status_code": "200"
          },
          "sensitive_attributes": [],
          "identity_schema_version": 0,
          "private": "bnVsbA==",
          "dependencies": [
            "module.api_gateway.aws_api_gateway_integration.directory_options",
            "module.api_gateway.aws_api_gateway_method.directory_options",
            "module.api_gateway.aws_api_gateway_method_response.directory_options_200",
            "module.api_gateway.aws_api_gateway_resource.directory",
            "module.api_gateway.aws_api_gateway_rest_api.main_api"
          ]
        }
      ]
    },
    {
      "module": "module.api_gateway",
      "mode": "managed",
      "type": "aws_api_gateway_integration_response",
      "name": "health_components_get_200",
      "provider": "provider[\"registry.terraform.io/hashicorp/aws\"]",
      "instances": [
        {
          "schema_version": 0,
          "attributes": {
            "content_handling": "",
            "http_method": "GET",
            "id": "agir-pc1plkgnbd-go5arl-GET-200",
            "region": "us-east-1",
            "resource_id": "go5arl",
            "response_parameters": {},
            "response_templates": {},
            "rest_api_id": "pc1plkgnbd",
            "selection_pattern": "200",
            "status_code": "200"
          },
          "sensitive_attributes": [],
          "identity_schema_version": 0,
          "private": "bnVsbA==",
          "dependencies": [
            "module.api_gateway.aws_api_gateway_integration.health_components_get",
            "module.api_gateway.aws_api_gateway_method.health_components_get",
            "module.api_gateway.aws_api_gateway_method_response.health_components_get_200",
            "module.api_gateway.aws_api_gateway_resource.health",
            "module.api_gateway.aws_api_gateway_resource.health_components",
            "module.api_gateway.aws_api_gateway_rest_api.main_api",
            "module.ecs.aws_lb.validator_lb",
            "module.ecs.aws_security_group.validator_sg",
            "module.ecs.aws_subnet.validator_subnet_1",
            "module.ecs.aws_subnet.validator_subnet_2",
            "module.ecs.aws_vpc.validator_vpc"
          ]
        }
      ]
    },
    {
      "module": "module.api_gateway",
      "mode": "managed",
      "type": "aws_api_gateway_integration_response",
      "name": "health_get_200",
      "provider": "provider[\"registry.terraform.io/hashicorp/aws\"]",
      "instances": [
        {
          "schema_version": 0,
          "attributes": {
            "content_handling": "",
            "http_method": "GET",
            "id": "agir-pc1plkgnbd-mvqmg2-GET-200",
            "region": "us-east-1",
            "resource_id": "mvqmg2",
            "response_parameters": {},
            "response_templates": {},
            "rest_api_id": "pc1plkgnbd",
            "selection_pattern": "200",
            "status_code": "200"
          },
          "sensitive_attributes": [],
          "identity_schema_version": 0,
          "private": "bnVsbA==",
          "dependencies": [
            "module.api_gateway.aws_api_gateway_integration.health_get",
            "module.api_gateway.aws_api_gateway_method.health_get",
            "module.api_gateway.aws_api_gateway_method_response.health_get_200",
            "module.api_gateway.aws_api_gateway_resource.health",
            "module.api_gateway.aws_api_gateway_rest_api.main_api",
            "module.ecs.aws_lb.validator_lb",
            "module.ecs.aws_security_group.validator_sg",
            "module.ecs.aws_subnet.validator_subnet_1",
            "module.ecs.aws_subnet.validator_subnet_2",
            "module.ecs.aws_vpc.validator_vpc"
          ]
        }
      ]
    },
    {
      "module": "module.api_gateway",
      "mode": "managed",
      "type": "aws_api_gateway_integration_response",
      "name": "health_performance_results_run_id_get_200",
      "provider": "provider[\"registry.terraform.io/hashicorp/aws\"]",
      "instances": [
        {
          "schema_version": 0,
          "attributes": {
            "content_handling": "",
            "http_method": "GET",
            "id": "agir-pc1plkgnbd-8b44nc-GET-200",
            "region": "us-east-1",
            "resource_id": "8b44nc",
            "response_parameters": {},
            "response_templates": {},
            "rest_api_id": "pc1plkgnbd",
            "selection_pattern": "200",
            "status_code": "200"
          },
          "sensitive_attributes": [],
          "identity_schema_version": 0,
          "private": "bnVsbA==",
          "dependencies": [
            "module.api_gateway.aws_api_gateway_integration.health_performance_results_run_id_get",
            "module.api_gateway.aws_api_gateway_method.health_performance_results_run_id_get",
            "module.api_gateway.aws_api_gateway_method_response.health_performance_results_run_id_get_200",
            "module.api_gateway.aws_api_gateway_resource.health",
            "module.api_gateway.aws_api_gateway_resource.health_performance",
            "module.api_gateway.aws_api_gateway_resource.health_performance_results",
            "module.api_gateway.aws_api_gateway_resource.health_performance_results_run_id",
            "module.api_gateway.aws_api_gateway_rest_api.main_api",
            "module.ecs.aws_lb.validator_lb",
            "module.ecs.aws_security_group.validator_sg",
            "module.ecs.aws_subnet.validator_subnet_1",
            "module.ecs.aws_subnet.validator_subnet_2",
            "module.ecs.aws_vpc.validator_vpc"
          ],
          "create_before_destroy": true
        }
      ]
    },
    {
      "module": "module.api_gateway",
      "mode": "managed",
      "type": "aws_api_gateway_integration_response",
      "name": "health_performance_results_run_id_get_404",
      "provider": "provider[\"registry.terraform.io/hashicorp/aws\"]",
      "instances": [
        {
          "schema_version": 0,
          "attributes": {
            "content_handling": "",
            "http_method": "GET",
            "id": "agir-pc1plkgnbd-8b44nc-GET-404",
            "region": "us-east-1",
            "resource_id": "8b44nc",
            "response_parameters": {},
            "response_templates": {},
            "rest_api_id": "pc1plkgnbd",
            "selection_pattern": "404",
            "status_code": "404"
          },
          "sensitive_attributes": [],
          "identity_schema_version": 0,
          "private": "bnVsbA==",
          "dependencies": [
            "module.api_gateway.aws_api_gateway_integration.health_performance_results_run_id_get",
            "module.api_gateway.aws_api_gateway_method.health_performance_results_run_id_get",
            "module.api_gateway.aws_api_gateway_method_response.health_performance_results_run_id_get_404",
            "module.api_gateway.aws_api_gateway_resource.health",
            "module.api_gateway.aws_api_gateway_resource.health_performance",
            "module.api_gateway.aws_api_gateway_resource.health_performance_results",
            "module.api_gateway.aws_api_gateway_resource.health_performance_results_run_id",
            "module.api_gateway.aws_api_gateway_rest_api.main_api",
            "module.ecs.aws_lb.validator_lb",
            "module.ecs.aws_security_group.validator_sg",
            "module.ecs.aws_subnet.validator_subnet_1",
            "module.ecs.aws_subnet.validator_subnet_2",
            "module.ecs.aws_vpc.validator_vpc"
          ],
          "create_before_destroy": true
        }
      ]
    },
    {
      "module": "module.api_gateway",
      "mode": "managed",
      "type": "aws_api_gateway_integration_response",
      "name": "health_performance_results_run_id_get_500",
      "provider": "provider[\"registry.terraform.io/hashicorp/aws\"]",
      "instances": [
        {
          "schema_version": 0,
          "attributes": {
            "content_handling": "",
            "http_method": "GET",
            "id": "agir-pc1plkgnbd-8b44nc-GET-500",
            "region": "us-east-1",
            "resource_id": "8b44nc",
            "response_parameters": {},
            "response_templates": {},
            "rest_api_id": "pc1plkgnbd",
            "selection_pattern": "500",
            "status_code": "500"
          },
          "sensitive_attributes": [],
          "identity_schema_version": 0,
          "private": "bnVsbA==",
          "dependencies": [
            "module.api_gateway.aws_api_gateway_integration.health_performance_results_run_id_get",
            "module.api_gateway.aws_api_gateway_method.health_performance_results_run_id_get",
            "module.api_gateway.aws_api_gateway_method_response.health_performance_results_run_id_get_500",
            "module.api_gateway.aws_api_gateway_resource.health",
            "module.api_gateway.aws_api_gateway_resource.health_performance",
            "module.api_gateway.aws_api_gateway_resource.health_performance_results",
            "module.api_gateway.aws_api_gateway_resource.health_performance_results_run_id",
            "module.api_gateway.aws_api_gateway_rest_api.main_api",
            "module.ecs.aws_lb.validator_lb",
            "module.ecs.aws_security_group.validator_sg",
            "module.ecs.aws_subnet.validator_subnet_1",
            "module.ecs.aws_subnet.validator_subnet_2",
            "module.ecs.aws_vpc.validator_vpc"
          ],
          "create_before_destroy": true
        }
      ]
    },
    {
      "module": "module.api_gateway",
      "mode": "managed",
      "type": "aws_api_gateway_integration_response",
      "name": "health_performance_workload_post_202",
      "provider": "provider[\"registry.terraform.io/hashicorp/aws\"]",
      "instances": [
        {
          "schema_version": 0,
          "attributes": {
            "content_handling": "",
            "http_method": "POST",
            "id": "agir-pc1plkgnbd-mhkb1e-POST-202",
            "region": "us-east-1",
            "resource_id": "mhkb1e",
            "response_parameters": {},
            "response_templates": {},
            "rest_api_id": "pc1plkgnbd",
            "selection_pattern": "202",
            "status_code": "202"
          },
          "sensitive_attributes": [],
          "identity_schema_version": 0,
          "private": "bnVsbA==",
          "dependencies": [
            "module.api_gateway.aws_api_gateway_integration.health_performance_workload_post",
            "module.api_gateway.aws_api_gateway_method.health_performance_workload_post",
            "module.api_gateway.aws_api_gateway_method_response.health_performance_workload_post_202",
            "module.api_gateway.aws_api_gateway_resource.health",
            "module.api_gateway.aws_api_gateway_resource.health_performance",
            "module.api_gateway.aws_api_gateway_resource.health_performance_workload",
            "module.api_gateway.aws_api_gateway_rest_api.main_api",
            "module.ecs.aws_lb.validator_lb",
            "module.ecs.aws_security_group.validator_sg",
            "module.ecs.aws_subnet.validator_subnet_1",
            "module.ecs.aws_subnet.validator_subnet_2",
            "module.ecs.aws_vpc.validator_vpc"
          ],
          "create_before_destroy": true
        }
      ]
    },
    {
      "module": "module.api_gateway",
      "mode": "managed",
      "type": "aws_api_gateway_integration_response",
      "name": "health_performance_workload_post_400",
      "provider": "provider[\"registry.terraform.io/hashicorp/aws\"]",
      "instances": [
        {
          "schema_version": 0,
          "attributes": {
            "content_handling": "",
            "http_method": "POST",
            "id": "agir-pc1plkgnbd-mhkb1e-POST-400",
            "region": "us-east-1",
            "resource_id": "mhkb1e",
            "response_parameters": {},
            "response_templates": {},
            "rest_api_id": "pc1plkgnbd",
            "selection_pattern": "400",
            "status_code": "400"
          },
          "sensitive_attributes": [],
          "identity_schema_version": 0,
          "private": "bnVsbA==",
          "dependencies": [
            "module.api_gateway.aws_api_gateway_integration.health_performance_workload_post",
            "module.api_gateway.aws_api_gateway_method.health_performance_workload_post",
            "module.api_gateway.aws_api_gateway_method_response.health_performance_workload_post_400",
            "module.api_gateway.aws_api_gateway_resource.health",
            "module.api_gateway.aws_api_gateway_resource.health_performance",
            "module.api_gateway.aws_api_gateway_resource.health_performance_workload",
            "module.api_gateway.aws_api_gateway_rest_api.main_api",
            "module.ecs.aws_lb.validator_lb",
            "module.ecs.aws_security_group.validator_sg",
            "module.ecs.aws_subnet.validator_subnet_1",
            "module.ecs.aws_subnet.validator_subnet_2",
            "module.ecs.aws_vpc.validator_vpc"
          ],
          "create_before_destroy": true
        }
      ]
    },
    {
      "module": "module.api_gateway",
      "mode": "managed",
      "type": "aws_api_gateway_integration_response",
      "name": "health_performance_workload_post_500",
      "provider": "provider[\"registry.terraform.io/hashicorp/aws\"]",
      "instances": [
        {
          "schema_version": 0,
          "attributes": {
            "content_handling": "",
            "http_method": "POST",
            "id": "agir-pc1plkgnbd-mhkb1e-POST-500",
            "region": "us-east-1",
            "resource_id": "mhkb1e",
            "response_parameters": {},
            "response_templates": {},
            "rest_api_id": "pc1plkgnbd",
            "selection_pattern": "500",
            "status_code": "500"
          },
          "sensitive_attributes": [],
          "identity_schema_version": 0,
          "private": "bnVsbA==",
          "dependencies": [
            "module.api_gateway.aws_api_gateway_integration.health_performance_workload_post",
            "module.api_gateway.aws_api_gateway_method.health_performance_workload_post",
            "module.api_gateway.aws_api_gateway_method_response.health_performance_workload_post_500",
            "module.api_gateway.aws_api_gateway_resource.health",
            "module.api_gateway.aws_api_gateway_resource.health_performance",
            "module.api_gateway.aws_api_gateway_resource.health_performance_workload",
            "module.api_gateway.aws_api_gateway_rest_api.main_api",
            "module.ecs.aws_lb.validator_lb",
            "module.ecs.aws_security_group.validator_sg",
            "module.ecs.aws_subnet.validator_subnet_1",
            "module.ecs.aws_subnet.validator_subnet_2",
            "module.ecs.aws_vpc.validator_vpc"
          ],
          "create_before_destroy": true
        }
      ]
    },
    {
      "module": "module.api_gateway",
      "mode": "managed",
      "type": "aws_api_gateway_integration_response",
      "name": "package_id_get_200",
      "provider": "provider[\"registry.terraform.io/hashicorp/aws\"]",
      "instances": [
        {
          "schema_version": 0,
          "attributes": {
            "content_handling": "",
            "http_method": "GET",
            "id": "agir-pc1plkgnbd-xk3sss-GET-200",
            "region": "us-east-1",
            "resource_id": "xk3sss",
            "response_parameters": {},
            "response_templates": {},
            "rest_api_id": "pc1plkgnbd",
            "selection_pattern": "200",
            "status_code": "200"
          },
          "sensitive_attributes": [],
          "identity_schema_version": 0,
          "private": "bnVsbA==",
          "dependencies": [
            "module.api_gateway.aws_api_gateway_integration.package_id_get",
            "module.api_gateway.aws_api_gateway_method.package_id_get",
            "module.api_gateway.aws_api_gateway_method_response.package_id_get_200",
            "module.api_gateway.aws_api_gateway_resource.package",
            "module.api_gateway.aws_api_gateway_resource.package_id",
            "module.api_gateway.aws_api_gateway_rest_api.main_api",
            "module.ecs.aws_lb.validator_lb",
            "module.ecs.aws_security_group.validator_sg",
            "module.ecs.aws_subnet.validator_subnet_1",
            "module.ecs.aws_subnet.validator_subnet_2",
            "module.ecs.aws_vpc.validator_vpc"
          ],
          "create_before_destroy": true
        }
      ]
    },
    {
      "module": "module.api_gateway",
      "mode": "managed",
      "type": "aws_api_gateway_integration_response",
      "name": "package_id_get_400",
      "provider": "provider[\"registry.terraform.io/hashicorp/aws\"]",
      "instances": [
        {
          "schema_version": 0,
          "attributes": {
            "content_handling": "",
            "http_method": "GET",
            "id": "agir-pc1plkgnbd-xk3sss-GET-400",
            "region": "us-east-1",
            "resource_id": "xk3sss",
            "response_parameters": {},
            "response_templates": {},
            "rest_api_id": "pc1plkgnbd",
            "selection_pattern": "400",
            "status_code": "400"
          },
          "sensitive_attributes": [],
          "identity_schema_version": 0,
          "private": "bnVsbA==",
          "dependencies": [
            "module.api_gateway.aws_api_gateway_integration.package_id_get",
            "module.api_gateway.aws_api_gateway_method.package_id_get",
            "module.api_gateway.aws_api_gateway_method_response.package_id_get_400",
            "module.api_gateway.aws_api_gateway_resource.package",
            "module.api_gateway.aws_api_gateway_resource.package_id",
            "module.api_gateway.aws_api_gateway_rest_api.main_api",
            "module.ecs.aws_lb.validator_lb",
            "module.ecs.aws_security_group.validator_sg",
            "module.ecs.aws_subnet.validator_subnet_1",
            "module.ecs.aws_subnet.validator_subnet_2",
            "module.ecs.aws_vpc.validator_vpc"
          ],
          "create_before_destroy": true
        }
      ]
    },
    {
      "module": "module.api_gateway",
      "mode": "managed",
      "type": "aws_api_gateway_integration_response",
      "name": "package_id_get_403",
      "provider": "provider[\"registry.terraform.io/hashicorp/aws\"]",
      "instances": [
        {
          "schema_version": 0,
          "attributes": {
            "content_handling": "",
            "http_method": "GET",
            "id": "agir-pc1plkgnbd-xk3sss-GET-403",
            "region": "us-east-1",
            "resource_id": "xk3sss",
            "response_parameters": {},
            "response_templates": {},
            "rest_api_id": "pc1plkgnbd",
            "selection_pattern": "403",
            "status_code": "403"
          },
          "sensitive_attributes": [],
          "identity_schema_version": 0,
          "private": "bnVsbA==",
          "dependencies": [
            "module.api_gateway.aws_api_gateway_integration.package_id_get",
            "module.api_gateway.aws_api_gateway_method.package_id_get",
            "module.api_gateway.aws_api_gateway_method_response.package_id_get_403",
            "module.api_gateway.aws_api_gateway_resource.package",
            "module.api_gateway.aws_api_gateway_resource.package_id",
            "module.api_gateway.aws_api_gateway_rest_api.main_api",
            "module.ecs.aws_lb.validator_lb",
            "module.ecs.aws_security_group.validator_sg",
            "module.ecs.aws_subnet.validator_subnet_1",
            "module.ecs.aws_subnet.validator_subnet_2",
            "module.ecs.aws_vpc.validator_vpc"
          ],
          "create_before_destroy": true
        }
      ]
    },
    {
      "module": "module.api_gateway",
      "mode": "managed",
      "type": "aws_api_gateway_integration_response",
      "name": "package_id_get_404",
      "provider": "provider[\"registry.terraform.io/hashicorp/aws\"]",
      "instances": [
        {
          "schema_version": 0,
          "attributes": {
            "content_handling": "",
            "http_method": "GET",
            "id": "agir-pc1plkgnbd-xk3sss-GET-404",
            "region": "us-east-1",
            "resource_id": "xk3sss",
            "response_parameters": {},
            "response_templates": {},
            "rest_api_id": "pc1plkgnbd",
            "selection_pattern": "404",
            "status_code": "404"
          },
          "sensitive_attributes": [],
          "identity_schema_version": 0,
          "private": "bnVsbA==",
          "dependencies": [
            "module.api_gateway.aws_api_gateway_integration.package_id_get",
            "module.api_gateway.aws_api_gateway_method.package_id_get",
            "module.api_gateway.aws_api_gateway_method_response.package_id_get_404",
            "module.api_gateway.aws_api_gateway_resource.package",
            "module.api_gateway.aws_api_gateway_resource.package_id",
            "module.api_gateway.aws_api_gateway_rest_api.main_api",
            "module.ecs.aws_lb.validator_lb",
            "module.ecs.aws_security_group.validator_sg",
            "module.ecs.aws_subnet.validator_subnet_1",
            "module.ecs.aws_subnet.validator_subnet_2",
            "module.ecs.aws_vpc.validator_vpc"
          ],
          "create_before_destroy": true
        }
      ]
    },
    {
      "module": "module.api_gateway",
      "mode": "managed",
      "type": "aws_api_gateway_integration_response",
      "name": "package_id_get_500",
      "provider": "provider[\"registry.terraform.io/hashicorp/aws\"]",
      "instances": [
        {
          "schema_version": 0,
          "attributes": {
            "content_handling": "",
            "http_method": "GET",
            "id": "agir-pc1plkgnbd-xk3sss-GET-500",
            "region": "us-east-1",
            "resource_id": "xk3sss",
            "response_parameters": {},
            "response_templates": {},
            "rest_api_id": "pc1plkgnbd",
            "selection_pattern": "500",
            "status_code": "500"
          },
          "sensitive_attributes": [],
          "identity_schema_version": 0,
          "private": "bnVsbA==",
          "dependencies": [
            "module.api_gateway.aws_api_gateway_integration.package_id_get",
            "module.api_gateway.aws_api_gateway_method.package_id_get",
            "module.api_gateway.aws_api_gateway_method_response.package_id_get_500",
            "module.api_gateway.aws_api_gateway_resource.package",
            "module.api_gateway.aws_api_gateway_resource.package_id",
            "module.api_gateway.aws_api_gateway_rest_api.main_api",
            "module.ecs.aws_lb.validator_lb",
            "module.ecs.aws_security_group.validator_sg",
            "module.ecs.aws_subnet.validator_subnet_1",
            "module.ecs.aws_subnet.validator_subnet_2",
            "module.ecs.aws_vpc.validator_vpc"
          ],
          "create_before_destroy": true
        }
      ]
    },
    {
      "module": "module.api_gateway",
      "mode": "managed",
      "type": "aws_api_gateway_integration_response",
      "name": "package_id_rate_get_200",
      "provider": "provider[\"registry.terraform.io/hashicorp/aws\"]",
      "instances": [
        {
          "schema_version": 0,
          "attributes": {
            "content_handling": "",
            "http_method": "GET",
            "id": "agir-pc1plkgnbd-vs0h0g-GET-200",
            "region": "us-east-1",
            "resource_id": "vs0h0g",
            "response_parameters": {},
            "response_templates": {},
            "rest_api_id": "pc1plkgnbd",
            "selection_pattern": "",
            "status_code": "200"
          },
          "sensitive_attributes": [],
          "identity_schema_version": 0,
          "private": "bnVsbA==",
          "dependencies": [
            "module.api_gateway.aws_api_gateway_integration.package_id_rate_get",
            "module.api_gateway.aws_api_gateway_method.package_id_rate_get",
            "module.api_gateway.aws_api_gateway_method_response.package_id_rate_get_200",
            "module.api_gateway.aws_api_gateway_resource.package",
            "module.api_gateway.aws_api_gateway_resource.package_id",
            "module.api_gateway.aws_api_gateway_resource.package_id_rate",
            "module.api_gateway.aws_api_gateway_rest_api.main_api",
            "module.ecs.aws_lb.validator_lb",
            "module.ecs.aws_security_group.validator_sg",
            "module.ecs.aws_subnet.validator_subnet_1",
            "module.ecs.aws_subnet.validator_subnet_2",
            "module.ecs.aws_vpc.validator_vpc"
          ],
          "create_before_destroy": true
        }
      ]
    },
    {
      "module": "module.api_gateway",
      "mode": "managed",
      "type": "aws_api_gateway_integration_response",
      "name": "package_id_rate_get_400",
      "provider": "provider[\"registry.terraform.io/hashicorp/aws\"]",
      "instances": [
        {
          "schema_version": 0,
          "attributes": {
            "content_handling": "",
            "http_method": "GET",
            "id": "agir-pc1plkgnbd-vs0h0g-GET-400",
            "region": "us-east-1",
            "resource_id": "vs0h0g",
            "response_parameters": {},
            "response_templates": {},
            "rest_api_id": "pc1plkgnbd",
            "selection_pattern": "400",
            "status_code": "400"
          },
          "sensitive_attributes": [],
          "identity_schema_version": 0,
          "private": "bnVsbA==",
          "dependencies": [
            "module.api_gateway.aws_api_gateway_integration.package_id_rate_get",
            "module.api_gateway.aws_api_gateway_method.package_id_rate_get",
            "module.api_gateway.aws_api_gateway_method_response.package_id_rate_get_400",
            "module.api_gateway.aws_api_gateway_resource.package",
            "module.api_gateway.aws_api_gateway_resource.package_id",
            "module.api_gateway.aws_api_gateway_resource.package_id_rate",
            "module.api_gateway.aws_api_gateway_rest_api.main_api",
            "module.ecs.aws_lb.validator_lb",
            "module.ecs.aws_security_group.validator_sg",
            "module.ecs.aws_subnet.validator_subnet_1",
            "module.ecs.aws_subnet.validator_subnet_2",
            "module.ecs.aws_vpc.validator_vpc"
          ],
          "create_before_destroy": true
        }
      ]
    },
    {
      "module": "module.api_gateway",
      "mode": "managed",
      "type": "aws_api_gateway_integration_response",
      "name": "package_id_rate_get_403",
      "provider": "provider[\"registry.terraform.io/hashicorp/aws\"]",
      "instances": [
        {
          "schema_version": 0,
          "attributes": {
            "content_handling": "",
            "http_method": "GET",
            "id": "agir-pc1plkgnbd-vs0h0g-GET-403",
            "region": "us-east-1",
            "resource_id": "vs0h0g",
            "response_parameters": {},
            "response_templates": {},
            "rest_api_id": "pc1plkgnbd",
            "selection_pattern": "403",
            "status_code": "403"
          },
          "sensitive_attributes": [],
          "identity_schema_version": 0,
          "private": "bnVsbA==",
          "dependencies": [
            "module.api_gateway.aws_api_gateway_integration.package_id_rate_get",
            "module.api_gateway.aws_api_gateway_method.package_id_rate_get",
            "module.api_gateway.aws_api_gateway_method_response.package_id_rate_get_403",
            "module.api_gateway.aws_api_gateway_resource.package",
            "module.api_gateway.aws_api_gateway_resource.package_id",
            "module.api_gateway.aws_api_gateway_resource.package_id_rate",
            "module.api_gateway.aws_api_gateway_rest_api.main_api",
            "module.ecs.aws_lb.validator_lb",
            "module.ecs.aws_security_group.validator_sg",
            "module.ecs.aws_subnet.validator_subnet_1",
            "module.ecs.aws_subnet.validator_subnet_2",
            "module.ecs.aws_vpc.validator_vpc"
          ],
          "create_before_destroy": true
        }
      ]
    },
    {
      "module": "module.api_gateway",
      "mode": "managed",
      "type": "aws_api_gateway_integration_response",
      "name": "package_id_rate_get_404",
      "provider": "provider[\"registry.terraform.io/hashicorp/aws\"]",
      "instances": [
        {
          "schema_version": 0,
          "attributes": {
            "content_handling": "",
            "http_method": "GET",
            "id": "agir-pc1plkgnbd-vs0h0g-GET-404",
            "region": "us-east-1",
            "resource_id": "vs0h0g",
            "response_parameters": {},
            "response_templates": {},
            "rest_api_id": "pc1plkgnbd",
            "selection_pattern": "404",
            "status_code": "404"
          },
          "sensitive_attributes": [],
          "identity_schema_version": 0,
          "private": "bnVsbA==",
          "dependencies": [
            "module.api_gateway.aws_api_gateway_integration.package_id_rate_get",
            "module.api_gateway.aws_api_gateway_method.package_id_rate_get",
            "module.api_gateway.aws_api_gateway_method_response.package_id_rate_get_404",
            "module.api_gateway.aws_api_gateway_resource.package",
            "module.api_gateway.aws_api_gateway_resource.package_id",
            "module.api_gateway.aws_api_gateway_resource.package_id_rate",
            "module.api_gateway.aws_api_gateway_rest_api.main_api",
            "module.ecs.aws_lb.validator_lb",
            "module.ecs.aws_security_group.validator_sg",
            "module.ecs.aws_subnet.validator_subnet_1",
            "module.ecs.aws_subnet.validator_subnet_2",
            "module.ecs.aws_vpc.validator_vpc"
          ],
          "create_before_destroy": true
        }
      ]
    },
    {
      "module": "module.api_gateway",
      "mode": "managed",
      "type": "aws_api_gateway_integration_response",
      "name": "package_id_rate_get_500",
      "provider": "provider[\"registry.terraform.io/hashicorp/aws\"]",
      "instances": [
        {
          "schema_version": 0,
          "attributes": {
            "content_handling": "",
            "http_method": "GET",
            "id": "agir-pc1plkgnbd-vs0h0g-GET-500",
            "region": "us-east-1",
            "resource_id": "vs0h0g",
            "response_parameters": {},
            "response_templates": {},
            "rest_api_id": "pc1plkgnbd",
            "selection_pattern": "500",
            "status_code": "500"
          },
          "sensitive_attributes": [],
          "identity_schema_version": 0,
          "private": "bnVsbA==",
          "dependencies": [
            "module.api_gateway.aws_api_gateway_integration.package_id_rate_get",
            "module.api_gateway.aws_api_gateway_method.package_id_rate_get",
            "module.api_gateway.aws_api_gateway_method_response.package_id_rate_get_500",
            "module.api_gateway.aws_api_gateway_resource.package",
            "module.api_gateway.aws_api_gateway_resource.package_id",
            "module.api_gateway.aws_api_gateway_resource.package_id_rate",
            "module.api_gateway.aws_api_gateway_rest_api.main_api",
            "module.ecs.aws_lb.validator_lb",
            "module.ecs.aws_security_group.validator_sg",
            "module.ecs.aws_subnet.validator_subnet_1",
            "module.ecs.aws_subnet.validator_subnet_2",
            "module.ecs.aws_vpc.validator_vpc"
          ],
          "create_before_destroy": true
        }
      ]
    },
    {
      "module": "module.api_gateway",
      "mode": "managed",
      "type": "aws_api_gateway_integration_response",
      "name": "reset_delete_200",
      "provider": "provider[\"registry.terraform.io/hashicorp/aws\"]",
      "instances": [
        {
          "schema_version": 0,
          "attributes": {
            "content_handling": "",
            "http_method": "DELETE",
            "id": "agir-pc1plkgnbd-kmlom9-DELETE-200",
            "region": "us-east-1",
            "resource_id": "kmlom9",
            "response_parameters": {},
            "response_templates": {},
            "rest_api_id": "pc1plkgnbd",
            "selection_pattern": "",
            "status_code": "200"
          },
          "sensitive_attributes": [],
          "identity_schema_version": 0,
          "private": "bnVsbA==",
          "dependencies": [
            "module.api_gateway.aws_api_gateway_integration.reset_delete",
            "module.api_gateway.aws_api_gateway_method.reset_delete",
            "module.api_gateway.aws_api_gateway_method_response.reset_delete_200",
            "module.api_gateway.aws_api_gateway_resource.reset",
            "module.api_gateway.aws_api_gateway_rest_api.main_api",
            "module.ecs.aws_lb.validator_lb",
            "module.ecs.aws_security_group.validator_sg",
            "module.ecs.aws_subnet.validator_subnet_1",
            "module.ecs.aws_subnet.validator_subnet_2",
            "module.ecs.aws_vpc.validator_vpc"
          ]
        }
      ]
    },
    {
      "module": "module.api_gateway",
      "mode": "managed",
      "type": "aws_api_gateway_integration_response",
      "name": "reset_delete_401",
      "provider": "provider[\"registry.terraform.io/hashicorp/aws\"]",
      "instances": [
        {
          "schema_version": 0,
          "attributes": {
            "content_handling": "",
            "http_method": "DELETE",
            "id": "agir-pc1plkgnbd-kmlom9-DELETE-401",
            "region": "us-east-1",
            "resource_id": "kmlom9",
            "response_parameters": {},
            "response_templates": {},
            "rest_api_id": "pc1plkgnbd",
            "selection_pattern": "401",
            "status_code": "401"
          },
          "sensitive_attributes": [],
          "identity_schema_version": 0,
          "private": "bnVsbA==",
          "dependencies": [
            "module.api_gateway.aws_api_gateway_integration.reset_delete",
            "module.api_gateway.aws_api_gateway_method.reset_delete",
            "module.api_gateway.aws_api_gateway_method_response.reset_delete_401",
            "module.api_gateway.aws_api_gateway_resource.reset",
            "module.api_gateway.aws_api_gateway_rest_api.main_api",
            "module.ecs.aws_lb.validator_lb",
            "module.ecs.aws_security_group.validator_sg",
            "module.ecs.aws_subnet.validator_subnet_1",
            "module.ecs.aws_subnet.validator_subnet_2",
            "module.ecs.aws_vpc.validator_vpc"
          ]
        }
      ]
    },
    {
      "module": "module.api_gateway",
      "mode": "managed",
      "type": "aws_api_gateway_integration_response",
      "name": "reset_delete_403",
      "provider": "provider[\"registry.terraform.io/hashicorp/aws\"]",
      "instances": [
        {
          "schema_version": 0,
          "attributes": {
            "content_handling": "",
            "http_method": "DELETE",
            "id": "agir-pc1plkgnbd-kmlom9-DELETE-403",
            "region": "us-east-1",
            "resource_id": "kmlom9",
            "response_parameters": {},
            "response_templates": {},
            "rest_api_id": "pc1plkgnbd",
            "selection_pattern": "403",
            "status_code": "403"
          },
          "sensitive_attributes": [],
          "identity_schema_version": 0,
          "private": "bnVsbA==",
          "dependencies": [
            "module.api_gateway.aws_api_gateway_integration.reset_delete",
            "module.api_gateway.aws_api_gateway_method.reset_delete",
            "module.api_gateway.aws_api_gateway_method_response.reset_delete_403",
            "module.api_gateway.aws_api_gateway_resource.reset",
            "module.api_gateway.aws_api_gateway_rest_api.main_api",
            "module.ecs.aws_lb.validator_lb",
            "module.ecs.aws_security_group.validator_sg",
            "module.ecs.aws_subnet.validator_subnet_1",
            "module.ecs.aws_subnet.validator_subnet_2",
            "module.ecs.aws_vpc.validator_vpc"
          ]
        }
      ]
    },
    {
      "module": "module.api_gateway",
      "mode": "managed",
      "type": "aws_api_gateway_integration_response",
      "name": "root_get_200",
      "provider": "provider[\"registry.terraform.io/hashicorp/aws\"]",
      "instances": [
        {
          "schema_version": 0,
          "attributes": {
            "content_handling": "",
            "http_method": "GET",
            "id": "agir-pc1plkgnbd-kkazkjelg4-GET-200",
            "region": "us-east-1",
            "resource_id": "kkazkjelg4",
            "response_parameters": {
              "method.response.header.Content-Type": "'application/json'"
            },
            "response_templates": {
              "application/json": "{\"endpoints\":{\"admin\":\"/admin\",\"artifact_audit\":\"/artifact/{artifact_type}/{id}/audit\",\"artifact_by_name\":\"/artifact/byName/{name}\",\"artifact_by_regex\":\"/artifact/byRegEx\",\"artifact_by_type\":\"/artifact/{artifact_type}\",\"artifact_by_type_and_id\":\"/artifact/{artifact_type}/{id}\",\"artifact_cost\":\"/artifact/{artifact_type}/{id}/cost\",\"artifact_directory\":\"/artifact/directory\",\"artifact_ingest\":\"/artifact/ingest\",\"artifacts\":\"/artifacts\",\"authenticate\":\"/authenticate\",\"directory\":\"/directory\",\"health\":\"/health\",\"health_components\":\"/health/components\",\"model_download\":\"/artifact/model/{id}/download\",\"model_license_check\":\"/artifact/model/{id}/license-check\",\"model_lineage\":\"/artifact/model/{id}/lineage\",\"model_rate\":\"/artifact/model/{id}/rate\",\"reset\":\"/reset\",\"upload\":\"/upload\"},\"message\":\"ACME Registry API\",\"version\":\"1.0.0\"}"
            },
            "rest_api_id": "pc1plkgnbd",
            "selection_pattern": "",
            "status_code": "200"
          },
          "sensitive_attributes": [],
          "identity_schema_version": 0,
          "private": "bnVsbA==",
          "dependencies": [
            "module.api_gateway.aws_api_gateway_integration.root_get",
            "module.api_gateway.aws_api_gateway_method.root_get",
            "module.api_gateway.aws_api_gateway_method_response.root_get_200",
            "module.api_gateway.aws_api_gateway_rest_api.main_api"
          ],
          "create_before_destroy": true
        }
      ]
    },
    {
      "module": "module.api_gateway",
      "mode": "managed",
      "type": "aws_api_gateway_integration_response",
      "name": "tracks_get_200",
      "provider": "provider[\"registry.terraform.io/hashicorp/aws\"]",
      "instances": [
        {
          "schema_version": 0,
          "attributes": {
            "content_handling": "",
            "http_method": "GET",
            "id": "agir-pc1plkgnbd-ja86tk-GET-200",
            "region": "us-east-1",
            "resource_id": "ja86tk",
            "response_parameters": {},
            "response_templates": {},
            "rest_api_id": "pc1plkgnbd",
            "selection_pattern": "200",
            "status_code": "200"
          },
          "sensitive_attributes": [],
          "identity_schema_version": 0,
          "private": "bnVsbA==",
          "dependencies": [
            "module.api_gateway.aws_api_gateway_integration.tracks_get",
            "module.api_gateway.aws_api_gateway_method.tracks_get",
            "module.api_gateway.aws_api_gateway_method_response.tracks_get_200",
            "module.api_gateway.aws_api_gateway_resource.tracks",
            "module.api_gateway.aws_api_gateway_rest_api.main_api",
            "module.ecs.aws_lb.validator_lb",
            "module.ecs.aws_security_group.validator_sg",
            "module.ecs.aws_subnet.validator_subnet_1",
            "module.ecs.aws_subnet.validator_subnet_2",
            "module.ecs.aws_vpc.validator_vpc"
          ]
        }
      ]
    },
    {
      "module": "module.api_gateway",
      "mode": "managed",
      "type": "aws_api_gateway_integration_response",
      "name": "tracks_get_500",
      "provider": "provider[\"registry.terraform.io/hashicorp/aws\"]",
      "instances": [
        {
          "schema_version": 0,
          "attributes": {
            "content_handling": "",
            "http_method": "GET",
            "id": "agir-pc1plkgnbd-ja86tk-GET-500",
            "region": "us-east-1",
            "resource_id": "ja86tk",
            "response_parameters": {},
            "response_templates": {},
            "rest_api_id": "pc1plkgnbd",
            "selection_pattern": "500",
            "status_code": "500"
          },
          "sensitive_attributes": [],
          "identity_schema_version": 0,
          "private": "bnVsbA==",
          "dependencies": [
            "module.api_gateway.aws_api_gateway_integration.tracks_get",
            "module.api_gateway.aws_api_gateway_method.tracks_get",
            "module.api_gateway.aws_api_gateway_method_response.tracks_get_500",
            "module.api_gateway.aws_api_gateway_resource.tracks",
            "module.api_gateway.aws_api_gateway_rest_api.main_api",
            "module.ecs.aws_lb.validator_lb",
            "module.ecs.aws_security_group.validator_sg",
            "module.ecs.aws_subnet.validator_subnet_1",
            "module.ecs.aws_subnet.validator_subnet_2",
            "module.ecs.aws_vpc.validator_vpc"
          ]
        }
      ]
    },
    {
      "module": "module.api_gateway",
      "mode": "managed",
      "type": "aws_api_gateway_integration_response",
      "name": "upload_options_200",
      "provider": "provider[\"registry.terraform.io/hashicorp/aws\"]",
      "instances": [
        {
          "schema_version": 0,
          "attributes": {
            "content_handling": "",
            "http_method": "OPTIONS",
            "id": "agir-pc1plkgnbd-afoai9-OPTIONS-200",
            "region": "us-east-1",
            "resource_id": "afoai9",
            "response_parameters": {
              "method.response.header.Access-Control-Allow-Headers": "'Content-Type,X-Amz-Date,Authorization,X-Api-Key,X-Amz-Security-Token'",
              "method.response.header.Access-Control-Allow-Methods": "'GET,POST,OPTIONS'",
              "method.response.header.Access-Control-Allow-Origin": "'*'"
            },
            "response_templates": {},
            "rest_api_id": "pc1plkgnbd",
            "selection_pattern": "",
            "status_code": "200"
          },
          "sensitive_attributes": [],
          "identity_schema_version": 0,
          "private": "bnVsbA==",
          "dependencies": [
            "module.api_gateway.aws_api_gateway_integration.upload_options",
            "module.api_gateway.aws_api_gateway_method.upload_options",
            "module.api_gateway.aws_api_gateway_method_response.upload_options_200",
            "module.api_gateway.aws_api_gateway_resource.upload",
            "module.api_gateway.aws_api_gateway_rest_api.main_api"
          ]
        }
      ]
    },
    {
      "module": "module.api_gateway",
      "mode": "managed",
      "type": "aws_api_gateway_method",
      "name": "admin_get",
      "provider": "provider[\"registry.terraform.io/hashicorp/aws\"]",
      "instances": [
        {
          "schema_version": 0,
          "attributes": {
            "api_key_required": false,
            "authorization": "NONE",
            "authorization_scopes": [],
            "authorizer_id": "",
            "http_method": "GET",
            "id": "agm-pc1plkgnbd-hc00rg-GET",
            "operation_name": "",
            "region": "us-east-1",
            "request_models": {},
            "request_parameters": {},
            "request_validator_id": "",
            "resource_id": "hc00rg",
            "rest_api_id": "pc1plkgnbd"
          },
          "sensitive_attributes": [],
          "identity_schema_version": 0,
          "private": "bnVsbA==",
          "dependencies": [
            "module.api_gateway.aws_api_gateway_resource.admin",
            "module.api_gateway.aws_api_gateway_rest_api.main_api"
          ],
          "create_before_destroy": true
        }
      ]
    },
    {
      "module": "module.api_gateway",
      "mode": "managed",
      "type": "aws_api_gateway_method",
      "name": "admin_options",
      "provider": "provider[\"registry.terraform.io/hashicorp/aws\"]",
      "instances": [
        {
          "schema_version": 0,
          "attributes": {
            "api_key_required": false,
            "authorization": "NONE",
            "authorization_scopes": [],
            "authorizer_id": "",
            "http_method": "OPTIONS",
            "id": "agm-pc1plkgnbd-hc00rg-OPTIONS",
            "operation_name": "",
            "region": "us-east-1",
            "request_models": {},
            "request_parameters": {},
            "request_validator_id": "",
            "resource_id": "hc00rg",
            "rest_api_id": "pc1plkgnbd"
          },
          "sensitive_attributes": [],
          "identity_schema_version": 0,
          "private": "bnVsbA==",
          "dependencies": [
            "module.api_gateway.aws_api_gateway_resource.admin",
            "module.api_gateway.aws_api_gateway_rest_api.main_api"
          ],
          "create_before_destroy": true
        }
      ]
    },
    {
      "module": "module.api_gateway",
      "mode": "managed",
      "type": "aws_api_gateway_method",
      "name": "artifact_byname_name_get",
      "provider": "provider[\"registry.terraform.io/hashicorp/aws\"]",
      "instances": [
        {
          "schema_version": 0,
          "attributes": {
            "api_key_required": false,
            "authorization": "NONE",
            "authorization_scopes": [],
            "authorizer_id": "",
            "http_method": "GET",
            "id": "agm-pc1plkgnbd-elyrrt-GET",
            "operation_name": "",
            "region": "us-east-1",
            "request_models": {},
            "request_parameters": {
              "method.request.header.X-Authorization": true,
              "method.request.path.proxy": true
            },
            "request_validator_id": "",
            "resource_id": "elyrrt",
            "rest_api_id": "pc1plkgnbd"
          },
          "sensitive_attributes": [],
          "identity_schema_version": 0,
          "private": "bnVsbA==",
          "dependencies": [
            "module.api_gateway.aws_api_gateway_resource.artifact",
            "module.api_gateway.aws_api_gateway_resource.artifact_byname",
            "module.api_gateway.aws_api_gateway_resource.artifact_byname_name",
            "module.api_gateway.aws_api_gateway_rest_api.main_api"
          ],
          "create_before_destroy": true
        }
      ]
    },
    {
      "module": "module.api_gateway",
      "mode": "managed",
      "type": "aws_api_gateway_method",
      "name": "artifact_byregex_options",
      "provider": "provider[\"registry.terraform.io/hashicorp/aws\"]",
      "instances": [
        {
          "schema_version": 0,
          "attributes": {
            "api_key_required": false,
            "authorization": "NONE",
            "authorization_scopes": [],
            "authorizer_id": "",
            "http_method": "OPTIONS",
            "id": "agm-pc1plkgnbd-ua868c-OPTIONS",
            "operation_name": "",
            "region": "us-east-1",
            "request_models": {},
            "request_parameters": {},
            "request_validator_id": "",
            "resource_id": "ua868c",
            "rest_api_id": "pc1plkgnbd"
          },
          "sensitive_attributes": [],
          "identity_schema_version": 0,
          "private": "bnVsbA==",
          "dependencies": [
            "module.api_gateway.aws_api_gateway_resource.artifact",
            "module.api_gateway.aws_api_gateway_resource.artifact_byregex",
            "module.api_gateway.aws_api_gateway_rest_api.main_api"
          ],
          "create_before_destroy": true
        }
      ]
    },
    {
      "module": "module.api_gateway",
      "mode": "managed",
      "type": "aws_api_gateway_method",
      "name": "artifact_byregex_post",
      "provider": "provider[\"registry.terraform.io/hashicorp/aws\"]",
      "instances": [
        {
          "schema_version": 0,
          "attributes": {
            "api_key_required": false,
            "authorization": "NONE",
            "authorization_scopes": [],
            "authorizer_id": "",
            "http_method": "POST",
            "id": "agm-pc1plkgnbd-ua868c-POST",
            "operation_name": "",
            "region": "us-east-1",
            "request_models": {},
            "request_parameters": {
              "method.request.header.X-Authorization": true
            },
            "request_validator_id": "",
            "resource_id": "ua868c",
            "rest_api_id": "pc1plkgnbd"
          },
          "sensitive_attributes": [],
          "identity_schema_version": 0,
          "private": "bnVsbA==",
          "dependencies": [
            "module.api_gateway.aws_api_gateway_resource.artifact",
            "module.api_gateway.aws_api_gateway_resource.artifact_byregex",
            "module.api_gateway.aws_api_gateway_rest_api.main_api"
          ],
          "create_before_destroy": true
        }
      ]
    },
    {
      "module": "module.api_gateway",
      "mode": "managed",
      "type": "aws_api_gateway_method",
      "name": "artifact_directory_get",
      "provider": "provider[\"registry.terraform.io/hashicorp/aws\"]",
      "instances": [
        {
          "schema_version": 0,
          "attributes": {
            "api_key_required": false,
            "authorization": "NONE",
            "authorization_scopes": [],
            "authorizer_id": "",
            "http_method": "GET",
            "id": "agm-pc1plkgnbd-avc8qw-GET",
            "operation_name": "",
            "region": "us-east-1",
            "request_models": {},
            "request_parameters": {},
            "request_validator_id": "",
            "resource_id": "avc8qw",
            "rest_api_id": "pc1plkgnbd"
          },
          "sensitive_attributes": [],
          "identity_schema_version": 0,
          "private": "bnVsbA==",
          "dependencies": [
            "module.api_gateway.aws_api_gateway_resource.artifact",
            "module.api_gateway.aws_api_gateway_resource.artifact_directory",
            "module.api_gateway.aws_api_gateway_rest_api.main_api"
          ],
          "create_before_destroy": true
        }
      ]
    },
    {
      "module": "module.api_gateway",
      "mode": "managed",
      "type": "aws_api_gateway_method",
      "name": "artifact_get",
      "provider": "provider[\"registry.terraform.io/hashicorp/aws\"]",
      "instances": [
        {
          "schema_version": 0,
          "attributes": {
            "api_key_required": false,
            "authorization": "NONE",
            "authorization_scopes": [],
            "authorizer_id": "",
            "http_method": "GET",
            "id": "agm-pc1plkgnbd-m9052t-GET",
            "operation_name": "",
            "region": "us-east-1",
            "request_models": {},
            "request_parameters": {},
            "request_validator_id": "",
            "resource_id": "m9052t",
            "rest_api_id": "pc1plkgnbd"
          },
          "sensitive_attributes": [],
          "identity_schema_version": 0,
          "private": "bnVsbA==",
          "dependencies": [
            "module.api_gateway.aws_api_gateway_resource.artifact",
            "module.api_gateway.aws_api_gateway_rest_api.main_api"
          ],
          "create_before_destroy": true
        }
      ]
    },
    {
      "module": "module.api_gateway",
      "mode": "managed",
      "type": "aws_api_gateway_method",
      "name": "artifact_ingest_get",
      "provider": "provider[\"registry.terraform.io/hashicorp/aws\"]",
      "instances": [
        {
          "schema_version": 0,
          "attributes": {
            "api_key_required": false,
            "authorization": "NONE",
            "authorization_scopes": [],
            "authorizer_id": "",
            "http_method": "GET",
            "id": "agm-pc1plkgnbd-4uu3bi-GET",
            "operation_name": "",
            "region": "us-east-1",
            "request_models": {},
            "request_parameters": {},
            "request_validator_id": "",
            "resource_id": "4uu3bi",
            "rest_api_id": "pc1plkgnbd"
          },
          "sensitive_attributes": [],
          "identity_schema_version": 0,
          "private": "bnVsbA==",
          "dependencies": [
            "module.api_gateway.aws_api_gateway_resource.artifact",
            "module.api_gateway.aws_api_gateway_resource.artifact_ingest",
            "module.api_gateway.aws_api_gateway_rest_api.main_api"
          ],
          "create_before_destroy": true
        }
      ]
    },
    {
      "module": "module.api_gateway",
      "mode": "managed",
      "type": "aws_api_gateway_method",
      "name": "artifact_ingest_post",
      "provider": "provider[\"registry.terraform.io/hashicorp/aws\"]",
      "instances": [
        {
          "schema_version": 0,
          "attributes": {
            "api_key_required": false,
            "authorization": "NONE",
            "authorization_scopes": [],
            "authorizer_id": "",
            "http_method": "POST",
            "id": "agm-pc1plkgnbd-4uu3bi-POST",
            "operation_name": "",
            "region": "us-east-1",
            "request_models": {},
            "request_parameters": {},
            "request_validator_id": "",
            "resource_id": "4uu3bi",
            "rest_api_id": "pc1plkgnbd"
          },
          "sensitive_attributes": [],
          "identity_schema_version": 0,
          "private": "bnVsbA==",
          "dependencies": [
            "module.api_gateway.aws_api_gateway_resource.artifact",
            "module.api_gateway.aws_api_gateway_resource.artifact_ingest",
            "module.api_gateway.aws_api_gateway_rest_api.main_api"
          ],
          "create_before_destroy": true
        }
      ]
    },
    {
      "module": "module.api_gateway",
      "mode": "managed",
      "type": "aws_api_gateway_method",
      "name": "artifact_model_id_download_get",
      "provider": "provider[\"registry.terraform.io/hashicorp/aws\"]",
      "instances": [
        {
          "schema_version": 0,
          "attributes": {
            "api_key_required": false,
            "authorization": "NONE",
            "authorization_scopes": [],
            "authorizer_id": "",
            "http_method": "GET",
            "id": "agm-pc1plkgnbd-frr39l-GET",
            "operation_name": "",
            "region": "us-east-1",
            "request_models": {},
            "request_parameters": {
              "method.request.header.X-Authorization": true,
              "method.request.path.id": true
            },
            "request_validator_id": "",
            "resource_id": "frr39l",
            "rest_api_id": "pc1plkgnbd"
          },
          "sensitive_attributes": [],
          "identity_schema_version": 0,
          "private": "bnVsbA==",
          "dependencies": [
            "module.api_gateway.aws_api_gateway_resource.artifact",
            "module.api_gateway.aws_api_gateway_resource.artifact_model",
            "module.api_gateway.aws_api_gateway_resource.artifact_model_id",
            "module.api_gateway.aws_api_gateway_resource.artifact_model_id_download",
            "module.api_gateway.aws_api_gateway_rest_api.main_api"
          ],
          "create_before_destroy": true
        }
      ]
    },
    {
      "module": "module.api_gateway",
      "mode": "managed",
      "type": "aws_api_gateway_method",
      "name": "artifact_model_id_license_check_post",
      "provider": "provider[\"registry.terraform.io/hashicorp/aws\"]",
      "instances": [
        {
          "schema_version": 0,
          "attributes": {
            "api_key_required": false,
            "authorization": "NONE",
            "authorization_scopes": [],
            "authorizer_id": "",
            "http_method": "POST",
            "id": "agm-pc1plkgnbd-azzh6n-POST",
            "operation_name": "",
            "region": "us-east-1",
            "request_models": {},
            "request_parameters": {
              "method.request.header.X-Authorization": true,
              "method.request.path.id": true
            },
            "request_validator_id": "",
            "resource_id": "azzh6n",
            "rest_api_id": "pc1plkgnbd"
          },
          "sensitive_attributes": [],
          "identity_schema_version": 0,
          "private": "bnVsbA==",
          "dependencies": [
            "module.api_gateway.aws_api_gateway_resource.artifact",
            "module.api_gateway.aws_api_gateway_resource.artifact_model",
            "module.api_gateway.aws_api_gateway_resource.artifact_model_id",
            "module.api_gateway.aws_api_gateway_resource.artifact_model_id_license_check",
            "module.api_gateway.aws_api_gateway_rest_api.main_api"
          ],
          "create_before_destroy": true
        }
      ]
    },
    {
      "module": "module.api_gateway",
      "mode": "managed",
      "type": "aws_api_gateway_method",
      "name": "artifact_model_id_lineage_get",
      "provider": "provider[\"registry.terraform.io/hashicorp/aws\"]",
      "instances": [
        {
          "schema_version": 0,
          "attributes": {
            "api_key_required": false,
            "authorization": "NONE",
            "authorization_scopes": [],
            "authorizer_id": "",
            "http_method": "GET",
            "id": "agm-pc1plkgnbd-st42x5-GET",
            "operation_name": "",
            "region": "us-east-1",
            "request_models": {},
            "request_parameters": {
              "method.request.header.X-Authorization": true,
              "method.request.path.id": true
            },
            "request_validator_id": "",
            "resource_id": "st42x5",
            "rest_api_id": "pc1plkgnbd"
          },
          "sensitive_attributes": [],
          "identity_schema_version": 0,
          "private": "bnVsbA==",
          "dependencies": [
            "module.api_gateway.aws_api_gateway_resource.artifact",
            "module.api_gateway.aws_api_gateway_resource.artifact_model",
            "module.api_gateway.aws_api_gateway_resource.artifact_model_id",
            "module.api_gateway.aws_api_gateway_resource.artifact_model_id_lineage",
            "module.api_gateway.aws_api_gateway_rest_api.main_api"
          ],
          "create_before_destroy": true
        }
      ]
    },
    {
      "module": "module.api_gateway",
      "mode": "managed",
      "type": "aws_api_gateway_method",
      "name": "artifact_model_id_rate_get",
      "provider": "provider[\"registry.terraform.io/hashicorp/aws\"]",
      "instances": [
        {
          "schema_version": 0,
          "attributes": {
            "api_key_required": false,
            "authorization": "NONE",
            "authorization_scopes": [],
            "authorizer_id": "",
            "http_method": "GET",
            "id": "agm-pc1plkgnbd-gl51hs-GET",
            "operation_name": "",
            "region": "us-east-1",
            "request_models": {},
            "request_parameters": {
              "method.request.header.X-Authorization": true,
              "method.request.path.id": true
            },
            "request_validator_id": "",
            "resource_id": "gl51hs",
            "rest_api_id": "pc1plkgnbd"
          },
          "sensitive_attributes": [],
          "identity_schema_version": 0,
          "private": "bnVsbA==",
          "dependencies": [
            "module.api_gateway.aws_api_gateway_resource.artifact",
            "module.api_gateway.aws_api_gateway_resource.artifact_model",
            "module.api_gateway.aws_api_gateway_resource.artifact_model_id",
            "module.api_gateway.aws_api_gateway_resource.artifact_model_id_rate",
            "module.api_gateway.aws_api_gateway_rest_api.main_api"
          ],
          "create_before_destroy": true
        }
      ]
    },
    {
      "module": "module.api_gateway",
      "mode": "managed",
      "type": "aws_api_gateway_method",
      "name": "artifact_model_id_upload_post",
      "provider": "provider[\"registry.terraform.io/hashicorp/aws\"]",
      "instances": [
        {
          "schema_version": 0,
          "attributes": {
            "api_key_required": false,
            "authorization": "NONE",
            "authorization_scopes": [],
            "authorizer_id": "",
            "http_method": "POST",
            "id": "agm-pc1plkgnbd-ftwq2j-POST",
            "operation_name": "",
            "region": "us-east-1",
            "request_models": {},
            "request_parameters": {
              "method.request.header.X-Authorization": true,
              "method.request.path.id": true
            },
            "request_validator_id": "",
            "resource_id": "ftwq2j",
            "rest_api_id": "pc1plkgnbd"
          },
          "sensitive_attributes": [],
          "identity_schema_version": 0,
          "private": "bnVsbA==",
          "dependencies": [
            "module.api_gateway.aws_api_gateway_resource.artifact",
            "module.api_gateway.aws_api_gateway_resource.artifact_model",
            "module.api_gateway.aws_api_gateway_resource.artifact_model_id",
            "module.api_gateway.aws_api_gateway_resource.artifact_model_id_upload",
            "module.api_gateway.aws_api_gateway_rest_api.main_api"
          ],
          "create_before_destroy": true
        }
      ]
    },
    {
      "module": "module.api_gateway",
      "mode": "managed",
      "type": "aws_api_gateway_method",
      "name": "artifact_type_get",
      "provider": "provider[\"registry.terraform.io/hashicorp/aws\"]",
      "instances": [
        {
          "schema_version": 0,
          "attributes": {
            "api_key_required": false,
            "authorization": "NONE",
            "authorization_scopes": [],
            "authorizer_id": "",
            "http_method": "GET",
            "id": "agm-pc1plkgnbd-2qsucn-GET",
            "operation_name": "",
            "region": "us-east-1",
            "request_models": {},
            "request_parameters": {
              "method.request.header.X-Authorization": true,
              "method.request.path.artifact_type": true
            },
            "request_validator_id": "",
            "resource_id": "2qsucn",
            "rest_api_id": "pc1plkgnbd"
          },
          "sensitive_attributes": [],
          "identity_schema_version": 0,
          "private": "bnVsbA==",
          "dependencies": [
            "module.api_gateway.aws_api_gateway_resource.artifact",
            "module.api_gateway.aws_api_gateway_resource.artifact_type",
            "module.api_gateway.aws_api_gateway_rest_api.main_api"
          ],
          "create_before_destroy": true
        }
      ]
    },
    {
      "module": "module.api_gateway",
      "mode": "managed",
      "type": "aws_api_gateway_method",
      "name": "artifact_type_id_audit_get",
      "provider": "provider[\"registry.terraform.io/hashicorp/aws\"]",
      "instances": [
        {
          "schema_version": 0,
          "attributes": {
            "api_key_required": false,
            "authorization": "NONE",
            "authorization_scopes": [],
            "authorizer_id": "",
            "http_method": "GET",
            "id": "agm-pc1plkgnbd-fwlez3-GET",
            "operation_name": "",
            "region": "us-east-1",
            "request_models": {},
            "request_parameters": {
              "method.request.header.X-Authorization": true,
              "method.request.path.artifact_type": true,
              "method.request.path.id": true
            },
            "request_validator_id": "",
            "resource_id": "fwlez3",
            "rest_api_id": "pc1plkgnbd"
          },
          "sensitive_attributes": [],
          "identity_schema_version": 0,
          "private": "bnVsbA==",
          "dependencies": [
            "module.api_gateway.aws_api_gateway_resource.artifact",
            "module.api_gateway.aws_api_gateway_resource.artifact_type",
            "module.api_gateway.aws_api_gateway_resource.artifact_type_id",
            "module.api_gateway.aws_api_gateway_resource.artifact_type_id_audit",
            "module.api_gateway.aws_api_gateway_rest_api.main_api"
          ],
          "create_before_destroy": true
        }
      ]
    },
    {
      "module": "module.api_gateway",
      "mode": "managed",
      "type": "aws_api_gateway_method",
      "name": "artifact_type_id_cost_get",
      "provider": "provider[\"registry.terraform.io/hashicorp/aws\"]",
      "instances": [
        {
          "schema_version": 0,
          "attributes": {
            "api_key_required": false,
            "authorization": "NONE",
            "authorization_scopes": [],
            "authorizer_id": "",
            "http_method": "GET",
            "id": "agm-pc1plkgnbd-zs83ai-GET",
            "operation_name": "",
            "region": "us-east-1",
            "request_models": {},
            "request_parameters": {
              "method.request.header.X-Authorization": true,
              "method.request.path.artifact_type": true,
              "method.request.path.id": true,
              "method.request.querystring.dependency": false
            },
            "request_validator_id": "",
            "resource_id": "zs83ai",
            "rest_api_id": "pc1plkgnbd"
          },
          "sensitive_attributes": [],
          "identity_schema_version": 0,
          "private": "bnVsbA==",
          "dependencies": [
            "module.api_gateway.aws_api_gateway_resource.artifact",
            "module.api_gateway.aws_api_gateway_resource.artifact_type",
            "module.api_gateway.aws_api_gateway_resource.artifact_type_id",
            "module.api_gateway.aws_api_gateway_resource.artifact_type_id_cost",
            "module.api_gateway.aws_api_gateway_rest_api.main_api"
          ],
          "create_before_destroy": true
        }
      ]
    },
    {
      "module": "module.api_gateway",
      "mode": "managed",
      "type": "aws_api_gateway_method",
      "name": "artifact_type_id_delete",
      "provider": "provider[\"registry.terraform.io/hashicorp/aws\"]",
      "instances": [
        {
          "schema_version": 0,
          "attributes": {
            "api_key_required": false,
            "authorization": "NONE",
            "authorization_scopes": [],
            "authorizer_id": "",
            "http_method": "DELETE",
            "id": "agm-pc1plkgnbd-jkth37-DELETE",
            "operation_name": "",
            "region": "us-east-1",
            "request_models": {},
            "request_parameters": {
              "method.request.header.X-Authorization": true,
              "method.request.path.artifact_type": true,
              "method.request.path.id": true
            },
            "request_validator_id": "",
            "resource_id": "jkth37",
            "rest_api_id": "pc1plkgnbd"
          },
          "sensitive_attributes": [],
          "identity_schema_version": 0,
          "private": "bnVsbA==",
          "dependencies": [
            "module.api_gateway.aws_api_gateway_resource.artifact",
            "module.api_gateway.aws_api_gateway_resource.artifact_type",
            "module.api_gateway.aws_api_gateway_resource.artifact_type_id",
            "module.api_gateway.aws_api_gateway_rest_api.main_api"
          ],
          "create_before_destroy": true
        }
      ]
    },
    {
      "module": "module.api_gateway",
      "mode": "managed",
      "type": "aws_api_gateway_method",
      "name": "artifact_type_id_get",
      "provider": "provider[\"registry.terraform.io/hashicorp/aws\"]",
      "instances": [
        {
          "schema_version": 0,
          "attributes": {
            "api_key_required": false,
            "authorization": "NONE",
            "authorization_scopes": [],
            "authorizer_id": "",
            "http_method": "GET",
            "id": "agm-pc1plkgnbd-jkth37-GET",
            "operation_name": "",
            "region": "us-east-1",
            "request_models": {},
            "request_parameters": {
              "method.request.header.X-Authorization": true,
              "method.request.path.artifact_type": true,
              "method.request.path.id": true
            },
            "request_validator_id": "",
            "resource_id": "jkth37",
            "rest_api_id": "pc1plkgnbd"
          },
          "sensitive_attributes": [],
          "identity_schema_version": 0,
          "private": "bnVsbA==",
          "dependencies": [
            "module.api_gateway.aws_api_gateway_resource.artifact",
            "module.api_gateway.aws_api_gateway_resource.artifact_type",
            "module.api_gateway.aws_api_gateway_resource.artifact_type_id",
            "module.api_gateway.aws_api_gateway_rest_api.main_api"
          ],
          "create_before_destroy": true
        }
      ]
    },
    {
      "module": "module.api_gateway",
      "mode": "managed",
      "type": "aws_api_gateway_method",
      "name": "artifact_type_id_put",
      "provider": "provider[\"registry.terraform.io/hashicorp/aws\"]",
      "instances": [
        {
          "schema_version": 0,
          "attributes": {
            "api_key_required": false,
            "authorization": "NONE",
            "authorization_scopes": [],
            "authorizer_id": "",
            "http_method": "PUT",
            "id": "agm-pc1plkgnbd-jkth37-PUT",
            "operation_name": "",
            "region": "us-east-1",
            "request_models": {},
            "request_parameters": {
              "method.request.header.X-Authorization": true,
              "method.request.path.artifact_type": true,
              "method.request.path.id": true
            },
            "request_validator_id": "",
            "resource_id": "jkth37",
            "rest_api_id": "pc1plkgnbd"
          },
          "sensitive_attributes": [],
          "identity_schema_version": 0,
          "private": "bnVsbA==",
          "dependencies": [
            "module.api_gateway.aws_api_gateway_resource.artifact",
            "module.api_gateway.aws_api_gateway_resource.artifact_type",
            "module.api_gateway.aws_api_gateway_resource.artifact_type_id",
            "module.api_gateway.aws_api_gateway_rest_api.main_api"
          ],
          "create_before_destroy": true
        }
      ]
    },
    {
      "module": "module.api_gateway",
      "mode": "managed",
      "type": "aws_api_gateway_method",
      "name": "artifact_type_options",
      "provider": "provider[\"registry.terraform.io/hashicorp/aws\"]",
      "instances": [
        {
          "schema_version": 0,
          "attributes": {
            "api_key_required": false,
            "authorization": "NONE",
            "authorization_scopes": [],
            "authorizer_id": "",
            "http_method": "OPTIONS",
            "id": "agm-pc1plkgnbd-2qsucn-OPTIONS",
            "operation_name": "",
            "region": "us-east-1",
            "request_models": {},
            "request_parameters": {},
            "request_validator_id": "",
            "resource_id": "2qsucn",
            "rest_api_id": "pc1plkgnbd"
          },
          "sensitive_attributes": [],
          "identity_schema_version": 0,
          "private": "bnVsbA==",
          "dependencies": [
            "module.api_gateway.aws_api_gateway_resource.artifact",
            "module.api_gateway.aws_api_gateway_resource.artifact_type",
            "module.api_gateway.aws_api_gateway_rest_api.main_api"
          ],
          "create_before_destroy": true
        }
      ]
    },
    {
      "module": "module.api_gateway",
      "mode": "managed",
      "type": "aws_api_gateway_method",
      "name": "artifact_type_post",
      "provider": "provider[\"registry.terraform.io/hashicorp/aws\"]",
      "instances": [
        {
          "schema_version": 0,
          "attributes": {
            "api_key_required": false,
            "authorization": "NONE",
            "authorization_scopes": [],
            "authorizer_id": "",
            "http_method": "POST",
            "id": "agm-pc1plkgnbd-2qsucn-POST",
            "operation_name": "",
            "region": "us-east-1",
            "request_models": {},
            "request_parameters": {
              "method.request.header.X-Authorization": true,
              "method.request.path.artifact_type": true
            },
            "request_validator_id": "",
            "resource_id": "2qsucn",
            "rest_api_id": "pc1plkgnbd"
          },
          "sensitive_attributes": [],
          "identity_schema_version": 0,
          "private": "bnVsbA==",
          "dependencies": [
            "module.api_gateway.aws_api_gateway_resource.artifact",
            "module.api_gateway.aws_api_gateway_resource.artifact_type",
            "module.api_gateway.aws_api_gateway_rest_api.main_api"
          ],
          "create_before_destroy": true
        }
      ]
    },
    {
      "module": "module.api_gateway",
      "mode": "managed",
      "type": "aws_api_gateway_method",
      "name": "artifacts_options",
      "provider": "provider[\"registry.terraform.io/hashicorp/aws\"]",
      "instances": [
        {
          "schema_version": 0,
          "attributes": {
            "api_key_required": false,
            "authorization": "NONE",
            "authorization_scopes": [],
            "authorizer_id": "",
            "http_method": "OPTIONS",
            "id": "agm-pc1plkgnbd-l3zo3u-OPTIONS",
            "operation_name": "",
            "region": "us-east-1",
            "request_models": {},
            "request_parameters": {},
            "request_validator_id": "",
            "resource_id": "l3zo3u",
            "rest_api_id": "pc1plkgnbd"
          },
          "sensitive_attributes": [],
          "identity_schema_version": 0,
          "private": "bnVsbA==",
          "dependencies": [
            "module.api_gateway.aws_api_gateway_resource.artifacts",
            "module.api_gateway.aws_api_gateway_rest_api.main_api"
          ],
          "create_before_destroy": true
        }
      ]
    },
    {
      "module": "module.api_gateway",
      "mode": "managed",
      "type": "aws_api_gateway_method",
      "name": "artifacts_post",
      "provider": "provider[\"registry.terraform.io/hashicorp/aws\"]",
      "instances": [
        {
          "schema_version": 0,
          "attributes": {
            "api_key_required": false,
            "authorization": "NONE",
            "authorization_scopes": [],
            "authorizer_id": "",
            "http_method": "POST",
            "id": "agm-pc1plkgnbd-l3zo3u-POST",
            "operation_name": "",
            "region": "us-east-1",
            "request_models": {},
            "request_parameters": {
              "method.request.header.X-Authorization": true,
              "method.request.querystring.offset": false
            },
            "request_validator_id": "",
            "resource_id": "l3zo3u",
            "rest_api_id": "pc1plkgnbd"
          },
          "sensitive_attributes": [],
          "identity_schema_version": 0,
          "private": "bnVsbA==",
          "dependencies": [
            "module.api_gateway.aws_api_gateway_resource.artifacts",
            "module.api_gateway.aws_api_gateway_rest_api.main_api"
          ],
          "create_before_destroy": true
        }
      ]
    },
    {
      "module": "module.api_gateway",
      "mode": "managed",
      "type": "aws_api_gateway_method",
      "name": "artifacts_type_id_delete",
      "provider": "provider[\"registry.terraform.io/hashicorp/aws\"]",
      "instances": [
        {
          "schema_version": 0,
          "attributes": {
            "api_key_required": false,
            "authorization": "NONE",
            "authorization_scopes": [],
            "authorizer_id": "",
            "http_method": "DELETE",
            "id": "agm-pc1plkgnbd-act92r-DELETE",
            "operation_name": "",
            "region": "us-east-1",
            "request_models": {},
            "request_parameters": {
              "method.request.header.X-Authorization": true,
              "method.request.path.artifact_type": true,
              "method.request.path.id": true
            },
            "request_validator_id": "",
            "resource_id": "act92r",
            "rest_api_id": "pc1plkgnbd"
          },
          "sensitive_attributes": [],
          "identity_schema_version": 0,
          "private": "bnVsbA==",
          "dependencies": [
            "module.api_gateway.aws_api_gateway_resource.artifacts",
            "module.api_gateway.aws_api_gateway_resource.artifacts_type",
            "module.api_gateway.aws_api_gateway_resource.artifacts_type_id",
            "module.api_gateway.aws_api_gateway_rest_api.main_api"
          ],
          "create_before_destroy": true
        }
      ]
    },
    {
      "module": "module.api_gateway",
      "mode": "managed",
      "type": "aws_api_gateway_method",
      "name": "artifacts_type_id_get",
      "provider": "provider[\"registry.terraform.io/hashicorp/aws\"]",
      "instances": [
        {
          "schema_version": 0,
          "attributes": {
            "api_key_required": false,
            "authorization": "NONE",
            "authorization_scopes": [],
            "authorizer_id": "",
            "http_method": "GET",
            "id": "agm-pc1plkgnbd-act92r-GET",
            "operation_name": "",
            "region": "us-east-1",
            "request_models": {},
            "request_parameters": {
              "method.request.header.X-Authorization": true,
              "method.request.path.artifact_type": true,
              "method.request.path.id": true
            },
            "request_validator_id": "",
            "resource_id": "act92r",
            "rest_api_id": "pc1plkgnbd"
          },
          "sensitive_attributes": [],
          "identity_schema_version": 0,
          "private": "bnVsbA==",
          "dependencies": [
            "module.api_gateway.aws_api_gateway_resource.artifacts",
            "module.api_gateway.aws_api_gateway_resource.artifacts_type",
            "module.api_gateway.aws_api_gateway_resource.artifacts_type_id",
            "module.api_gateway.aws_api_gateway_rest_api.main_api"
          ],
          "create_before_destroy": true
        }
      ]
    },
    {
      "module": "module.api_gateway",
      "mode": "managed",
      "type": "aws_api_gateway_method",
      "name": "artifacts_type_id_put",
      "provider": "provider[\"registry.terraform.io/hashicorp/aws\"]",
      "instances": [
        {
          "schema_version": 0,
          "attributes": {
            "api_key_required": false,
            "authorization": "NONE",
            "authorization_scopes": [],
            "authorizer_id": "",
            "http_method": "PUT",
            "id": "agm-pc1plkgnbd-act92r-PUT",
            "operation_name": "",
            "region": "us-east-1",
            "request_models": {},
            "request_parameters": {
              "method.request.header.X-Authorization": true,
              "method.request.path.artifact_type": true,
              "method.request.path.id": true
            },
            "request_validator_id": "",
            "resource_id": "act92r",
            "rest_api_id": "pc1plkgnbd"
          },
          "sensitive_attributes": [],
          "identity_schema_version": 0,
          "private": "bnVsbA==",
          "dependencies": [
            "module.api_gateway.aws_api_gateway_resource.artifacts",
            "module.api_gateway.aws_api_gateway_resource.artifacts_type",
            "module.api_gateway.aws_api_gateway_resource.artifacts_type_id",
            "module.api_gateway.aws_api_gateway_rest_api.main_api"
          ],
          "create_before_destroy": true
        }
      ]
    },
    {
      "module": "module.api_gateway",
      "mode": "managed",
      "type": "aws_api_gateway_method",
      "name": "authenticate_options",
      "provider": "provider[\"registry.terraform.io/hashicorp/aws\"]",
      "instances": [
        {
          "schema_version": 0,
          "attributes": {
            "api_key_required": false,
            "authorization": "NONE",
            "authorization_scopes": [],
            "authorizer_id": "",
            "http_method": "OPTIONS",
            "id": "agm-pc1plkgnbd-2i5q4v-OPTIONS",
            "operation_name": "",
            "region": "us-east-1",
            "request_models": {},
            "request_parameters": {},
            "request_validator_id": "",
            "resource_id": "2i5q4v",
            "rest_api_id": "pc1plkgnbd"
          },
          "sensitive_attributes": [],
          "identity_schema_version": 0,
          "private": "bnVsbA==",
          "dependencies": [
            "module.api_gateway.aws_api_gateway_resource.authenticate",
            "module.api_gateway.aws_api_gateway_rest_api.main_api"
          ],
          "create_before_destroy": true
        }
      ]
    },
    {
      "module": "module.api_gateway",
      "mode": "managed",
      "type": "aws_api_gateway_method",
      "name": "authenticate_put",
      "provider": "provider[\"registry.terraform.io/hashicorp/aws\"]",
      "instances": [
        {
          "schema_version": 0,
          "attributes": {
            "api_key_required": false,
            "authorization": "NONE",
            "authorization_scopes": [],
            "authorizer_id": "",
            "http_method": "PUT",
            "id": "agm-pc1plkgnbd-2i5q4v-PUT",
            "operation_name": "",
            "region": "us-east-1",
            "request_models": {},
            "request_parameters": {},
            "request_validator_id": "",
            "resource_id": "2i5q4v",
            "rest_api_id": "pc1plkgnbd"
          },
          "sensitive_attributes": [],
          "identity_schema_version": 0,
          "private": "bnVsbA==",
          "dependencies": [
            "module.api_gateway.aws_api_gateway_resource.authenticate",
            "module.api_gateway.aws_api_gateway_rest_api.main_api"
          ],
          "create_before_destroy": true
        }
      ]
    },
    {
      "module": "module.api_gateway",
      "mode": "managed",
      "type": "aws_api_gateway_method",
      "name": "directory_get",
      "provider": "provider[\"registry.terraform.io/hashicorp/aws\"]",
      "instances": [
        {
          "schema_version": 0,
          "attributes": {
            "api_key_required": false,
            "authorization": "NONE",
            "authorization_scopes": [],
            "authorizer_id": "",
            "http_method": "GET",
            "id": "agm-pc1plkgnbd-0cv1iq-GET",
            "operation_name": "",
            "region": "us-east-1",
            "request_models": {},
            "request_parameters": {},
            "request_validator_id": "",
            "resource_id": "0cv1iq",
            "rest_api_id": "pc1plkgnbd"
          },
          "sensitive_attributes": [],
          "identity_schema_version": 0,
          "private": "bnVsbA==",
          "dependencies": [
            "module.api_gateway.aws_api_gateway_resource.directory",
            "module.api_gateway.aws_api_gateway_rest_api.main_api"
          ],
          "create_before_destroy": true
        }
      ]
    },
    {
      "module": "module.api_gateway",
      "mode": "managed",
      "type": "aws_api_gateway_method",
      "name": "directory_options",
      "provider": "provider[\"registry.terraform.io/hashicorp/aws\"]",
      "instances": [
        {
          "schema_version": 0,
          "attributes": {
            "api_key_required": false,
            "authorization": "NONE",
            "authorization_scopes": [],
            "authorizer_id": "",
            "http_method": "OPTIONS",
            "id": "agm-pc1plkgnbd-0cv1iq-OPTIONS",
            "operation_name": "",
            "region": "us-east-1",
            "request_models": {},
            "request_parameters": {},
            "request_validator_id": "",
            "resource_id": "0cv1iq",
            "rest_api_id": "pc1plkgnbd"
          },
          "sensitive_attributes": [],
          "identity_schema_version": 0,
          "private": "bnVsbA==",
          "dependencies": [
            "module.api_gateway.aws_api_gateway_resource.directory",
            "module.api_gateway.aws_api_gateway_rest_api.main_api"
          ],
          "create_before_destroy": true
        }
      ]
    },
    {
      "module": "module.api_gateway",
      "mode": "managed",
      "type": "aws_api_gateway_method",
      "name": "health_components_get",
      "provider": "provider[\"registry.terraform.io/hashicorp/aws\"]",
      "instances": [
        {
          "schema_version": 0,
          "attributes": {
            "api_key_required": false,
            "authorization": "NONE",
            "authorization_scopes": [],
            "authorizer_id": "",
            "http_method": "GET",
            "id": "agm-pc1plkgnbd-go5arl-GET",
            "operation_name": "",
            "region": "us-east-1",
            "request_models": {},
            "request_parameters": {
              "method.request.querystring.includeTimeline": false,
              "method.request.querystring.windowMinutes": false
            },
            "request_validator_id": "",
            "resource_id": "go5arl",
            "rest_api_id": "pc1plkgnbd"
          },
          "sensitive_attributes": [],
          "identity_schema_version": 0,
          "private": "bnVsbA==",
          "dependencies": [
            "module.api_gateway.aws_api_gateway_resource.health",
            "module.api_gateway.aws_api_gateway_resource.health_components",
            "module.api_gateway.aws_api_gateway_rest_api.main_api"
          ],
          "create_before_destroy": true
        }
      ]
    },
    {
      "module": "module.api_gateway",
      "mode": "managed",
      "type": "aws_api_gateway_method",
      "name": "health_get",
      "provider": "provider[\"registry.terraform.io/hashicorp/aws\"]",
      "instances": [
        {
          "schema_version": 0,
          "attributes": {
            "api_key_required": false,
            "authorization": "NONE",
            "authorization_scopes": [],
            "authorizer_id": "",
            "http_method": "GET",
            "id": "agm-pc1plkgnbd-mvqmg2-GET",
            "operation_name": "",
            "region": "us-east-1",
            "request_models": {},
            "request_parameters": {},
            "request_validator_id": "",
            "resource_id": "mvqmg2",
            "rest_api_id": "pc1plkgnbd"
          },
          "sensitive_attributes": [],
          "identity_schema_version": 0,
          "private": "bnVsbA==",
          "dependencies": [
            "module.api_gateway.aws_api_gateway_resource.health",
            "module.api_gateway.aws_api_gateway_rest_api.main_api"
          ],
          "create_before_destroy": true
        }
      ]
    },
    {
      "module": "module.api_gateway",
      "mode": "managed",
      "type": "aws_api_gateway_method",
      "name": "health_performance_results_run_id_get",
      "provider": "provider[\"registry.terraform.io/hashicorp/aws\"]",
      "instances": [
        {
          "schema_version": 0,
          "attributes": {
            "api_key_required": false,
            "authorization": "NONE",
            "authorization_scopes": [],
            "authorizer_id": "",
            "http_method": "GET",
            "id": "agm-pc1plkgnbd-8b44nc-GET",
            "operation_name": "",
            "region": "us-east-1",
            "request_models": {},
            "request_parameters": {
              "method.request.path.run_id": true
            },
            "request_validator_id": "",
            "resource_id": "8b44nc",
            "rest_api_id": "pc1plkgnbd"
          },
          "sensitive_attributes": [],
          "identity_schema_version": 0,
          "private": "bnVsbA==",
          "dependencies": [
            "module.api_gateway.aws_api_gateway_resource.health",
            "module.api_gateway.aws_api_gateway_resource.health_performance",
            "module.api_gateway.aws_api_gateway_resource.health_performance_results",
            "module.api_gateway.aws_api_gateway_resource.health_performance_results_run_id",
            "module.api_gateway.aws_api_gateway_rest_api.main_api"
          ],
          "create_before_destroy": true
        }
      ]
    },
    {
      "module": "module.api_gateway",
      "mode": "managed",
      "type": "aws_api_gateway_method",
      "name": "health_performance_workload_post",
      "provider": "provider[\"registry.terraform.io/hashicorp/aws\"]",
      "instances": [
        {
          "schema_version": 0,
          "attributes": {
            "api_key_required": false,
            "authorization": "NONE",
            "authorization_scopes": [],
            "authorizer_id": "",
            "http_method": "POST",
            "id": "agm-pc1plkgnbd-mhkb1e-POST",
            "operation_name": "",
            "region": "us-east-1",
            "request_models": {},
            "request_parameters": {},
            "request_validator_id": "",
            "resource_id": "mhkb1e",
            "rest_api_id": "pc1plkgnbd"
          },
          "sensitive_attributes": [],
          "identity_schema_version": 0,
          "private": "bnVsbA==",
          "dependencies": [
            "module.api_gateway.aws_api_gateway_resource.health",
            "module.api_gateway.aws_api_gateway_resource.health_performance",
            "module.api_gateway.aws_api_gateway_resource.health_performance_workload",
            "module.api_gateway.aws_api_gateway_rest_api.main_api"
          ],
          "create_before_destroy": true
        }
      ]
    },
    {
      "module": "module.api_gateway",
      "mode": "managed",
      "type": "aws_api_gateway_method",
      "name": "package_id_get",
      "provider": "provider[\"registry.terraform.io/hashicorp/aws\"]",
      "instances": [
        {
          "schema_version": 0,
          "attributes": {
            "api_key_required": false,
            "authorization": "NONE",
            "authorization_scopes": [],
            "authorizer_id": "",
            "http_method": "GET",
            "id": "agm-pc1plkgnbd-xk3sss-GET",
            "operation_name": "",
            "region": "us-east-1",
            "request_models": {},
            "request_parameters": {
              "method.request.header.X-Authorization": true,
              "method.request.path.id": true
            },
            "request_validator_id": "",
            "resource_id": "xk3sss",
            "rest_api_id": "pc1plkgnbd"
          },
          "sensitive_attributes": [],
          "identity_schema_version": 0,
          "private": "bnVsbA==",
          "dependencies": [
            "module.api_gateway.aws_api_gateway_resource.package",
            "module.api_gateway.aws_api_gateway_resource.package_id",
            "module.api_gateway.aws_api_gateway_rest_api.main_api"
          ],
          "create_before_destroy": true
        }
      ]
    },
    {
      "module": "module.api_gateway",
      "mode": "managed",
      "type": "aws_api_gateway_method",
      "name": "package_id_rate_get",
      "provider": "provider[\"registry.terraform.io/hashicorp/aws\"]",
      "instances": [
        {
          "schema_version": 0,
          "attributes": {
            "api_key_required": false,
            "authorization": "NONE",
            "authorization_scopes": [],
            "authorizer_id": "",
            "http_method": "GET",
            "id": "agm-pc1plkgnbd-vs0h0g-GET",
            "operation_name": "",
            "region": "us-east-1",
            "request_models": {},
            "request_parameters": {
              "method.request.header.X-Authorization": true,
              "method.request.path.id": true
            },
            "request_validator_id": "",
            "resource_id": "vs0h0g",
            "rest_api_id": "pc1plkgnbd"
          },
          "sensitive_attributes": [],
          "identity_schema_version": 0,
          "private": "bnVsbA==",
          "dependencies": [
            "module.api_gateway.aws_api_gateway_resource.package",
            "module.api_gateway.aws_api_gateway_resource.package_id",
            "module.api_gateway.aws_api_gateway_resource.package_id_rate",
            "module.api_gateway.aws_api_gateway_rest_api.main_api"
          ],
          "create_before_destroy": true
        }
      ]
    },
    {
      "module": "module.api_gateway",
      "mode": "managed",
      "type": "aws_api_gateway_method",
      "name": "reset_delete",
      "provider": "provider[\"registry.terraform.io/hashicorp/aws\"]",
      "instances": [
        {
          "schema_version": 0,
          "attributes": {
            "api_key_required": false,
            "authorization": "NONE",
            "authorization_scopes": [],
            "authorizer_id": "",
            "http_method": "DELETE",
            "id": "agm-pc1plkgnbd-kmlom9-DELETE",
            "operation_name": "",
            "region": "us-east-1",
            "request_models": {},
            "request_parameters": {
              "method.request.header.X-Authorization": false
            },
            "request_validator_id": "",
            "resource_id": "kmlom9",
            "rest_api_id": "pc1plkgnbd"
          },
          "sensitive_attributes": [],
          "identity_schema_version": 0,
          "private": "bnVsbA==",
          "dependencies": [
            "module.api_gateway.aws_api_gateway_resource.reset",
            "module.api_gateway.aws_api_gateway_rest_api.main_api"
          ],
          "create_before_destroy": true
        }
      ]
    },
    {
      "module": "module.api_gateway",
      "mode": "managed",
      "type": "aws_api_gateway_method",
      "name": "root_get",
      "provider": "provider[\"registry.terraform.io/hashicorp/aws\"]",
      "instances": [
        {
          "schema_version": 0,
          "attributes": {
            "api_key_required": false,
            "authorization": "NONE",
            "authorization_scopes": [],
            "authorizer_id": "",
            "http_method": "GET",
            "id": "agm-pc1plkgnbd-kkazkjelg4-GET",
            "operation_name": "",
            "region": "us-east-1",
            "request_models": {},
            "request_parameters": {},
            "request_validator_id": "",
            "resource_id": "kkazkjelg4",
            "rest_api_id": "pc1plkgnbd"
          },
          "sensitive_attributes": [],
          "identity_schema_version": 0,
          "private": "bnVsbA==",
          "dependencies": [
            "module.api_gateway.aws_api_gateway_rest_api.main_api"
          ],
          "create_before_destroy": true
        }
      ]
    },
    {
      "module": "module.api_gateway",
      "mode": "managed",
      "type": "aws_api_gateway_method",
      "name": "tracks_get",
      "provider": "provider[\"registry.terraform.io/hashicorp/aws\"]",
      "instances": [
        {
          "schema_version": 0,
          "attributes": {
            "api_key_required": false,
            "authorization": "NONE",
            "authorization_scopes": [],
            "authorizer_id": "",
            "http_method": "GET",
            "id": "agm-pc1plkgnbd-ja86tk-GET",
            "operation_name": "",
            "region": "us-east-1",
            "request_models": {},
            "request_parameters": {},
            "request_validator_id": "",
            "resource_id": "ja86tk",
            "rest_api_id": "pc1plkgnbd"
          },
          "sensitive_attributes": [],
          "identity_schema_version": 0,
          "private": "bnVsbA==",
          "dependencies": [
            "module.api_gateway.aws_api_gateway_resource.tracks",
            "module.api_gateway.aws_api_gateway_rest_api.main_api"
          ],
          "create_before_destroy": true
        }
      ]
    },
    {
      "module": "module.api_gateway",
      "mode": "managed",
      "type": "aws_api_gateway_method",
      "name": "upload_get",
      "provider": "provider[\"registry.terraform.io/hashicorp/aws\"]",
      "instances": [
        {
          "schema_version": 0,
          "attributes": {
            "api_key_required": false,
            "authorization": "NONE",
            "authorization_scopes": [],
            "authorizer_id": "",
            "http_method": "GET",
            "id": "agm-pc1plkgnbd-afoai9-GET",
            "operation_name": "",
            "region": "us-east-1",
            "request_models": {},
            "request_parameters": {},
            "request_validator_id": "",
            "resource_id": "afoai9",
            "rest_api_id": "pc1plkgnbd"
          },
          "sensitive_attributes": [],
          "identity_schema_version": 0,
          "private": "bnVsbA==",
          "dependencies": [
            "module.api_gateway.aws_api_gateway_resource.upload",
            "module.api_gateway.aws_api_gateway_rest_api.main_api"
          ],
          "create_before_destroy": true
        }
      ]
    },
    {
      "module": "module.api_gateway",
      "mode": "managed",
      "type": "aws_api_gateway_method",
      "name": "upload_options",
      "provider": "provider[\"registry.terraform.io/hashicorp/aws\"]",
      "instances": [
        {
          "schema_version": 0,
          "attributes": {
            "api_key_required": false,
            "authorization": "NONE",
            "authorization_scopes": [],
            "authorizer_id": "",
            "http_method": "OPTIONS",
            "id": "agm-pc1plkgnbd-afoai9-OPTIONS",
            "operation_name": "",
            "region": "us-east-1",
            "request_models": {},
            "request_parameters": {},
            "request_validator_id": "",
            "resource_id": "afoai9",
            "rest_api_id": "pc1plkgnbd"
          },
          "sensitive_attributes": [],
          "identity_schema_version": 0,
          "private": "bnVsbA==",
          "dependencies": [
            "module.api_gateway.aws_api_gateway_resource.upload",
            "module.api_gateway.aws_api_gateway_rest_api.main_api"
          ],
          "create_before_destroy": true
        }
      ]
    },
    {
      "module": "module.api_gateway",
      "mode": "managed",
      "type": "aws_api_gateway_method",
      "name": "upload_post",
      "provider": "provider[\"registry.terraform.io/hashicorp/aws\"]",
      "instances": [
        {
          "schema_version": 0,
          "attributes": {
            "api_key_required": false,
            "authorization": "NONE",
            "authorization_scopes": [],
            "authorizer_id": "",
            "http_method": "POST",
            "id": "agm-pc1plkgnbd-afoai9-POST",
            "operation_name": "",
            "region": "us-east-1",
            "request_models": {},
            "request_parameters": {},
            "request_validator_id": "",
            "resource_id": "afoai9",
            "rest_api_id": "pc1plkgnbd"
          },
          "sensitive_attributes": [],
          "identity_schema_version": 0,
          "private": "bnVsbA==",
          "dependencies": [
            "module.api_gateway.aws_api_gateway_resource.upload",
            "module.api_gateway.aws_api_gateway_rest_api.main_api"
          ],
          "create_before_destroy": true
        }
      ]
    },
    {
      "module": "module.api_gateway",
      "mode": "managed",
      "type": "aws_api_gateway_method_response",
      "name": "admin_options_200",
      "provider": "provider[\"registry.terraform.io/hashicorp/aws\"]",
      "instances": [
        {
          "schema_version": 0,
          "attributes": {
            "http_method": "OPTIONS",
            "id": "agmr-pc1plkgnbd-hc00rg-OPTIONS-200",
            "region": "us-east-1",
            "resource_id": "hc00rg",
            "response_models": {},
            "response_parameters": {
              "method.response.header.Access-Control-Allow-Headers": true,
              "method.response.header.Access-Control-Allow-Methods": true,
              "method.response.header.Access-Control-Allow-Origin": true
            },
            "rest_api_id": "pc1plkgnbd",
            "status_code": "200"
          },
          "sensitive_attributes": [],
          "identity_schema_version": 0,
          "private": "bnVsbA==",
          "dependencies": [
            "module.api_gateway.aws_api_gateway_method.admin_options",
            "module.api_gateway.aws_api_gateway_resource.admin",
            "module.api_gateway.aws_api_gateway_rest_api.main_api"
          ]
        }
      ]
    },
    {
      "module": "module.api_gateway",
      "mode": "managed",
      "type": "aws_api_gateway_method_response",
      "name": "artifact_byname_name_get_200",
      "provider": "provider[\"registry.terraform.io/hashicorp/aws\"]",
      "instances": [
        {
          "schema_version": 0,
          "attributes": {
            "http_method": "GET",
            "id": "agmr-pc1plkgnbd-elyrrt-GET-200",
            "region": "us-east-1",
            "resource_id": "elyrrt",
            "response_models": {
              "application/json": "Empty"
            },
            "response_parameters": {},
            "rest_api_id": "pc1plkgnbd",
            "status_code": "200"
          },
          "sensitive_attributes": [],
          "identity_schema_version": 0,
          "private": "bnVsbA==",
          "dependencies": [
            "module.api_gateway.aws_api_gateway_method.artifact_byname_name_get",
            "module.api_gateway.aws_api_gateway_resource.artifact",
            "module.api_gateway.aws_api_gateway_resource.artifact_byname",
            "module.api_gateway.aws_api_gateway_resource.artifact_byname_name",
            "module.api_gateway.aws_api_gateway_rest_api.main_api"
          ],
          "create_before_destroy": true
        }
      ]
    },
    {
      "module": "module.api_gateway",
      "mode": "managed",
      "type": "aws_api_gateway_method_response",
      "name": "artifact_byname_name_get_400",
      "provider": "provider[\"registry.terraform.io/hashicorp/aws\"]",
      "instances": [
        {
          "schema_version": 0,
          "attributes": {
            "http_method": "GET",
            "id": "agmr-pc1plkgnbd-elyrrt-GET-400",
            "region": "us-east-1",
            "resource_id": "elyrrt",
            "response_models": {
              "application/json": "Empty"
            },
            "response_parameters": {},
            "rest_api_id": "pc1plkgnbd",
            "status_code": "400"
          },
          "sensitive_attributes": [],
          "identity_schema_version": 0,
          "private": "bnVsbA==",
          "dependencies": [
            "module.api_gateway.aws_api_gateway_method.artifact_byname_name_get",
            "module.api_gateway.aws_api_gateway_resource.artifact",
            "module.api_gateway.aws_api_gateway_resource.artifact_byname",
            "module.api_gateway.aws_api_gateway_resource.artifact_byname_name",
            "module.api_gateway.aws_api_gateway_rest_api.main_api"
          ],
          "create_before_destroy": true
        }
      ]
    },
    {
      "module": "module.api_gateway",
      "mode": "managed",
      "type": "aws_api_gateway_method_response",
      "name": "artifact_byname_name_get_403",
      "provider": "provider[\"registry.terraform.io/hashicorp/aws\"]",
      "instances": [
        {
          "schema_version": 0,
          "attributes": {
            "http_method": "GET",
            "id": "agmr-pc1plkgnbd-elyrrt-GET-403",
            "region": "us-east-1",
            "resource_id": "elyrrt",
            "response_models": {
              "application/json": "Empty"
            },
            "response_parameters": {},
            "rest_api_id": "pc1plkgnbd",
            "status_code": "403"
          },
          "sensitive_attributes": [],
          "identity_schema_version": 0,
          "private": "bnVsbA==",
          "dependencies": [
            "module.api_gateway.aws_api_gateway_method.artifact_byname_name_get",
            "module.api_gateway.aws_api_gateway_resource.artifact",
            "module.api_gateway.aws_api_gateway_resource.artifact_byname",
            "module.api_gateway.aws_api_gateway_resource.artifact_byname_name",
            "module.api_gateway.aws_api_gateway_rest_api.main_api"
          ],
          "create_before_destroy": true
        }
      ]
    },
    {
      "module": "module.api_gateway",
      "mode": "managed",
      "type": "aws_api_gateway_method_response",
      "name": "artifact_byname_name_get_404",
      "provider": "provider[\"registry.terraform.io/hashicorp/aws\"]",
      "instances": [
        {
          "schema_version": 0,
          "attributes": {
            "http_method": "GET",
            "id": "agmr-pc1plkgnbd-elyrrt-GET-404",
            "region": "us-east-1",
            "resource_id": "elyrrt",
            "response_models": {
              "application/json": "Empty"
            },
            "response_parameters": {},
            "rest_api_id": "pc1plkgnbd",
            "status_code": "404"
          },
          "sensitive_attributes": [],
          "identity_schema_version": 0,
          "private": "bnVsbA==",
          "dependencies": [
            "module.api_gateway.aws_api_gateway_method.artifact_byname_name_get",
            "module.api_gateway.aws_api_gateway_resource.artifact",
            "module.api_gateway.aws_api_gateway_resource.artifact_byname",
            "module.api_gateway.aws_api_gateway_resource.artifact_byname_name",
            "module.api_gateway.aws_api_gateway_rest_api.main_api"
          ],
          "create_before_destroy": true
        }
      ]
    },
    {
      "module": "module.api_gateway",
      "mode": "managed",
      "type": "aws_api_gateway_method_response",
      "name": "artifact_byregex_options_200",
      "provider": "provider[\"registry.terraform.io/hashicorp/aws\"]",
      "instances": [
        {
          "schema_version": 0,
          "attributes": {
            "http_method": "OPTIONS",
            "id": "agmr-pc1plkgnbd-ua868c-OPTIONS-200",
            "region": "us-east-1",
            "resource_id": "ua868c",
            "response_models": {
              "application/json": "Empty"
            },
            "response_parameters": {
              "method.response.header.Access-Control-Allow-Headers": true,
              "method.response.header.Access-Control-Allow-Methods": true,
              "method.response.header.Access-Control-Allow-Origin": true
            },
            "rest_api_id": "pc1plkgnbd",
            "status_code": "200"
          },
          "sensitive_attributes": [],
          "identity_schema_version": 0,
          "private": "bnVsbA==",
          "dependencies": [
            "module.api_gateway.aws_api_gateway_method.artifact_byregex_options",
            "module.api_gateway.aws_api_gateway_resource.artifact",
            "module.api_gateway.aws_api_gateway_resource.artifact_byregex",
            "module.api_gateway.aws_api_gateway_rest_api.main_api"
          ],
          "create_before_destroy": true
        }
      ]
    },
    {
      "module": "module.api_gateway",
      "mode": "managed",
      "type": "aws_api_gateway_method_response",
      "name": "artifact_byregex_post_200",
      "provider": "provider[\"registry.terraform.io/hashicorp/aws\"]",
      "instances": [
        {
          "schema_version": 0,
          "attributes": {
            "http_method": "POST",
            "id": "agmr-pc1plkgnbd-ua868c-POST-200",
            "region": "us-east-1",
            "resource_id": "ua868c",
            "response_models": {
              "application/json": "Empty"
            },
            "response_parameters": {},
            "rest_api_id": "pc1plkgnbd",
            "status_code": "200"
          },
          "sensitive_attributes": [],
          "identity_schema_version": 0,
          "private": "bnVsbA==",
          "dependencies": [
            "module.api_gateway.aws_api_gateway_method.artifact_byregex_post",
            "module.api_gateway.aws_api_gateway_resource.artifact",
            "module.api_gateway.aws_api_gateway_resource.artifact_byregex",
            "module.api_gateway.aws_api_gateway_rest_api.main_api"
          ]
        }
      ]
    },
    {
      "module": "module.api_gateway",
      "mode": "managed",
      "type": "aws_api_gateway_method_response",
      "name": "artifact_byregex_post_400",
      "provider": "provider[\"registry.terraform.io/hashicorp/aws\"]",
      "instances": [
        {
          "schema_version": 0,
          "attributes": {
            "http_method": "POST",
            "id": "agmr-pc1plkgnbd-ua868c-POST-400",
            "region": "us-east-1",
            "resource_id": "ua868c",
            "response_models": {
              "application/json": "Empty"
            },
            "response_parameters": {},
            "rest_api_id": "pc1plkgnbd",
            "status_code": "400"
          },
          "sensitive_attributes": [],
          "identity_schema_version": 0,
          "private": "bnVsbA==",
          "dependencies": [
            "module.api_gateway.aws_api_gateway_method.artifact_byregex_post",
            "module.api_gateway.aws_api_gateway_resource.artifact",
            "module.api_gateway.aws_api_gateway_resource.artifact_byregex",
            "module.api_gateway.aws_api_gateway_rest_api.main_api"
          ]
        }
      ]
    },
    {
      "module": "module.api_gateway",
      "mode": "managed",
      "type": "aws_api_gateway_method_response",
      "name": "artifact_byregex_post_403",
      "provider": "provider[\"registry.terraform.io/hashicorp/aws\"]",
      "instances": [
        {
          "schema_version": 0,
          "attributes": {
            "http_method": "POST",
            "id": "agmr-pc1plkgnbd-ua868c-POST-403",
            "region": "us-east-1",
            "resource_id": "ua868c",
            "response_models": {
              "application/json": "Empty"
            },
            "response_parameters": {},
            "rest_api_id": "pc1plkgnbd",
            "status_code": "403"
          },
          "sensitive_attributes": [],
          "identity_schema_version": 0,
          "private": "bnVsbA==",
          "dependencies": [
            "module.api_gateway.aws_api_gateway_method.artifact_byregex_post",
            "module.api_gateway.aws_api_gateway_resource.artifact",
            "module.api_gateway.aws_api_gateway_resource.artifact_byregex",
            "module.api_gateway.aws_api_gateway_rest_api.main_api"
          ]
        }
      ]
    },
    {
      "module": "module.api_gateway",
      "mode": "managed",
      "type": "aws_api_gateway_method_response",
      "name": "artifact_byregex_post_404",
      "provider": "provider[\"registry.terraform.io/hashicorp/aws\"]",
      "instances": [
        {
          "schema_version": 0,
          "attributes": {
            "http_method": "POST",
            "id": "agmr-pc1plkgnbd-ua868c-POST-404",
            "region": "us-east-1",
            "resource_id": "ua868c",
            "response_models": {
              "application/json": "Empty"
            },
            "response_parameters": {},
            "rest_api_id": "pc1plkgnbd",
            "status_code": "404"
          },
          "sensitive_attributes": [],
          "identity_schema_version": 0,
          "private": "bnVsbA==",
          "dependencies": [
            "module.api_gateway.aws_api_gateway_method.artifact_byregex_post",
            "module.api_gateway.aws_api_gateway_resource.artifact",
            "module.api_gateway.aws_api_gateway_resource.artifact_byregex",
            "module.api_gateway.aws_api_gateway_rest_api.main_api"
          ]
        }
      ]
    },
    {
      "module": "module.api_gateway",
      "mode": "managed",
      "type": "aws_api_gateway_method_response",
      "name": "artifact_model_id_license_check_post_200",
      "provider": "provider[\"registry.terraform.io/hashicorp/aws\"]",
      "instances": [
        {
          "schema_version": 0,
          "attributes": {
            "http_method": "POST",
            "id": "agmr-pc1plkgnbd-azzh6n-POST-200",
            "region": "us-east-1",
            "resource_id": "azzh6n",
            "response_models": {
              "application/json": "Empty"
            },
            "response_parameters": {},
            "rest_api_id": "pc1plkgnbd",
            "status_code": "200"
          },
          "sensitive_attributes": [],
          "identity_schema_version": 0,
          "private": "bnVsbA==",
          "dependencies": [
            "module.api_gateway.aws_api_gateway_method.artifact_model_id_license_check_post",
            "module.api_gateway.aws_api_gateway_resource.artifact",
            "module.api_gateway.aws_api_gateway_resource.artifact_model",
            "module.api_gateway.aws_api_gateway_resource.artifact_model_id",
            "module.api_gateway.aws_api_gateway_resource.artifact_model_id_license_check",
            "module.api_gateway.aws_api_gateway_rest_api.main_api"
          ]
        }
      ]
    },
    {
      "module": "module.api_gateway",
      "mode": "managed",
      "type": "aws_api_gateway_method_response",
      "name": "artifact_model_id_license_check_post_400",
      "provider": "provider[\"registry.terraform.io/hashicorp/aws\"]",
      "instances": [
        {
          "schema_version": 0,
          "attributes": {
            "http_method": "POST",
            "id": "agmr-pc1plkgnbd-azzh6n-POST-400",
            "region": "us-east-1",
            "resource_id": "azzh6n",
            "response_models": {
              "application/json": "Empty"
            },
            "response_parameters": {},
            "rest_api_id": "pc1plkgnbd",
            "status_code": "400"
          },
          "sensitive_attributes": [],
          "identity_schema_version": 0,
          "private": "bnVsbA==",
          "dependencies": [
            "module.api_gateway.aws_api_gateway_method.artifact_model_id_license_check_post",
            "module.api_gateway.aws_api_gateway_resource.artifact",
            "module.api_gateway.aws_api_gateway_resource.artifact_model",
            "module.api_gateway.aws_api_gateway_resource.artifact_model_id",
            "module.api_gateway.aws_api_gateway_resource.artifact_model_id_license_check",
            "module.api_gateway.aws_api_gateway_rest_api.main_api"
          ]
        }
      ]
    },
    {
      "module": "module.api_gateway",
      "mode": "managed",
      "type": "aws_api_gateway_method_response",
      "name": "artifact_model_id_license_check_post_403",
      "provider": "provider[\"registry.terraform.io/hashicorp/aws\"]",
      "instances": [
        {
          "schema_version": 0,
          "attributes": {
            "http_method": "POST",
            "id": "agmr-pc1plkgnbd-azzh6n-POST-403",
            "region": "us-east-1",
            "resource_id": "azzh6n",
            "response_models": {
              "application/json": "Empty"
            },
            "response_parameters": {},
            "rest_api_id": "pc1plkgnbd",
            "status_code": "403"
          },
          "sensitive_attributes": [],
          "identity_schema_version": 0,
          "private": "bnVsbA==",
          "dependencies": [
            "module.api_gateway.aws_api_gateway_method.artifact_model_id_license_check_post",
            "module.api_gateway.aws_api_gateway_resource.artifact",
            "module.api_gateway.aws_api_gateway_resource.artifact_model",
            "module.api_gateway.aws_api_gateway_resource.artifact_model_id",
            "module.api_gateway.aws_api_gateway_resource.artifact_model_id_license_check",
            "module.api_gateway.aws_api_gateway_rest_api.main_api"
          ]
        }
      ]
    },
    {
      "module": "module.api_gateway",
      "mode": "managed",
      "type": "aws_api_gateway_method_response",
      "name": "artifact_model_id_license_check_post_404",
      "provider": "provider[\"registry.terraform.io/hashicorp/aws\"]",
      "instances": [
        {
          "schema_version": 0,
          "attributes": {
            "http_method": "POST",
            "id": "agmr-pc1plkgnbd-azzh6n-POST-404",
            "region": "us-east-1",
            "resource_id": "azzh6n",
            "response_models": {
              "application/json": "Empty"
            },
            "response_parameters": {},
            "rest_api_id": "pc1plkgnbd",
            "status_code": "404"
          },
          "sensitive_attributes": [],
          "identity_schema_version": 0,
          "private": "bnVsbA==",
          "dependencies": [
            "module.api_gateway.aws_api_gateway_method.artifact_model_id_license_check_post",
            "module.api_gateway.aws_api_gateway_resource.artifact",
            "module.api_gateway.aws_api_gateway_resource.artifact_model",
            "module.api_gateway.aws_api_gateway_resource.artifact_model_id",
            "module.api_gateway.aws_api_gateway_resource.artifact_model_id_license_check",
            "module.api_gateway.aws_api_gateway_rest_api.main_api"
          ]
        }
      ]
    },
    {
      "module": "module.api_gateway",
      "mode": "managed",
      "type": "aws_api_gateway_method_response",
      "name": "artifact_model_id_license_check_post_502",
      "provider": "provider[\"registry.terraform.io/hashicorp/aws\"]",
      "instances": [
        {
          "schema_version": 0,
          "attributes": {
            "http_method": "POST",
            "id": "agmr-pc1plkgnbd-azzh6n-POST-502",
            "region": "us-east-1",
            "resource_id": "azzh6n",
            "response_models": {
              "application/json": "Empty"
            },
            "response_parameters": {},
            "rest_api_id": "pc1plkgnbd",
            "status_code": "502"
          },
          "sensitive_attributes": [],
          "identity_schema_version": 0,
          "private": "bnVsbA==",
          "dependencies": [
            "module.api_gateway.aws_api_gateway_method.artifact_model_id_license_check_post",
            "module.api_gateway.aws_api_gateway_resource.artifact",
            "module.api_gateway.aws_api_gateway_resource.artifact_model",
            "module.api_gateway.aws_api_gateway_resource.artifact_model_id",
            "module.api_gateway.aws_api_gateway_resource.artifact_model_id_license_check",
            "module.api_gateway.aws_api_gateway_rest_api.main_api"
          ]
        }
      ]
    },
    {
      "module": "module.api_gateway",
      "mode": "managed",
      "type": "aws_api_gateway_method_response",
      "name": "artifact_model_id_lineage_get_200",
      "provider": "provider[\"registry.terraform.io/hashicorp/aws\"]",
      "instances": [
        {
          "schema_version": 0,
          "attributes": {
            "http_method": "GET",
            "id": "agmr-pc1plkgnbd-st42x5-GET-200",
            "region": "us-east-1",
            "resource_id": "st42x5",
            "response_models": {
              "application/json": "Empty"
            },
            "response_parameters": {},
            "rest_api_id": "pc1plkgnbd",
            "status_code": "200"
          },
          "sensitive_attributes": [],
          "identity_schema_version": 0,
          "private": "bnVsbA==",
          "dependencies": [
            "module.api_gateway.aws_api_gateway_method.artifact_model_id_lineage_get",
            "module.api_gateway.aws_api_gateway_resource.artifact",
            "module.api_gateway.aws_api_gateway_resource.artifact_model",
            "module.api_gateway.aws_api_gateway_resource.artifact_model_id",
            "module.api_gateway.aws_api_gateway_resource.artifact_model_id_lineage",
            "module.api_gateway.aws_api_gateway_rest_api.main_api"
          ]
        }
      ]
    },
    {
      "module": "module.api_gateway",
      "mode": "managed",
      "type": "aws_api_gateway_method_response",
      "name": "artifact_model_id_lineage_get_400",
      "provider": "provider[\"registry.terraform.io/hashicorp/aws\"]",
      "instances": [
        {
          "schema_version": 0,
          "attributes": {
            "http_method": "GET",
            "id": "agmr-pc1plkgnbd-st42x5-GET-400",
            "region": "us-east-1",
            "resource_id": "st42x5",
            "response_models": {
              "application/json": "Empty"
            },
            "response_parameters": {},
            "rest_api_id": "pc1plkgnbd",
            "status_code": "400"
          },
          "sensitive_attributes": [],
          "identity_schema_version": 0,
          "private": "bnVsbA==",
          "dependencies": [
            "module.api_gateway.aws_api_gateway_method.artifact_model_id_lineage_get",
            "module.api_gateway.aws_api_gateway_resource.artifact",
            "module.api_gateway.aws_api_gateway_resource.artifact_model",
            "module.api_gateway.aws_api_gateway_resource.artifact_model_id",
            "module.api_gateway.aws_api_gateway_resource.artifact_model_id_lineage",
            "module.api_gateway.aws_api_gateway_rest_api.main_api"
          ]
        }
      ]
    },
    {
      "module": "module.api_gateway",
      "mode": "managed",
      "type": "aws_api_gateway_method_response",
      "name": "artifact_model_id_lineage_get_403",
      "provider": "provider[\"registry.terraform.io/hashicorp/aws\"]",
      "instances": [
        {
          "schema_version": 0,
          "attributes": {
            "http_method": "GET",
            "id": "agmr-pc1plkgnbd-st42x5-GET-403",
            "region": "us-east-1",
            "resource_id": "st42x5",
            "response_models": {
              "application/json": "Empty"
            },
            "response_parameters": {},
            "rest_api_id": "pc1plkgnbd",
            "status_code": "403"
          },
          "sensitive_attributes": [],
          "identity_schema_version": 0,
          "private": "bnVsbA==",
          "dependencies": [
            "module.api_gateway.aws_api_gateway_method.artifact_model_id_lineage_get",
            "module.api_gateway.aws_api_gateway_resource.artifact",
            "module.api_gateway.aws_api_gateway_resource.artifact_model",
            "module.api_gateway.aws_api_gateway_resource.artifact_model_id",
            "module.api_gateway.aws_api_gateway_resource.artifact_model_id_lineage",
            "module.api_gateway.aws_api_gateway_rest_api.main_api"
          ]
        }
      ]
    },
    {
      "module": "module.api_gateway",
      "mode": "managed",
      "type": "aws_api_gateway_method_response",
      "name": "artifact_model_id_lineage_get_404",
      "provider": "provider[\"registry.terraform.io/hashicorp/aws\"]",
      "instances": [
        {
          "schema_version": 0,
          "attributes": {
            "http_method": "GET",
            "id": "agmr-pc1plkgnbd-st42x5-GET-404",
            "region": "us-east-1",
            "resource_id": "st42x5",
            "response_models": {
              "application/json": "Empty"
            },
            "response_parameters": {},
            "rest_api_id": "pc1plkgnbd",
            "status_code": "404"
          },
          "sensitive_attributes": [],
          "identity_schema_version": 0,
          "private": "bnVsbA==",
          "dependencies": [
            "module.api_gateway.aws_api_gateway_method.artifact_model_id_lineage_get",
            "module.api_gateway.aws_api_gateway_resource.artifact",
            "module.api_gateway.aws_api_gateway_resource.artifact_model",
            "module.api_gateway.aws_api_gateway_resource.artifact_model_id",
            "module.api_gateway.aws_api_gateway_resource.artifact_model_id_lineage",
            "module.api_gateway.aws_api_gateway_rest_api.main_api"
          ]
        }
      ]
    },
    {
      "module": "module.api_gateway",
      "mode": "managed",
      "type": "aws_api_gateway_method_response",
      "name": "artifact_model_id_rate_get_200",
      "provider": "provider[\"registry.terraform.io/hashicorp/aws\"]",
      "instances": [
        {
          "schema_version": 0,
          "attributes": {
            "http_method": "GET",
            "id": "agmr-pc1plkgnbd-gl51hs-GET-200",
            "region": "us-east-1",
            "resource_id": "gl51hs",
            "response_models": {
              "application/json": "Empty"
            },
            "response_parameters": {},
            "rest_api_id": "pc1plkgnbd",
            "status_code": "200"
          },
          "sensitive_attributes": [],
          "identity_schema_version": 0,
          "private": "bnVsbA==",
          "dependencies": [
            "module.api_gateway.aws_api_gateway_method.artifact_model_id_rate_get",
            "module.api_gateway.aws_api_gateway_resource.artifact",
            "module.api_gateway.aws_api_gateway_resource.artifact_model",
            "module.api_gateway.aws_api_gateway_resource.artifact_model_id",
            "module.api_gateway.aws_api_gateway_resource.artifact_model_id_rate",
            "module.api_gateway.aws_api_gateway_rest_api.main_api"
          ],
          "create_before_destroy": true
        }
      ]
    },
    {
      "module": "module.api_gateway",
      "mode": "managed",
      "type": "aws_api_gateway_method_response",
      "name": "artifact_model_id_rate_get_400",
      "provider": "provider[\"registry.terraform.io/hashicorp/aws\"]",
      "instances": [
        {
          "schema_version": 0,
          "attributes": {
            "http_method": "GET",
            "id": "agmr-pc1plkgnbd-gl51hs-GET-400",
            "region": "us-east-1",
            "resource_id": "gl51hs",
            "response_models": {
              "application/json": "Empty"
            },
            "response_parameters": {},
            "rest_api_id": "pc1plkgnbd",
            "status_code": "400"
          },
          "sensitive_attributes": [],
          "identity_schema_version": 0,
          "private": "bnVsbA==",
          "dependencies": [
            "module.api_gateway.aws_api_gateway_method.artifact_model_id_rate_get",
            "module.api_gateway.aws_api_gateway_resource.artifact",
            "module.api_gateway.aws_api_gateway_resource.artifact_model",
            "module.api_gateway.aws_api_gateway_resource.artifact_model_id",
            "module.api_gateway.aws_api_gateway_resource.artifact_model_id_rate",
            "module.api_gateway.aws_api_gateway_rest_api.main_api"
          ],
          "create_before_destroy": true
        }
      ]
    },
    {
      "module": "module.api_gateway",
      "mode": "managed",
      "type": "aws_api_gateway_method_response",
      "name": "artifact_model_id_rate_get_403",
      "provider": "provider[\"registry.terraform.io/hashicorp/aws\"]",
      "instances": [
        {
          "schema_version": 0,
          "attributes": {
            "http_method": "GET",
            "id": "agmr-pc1plkgnbd-gl51hs-GET-403",
            "region": "us-east-1",
            "resource_id": "gl51hs",
            "response_models": {
              "application/json": "Empty"
            },
            "response_parameters": {},
            "rest_api_id": "pc1plkgnbd",
            "status_code": "403"
          },
          "sensitive_attributes": [],
          "identity_schema_version": 0,
          "private": "bnVsbA==",
          "dependencies": [
            "module.api_gateway.aws_api_gateway_method.artifact_model_id_rate_get",
            "module.api_gateway.aws_api_gateway_resource.artifact",
            "module.api_gateway.aws_api_gateway_resource.artifact_model",
            "module.api_gateway.aws_api_gateway_resource.artifact_model_id",
            "module.api_gateway.aws_api_gateway_resource.artifact_model_id_rate",
            "module.api_gateway.aws_api_gateway_rest_api.main_api"
          ],
          "create_before_destroy": true
        }
      ]
    },
    {
      "module": "module.api_gateway",
      "mode": "managed",
      "type": "aws_api_gateway_method_response",
      "name": "artifact_model_id_rate_get_404",
      "provider": "provider[\"registry.terraform.io/hashicorp/aws\"]",
      "instances": [
        {
          "schema_version": 0,
          "attributes": {
            "http_method": "GET",
            "id": "agmr-pc1plkgnbd-gl51hs-GET-404",
            "region": "us-east-1",
            "resource_id": "gl51hs",
            "response_models": {
              "application/json": "Empty"
            },
            "response_parameters": {},
            "rest_api_id": "pc1plkgnbd",
            "status_code": "404"
          },
          "sensitive_attributes": [],
          "identity_schema_version": 0,
          "private": "bnVsbA==",
          "dependencies": [
            "module.api_gateway.aws_api_gateway_method.artifact_model_id_rate_get",
            "module.api_gateway.aws_api_gateway_resource.artifact",
            "module.api_gateway.aws_api_gateway_resource.artifact_model",
            "module.api_gateway.aws_api_gateway_resource.artifact_model_id",
            "module.api_gateway.aws_api_gateway_resource.artifact_model_id_rate",
            "module.api_gateway.aws_api_gateway_rest_api.main_api"
          ],
          "create_before_destroy": true
        }
      ]
    },
    {
      "module": "module.api_gateway",
      "mode": "managed",
      "type": "aws_api_gateway_method_response",
      "name": "artifact_model_id_rate_get_500",
      "provider": "provider[\"registry.terraform.io/hashicorp/aws\"]",
      "instances": [
        {
          "schema_version": 0,
          "attributes": {
            "http_method": "GET",
            "id": "agmr-pc1plkgnbd-gl51hs-GET-500",
            "region": "us-east-1",
            "resource_id": "gl51hs",
            "response_models": {
              "application/json": "Empty"
            },
            "response_parameters": {},
            "rest_api_id": "pc1plkgnbd",
            "status_code": "500"
          },
          "sensitive_attributes": [],
          "identity_schema_version": 0,
          "private": "bnVsbA==",
          "dependencies": [
            "module.api_gateway.aws_api_gateway_method.artifact_model_id_rate_get",
            "module.api_gateway.aws_api_gateway_resource.artifact",
            "module.api_gateway.aws_api_gateway_resource.artifact_model",
            "module.api_gateway.aws_api_gateway_resource.artifact_model_id",
            "module.api_gateway.aws_api_gateway_resource.artifact_model_id_rate",
            "module.api_gateway.aws_api_gateway_rest_api.main_api"
          ],
          "create_before_destroy": true
        }
      ]
    },
    {
      "module": "module.api_gateway",
      "mode": "managed",
      "type": "aws_api_gateway_method_response",
      "name": "artifact_type_id_audit_get_200",
      "provider": "provider[\"registry.terraform.io/hashicorp/aws\"]",
      "instances": [
        {
          "schema_version": 0,
          "attributes": {
            "http_method": "GET",
            "id": "agmr-pc1plkgnbd-fwlez3-GET-200",
            "region": "us-east-1",
            "resource_id": "fwlez3",
            "response_models": {
              "application/json": "Empty"
            },
            "response_parameters": {},
            "rest_api_id": "pc1plkgnbd",
            "status_code": "200"
          },
          "sensitive_attributes": [],
          "identity_schema_version": 0,
          "private": "bnVsbA==",
          "dependencies": [
            "module.api_gateway.aws_api_gateway_method.artifact_type_id_audit_get",
            "module.api_gateway.aws_api_gateway_resource.artifact",
            "module.api_gateway.aws_api_gateway_resource.artifact_type",
            "module.api_gateway.aws_api_gateway_resource.artifact_type_id",
            "module.api_gateway.aws_api_gateway_resource.artifact_type_id_audit",
            "module.api_gateway.aws_api_gateway_rest_api.main_api"
          ]
        }
      ]
    },
    {
      "module": "module.api_gateway",
      "mode": "managed",
      "type": "aws_api_gateway_method_response",
      "name": "artifact_type_id_audit_get_400",
      "provider": "provider[\"registry.terraform.io/hashicorp/aws\"]",
      "instances": [
        {
          "schema_version": 0,
          "attributes": {
            "http_method": "GET",
            "id": "agmr-pc1plkgnbd-fwlez3-GET-400",
            "region": "us-east-1",
            "resource_id": "fwlez3",
            "response_models": {
              "application/json": "Empty"
            },
            "response_parameters": {},
            "rest_api_id": "pc1plkgnbd",
            "status_code": "400"
          },
          "sensitive_attributes": [],
          "identity_schema_version": 0,
          "private": "bnVsbA==",
          "dependencies": [
            "module.api_gateway.aws_api_gateway_method.artifact_type_id_audit_get",
            "module.api_gateway.aws_api_gateway_resource.artifact",
            "module.api_gateway.aws_api_gateway_resource.artifact_type",
            "module.api_gateway.aws_api_gateway_resource.artifact_type_id",
            "module.api_gateway.aws_api_gateway_resource.artifact_type_id_audit",
            "module.api_gateway.aws_api_gateway_rest_api.main_api"
          ]
        }
      ]
    },
    {
      "module": "module.api_gateway",
      "mode": "managed",
      "type": "aws_api_gateway_method_response",
      "name": "artifact_type_id_audit_get_403",
      "provider": "provider[\"registry.terraform.io/hashicorp/aws\"]",
      "instances": [
        {
          "schema_version": 0,
          "attributes": {
            "http_method": "GET",
            "id": "agmr-pc1plkgnbd-fwlez3-GET-403",
            "region": "us-east-1",
            "resource_id": "fwlez3",
            "response_models": {
              "application/json": "Empty"
            },
            "response_parameters": {},
            "rest_api_id": "pc1plkgnbd",
            "status_code": "403"
          },
          "sensitive_attributes": [],
          "identity_schema_version": 0,
          "private": "bnVsbA==",
          "dependencies": [
            "module.api_gateway.aws_api_gateway_method.artifact_type_id_audit_get",
            "module.api_gateway.aws_api_gateway_resource.artifact",
            "module.api_gateway.aws_api_gateway_resource.artifact_type",
            "module.api_gateway.aws_api_gateway_resource.artifact_type_id",
            "module.api_gateway.aws_api_gateway_resource.artifact_type_id_audit",
            "module.api_gateway.aws_api_gateway_rest_api.main_api"
          ]
        }
      ]
    },
    {
      "module": "module.api_gateway",
      "mode": "managed",
      "type": "aws_api_gateway_method_response",
      "name": "artifact_type_id_audit_get_404",
      "provider": "provider[\"registry.terraform.io/hashicorp/aws\"]",
      "instances": [
        {
          "schema_version": 0,
          "attributes": {
            "http_method": "GET",
            "id": "agmr-pc1plkgnbd-fwlez3-GET-404",
            "region": "us-east-1",
            "resource_id": "fwlez3",
            "response_models": {
              "application/json": "Empty"
            },
            "response_parameters": {},
            "rest_api_id": "pc1plkgnbd",
            "status_code": "404"
          },
          "sensitive_attributes": [],
          "identity_schema_version": 0,
          "private": "bnVsbA==",
          "dependencies": [
            "module.api_gateway.aws_api_gateway_method.artifact_type_id_audit_get",
            "module.api_gateway.aws_api_gateway_resource.artifact",
            "module.api_gateway.aws_api_gateway_resource.artifact_type",
            "module.api_gateway.aws_api_gateway_resource.artifact_type_id",
            "module.api_gateway.aws_api_gateway_resource.artifact_type_id_audit",
            "module.api_gateway.aws_api_gateway_rest_api.main_api"
          ]
        }
      ]
    },
    {
      "module": "module.api_gateway",
      "mode": "managed",
      "type": "aws_api_gateway_method_response",
      "name": "artifact_type_id_cost_get_200",
      "provider": "provider[\"registry.terraform.io/hashicorp/aws\"]",
      "instances": [
        {
          "schema_version": 0,
          "attributes": {
            "http_method": "GET",
            "id": "agmr-pc1plkgnbd-zs83ai-GET-200",
            "region": "us-east-1",
            "resource_id": "zs83ai",
            "response_models": {
              "application/json": "Empty"
            },
            "response_parameters": {},
            "rest_api_id": "pc1plkgnbd",
            "status_code": "200"
          },
          "sensitive_attributes": [],
          "identity_schema_version": 0,
          "private": "bnVsbA==",
          "dependencies": [
            "module.api_gateway.aws_api_gateway_method.artifact_type_id_cost_get",
            "module.api_gateway.aws_api_gateway_resource.artifact",
            "module.api_gateway.aws_api_gateway_resource.artifact_type",
            "module.api_gateway.aws_api_gateway_resource.artifact_type_id",
            "module.api_gateway.aws_api_gateway_resource.artifact_type_id_cost",
            "module.api_gateway.aws_api_gateway_rest_api.main_api"
          ]
        }
      ]
    },
    {
      "module": "module.api_gateway",
      "mode": "managed",
      "type": "aws_api_gateway_method_response",
      "name": "artifact_type_id_cost_get_400",
      "provider": "provider[\"registry.terraform.io/hashicorp/aws\"]",
      "instances": [
        {
          "schema_version": 0,
          "attributes": {
            "http_method": "GET",
            "id": "agmr-pc1plkgnbd-zs83ai-GET-400",
            "region": "us-east-1",
            "resource_id": "zs83ai",
            "response_models": {
              "application/json": "Empty"
            },
            "response_parameters": {},
            "rest_api_id": "pc1plkgnbd",
            "status_code": "400"
          },
          "sensitive_attributes": [],
          "identity_schema_version": 0,
          "private": "bnVsbA==",
          "dependencies": [
            "module.api_gateway.aws_api_gateway_method.artifact_type_id_cost_get",
            "module.api_gateway.aws_api_gateway_resource.artifact",
            "module.api_gateway.aws_api_gateway_resource.artifact_type",
            "module.api_gateway.aws_api_gateway_resource.artifact_type_id",
            "module.api_gateway.aws_api_gateway_resource.artifact_type_id_cost",
            "module.api_gateway.aws_api_gateway_rest_api.main_api"
          ]
        }
      ]
    },
    {
      "module": "module.api_gateway",
      "mode": "managed",
      "type": "aws_api_gateway_method_response",
      "name": "artifact_type_id_cost_get_403",
      "provider": "provider[\"registry.terraform.io/hashicorp/aws\"]",
      "instances": [
        {
          "schema_version": 0,
          "attributes": {
            "http_method": "GET",
            "id": "agmr-pc1plkgnbd-zs83ai-GET-403",
            "region": "us-east-1",
            "resource_id": "zs83ai",
            "response_models": {
              "application/json": "Empty"
            },
            "response_parameters": {},
            "rest_api_id": "pc1plkgnbd",
            "status_code": "403"
          },
          "sensitive_attributes": [],
          "identity_schema_version": 0,
          "private": "bnVsbA==",
          "dependencies": [
            "module.api_gateway.aws_api_gateway_method.artifact_type_id_cost_get",
            "module.api_gateway.aws_api_gateway_resource.artifact",
            "module.api_gateway.aws_api_gateway_resource.artifact_type",
            "module.api_gateway.aws_api_gateway_resource.artifact_type_id",
            "module.api_gateway.aws_api_gateway_resource.artifact_type_id_cost",
            "module.api_gateway.aws_api_gateway_rest_api.main_api"
          ]
        }
      ]
    },
    {
      "module": "module.api_gateway",
      "mode": "managed",
      "type": "aws_api_gateway_method_response",
      "name": "artifact_type_id_cost_get_404",
      "provider": "provider[\"registry.terraform.io/hashicorp/aws\"]",
      "instances": [
        {
          "schema_version": 0,
          "attributes": {
            "http_method": "GET",
            "id": "agmr-pc1plkgnbd-zs83ai-GET-404",
            "region": "us-east-1",
            "resource_id": "zs83ai",
            "response_models": {
              "application/json": "Empty"
            },
            "response_parameters": {},
            "rest_api_id": "pc1plkgnbd",
            "status_code": "404"
          },
          "sensitive_attributes": [],
          "identity_schema_version": 0,
          "private": "bnVsbA==",
          "dependencies": [
            "module.api_gateway.aws_api_gateway_method.artifact_type_id_cost_get",
            "module.api_gateway.aws_api_gateway_resource.artifact",
            "module.api_gateway.aws_api_gateway_resource.artifact_type",
            "module.api_gateway.aws_api_gateway_resource.artifact_type_id",
            "module.api_gateway.aws_api_gateway_resource.artifact_type_id_cost",
            "module.api_gateway.aws_api_gateway_rest_api.main_api"
          ]
        }
      ]
    },
    {
      "module": "module.api_gateway",
      "mode": "managed",
      "type": "aws_api_gateway_method_response",
      "name": "artifact_type_id_cost_get_500",
      "provider": "provider[\"registry.terraform.io/hashicorp/aws\"]",
      "instances": [
        {
          "schema_version": 0,
          "attributes": {
            "http_method": "GET",
            "id": "agmr-pc1plkgnbd-zs83ai-GET-500",
            "region": "us-east-1",
            "resource_id": "zs83ai",
            "response_models": {
              "application/json": "Empty"
            },
            "response_parameters": {},
            "rest_api_id": "pc1plkgnbd",
            "status_code": "500"
          },
          "sensitive_attributes": [],
          "identity_schema_version": 0,
          "private": "bnVsbA==",
          "dependencies": [
            "module.api_gateway.aws_api_gateway_method.artifact_type_id_cost_get",
            "module.api_gateway.aws_api_gateway_resource.artifact",
            "module.api_gateway.aws_api_gateway_resource.artifact_type",
            "module.api_gateway.aws_api_gateway_resource.artifact_type_id",
            "module.api_gateway.aws_api_gateway_resource.artifact_type_id_cost",
            "module.api_gateway.aws_api_gateway_rest_api.main_api"
          ]
        }
      ]
    },
    {
      "module": "module.api_gateway",
      "mode": "managed",
      "type": "aws_api_gateway_method_response",
      "name": "artifact_type_id_delete_200",
      "provider": "provider[\"registry.terraform.io/hashicorp/aws\"]",
      "instances": [
        {
          "schema_version": 0,
          "attributes": {
            "http_method": "DELETE",
            "id": "agmr-pc1plkgnbd-jkth37-DELETE-200",
            "region": "us-east-1",
            "resource_id": "jkth37",
            "response_models": {
              "application/json": "Empty"
            },
            "response_parameters": {},
            "rest_api_id": "pc1plkgnbd",
            "status_code": "200"
          },
          "sensitive_attributes": [],
          "identity_schema_version": 0,
          "private": "bnVsbA==",
          "dependencies": [
            "module.api_gateway.aws_api_gateway_method.artifact_type_id_delete",
            "module.api_gateway.aws_api_gateway_resource.artifact",
            "module.api_gateway.aws_api_gateway_resource.artifact_type",
            "module.api_gateway.aws_api_gateway_resource.artifact_type_id",
            "module.api_gateway.aws_api_gateway_rest_api.main_api"
          ]
        }
      ]
    },
    {
      "module": "module.api_gateway",
      "mode": "managed",
      "type": "aws_api_gateway_method_response",
      "name": "artifact_type_id_delete_400",
      "provider": "provider[\"registry.terraform.io/hashicorp/aws\"]",
      "instances": [
        {
          "schema_version": 0,
          "attributes": {
            "http_method": "DELETE",
            "id": "agmr-pc1plkgnbd-jkth37-DELETE-400",
            "region": "us-east-1",
            "resource_id": "jkth37",
            "response_models": {
              "application/json": "Empty"
            },
            "response_parameters": {},
            "rest_api_id": "pc1plkgnbd",
            "status_code": "400"
          },
          "sensitive_attributes": [],
          "identity_schema_version": 0,
          "private": "bnVsbA==",
          "dependencies": [
            "module.api_gateway.aws_api_gateway_method.artifact_type_id_delete",
            "module.api_gateway.aws_api_gateway_resource.artifact",
            "module.api_gateway.aws_api_gateway_resource.artifact_type",
            "module.api_gateway.aws_api_gateway_resource.artifact_type_id",
            "module.api_gateway.aws_api_gateway_rest_api.main_api"
          ]
        }
      ]
    },
    {
      "module": "module.api_gateway",
      "mode": "managed",
      "type": "aws_api_gateway_method_response",
      "name": "artifact_type_id_delete_403",
      "provider": "provider[\"registry.terraform.io/hashicorp/aws\"]",
      "instances": [
        {
          "schema_version": 0,
          "attributes": {
            "http_method": "DELETE",
            "id": "agmr-pc1plkgnbd-jkth37-DELETE-403",
            "region": "us-east-1",
            "resource_id": "jkth37",
            "response_models": {
              "application/json": "Empty"
            },
            "response_parameters": {},
            "rest_api_id": "pc1plkgnbd",
            "status_code": "403"
          },
          "sensitive_attributes": [],
          "identity_schema_version": 0,
          "private": "bnVsbA==",
          "dependencies": [
            "module.api_gateway.aws_api_gateway_method.artifact_type_id_delete",
            "module.api_gateway.aws_api_gateway_resource.artifact",
            "module.api_gateway.aws_api_gateway_resource.artifact_type",
            "module.api_gateway.aws_api_gateway_resource.artifact_type_id",
            "module.api_gateway.aws_api_gateway_rest_api.main_api"
          ]
        }
      ]
    },
    {
      "module": "module.api_gateway",
      "mode": "managed",
      "type": "aws_api_gateway_method_response",
      "name": "artifact_type_id_delete_404",
      "provider": "provider[\"registry.terraform.io/hashicorp/aws\"]",
      "instances": [
        {
          "schema_version": 0,
          "attributes": {
            "http_method": "DELETE",
            "id": "agmr-pc1plkgnbd-jkth37-DELETE-404",
            "region": "us-east-1",
            "resource_id": "jkth37",
            "response_models": {
              "application/json": "Empty"
            },
            "response_parameters": {},
            "rest_api_id": "pc1plkgnbd",
            "status_code": "404"
          },
          "sensitive_attributes": [],
          "identity_schema_version": 0,
          "private": "bnVsbA==",
          "dependencies": [
            "module.api_gateway.aws_api_gateway_method.artifact_type_id_delete",
            "module.api_gateway.aws_api_gateway_resource.artifact",
            "module.api_gateway.aws_api_gateway_resource.artifact_type",
            "module.api_gateway.aws_api_gateway_resource.artifact_type_id",
            "module.api_gateway.aws_api_gateway_rest_api.main_api"
          ]
        }
      ]
    },
    {
      "module": "module.api_gateway",
      "mode": "managed",
      "type": "aws_api_gateway_method_response",
      "name": "artifact_type_id_put_200",
      "provider": "provider[\"registry.terraform.io/hashicorp/aws\"]",
      "instances": [
        {
          "schema_version": 0,
          "attributes": {
            "http_method": "PUT",
            "id": "agmr-pc1plkgnbd-jkth37-PUT-200",
            "region": "us-east-1",
            "resource_id": "jkth37",
            "response_models": {
              "application/json": "Empty"
            },
            "response_parameters": {},
            "rest_api_id": "pc1plkgnbd",
            "status_code": "200"
          },
          "sensitive_attributes": [],
          "identity_schema_version": 0,
          "private": "bnVsbA==",
          "dependencies": [
            "module.api_gateway.aws_api_gateway_method.artifact_type_id_put",
            "module.api_gateway.aws_api_gateway_resource.artifact",
            "module.api_gateway.aws_api_gateway_resource.artifact_type",
            "module.api_gateway.aws_api_gateway_resource.artifact_type_id",
            "module.api_gateway.aws_api_gateway_rest_api.main_api"
          ]
        }
      ]
    },
    {
      "module": "module.api_gateway",
      "mode": "managed",
      "type": "aws_api_gateway_method_response",
      "name": "artifact_type_id_put_400",
      "provider": "provider[\"registry.terraform.io/hashicorp/aws\"]",
      "instances": [
        {
          "schema_version": 0,
          "attributes": {
            "http_method": "PUT",
            "id": "agmr-pc1plkgnbd-jkth37-PUT-400",
            "region": "us-east-1",
            "resource_id": "jkth37",
            "response_models": {
              "application/json": "Empty"
            },
            "response_parameters": {},
            "rest_api_id": "pc1plkgnbd",
            "status_code": "400"
          },
          "sensitive_attributes": [],
          "identity_schema_version": 0,
          "private": "bnVsbA==",
          "dependencies": [
            "module.api_gateway.aws_api_gateway_method.artifact_type_id_put",
            "module.api_gateway.aws_api_gateway_resource.artifact",
            "module.api_gateway.aws_api_gateway_resource.artifact_type",
            "module.api_gateway.aws_api_gateway_resource.artifact_type_id",
            "module.api_gateway.aws_api_gateway_rest_api.main_api"
          ]
        }
      ]
    },
    {
      "module": "module.api_gateway",
      "mode": "managed",
      "type": "aws_api_gateway_method_response",
      "name": "artifact_type_id_put_403",
      "provider": "provider[\"registry.terraform.io/hashicorp/aws\"]",
      "instances": [
        {
          "schema_version": 0,
          "attributes": {
            "http_method": "PUT",
            "id": "agmr-pc1plkgnbd-jkth37-PUT-403",
            "region": "us-east-1",
            "resource_id": "jkth37",
            "response_models": {
              "application/json": "Empty"
            },
            "response_parameters": {},
            "rest_api_id": "pc1plkgnbd",
            "status_code": "403"
          },
          "sensitive_attributes": [],
          "identity_schema_version": 0,
          "private": "bnVsbA==",
          "dependencies": [
            "module.api_gateway.aws_api_gateway_method.artifact_type_id_put",
            "module.api_gateway.aws_api_gateway_resource.artifact",
            "module.api_gateway.aws_api_gateway_resource.artifact_type",
            "module.api_gateway.aws_api_gateway_resource.artifact_type_id",
            "module.api_gateway.aws_api_gateway_rest_api.main_api"
          ]
        }
      ]
    },
    {
      "module": "module.api_gateway",
      "mode": "managed",
      "type": "aws_api_gateway_method_response",
      "name": "artifact_type_id_put_404",
      "provider": "provider[\"registry.terraform.io/hashicorp/aws\"]",
      "instances": [
        {
          "schema_version": 0,
          "attributes": {
            "http_method": "PUT",
            "id": "agmr-pc1plkgnbd-jkth37-PUT-404",
            "region": "us-east-1",
            "resource_id": "jkth37",
            "response_models": {
              "application/json": "Empty"
            },
            "response_parameters": {},
            "rest_api_id": "pc1plkgnbd",
            "status_code": "404"
          },
          "sensitive_attributes": [],
          "identity_schema_version": 0,
          "private": "bnVsbA==",
          "dependencies": [
            "module.api_gateway.aws_api_gateway_method.artifact_type_id_put",
            "module.api_gateway.aws_api_gateway_resource.artifact",
            "module.api_gateway.aws_api_gateway_resource.artifact_type",
            "module.api_gateway.aws_api_gateway_resource.artifact_type_id",
            "module.api_gateway.aws_api_gateway_rest_api.main_api"
          ]
        }
      ]
    },
    {
      "module": "module.api_gateway",
      "mode": "managed",
      "type": "aws_api_gateway_method_response",
      "name": "artifact_type_options_200",
      "provider": "provider[\"registry.terraform.io/hashicorp/aws\"]",
      "instances": [
        {
          "schema_version": 0,
          "attributes": {
            "http_method": "OPTIONS",
            "id": "agmr-pc1plkgnbd-2qsucn-OPTIONS-200",
            "region": "us-east-1",
            "resource_id": "2qsucn",
            "response_models": {
              "application/json": "Empty"
            },
            "response_parameters": {
              "method.response.header.Access-Control-Allow-Headers": true,
              "method.response.header.Access-Control-Allow-Methods": true,
              "method.response.header.Access-Control-Allow-Origin": true
            },
            "rest_api_id": "pc1plkgnbd",
            "status_code": "200"
          },
          "sensitive_attributes": [],
          "identity_schema_version": 0,
          "private": "bnVsbA==",
          "dependencies": [
            "module.api_gateway.aws_api_gateway_method.artifact_type_options",
            "module.api_gateway.aws_api_gateway_resource.artifact",
            "module.api_gateway.aws_api_gateway_resource.artifact_type",
            "module.api_gateway.aws_api_gateway_rest_api.main_api"
          ],
          "create_before_destroy": true
        }
      ]
    },
    {
      "module": "module.api_gateway",
      "mode": "managed",
      "type": "aws_api_gateway_method_response",
      "name": "artifact_type_post_201",
      "provider": "provider[\"registry.terraform.io/hashicorp/aws\"]",
      "instances": [
        {
          "schema_version": 0,
          "attributes": {
            "http_method": "POST",
            "id": "agmr-pc1plkgnbd-2qsucn-POST-201",
            "region": "us-east-1",
            "resource_id": "2qsucn",
            "response_models": {
              "application/json": "Empty"
            },
            "response_parameters": {},
            "rest_api_id": "pc1plkgnbd",
            "status_code": "201"
          },
          "sensitive_attributes": [],
          "identity_schema_version": 0,
          "private": "bnVsbA==",
          "dependencies": [
            "module.api_gateway.aws_api_gateway_method.artifact_type_post",
            "module.api_gateway.aws_api_gateway_resource.artifact",
            "module.api_gateway.aws_api_gateway_resource.artifact_type",
            "module.api_gateway.aws_api_gateway_rest_api.main_api"
          ]
        }
      ]
    },
    {
      "module": "module.api_gateway",
      "mode": "managed",
      "type": "aws_api_gateway_method_response",
      "name": "artifact_type_post_202",
      "provider": "provider[\"registry.terraform.io/hashicorp/aws\"]",
      "instances": [
        {
          "schema_version": 0,
          "attributes": {
            "http_method": "POST",
            "id": "agmr-pc1plkgnbd-2qsucn-POST-202",
            "region": "us-east-1",
            "resource_id": "2qsucn",
            "response_models": {
              "application/json": "Empty"
            },
            "response_parameters": {},
            "rest_api_id": "pc1plkgnbd",
            "status_code": "202"
          },
          "sensitive_attributes": [],
          "identity_schema_version": 0,
          "private": "bnVsbA==",
          "dependencies": [
            "module.api_gateway.aws_api_gateway_method.artifact_type_post",
            "module.api_gateway.aws_api_gateway_resource.artifact",
            "module.api_gateway.aws_api_gateway_resource.artifact_type",
            "module.api_gateway.aws_api_gateway_rest_api.main_api"
          ]
        }
      ]
    },
    {
      "module": "module.api_gateway",
      "mode": "managed",
      "type": "aws_api_gateway_method_response",
      "name": "artifact_type_post_400",
      "provider": "provider[\"registry.terraform.io/hashicorp/aws\"]",
      "instances": [
        {
          "schema_version": 0,
          "attributes": {
            "http_method": "POST",
            "id": "agmr-pc1plkgnbd-2qsucn-POST-400",
            "region": "us-east-1",
            "resource_id": "2qsucn",
            "response_models": {
              "application/json": "Empty"
            },
            "response_parameters": {},
            "rest_api_id": "pc1plkgnbd",
            "status_code": "400"
          },
          "sensitive_attributes": [],
          "identity_schema_version": 0,
          "private": "bnVsbA==",
          "dependencies": [
            "module.api_gateway.aws_api_gateway_method.artifact_type_post",
            "module.api_gateway.aws_api_gateway_resource.artifact",
            "module.api_gateway.aws_api_gateway_resource.artifact_type",
            "module.api_gateway.aws_api_gateway_rest_api.main_api"
          ]
        }
      ]
    },
    {
      "module": "module.api_gateway",
      "mode": "managed",
      "type": "aws_api_gateway_method_response",
      "name": "artifact_type_post_403",
      "provider": "provider[\"registry.terraform.io/hashicorp/aws\"]",
      "instances": [
        {
          "schema_version": 0,
          "attributes": {
            "http_method": "POST",
            "id": "agmr-pc1plkgnbd-2qsucn-POST-403",
            "region": "us-east-1",
            "resource_id": "2qsucn",
            "response_models": {
              "application/json": "Empty"
            },
            "response_parameters": {},
            "rest_api_id": "pc1plkgnbd",
            "status_code": "403"
          },
          "sensitive_attributes": [],
          "identity_schema_version": 0,
          "private": "bnVsbA==",
          "dependencies": [
            "module.api_gateway.aws_api_gateway_method.artifact_type_post",
            "module.api_gateway.aws_api_gateway_resource.artifact",
            "module.api_gateway.aws_api_gateway_resource.artifact_type",
            "module.api_gateway.aws_api_gateway_rest_api.main_api"
          ]
        }
      ]
    },
    {
      "module": "module.api_gateway",
      "mode": "managed",
      "type": "aws_api_gateway_method_response",
      "name": "artifact_type_post_409",
      "provider": "provider[\"registry.terraform.io/hashicorp/aws\"]",
      "instances": [
        {
          "schema_version": 0,
          "attributes": {
            "http_method": "POST",
            "id": "agmr-pc1plkgnbd-2qsucn-POST-409",
            "region": "us-east-1",
            "resource_id": "2qsucn",
            "response_models": {
              "application/json": "Empty"
            },
            "response_parameters": {},
            "rest_api_id": "pc1plkgnbd",
            "status_code": "409"
          },
          "sensitive_attributes": [],
          "identity_schema_version": 0,
          "private": "bnVsbA==",
          "dependencies": [
            "module.api_gateway.aws_api_gateway_method.artifact_type_post",
            "module.api_gateway.aws_api_gateway_resource.artifact",
            "module.api_gateway.aws_api_gateway_resource.artifact_type",
            "module.api_gateway.aws_api_gateway_rest_api.main_api"
          ]
        }
      ]
    },
    {
      "module": "module.api_gateway",
      "mode": "managed",
      "type": "aws_api_gateway_method_response",
      "name": "artifact_type_post_424",
      "provider": "provider[\"registry.terraform.io/hashicorp/aws\"]",
      "instances": [
        {
          "schema_version": 0,
          "attributes": {
            "http_method": "POST",
            "id": "agmr-pc1plkgnbd-2qsucn-POST-424",
            "region": "us-east-1",
            "resource_id": "2qsucn",
            "response_models": {
              "application/json": "Empty"
            },
            "response_parameters": {},
            "rest_api_id": "pc1plkgnbd",
            "status_code": "424"
          },
          "sensitive_attributes": [],
          "identity_schema_version": 0,
          "private": "bnVsbA==",
          "dependencies": [
            "module.api_gateway.aws_api_gateway_method.artifact_type_post",
            "module.api_gateway.aws_api_gateway_resource.artifact",
            "module.api_gateway.aws_api_gateway_resource.artifact_type",
            "module.api_gateway.aws_api_gateway_rest_api.main_api"
          ]
        }
      ]
    },
    {
      "module": "module.api_gateway",
      "mode": "managed",
      "type": "aws_api_gateway_method_response",
      "name": "artifacts_options_200",
      "provider": "provider[\"registry.terraform.io/hashicorp/aws\"]",
      "instances": [
        {
          "schema_version": 0,
          "attributes": {
            "http_method": "OPTIONS",
            "id": "agmr-pc1plkgnbd-l3zo3u-OPTIONS-200",
            "region": "us-east-1",
            "resource_id": "l3zo3u",
            "response_models": {
              "application/json": "Empty"
            },
            "response_parameters": {
              "method.response.header.Access-Control-Allow-Headers": true,
              "method.response.header.Access-Control-Allow-Methods": true,
              "method.response.header.Access-Control-Allow-Origin": true
            },
            "rest_api_id": "pc1plkgnbd",
            "status_code": "200"
          },
          "sensitive_attributes": [],
          "identity_schema_version": 0,
          "private": "bnVsbA==",
          "dependencies": [
            "module.api_gateway.aws_api_gateway_method.artifacts_options",
            "module.api_gateway.aws_api_gateway_resource.artifacts",
            "module.api_gateway.aws_api_gateway_rest_api.main_api"
          ],
          "create_before_destroy": true
        }
      ]
    },
    {
      "module": "module.api_gateway",
      "mode": "managed",
      "type": "aws_api_gateway_method_response",
      "name": "artifacts_post_200",
      "provider": "provider[\"registry.terraform.io/hashicorp/aws\"]",
      "instances": [
        {
          "schema_version": 0,
          "attributes": {
            "http_method": "POST",
            "id": "agmr-pc1plkgnbd-l3zo3u-POST-200",
            "region": "us-east-1",
            "resource_id": "l3zo3u",
            "response_models": {
              "application/json": "Empty"
            },
            "response_parameters": {
              "method.response.header.offset": true
            },
            "rest_api_id": "pc1plkgnbd",
            "status_code": "200"
          },
          "sensitive_attributes": [],
          "identity_schema_version": 0,
          "private": "bnVsbA==",
          "dependencies": [
            "module.api_gateway.aws_api_gateway_method.artifacts_post",
            "module.api_gateway.aws_api_gateway_resource.artifacts",
            "module.api_gateway.aws_api_gateway_rest_api.main_api"
          ]
        }
      ]
    },
    {
      "module": "module.api_gateway",
      "mode": "managed",
      "type": "aws_api_gateway_method_response",
      "name": "artifacts_post_400",
      "provider": "provider[\"registry.terraform.io/hashicorp/aws\"]",
      "instances": [
        {
          "schema_version": 0,
          "attributes": {
            "http_method": "POST",
            "id": "agmr-pc1plkgnbd-l3zo3u-POST-400",
            "region": "us-east-1",
            "resource_id": "l3zo3u",
            "response_models": {
              "application/json": "Empty"
            },
            "response_parameters": {},
            "rest_api_id": "pc1plkgnbd",
            "status_code": "400"
          },
          "sensitive_attributes": [],
          "identity_schema_version": 0,
          "private": "bnVsbA==",
          "dependencies": [
            "module.api_gateway.aws_api_gateway_method.artifacts_post",
            "module.api_gateway.aws_api_gateway_resource.artifacts",
            "module.api_gateway.aws_api_gateway_rest_api.main_api"
          ]
        }
      ]
    },
    {
      "module": "module.api_gateway",
      "mode": "managed",
      "type": "aws_api_gateway_method_response",
      "name": "artifacts_post_403",
      "provider": "provider[\"registry.terraform.io/hashicorp/aws\"]",
      "instances": [
        {
          "schema_version": 0,
          "attributes": {
            "http_method": "POST",
            "id": "agmr-pc1plkgnbd-l3zo3u-POST-403",
            "region": "us-east-1",
            "resource_id": "l3zo3u",
            "response_models": {
              "application/json": "Empty"
            },
            "response_parameters": {},
            "rest_api_id": "pc1plkgnbd",
            "status_code": "403"
          },
          "sensitive_attributes": [],
          "identity_schema_version": 0,
          "private": "bnVsbA==",
          "dependencies": [
            "module.api_gateway.aws_api_gateway_method.artifacts_post",
            "module.api_gateway.aws_api_gateway_resource.artifacts",
            "module.api_gateway.aws_api_gateway_rest_api.main_api"
          ]
        }
      ]
    },
    {
      "module": "module.api_gateway",
      "mode": "managed",
      "type": "aws_api_gateway_method_response",
      "name": "artifacts_post_413",
      "provider": "provider[\"registry.terraform.io/hashicorp/aws\"]",
      "instances": [
        {
          "schema_version": 0,
          "attributes": {
            "http_method": "POST",
            "id": "agmr-pc1plkgnbd-l3zo3u-POST-413",
            "region": "us-east-1",
            "resource_id": "l3zo3u",
            "response_models": {
              "application/json": "Empty"
            },
            "response_parameters": {},
            "rest_api_id": "pc1plkgnbd",
            "status_code": "413"
          },
          "sensitive_attributes": [],
          "identity_schema_version": 0,
          "private": "bnVsbA==",
          "dependencies": [
            "module.api_gateway.aws_api_gateway_method.artifacts_post",
            "module.api_gateway.aws_api_gateway_resource.artifacts",
            "module.api_gateway.aws_api_gateway_rest_api.main_api"
          ]
        }
      ]
    },
    {
      "module": "module.api_gateway",
      "mode": "managed",
      "type": "aws_api_gateway_method_response",
      "name": "artifacts_type_id_delete_200",
      "provider": "provider[\"registry.terraform.io/hashicorp/aws\"]",
      "instances": [
        {
          "schema_version": 0,
          "attributes": {
            "http_method": "DELETE",
            "id": "agmr-pc1plkgnbd-act92r-DELETE-200",
            "region": "us-east-1",
            "resource_id": "act92r",
            "response_models": {
              "application/json": "Empty"
            },
            "response_parameters": {},
            "rest_api_id": "pc1plkgnbd",
            "status_code": "200"
          },
          "sensitive_attributes": [],
          "identity_schema_version": 0,
          "private": "bnVsbA==",
          "dependencies": [
            "module.api_gateway.aws_api_gateway_method.artifacts_type_id_delete",
            "module.api_gateway.aws_api_gateway_resource.artifacts",
            "module.api_gateway.aws_api_gateway_resource.artifacts_type",
            "module.api_gateway.aws_api_gateway_resource.artifacts_type_id",
            "module.api_gateway.aws_api_gateway_rest_api.main_api"
          ]
        }
      ]
    },
    {
      "module": "module.api_gateway",
      "mode": "managed",
      "type": "aws_api_gateway_method_response",
      "name": "artifacts_type_id_delete_400",
      "provider": "provider[\"registry.terraform.io/hashicorp/aws\"]",
      "instances": [
        {
          "schema_version": 0,
          "attributes": {
            "http_method": "DELETE",
            "id": "agmr-pc1plkgnbd-act92r-DELETE-400",
            "region": "us-east-1",
            "resource_id": "act92r",
            "response_models": {
              "application/json": "Empty"
            },
            "response_parameters": {},
            "rest_api_id": "pc1plkgnbd",
            "status_code": "400"
          },
          "sensitive_attributes": [],
          "identity_schema_version": 0,
          "private": "bnVsbA==",
          "dependencies": [
            "module.api_gateway.aws_api_gateway_method.artifacts_type_id_delete",
            "module.api_gateway.aws_api_gateway_resource.artifacts",
            "module.api_gateway.aws_api_gateway_resource.artifacts_type",
            "module.api_gateway.aws_api_gateway_resource.artifacts_type_id",
            "module.api_gateway.aws_api_gateway_rest_api.main_api"
          ]
        }
      ]
    },
    {
      "module": "module.api_gateway",
      "mode": "managed",
      "type": "aws_api_gateway_method_response",
      "name": "artifacts_type_id_delete_403",
      "provider": "provider[\"registry.terraform.io/hashicorp/aws\"]",
      "instances": [
        {
          "schema_version": 0,
          "attributes": {
            "http_method": "DELETE",
            "id": "agmr-pc1plkgnbd-act92r-DELETE-403",
            "region": "us-east-1",
            "resource_id": "act92r",
            "response_models": {
              "application/json": "Empty"
            },
            "response_parameters": {},
            "rest_api_id": "pc1plkgnbd",
            "status_code": "403"
          },
          "sensitive_attributes": [],
          "identity_schema_version": 0,
          "private": "bnVsbA==",
          "dependencies": [
            "module.api_gateway.aws_api_gateway_method.artifacts_type_id_delete",
            "module.api_gateway.aws_api_gateway_resource.artifacts",
            "module.api_gateway.aws_api_gateway_resource.artifacts_type",
            "module.api_gateway.aws_api_gateway_resource.artifacts_type_id",
            "module.api_gateway.aws_api_gateway_rest_api.main_api"
          ]
        }
      ]
    },
    {
      "module": "module.api_gateway",
      "mode": "managed",
      "type": "aws_api_gateway_method_response",
      "name": "artifacts_type_id_delete_404",
      "provider": "provider[\"registry.terraform.io/hashicorp/aws\"]",
      "instances": [
        {
          "schema_version": 0,
          "attributes": {
            "http_method": "DELETE",
            "id": "agmr-pc1plkgnbd-act92r-DELETE-404",
            "region": "us-east-1",
            "resource_id": "act92r",
            "response_models": {
              "application/json": "Empty"
            },
            "response_parameters": {},
            "rest_api_id": "pc1plkgnbd",
            "status_code": "404"
          },
          "sensitive_attributes": [],
          "identity_schema_version": 0,
          "private": "bnVsbA==",
          "dependencies": [
            "module.api_gateway.aws_api_gateway_method.artifacts_type_id_delete",
            "module.api_gateway.aws_api_gateway_resource.artifacts",
            "module.api_gateway.aws_api_gateway_resource.artifacts_type",
            "module.api_gateway.aws_api_gateway_resource.artifacts_type_id",
            "module.api_gateway.aws_api_gateway_rest_api.main_api"
          ]
        }
      ]
    },
    {
      "module": "module.api_gateway",
      "mode": "managed",
      "type": "aws_api_gateway_method_response",
      "name": "artifacts_type_id_get_200",
      "provider": "provider[\"registry.terraform.io/hashicorp/aws\"]",
      "instances": [
        {
          "schema_version": 0,
          "attributes": {
            "http_method": "GET",
            "id": "agmr-pc1plkgnbd-act92r-GET-200",
            "region": "us-east-1",
            "resource_id": "act92r",
            "response_models": {
              "application/json": "Empty"
            },
            "response_parameters": {},
            "rest_api_id": "pc1plkgnbd",
            "status_code": "200"
          },
          "sensitive_attributes": [],
          "identity_schema_version": 0,
          "private": "bnVsbA==",
          "dependencies": [
            "module.api_gateway.aws_api_gateway_method.artifacts_type_id_get",
            "module.api_gateway.aws_api_gateway_resource.artifacts",
            "module.api_gateway.aws_api_gateway_resource.artifacts_type",
            "module.api_gateway.aws_api_gateway_resource.artifacts_type_id",
            "module.api_gateway.aws_api_gateway_rest_api.main_api"
          ]
        }
      ]
    },
    {
      "module": "module.api_gateway",
      "mode": "managed",
      "type": "aws_api_gateway_method_response",
      "name": "artifacts_type_id_get_400",
      "provider": "provider[\"registry.terraform.io/hashicorp/aws\"]",
      "instances": [
        {
          "schema_version": 0,
          "attributes": {
            "http_method": "GET",
            "id": "agmr-pc1plkgnbd-act92r-GET-400",
            "region": "us-east-1",
            "resource_id": "act92r",
            "response_models": {
              "application/json": "Empty"
            },
            "response_parameters": {},
            "rest_api_id": "pc1plkgnbd",
            "status_code": "400"
          },
          "sensitive_attributes": [],
          "identity_schema_version": 0,
          "private": "bnVsbA==",
          "dependencies": [
            "module.api_gateway.aws_api_gateway_method.artifacts_type_id_get",
            "module.api_gateway.aws_api_gateway_resource.artifacts",
            "module.api_gateway.aws_api_gateway_resource.artifacts_type",
            "module.api_gateway.aws_api_gateway_resource.artifacts_type_id",
            "module.api_gateway.aws_api_gateway_rest_api.main_api"
          ]
        }
      ]
    },
    {
      "module": "module.api_gateway",
      "mode": "managed",
      "type": "aws_api_gateway_method_response",
      "name": "artifacts_type_id_get_403",
      "provider": "provider[\"registry.terraform.io/hashicorp/aws\"]",
      "instances": [
        {
          "schema_version": 0,
          "attributes": {
            "http_method": "GET",
            "id": "agmr-pc1plkgnbd-act92r-GET-403",
            "region": "us-east-1",
            "resource_id": "act92r",
            "response_models": {
              "application/json": "Empty"
            },
            "response_parameters": {},
            "rest_api_id": "pc1plkgnbd",
            "status_code": "403"
          },
          "sensitive_attributes": [],
          "identity_schema_version": 0,
          "private": "bnVsbA==",
          "dependencies": [
            "module.api_gateway.aws_api_gateway_method.artifacts_type_id_get",
            "module.api_gateway.aws_api_gateway_resource.artifacts",
            "module.api_gateway.aws_api_gateway_resource.artifacts_type",
            "module.api_gateway.aws_api_gateway_resource.artifacts_type_id",
            "module.api_gateway.aws_api_gateway_rest_api.main_api"
          ]
        }
      ]
    },
    {
      "module": "module.api_gateway",
      "mode": "managed",
      "type": "aws_api_gateway_method_response",
      "name": "artifacts_type_id_get_404",
      "provider": "provider[\"registry.terraform.io/hashicorp/aws\"]",
      "instances": [
        {
          "schema_version": 0,
          "attributes": {
            "http_method": "GET",
            "id": "agmr-pc1plkgnbd-act92r-GET-404",
            "region": "us-east-1",
            "resource_id": "act92r",
            "response_models": {
              "application/json": "Empty"
            },
            "response_parameters": {},
            "rest_api_id": "pc1plkgnbd",
            "status_code": "404"
          },
          "sensitive_attributes": [],
          "identity_schema_version": 0,
          "private": "bnVsbA==",
          "dependencies": [
            "module.api_gateway.aws_api_gateway_method.artifacts_type_id_get",
            "module.api_gateway.aws_api_gateway_resource.artifacts",
            "module.api_gateway.aws_api_gateway_resource.artifacts_type",
            "module.api_gateway.aws_api_gateway_resource.artifacts_type_id",
            "module.api_gateway.aws_api_gateway_rest_api.main_api"
          ]
        }
      ]
    },
    {
      "module": "module.api_gateway",
      "mode": "managed",
      "type": "aws_api_gateway_method_response",
      "name": "artifacts_type_id_put_200",
      "provider": "provider[\"registry.terraform.io/hashicorp/aws\"]",
      "instances": [
        {
          "schema_version": 0,
          "attributes": {
            "http_method": "PUT",
            "id": "agmr-pc1plkgnbd-act92r-PUT-200",
            "region": "us-east-1",
            "resource_id": "act92r",
            "response_models": {
              "application/json": "Empty"
            },
            "response_parameters": {},
            "rest_api_id": "pc1plkgnbd",
            "status_code": "200"
          },
          "sensitive_attributes": [],
          "identity_schema_version": 0,
          "private": "bnVsbA==",
          "dependencies": [
            "module.api_gateway.aws_api_gateway_method.artifacts_type_id_put",
            "module.api_gateway.aws_api_gateway_resource.artifacts",
            "module.api_gateway.aws_api_gateway_resource.artifacts_type",
            "module.api_gateway.aws_api_gateway_resource.artifacts_type_id",
            "module.api_gateway.aws_api_gateway_rest_api.main_api"
          ]
        }
      ]
    },
    {
      "module": "module.api_gateway",
      "mode": "managed",
      "type": "aws_api_gateway_method_response",
      "name": "artifacts_type_id_put_400",
      "provider": "provider[\"registry.terraform.io/hashicorp/aws\"]",
      "instances": [
        {
          "schema_version": 0,
          "attributes": {
            "http_method": "PUT",
            "id": "agmr-pc1plkgnbd-act92r-PUT-400",
            "region": "us-east-1",
            "resource_id": "act92r",
            "response_models": {
              "application/json": "Empty"
            },
            "response_parameters": {},
            "rest_api_id": "pc1plkgnbd",
            "status_code": "400"
          },
          "sensitive_attributes": [],
          "identity_schema_version": 0,
          "private": "bnVsbA==",
          "dependencies": [
            "module.api_gateway.aws_api_gateway_method.artifacts_type_id_put",
            "module.api_gateway.aws_api_gateway_resource.artifacts",
            "module.api_gateway.aws_api_gateway_resource.artifacts_type",
            "module.api_gateway.aws_api_gateway_resource.artifacts_type_id",
            "module.api_gateway.aws_api_gateway_rest_api.main_api"
          ]
        }
      ]
    },
    {
      "module": "module.api_gateway",
      "mode": "managed",
      "type": "aws_api_gateway_method_response",
      "name": "artifacts_type_id_put_403",
      "provider": "provider[\"registry.terraform.io/hashicorp/aws\"]",
      "instances": [
        {
          "schema_version": 0,
          "attributes": {
            "http_method": "PUT",
            "id": "agmr-pc1plkgnbd-act92r-PUT-403",
            "region": "us-east-1",
            "resource_id": "act92r",
            "response_models": {
              "application/json": "Empty"
            },
            "response_parameters": {},
            "rest_api_id": "pc1plkgnbd",
            "status_code": "403"
          },
          "sensitive_attributes": [],
          "identity_schema_version": 0,
          "private": "bnVsbA==",
          "dependencies": [
            "module.api_gateway.aws_api_gateway_method.artifacts_type_id_put",
            "module.api_gateway.aws_api_gateway_resource.artifacts",
            "module.api_gateway.aws_api_gateway_resource.artifacts_type",
            "module.api_gateway.aws_api_gateway_resource.artifacts_type_id",
            "module.api_gateway.aws_api_gateway_rest_api.main_api"
          ]
        }
      ]
    },
    {
      "module": "module.api_gateway",
      "mode": "managed",
      "type": "aws_api_gateway_method_response",
      "name": "artifacts_type_id_put_404",
      "provider": "provider[\"registry.terraform.io/hashicorp/aws\"]",
      "instances": [
        {
          "schema_version": 0,
          "attributes": {
            "http_method": "PUT",
            "id": "agmr-pc1plkgnbd-act92r-PUT-404",
            "region": "us-east-1",
            "resource_id": "act92r",
            "response_models": {
              "application/json": "Empty"
            },
            "response_parameters": {},
            "rest_api_id": "pc1plkgnbd",
            "status_code": "404"
          },
          "sensitive_attributes": [],
          "identity_schema_version": 0,
          "private": "bnVsbA==",
          "dependencies": [
            "module.api_gateway.aws_api_gateway_method.artifacts_type_id_put",
            "module.api_gateway.aws_api_gateway_resource.artifacts",
            "module.api_gateway.aws_api_gateway_resource.artifacts_type",
            "module.api_gateway.aws_api_gateway_resource.artifacts_type_id",
            "module.api_gateway.aws_api_gateway_rest_api.main_api"
          ]
        }
      ]
    },
    {
      "module": "module.api_gateway",
      "mode": "managed",
      "type": "aws_api_gateway_method_response",
      "name": "authenticate_options_200",
      "provider": "provider[\"registry.terraform.io/hashicorp/aws\"]",
      "instances": [
        {
          "schema_version": 0,
          "attributes": {
            "http_method": "OPTIONS",
            "id": "agmr-pc1plkgnbd-2i5q4v-OPTIONS-200",
            "region": "us-east-1",
            "resource_id": "2i5q4v",
            "response_models": {
              "application/json": "Empty"
            },
            "response_parameters": {
              "method.response.header.Access-Control-Allow-Headers": true,
              "method.response.header.Access-Control-Allow-Methods": true,
              "method.response.header.Access-Control-Allow-Origin": true
            },
            "rest_api_id": "pc1plkgnbd",
            "status_code": "200"
          },
          "sensitive_attributes": [],
          "identity_schema_version": 0,
          "private": "bnVsbA==",
          "dependencies": [
            "module.api_gateway.aws_api_gateway_method.authenticate_options",
            "module.api_gateway.aws_api_gateway_resource.authenticate",
            "module.api_gateway.aws_api_gateway_rest_api.main_api"
          ],
          "create_before_destroy": true
        }
      ]
    },
    {
      "module": "module.api_gateway",
      "mode": "managed",
      "type": "aws_api_gateway_method_response",
      "name": "authenticate_put_200",
      "provider": "provider[\"registry.terraform.io/hashicorp/aws\"]",
      "instances": [
        {
          "schema_version": 0,
          "attributes": {
            "http_method": "PUT",
            "id": "agmr-pc1plkgnbd-2i5q4v-PUT-200",
            "region": "us-east-1",
            "resource_id": "2i5q4v",
            "response_models": {
              "application/json": "Empty"
            },
            "response_parameters": {},
            "rest_api_id": "pc1plkgnbd",
            "status_code": "200"
          },
          "sensitive_attributes": [],
          "identity_schema_version": 0,
          "private": "bnVsbA==",
          "dependencies": [
            "module.api_gateway.aws_api_gateway_method.authenticate_put",
            "module.api_gateway.aws_api_gateway_resource.authenticate",
            "module.api_gateway.aws_api_gateway_rest_api.main_api"
          ]
        }
      ]
    },
    {
      "module": "module.api_gateway",
      "mode": "managed",
      "type": "aws_api_gateway_method_response",
      "name": "authenticate_put_400",
      "provider": "provider[\"registry.terraform.io/hashicorp/aws\"]",
      "instances": [
        {
          "schema_version": 0,
          "attributes": {
            "http_method": "PUT",
            "id": "agmr-pc1plkgnbd-2i5q4v-PUT-400",
            "region": "us-east-1",
            "resource_id": "2i5q4v",
            "response_models": {
              "application/json": "Empty"
            },
            "response_parameters": {},
            "rest_api_id": "pc1plkgnbd",
            "status_code": "400"
          },
          "sensitive_attributes": [],
          "identity_schema_version": 0,
          "private": "bnVsbA==",
          "dependencies": [
            "module.api_gateway.aws_api_gateway_method.authenticate_put",
            "module.api_gateway.aws_api_gateway_resource.authenticate",
            "module.api_gateway.aws_api_gateway_rest_api.main_api"
          ]
        }
      ]
    },
    {
      "module": "module.api_gateway",
      "mode": "managed",
      "type": "aws_api_gateway_method_response",
      "name": "directory_options_200",
      "provider": "provider[\"registry.terraform.io/hashicorp/aws\"]",
      "instances": [
        {
          "schema_version": 0,
          "attributes": {
            "http_method": "OPTIONS",
            "id": "agmr-pc1plkgnbd-0cv1iq-OPTIONS-200",
            "region": "us-east-1",
            "resource_id": "0cv1iq",
            "response_models": {},
            "response_parameters": {
              "method.response.header.Access-Control-Allow-Headers": true,
              "method.response.header.Access-Control-Allow-Methods": true,
              "method.response.header.Access-Control-Allow-Origin": true
            },
            "rest_api_id": "pc1plkgnbd",
            "status_code": "200"
          },
          "sensitive_attributes": [],
          "identity_schema_version": 0,
          "private": "bnVsbA==",
          "dependencies": [
            "module.api_gateway.aws_api_gateway_method.directory_options",
            "module.api_gateway.aws_api_gateway_resource.directory",
            "module.api_gateway.aws_api_gateway_rest_api.main_api"
          ]
        }
      ]
    },
    {
      "module": "module.api_gateway",
      "mode": "managed",
      "type": "aws_api_gateway_method_response",
      "name": "health_components_get_200",
      "provider": "provider[\"registry.terraform.io/hashicorp/aws\"]",
      "instances": [
        {
          "schema_version": 0,
          "attributes": {
            "http_method": "GET",
            "id": "agmr-pc1plkgnbd-go5arl-GET-200",
            "region": "us-east-1",
            "resource_id": "go5arl",
            "response_models": {
              "application/json": "Empty"
            },
            "response_parameters": {},
            "rest_api_id": "pc1plkgnbd",
            "status_code": "200"
          },
          "sensitive_attributes": [],
          "identity_schema_version": 0,
          "private": "bnVsbA==",
          "dependencies": [
            "module.api_gateway.aws_api_gateway_method.health_components_get",
            "module.api_gateway.aws_api_gateway_resource.health",
            "module.api_gateway.aws_api_gateway_resource.health_components",
            "module.api_gateway.aws_api_gateway_rest_api.main_api"
          ]
        }
      ]
    },
    {
      "module": "module.api_gateway",
      "mode": "managed",
      "type": "aws_api_gateway_method_response",
      "name": "health_get_200",
      "provider": "provider[\"registry.terraform.io/hashicorp/aws\"]",
      "instances": [
        {
          "schema_version": 0,
          "attributes": {
            "http_method": "GET",
            "id": "agmr-pc1plkgnbd-mvqmg2-GET-200",
            "region": "us-east-1",
            "resource_id": "mvqmg2",
            "response_models": {
              "application/json": "Empty"
            },
            "response_parameters": {},
            "rest_api_id": "pc1plkgnbd",
            "status_code": "200"
          },
          "sensitive_attributes": [],
          "identity_schema_version": 0,
          "private": "bnVsbA==",
          "dependencies": [
            "module.api_gateway.aws_api_gateway_method.health_get",
            "module.api_gateway.aws_api_gateway_resource.health",
            "module.api_gateway.aws_api_gateway_rest_api.main_api"
          ]
        }
      ]
    },
    {
      "module": "module.api_gateway",
      "mode": "managed",
      "type": "aws_api_gateway_method_response",
      "name": "health_performance_results_run_id_get_200",
      "provider": "provider[\"registry.terraform.io/hashicorp/aws\"]",
      "instances": [
        {
          "schema_version": 0,
          "attributes": {
            "http_method": "GET",
            "id": "agmr-pc1plkgnbd-8b44nc-GET-200",
            "region": "us-east-1",
            "resource_id": "8b44nc",
            "response_models": {
              "application/json": "Empty"
            },
            "response_parameters": {},
            "rest_api_id": "pc1plkgnbd",
            "status_code": "200"
          },
          "sensitive_attributes": [],
          "identity_schema_version": 0,
          "private": "bnVsbA==",
          "dependencies": [
            "module.api_gateway.aws_api_gateway_method.health_performance_results_run_id_get",
            "module.api_gateway.aws_api_gateway_resource.health",
            "module.api_gateway.aws_api_gateway_resource.health_performance",
            "module.api_gateway.aws_api_gateway_resource.health_performance_results",
            "module.api_gateway.aws_api_gateway_resource.health_performance_results_run_id",
            "module.api_gateway.aws_api_gateway_rest_api.main_api"
          ],
          "create_before_destroy": true
        }
      ]
    },
    {
      "module": "module.api_gateway",
      "mode": "managed",
      "type": "aws_api_gateway_method_response",
      "name": "health_performance_results_run_id_get_404",
      "provider": "provider[\"registry.terraform.io/hashicorp/aws\"]",
      "instances": [
        {
          "schema_version": 0,
          "attributes": {
            "http_method": "GET",
            "id": "agmr-pc1plkgnbd-8b44nc-GET-404",
            "region": "us-east-1",
            "resource_id": "8b44nc",
            "response_models": {
              "application/json": "Empty"
            },
            "response_parameters": {},
            "rest_api_id": "pc1plkgnbd",
            "status_code": "404"
          },
          "sensitive_attributes": [],
          "identity_schema_version": 0,
          "private": "bnVsbA==",
          "dependencies": [
            "module.api_gateway.aws_api_gateway_method.health_performance_results_run_id_get",
            "module.api_gateway.aws_api_gateway_resource.health",
            "module.api_gateway.aws_api_gateway_resource.health_performance",
            "module.api_gateway.aws_api_gateway_resource.health_performance_results",
            "module.api_gateway.aws_api_gateway_resource.health_performance_results_run_id",
            "module.api_gateway.aws_api_gateway_rest_api.main_api"
          ],
          "create_before_destroy": true
        }
      ]
    },
    {
      "module": "module.api_gateway",
      "mode": "managed",
      "type": "aws_api_gateway_method_response",
      "name": "health_performance_results_run_id_get_500",
      "provider": "provider[\"registry.terraform.io/hashicorp/aws\"]",
      "instances": [
        {
          "schema_version": 0,
          "attributes": {
            "http_method": "GET",
            "id": "agmr-pc1plkgnbd-8b44nc-GET-500",
            "region": "us-east-1",
            "resource_id": "8b44nc",
            "response_models": {
              "application/json": "Empty"
            },
            "response_parameters": {},
            "rest_api_id": "pc1plkgnbd",
            "status_code": "500"
          },
          "sensitive_attributes": [],
          "identity_schema_version": 0,
          "private": "bnVsbA==",
          "dependencies": [
            "module.api_gateway.aws_api_gateway_method.health_performance_results_run_id_get",
            "module.api_gateway.aws_api_gateway_resource.health",
            "module.api_gateway.aws_api_gateway_resource.health_performance",
            "module.api_gateway.aws_api_gateway_resource.health_performance_results",
            "module.api_gateway.aws_api_gateway_resource.health_performance_results_run_id",
            "module.api_gateway.aws_api_gateway_rest_api.main_api"
          ],
          "create_before_destroy": true
        }
      ]
    },
    {
      "module": "module.api_gateway",
      "mode": "managed",
      "type": "aws_api_gateway_method_response",
      "name": "health_performance_workload_post_202",
      "provider": "provider[\"registry.terraform.io/hashicorp/aws\"]",
      "instances": [
        {
          "schema_version": 0,
          "attributes": {
            "http_method": "POST",
            "id": "agmr-pc1plkgnbd-mhkb1e-POST-202",
            "region": "us-east-1",
            "resource_id": "mhkb1e",
            "response_models": {
              "application/json": "Empty"
            },
            "response_parameters": {},
            "rest_api_id": "pc1plkgnbd",
            "status_code": "202"
          },
          "sensitive_attributes": [],
          "identity_schema_version": 0,
          "private": "bnVsbA==",
          "dependencies": [
            "module.api_gateway.aws_api_gateway_method.health_performance_workload_post",
            "module.api_gateway.aws_api_gateway_resource.health",
            "module.api_gateway.aws_api_gateway_resource.health_performance",
            "module.api_gateway.aws_api_gateway_resource.health_performance_workload",
            "module.api_gateway.aws_api_gateway_rest_api.main_api"
          ],
          "create_before_destroy": true
        }
      ]
    },
    {
      "module": "module.api_gateway",
      "mode": "managed",
      "type": "aws_api_gateway_method_response",
      "name": "health_performance_workload_post_400",
      "provider": "provider[\"registry.terraform.io/hashicorp/aws\"]",
      "instances": [
        {
          "schema_version": 0,
          "attributes": {
            "http_method": "POST",
            "id": "agmr-pc1plkgnbd-mhkb1e-POST-400",
            "region": "us-east-1",
            "resource_id": "mhkb1e",
            "response_models": {
              "application/json": "Empty"
            },
            "response_parameters": {},
            "rest_api_id": "pc1plkgnbd",
            "status_code": "400"
          },
          "sensitive_attributes": [],
          "identity_schema_version": 0,
          "private": "bnVsbA==",
          "dependencies": [
            "module.api_gateway.aws_api_gateway_method.health_performance_workload_post",
            "module.api_gateway.aws_api_gateway_resource.health",
            "module.api_gateway.aws_api_gateway_resource.health_performance",
            "module.api_gateway.aws_api_gateway_resource.health_performance_workload",
            "module.api_gateway.aws_api_gateway_rest_api.main_api"
          ],
          "create_before_destroy": true
        }
      ]
    },
    {
      "module": "module.api_gateway",
      "mode": "managed",
      "type": "aws_api_gateway_method_response",
      "name": "health_performance_workload_post_500",
      "provider": "provider[\"registry.terraform.io/hashicorp/aws\"]",
      "instances": [
        {
          "schema_version": 0,
          "attributes": {
            "http_method": "POST",
            "id": "agmr-pc1plkgnbd-mhkb1e-POST-500",
            "region": "us-east-1",
            "resource_id": "mhkb1e",
            "response_models": {
              "application/json": "Empty"
            },
            "response_parameters": {},
            "rest_api_id": "pc1plkgnbd",
            "status_code": "500"
          },
          "sensitive_attributes": [],
          "identity_schema_version": 0,
          "private": "bnVsbA==",
          "dependencies": [
            "module.api_gateway.aws_api_gateway_method.health_performance_workload_post",
            "module.api_gateway.aws_api_gateway_resource.health",
            "module.api_gateway.aws_api_gateway_resource.health_performance",
            "module.api_gateway.aws_api_gateway_resource.health_performance_workload",
            "module.api_gateway.aws_api_gateway_rest_api.main_api"
          ],
          "create_before_destroy": true
        }
      ]
    },
    {
      "module": "module.api_gateway",
      "mode": "managed",
      "type": "aws_api_gateway_method_response",
      "name": "package_id_get_200",
      "provider": "provider[\"registry.terraform.io/hashicorp/aws\"]",
      "instances": [
        {
          "schema_version": 0,
          "attributes": {
            "http_method": "GET",
            "id": "agmr-pc1plkgnbd-xk3sss-GET-200",
            "region": "us-east-1",
            "resource_id": "xk3sss",
            "response_models": {
              "application/json": "Empty"
            },
            "response_parameters": {},
            "rest_api_id": "pc1plkgnbd",
            "status_code": "200"
          },
          "sensitive_attributes": [],
          "identity_schema_version": 0,
          "private": "bnVsbA==",
          "dependencies": [
            "module.api_gateway.aws_api_gateway_method.package_id_get",
            "module.api_gateway.aws_api_gateway_resource.package",
            "module.api_gateway.aws_api_gateway_resource.package_id",
            "module.api_gateway.aws_api_gateway_rest_api.main_api"
          ],
          "create_before_destroy": true
        }
      ]
    },
    {
      "module": "module.api_gateway",
      "mode": "managed",
      "type": "aws_api_gateway_method_response",
      "name": "package_id_get_400",
      "provider": "provider[\"registry.terraform.io/hashicorp/aws\"]",
      "instances": [
        {
          "schema_version": 0,
          "attributes": {
            "http_method": "GET",
            "id": "agmr-pc1plkgnbd-xk3sss-GET-400",
            "region": "us-east-1",
            "resource_id": "xk3sss",
            "response_models": {
              "application/json": "Empty"
            },
            "response_parameters": {},
            "rest_api_id": "pc1plkgnbd",
            "status_code": "400"
          },
          "sensitive_attributes": [],
          "identity_schema_version": 0,
          "private": "bnVsbA==",
          "dependencies": [
            "module.api_gateway.aws_api_gateway_method.package_id_get",
            "module.api_gateway.aws_api_gateway_resource.package",
            "module.api_gateway.aws_api_gateway_resource.package_id",
            "module.api_gateway.aws_api_gateway_rest_api.main_api"
          ],
          "create_before_destroy": true
        }
      ]
    },
    {
      "module": "module.api_gateway",
      "mode": "managed",
      "type": "aws_api_gateway_method_response",
      "name": "package_id_get_403",
      "provider": "provider[\"registry.terraform.io/hashicorp/aws\"]",
      "instances": [
        {
          "schema_version": 0,
          "attributes": {
            "http_method": "GET",
            "id": "agmr-pc1plkgnbd-xk3sss-GET-403",
            "region": "us-east-1",
            "resource_id": "xk3sss",
            "response_models": {
              "application/json": "Empty"
            },
            "response_parameters": {},
            "rest_api_id": "pc1plkgnbd",
            "status_code": "403"
          },
          "sensitive_attributes": [],
          "identity_schema_version": 0,
          "private": "bnVsbA==",
          "dependencies": [
            "module.api_gateway.aws_api_gateway_method.package_id_get",
            "module.api_gateway.aws_api_gateway_resource.package",
            "module.api_gateway.aws_api_gateway_resource.package_id",
            "module.api_gateway.aws_api_gateway_rest_api.main_api"
          ],
          "create_before_destroy": true
        }
      ]
    },
    {
      "module": "module.api_gateway",
      "mode": "managed",
      "type": "aws_api_gateway_method_response",
      "name": "package_id_get_404",
      "provider": "provider[\"registry.terraform.io/hashicorp/aws\"]",
      "instances": [
        {
          "schema_version": 0,
          "attributes": {
            "http_method": "GET",
            "id": "agmr-pc1plkgnbd-xk3sss-GET-404",
            "region": "us-east-1",
            "resource_id": "xk3sss",
            "response_models": {
              "application/json": "Empty"
            },
            "response_parameters": {},
            "rest_api_id": "pc1plkgnbd",
            "status_code": "404"
          },
          "sensitive_attributes": [],
          "identity_schema_version": 0,
          "private": "bnVsbA==",
          "dependencies": [
            "module.api_gateway.aws_api_gateway_method.package_id_get",
            "module.api_gateway.aws_api_gateway_resource.package",
            "module.api_gateway.aws_api_gateway_resource.package_id",
            "module.api_gateway.aws_api_gateway_rest_api.main_api"
          ],
          "create_before_destroy": true
        }
      ]
    },
    {
      "module": "module.api_gateway",
      "mode": "managed",
      "type": "aws_api_gateway_method_response",
      "name": "package_id_get_500",
      "provider": "provider[\"registry.terraform.io/hashicorp/aws\"]",
      "instances": [
        {
          "schema_version": 0,
          "attributes": {
            "http_method": "GET",
            "id": "agmr-pc1plkgnbd-xk3sss-GET-500",
            "region": "us-east-1",
            "resource_id": "xk3sss",
            "response_models": {
              "application/json": "Empty"
            },
            "response_parameters": {},
            "rest_api_id": "pc1plkgnbd",
            "status_code": "500"
          },
          "sensitive_attributes": [],
          "identity_schema_version": 0,
          "private": "bnVsbA==",
          "dependencies": [
            "module.api_gateway.aws_api_gateway_method.package_id_get",
            "module.api_gateway.aws_api_gateway_resource.package",
            "module.api_gateway.aws_api_gateway_resource.package_id",
            "module.api_gateway.aws_api_gateway_rest_api.main_api"
          ],
          "create_before_destroy": true
        }
      ]
    },
    {
      "module": "module.api_gateway",
      "mode": "managed",
      "type": "aws_api_gateway_method_response",
      "name": "package_id_rate_get_200",
      "provider": "provider[\"registry.terraform.io/hashicorp/aws\"]",
      "instances": [
        {
          "schema_version": 0,
          "attributes": {
            "http_method": "GET",
            "id": "agmr-pc1plkgnbd-vs0h0g-GET-200",
            "region": "us-east-1",
            "resource_id": "vs0h0g",
            "response_models": {
              "application/json": "Empty"
            },
            "response_parameters": {},
            "rest_api_id": "pc1plkgnbd",
            "status_code": "200"
          },
          "sensitive_attributes": [],
          "identity_schema_version": 0,
          "private": "bnVsbA==",
          "dependencies": [
            "module.api_gateway.aws_api_gateway_method.package_id_rate_get",
            "module.api_gateway.aws_api_gateway_resource.package",
            "module.api_gateway.aws_api_gateway_resource.package_id",
            "module.api_gateway.aws_api_gateway_resource.package_id_rate",
            "module.api_gateway.aws_api_gateway_rest_api.main_api"
          ],
          "create_before_destroy": true
        }
      ]
    },
    {
      "module": "module.api_gateway",
      "mode": "managed",
      "type": "aws_api_gateway_method_response",
      "name": "package_id_rate_get_400",
      "provider": "provider[\"registry.terraform.io/hashicorp/aws\"]",
      "instances": [
        {
          "schema_version": 0,
          "attributes": {
            "http_method": "GET",
            "id": "agmr-pc1plkgnbd-vs0h0g-GET-400",
            "region": "us-east-1",
            "resource_id": "vs0h0g",
            "response_models": {
              "application/json": "Empty"
            },
            "response_parameters": {},
            "rest_api_id": "pc1plkgnbd",
            "status_code": "400"
          },
          "sensitive_attributes": [],
          "identity_schema_version": 0,
          "private": "bnVsbA==",
          "dependencies": [
            "module.api_gateway.aws_api_gateway_method.package_id_rate_get",
            "module.api_gateway.aws_api_gateway_resource.package",
            "module.api_gateway.aws_api_gateway_resource.package_id",
            "module.api_gateway.aws_api_gateway_resource.package_id_rate",
            "module.api_gateway.aws_api_gateway_rest_api.main_api"
          ],
          "create_before_destroy": true
        }
      ]
    },
    {
      "module": "module.api_gateway",
      "mode": "managed",
      "type": "aws_api_gateway_method_response",
      "name": "package_id_rate_get_403",
      "provider": "provider[\"registry.terraform.io/hashicorp/aws\"]",
      "instances": [
        {
          "schema_version": 0,
          "attributes": {
            "http_method": "GET",
            "id": "agmr-pc1plkgnbd-vs0h0g-GET-403",
            "region": "us-east-1",
            "resource_id": "vs0h0g",
            "response_models": {
              "application/json": "Empty"
            },
            "response_parameters": {},
            "rest_api_id": "pc1plkgnbd",
            "status_code": "403"
          },
          "sensitive_attributes": [],
          "identity_schema_version": 0,
          "private": "bnVsbA==",
          "dependencies": [
            "module.api_gateway.aws_api_gateway_method.package_id_rate_get",
            "module.api_gateway.aws_api_gateway_resource.package",
            "module.api_gateway.aws_api_gateway_resource.package_id",
            "module.api_gateway.aws_api_gateway_resource.package_id_rate",
            "module.api_gateway.aws_api_gateway_rest_api.main_api"
          ],
          "create_before_destroy": true
        }
      ]
    },
    {
      "module": "module.api_gateway",
      "mode": "managed",
      "type": "aws_api_gateway_method_response",
      "name": "package_id_rate_get_404",
      "provider": "provider[\"registry.terraform.io/hashicorp/aws\"]",
      "instances": [
        {
          "schema_version": 0,
          "attributes": {
            "http_method": "GET",
            "id": "agmr-pc1plkgnbd-vs0h0g-GET-404",
            "region": "us-east-1",
            "resource_id": "vs0h0g",
            "response_models": {
              "application/json": "Empty"
            },
            "response_parameters": {},
            "rest_api_id": "pc1plkgnbd",
            "status_code": "404"
          },
          "sensitive_attributes": [],
          "identity_schema_version": 0,
          "private": "bnVsbA==",
          "dependencies": [
            "module.api_gateway.aws_api_gateway_method.package_id_rate_get",
            "module.api_gateway.aws_api_gateway_resource.package",
            "module.api_gateway.aws_api_gateway_resource.package_id",
            "module.api_gateway.aws_api_gateway_resource.package_id_rate",
            "module.api_gateway.aws_api_gateway_rest_api.main_api"
          ],
          "create_before_destroy": true
        }
      ]
    },
    {
      "module": "module.api_gateway",
      "mode": "managed",
      "type": "aws_api_gateway_method_response",
      "name": "package_id_rate_get_500",
      "provider": "provider[\"registry.terraform.io/hashicorp/aws\"]",
      "instances": [
        {
          "schema_version": 0,
          "attributes": {
            "http_method": "GET",
            "id": "agmr-pc1plkgnbd-vs0h0g-GET-500",
            "region": "us-east-1",
            "resource_id": "vs0h0g",
            "response_models": {
              "application/json": "Empty"
            },
            "response_parameters": {},
            "rest_api_id": "pc1plkgnbd",
            "status_code": "500"
          },
          "sensitive_attributes": [],
          "identity_schema_version": 0,
          "private": "bnVsbA==",
          "dependencies": [
            "module.api_gateway.aws_api_gateway_method.package_id_rate_get",
            "module.api_gateway.aws_api_gateway_resource.package",
            "module.api_gateway.aws_api_gateway_resource.package_id",
            "module.api_gateway.aws_api_gateway_resource.package_id_rate",
            "module.api_gateway.aws_api_gateway_rest_api.main_api"
          ],
          "create_before_destroy": true
        }
      ]
    },
    {
      "module": "module.api_gateway",
      "mode": "managed",
      "type": "aws_api_gateway_method_response",
      "name": "reset_delete_200",
      "provider": "provider[\"registry.terraform.io/hashicorp/aws\"]",
      "instances": [
        {
          "schema_version": 0,
          "attributes": {
            "http_method": "DELETE",
            "id": "agmr-pc1plkgnbd-kmlom9-DELETE-200",
            "region": "us-east-1",
            "resource_id": "kmlom9",
            "response_models": {},
            "response_parameters": {},
            "rest_api_id": "pc1plkgnbd",
            "status_code": "200"
          },
          "sensitive_attributes": [],
          "identity_schema_version": 0,
          "private": "bnVsbA==",
          "dependencies": [
            "module.api_gateway.aws_api_gateway_method.reset_delete",
            "module.api_gateway.aws_api_gateway_resource.reset",
            "module.api_gateway.aws_api_gateway_rest_api.main_api"
          ]
        }
      ]
    },
    {
      "module": "module.api_gateway",
      "mode": "managed",
      "type": "aws_api_gateway_method_response",
      "name": "reset_delete_401",
      "provider": "provider[\"registry.terraform.io/hashicorp/aws\"]",
      "instances": [
        {
          "schema_version": 0,
          "attributes": {
            "http_method": "DELETE",
            "id": "agmr-pc1plkgnbd-kmlom9-DELETE-401",
            "region": "us-east-1",
            "resource_id": "kmlom9",
            "response_models": {
              "application/json": "Empty"
            },
            "response_parameters": {},
            "rest_api_id": "pc1plkgnbd",
            "status_code": "401"
          },
          "sensitive_attributes": [],
          "identity_schema_version": 0,
          "private": "bnVsbA==",
          "dependencies": [
            "module.api_gateway.aws_api_gateway_method.reset_delete",
            "module.api_gateway.aws_api_gateway_resource.reset",
            "module.api_gateway.aws_api_gateway_rest_api.main_api"
          ]
        }
      ]
    },
    {
      "module": "module.api_gateway",
      "mode": "managed",
      "type": "aws_api_gateway_method_response",
      "name": "reset_delete_403",
      "provider": "provider[\"registry.terraform.io/hashicorp/aws\"]",
      "instances": [
        {
          "schema_version": 0,
          "attributes": {
            "http_method": "DELETE",
            "id": "agmr-pc1plkgnbd-kmlom9-DELETE-403",
            "region": "us-east-1",
            "resource_id": "kmlom9",
            "response_models": {
              "application/json": "Empty"
            },
            "response_parameters": {},
            "rest_api_id": "pc1plkgnbd",
            "status_code": "403"
          },
          "sensitive_attributes": [],
          "identity_schema_version": 0,
          "private": "bnVsbA==",
          "dependencies": [
            "module.api_gateway.aws_api_gateway_method.reset_delete",
            "module.api_gateway.aws_api_gateway_resource.reset",
            "module.api_gateway.aws_api_gateway_rest_api.main_api"
          ]
        }
      ]
    },
    {
      "module": "module.api_gateway",
      "mode": "managed",
      "type": "aws_api_gateway_method_response",
      "name": "root_get_200",
      "provider": "provider[\"registry.terraform.io/hashicorp/aws\"]",
      "instances": [
        {
          "schema_version": 0,
          "attributes": {
            "http_method": "GET",
            "id": "agmr-pc1plkgnbd-kkazkjelg4-GET-200",
            "region": "us-east-1",
            "resource_id": "kkazkjelg4",
            "response_models": {},
            "response_parameters": {
              "method.response.header.Content-Type": true
            },
            "rest_api_id": "pc1plkgnbd",
            "status_code": "200"
          },
          "sensitive_attributes": [],
          "identity_schema_version": 0,
          "private": "bnVsbA==",
          "dependencies": [
            "module.api_gateway.aws_api_gateway_method.root_get",
            "module.api_gateway.aws_api_gateway_rest_api.main_api"
          ],
          "create_before_destroy": true
        }
      ]
    },
    {
      "module": "module.api_gateway",
      "mode": "managed",
      "type": "aws_api_gateway_method_response",
      "name": "tracks_get_200",
      "provider": "provider[\"registry.terraform.io/hashicorp/aws\"]",
      "instances": [
        {
          "schema_version": 0,
          "attributes": {
            "http_method": "GET",
            "id": "agmr-pc1plkgnbd-ja86tk-GET-200",
            "region": "us-east-1",
            "resource_id": "ja86tk",
            "response_models": {
              "application/json": "Empty"
            },
            "response_parameters": {},
            "rest_api_id": "pc1plkgnbd",
            "status_code": "200"
          },
          "sensitive_attributes": [],
          "identity_schema_version": 0,
          "private": "bnVsbA==",
          "dependencies": [
            "module.api_gateway.aws_api_gateway_method.tracks_get",
            "module.api_gateway.aws_api_gateway_resource.tracks",
            "module.api_gateway.aws_api_gateway_rest_api.main_api"
          ]
        }
      ]
    },
    {
      "module": "module.api_gateway",
      "mode": "managed",
      "type": "aws_api_gateway_method_response",
      "name": "tracks_get_500",
      "provider": "provider[\"registry.terraform.io/hashicorp/aws\"]",
      "instances": [
        {
          "schema_version": 0,
          "attributes": {
            "http_method": "GET",
            "id": "agmr-pc1plkgnbd-ja86tk-GET-500",
            "region": "us-east-1",
            "resource_id": "ja86tk",
            "response_models": {
              "application/json": "Empty"
            },
            "response_parameters": {},
            "rest_api_id": "pc1plkgnbd",
            "status_code": "500"
          },
          "sensitive_attributes": [],
          "identity_schema_version": 0,
          "private": "bnVsbA==",
          "dependencies": [
            "module.api_gateway.aws_api_gateway_method.tracks_get",
            "module.api_gateway.aws_api_gateway_resource.tracks",
            "module.api_gateway.aws_api_gateway_rest_api.main_api"
          ]
        }
      ]
    },
    {
      "module": "module.api_gateway",
      "mode": "managed",
      "type": "aws_api_gateway_method_response",
      "name": "upload_options_200",
      "provider": "provider[\"registry.terraform.io/hashicorp/aws\"]",
      "instances": [
        {
          "schema_version": 0,
          "attributes": {
            "http_method": "OPTIONS",
            "id": "agmr-pc1plkgnbd-afoai9-OPTIONS-200",
            "region": "us-east-1",
            "resource_id": "afoai9",
            "response_models": {},
            "response_parameters": {
              "method.response.header.Access-Control-Allow-Headers": true,
              "method.response.header.Access-Control-Allow-Methods": true,
              "method.response.header.Access-Control-Allow-Origin": true
            },
            "rest_api_id": "pc1plkgnbd",
            "status_code": "200"
          },
          "sensitive_attributes": [],
          "identity_schema_version": 0,
          "private": "bnVsbA==",
          "dependencies": [
            "module.api_gateway.aws_api_gateway_method.upload_options",
            "module.api_gateway.aws_api_gateway_resource.upload",
            "module.api_gateway.aws_api_gateway_rest_api.main_api"
          ]
        }
      ]
    },
    {
      "module": "module.api_gateway",
      "mode": "managed",
      "type": "aws_api_gateway_method_settings",
      "name": "main_stage_all_methods",
      "provider": "provider[\"registry.terraform.io/hashicorp/aws\"]",
      "instances": [
        {
          "schema_version": 0,
          "attributes": {
            "id": "pc1plkgnbd-prod-*/*",
            "method_path": "*/*",
            "region": "us-east-1",
            "rest_api_id": "pc1plkgnbd",
            "settings": [
              {
                "cache_data_encrypted": false,
                "cache_ttl_in_seconds": 300,
                "caching_enabled": false,
                "data_trace_enabled": true,
                "logging_level": "INFO",
                "metrics_enabled": true,
                "require_authorization_for_cache_control": true,
                "throttling_burst_limit": -1,
                "throttling_rate_limit": -1,
                "unauthorized_cache_control_header_strategy": "SUCCEED_WITH_RESPONSE_HEADER"
              }
            ],
            "stage_name": "prod"
          },
          "sensitive_attributes": [],
          "identity_schema_version": 0,
          "private": "bnVsbA==",
          "dependencies": [
            "module.api_gateway.aws_api_gateway_account.api_gateway_account",
            "module.api_gateway.aws_api_gateway_deployment.main_deployment",
            "module.api_gateway.aws_api_gateway_integration.admin_get",
            "module.api_gateway.aws_api_gateway_integration.admin_options",
            "module.api_gateway.aws_api_gateway_integration.artifact_byname_name_get",
            "module.api_gateway.aws_api_gateway_integration.artifact_byregex_options",
            "module.api_gateway.aws_api_gateway_integration.artifact_byregex_post",
            "module.api_gateway.aws_api_gateway_integration.artifact_directory_get",
            "module.api_gateway.aws_api_gateway_integration.artifact_get",
            "module.api_gateway.aws_api_gateway_integration.artifact_ingest_get",
            "module.api_gateway.aws_api_gateway_integration.artifact_ingest_post",
            "module.api_gateway.aws_api_gateway_integration.artifact_model_id_download_get",
            "module.api_gateway.aws_api_gateway_integration.artifact_model_id_license_check_post",
            "module.api_gateway.aws_api_gateway_integration.artifact_model_id_lineage_get",
            "module.api_gateway.aws_api_gateway_integration.artifact_model_id_rate_get",
            "module.api_gateway.aws_api_gateway_integration.artifact_model_id_upload_post",
            "module.api_gateway.aws_api_gateway_integration.artifact_type_get",
            "module.api_gateway.aws_api_gateway_integration.artifact_type_id_audit_get",
            "module.api_gateway.aws_api_gateway_integration.artifact_type_id_cost_get",
            "module.api_gateway.aws_api_gateway_integration.artifact_type_id_get",
            "module.api_gateway.aws_api_gateway_integration.artifact_type_options",
            "module.api_gateway.aws_api_gateway_integration.artifact_type_post",
            "module.api_gateway.aws_api_gateway_integration.artifacts_options",
            "module.api_gateway.aws_api_gateway_integration.artifacts_post",
            "module.api_gateway.aws_api_gateway_integration.artifacts_type_id_delete",
            "module.api_gateway.aws_api_gateway_integration.artifacts_type_id_get",
            "module.api_gateway.aws_api_gateway_integration.artifacts_type_id_put",
            "module.api_gateway.aws_api_gateway_integration.authenticate_options",
            "module.api_gateway.aws_api_gateway_integration.authenticate_put",
            "module.api_gateway.aws_api_gateway_integration.directory_get",
            "module.api_gateway.aws_api_gateway_integration.directory_options",
            "module.api_gateway.aws_api_gateway_integration.health_components_get",
            "module.api_gateway.aws_api_gateway_integration.health_get",
            "module.api_gateway.aws_api_gateway_integration.health_performance_results_run_id_get",
            "module.api_gateway.aws_api_gateway_integration.health_performance_workload_post",
            "module.api_gateway.aws_api_gateway_integration.package_id_get",
            "module.api_gateway.aws_api_gateway_integration.package_id_rate_get",
            "module.api_gateway.aws_api_gateway_integration.reset_delete",
            "module.api_gateway.aws_api_gateway_integration.root_get",
            "module.api_gateway.aws_api_gateway_integration.tracks_get",
            "module.api_gateway.aws_api_gateway_integration.upload_get",
            "module.api_gateway.aws_api_gateway_integration.upload_options",
            "module.api_gateway.aws_api_gateway_integration.upload_post",
            "module.api_gateway.aws_api_gateway_integration_response.artifact_byname_name_get_200",
            "module.api_gateway.aws_api_gateway_integration_response.artifact_byname_name_get_400",
            "module.api_gateway.aws_api_gateway_integration_response.artifact_byname_name_get_403",
            "module.api_gateway.aws_api_gateway_integration_response.artifact_byname_name_get_404",
            "module.api_gateway.aws_api_gateway_integration_response.artifact_byregex_options_200",
            "module.api_gateway.aws_api_gateway_integration_response.artifact_model_id_rate_get_200",
            "module.api_gateway.aws_api_gateway_integration_response.artifact_model_id_rate_get_400",
            "module.api_gateway.aws_api_gateway_integration_response.artifact_model_id_rate_get_403",
            "module.api_gateway.aws_api_gateway_integration_response.artifact_model_id_rate_get_404",
            "module.api_gateway.aws_api_gateway_integration_response.artifact_model_id_rate_get_500",
            "module.api_gateway.aws_api_gateway_integration_response.artifact_type_options_200",
            "module.api_gateway.aws_api_gateway_integration_response.artifacts_options_200",
            "module.api_gateway.aws_api_gateway_integration_response.authenticate_options_200",
            "module.api_gateway.aws_api_gateway_integration_response.health_performance_results_run_id_get_200",
            "module.api_gateway.aws_api_gateway_integration_response.health_performance_results_run_id_get_404",
            "module.api_gateway.aws_api_gateway_integration_response.health_performance_results_run_id_get_500",
            "module.api_gateway.aws_api_gateway_integration_response.health_performance_workload_post_202",
            "module.api_gateway.aws_api_gateway_integration_response.health_performance_workload_post_400",
            "module.api_gateway.aws_api_gateway_integration_response.health_performance_workload_post_500",
            "module.api_gateway.aws_api_gateway_integration_response.package_id_get_200",
            "module.api_gateway.aws_api_gateway_integration_response.package_id_get_400",
            "module.api_gateway.aws_api_gateway_integration_response.package_id_get_403",
            "module.api_gateway.aws_api_gateway_integration_response.package_id_get_404",
            "module.api_gateway.aws_api_gateway_integration_response.package_id_get_500",
            "module.api_gateway.aws_api_gateway_integration_response.package_id_rate_get_200",
            "module.api_gateway.aws_api_gateway_integration_response.package_id_rate_get_400",
            "module.api_gateway.aws_api_gateway_integration_response.package_id_rate_get_403",
            "module.api_gateway.aws_api_gateway_integration_response.package_id_rate_get_404",
            "module.api_gateway.aws_api_gateway_integration_response.package_id_rate_get_500",
            "module.api_gateway.aws_api_gateway_integration_response.root_get_200",
            "module.api_gateway.aws_api_gateway_method.admin_get",
            "module.api_gateway.aws_api_gateway_method.admin_options",
            "module.api_gateway.aws_api_gateway_method.artifact_byname_name_get",
            "module.api_gateway.aws_api_gateway_method.artifact_byregex_options",
            "module.api_gateway.aws_api_gateway_method.artifact_byregex_post",
            "module.api_gateway.aws_api_gateway_method.artifact_directory_get",
            "module.api_gateway.aws_api_gateway_method.artifact_get",
            "module.api_gateway.aws_api_gateway_method.artifact_ingest_get",
            "module.api_gateway.aws_api_gateway_method.artifact_ingest_post",
            "module.api_gateway.aws_api_gateway_method.artifact_model_id_download_get",
            "module.api_gateway.aws_api_gateway_method.artifact_model_id_license_check_post",
            "module.api_gateway.aws_api_gateway_method.artifact_model_id_lineage_get",
            "module.api_gateway.aws_api_gateway_method.artifact_model_id_rate_get",
            "module.api_gateway.aws_api_gateway_method.artifact_model_id_upload_post",
            "module.api_gateway.aws_api_gateway_method.artifact_type_get",
            "module.api_gateway.aws_api_gateway_method.artifact_type_id_audit_get",
            "module.api_gateway.aws_api_gateway_method.artifact_type_id_cost_get",
            "module.api_gateway.aws_api_gateway_method.artifact_type_id_delete",
            "module.api_gateway.aws_api_gateway_method.artifact_type_id_get",
            "module.api_gateway.aws_api_gateway_method.artifact_type_id_put",
            "module.api_gateway.aws_api_gateway_method.artifact_type_options",
            "module.api_gateway.aws_api_gateway_method.artifact_type_post",
            "module.api_gateway.aws_api_gateway_method.artifacts_options",
            "module.api_gateway.aws_api_gateway_method.artifacts_post",
            "module.api_gateway.aws_api_gateway_method.artifacts_type_id_delete",
            "module.api_gateway.aws_api_gateway_method.artifacts_type_id_get",
            "module.api_gateway.aws_api_gateway_method.artifacts_type_id_put",
            "module.api_gateway.aws_api_gateway_method.authenticate_options",
            "module.api_gateway.aws_api_gateway_method.authenticate_put",
            "module.api_gateway.aws_api_gateway_method.directory_get",
            "module.api_gateway.aws_api_gateway_method.directory_options",
            "module.api_gateway.aws_api_gateway_method.health_components_get",
            "module.api_gateway.aws_api_gateway_method.health_get",
            "module.api_gateway.aws_api_gateway_method.health_performance_results_run_id_get",
            "module.api_gateway.aws_api_gateway_method.health_performance_workload_post",
            "module.api_gateway.aws_api_gateway_method.package_id_get",
            "module.api_gateway.aws_api_gateway_method.package_id_rate_get",
            "module.api_gateway.aws_api_gateway_method.reset_delete",
            "module.api_gateway.aws_api_gateway_method.root_get",
            "module.api_gateway.aws_api_gateway_method.tracks_get",
            "module.api_gateway.aws_api_gateway_method.upload_get",
            "module.api_gateway.aws_api_gateway_method.upload_options",
            "module.api_gateway.aws_api_gateway_method.upload_post",
            "module.api_gateway.aws_api_gateway_method_response.artifact_byname_name_get_200",
            "module.api_gateway.aws_api_gateway_method_response.artifact_byname_name_get_400",
            "module.api_gateway.aws_api_gateway_method_response.artifact_byname_name_get_403",
            "module.api_gateway.aws_api_gateway_method_response.artifact_byname_name_get_404",
            "module.api_gateway.aws_api_gateway_method_response.artifact_byregex_options_200",
            "module.api_gateway.aws_api_gateway_method_response.artifact_model_id_rate_get_200",
            "module.api_gateway.aws_api_gateway_method_response.artifact_model_id_rate_get_400",
            "module.api_gateway.aws_api_gateway_method_response.artifact_model_id_rate_get_403",
            "module.api_gateway.aws_api_gateway_method_response.artifact_model_id_rate_get_404",
            "module.api_gateway.aws_api_gateway_method_response.artifact_model_id_rate_get_500",
            "module.api_gateway.aws_api_gateway_method_response.artifact_type_options_200",
            "module.api_gateway.aws_api_gateway_method_response.artifacts_options_200",
            "module.api_gateway.aws_api_gateway_method_response.authenticate_options_200",
            "module.api_gateway.aws_api_gateway_method_response.health_performance_results_run_id_get_200",
            "module.api_gateway.aws_api_gateway_method_response.health_performance_results_run_id_get_404",
            "module.api_gateway.aws_api_gateway_method_response.health_performance_results_run_id_get_500",
            "module.api_gateway.aws_api_gateway_method_response.health_performance_workload_post_202",
            "module.api_gateway.aws_api_gateway_method_response.health_performance_workload_post_400",
            "module.api_gateway.aws_api_gateway_method_response.health_performance_workload_post_500",
            "module.api_gateway.aws_api_gateway_method_response.package_id_get_200",
            "module.api_gateway.aws_api_gateway_method_response.package_id_get_400",
            "module.api_gateway.aws_api_gateway_method_response.package_id_get_403",
            "module.api_gateway.aws_api_gateway_method_response.package_id_get_404",
            "module.api_gateway.aws_api_gateway_method_response.package_id_get_500",
            "module.api_gateway.aws_api_gateway_method_response.package_id_rate_get_200",
            "module.api_gateway.aws_api_gateway_method_response.package_id_rate_get_400",
            "module.api_gateway.aws_api_gateway_method_response.package_id_rate_get_403",
            "module.api_gateway.aws_api_gateway_method_response.package_id_rate_get_404",
            "module.api_gateway.aws_api_gateway_method_response.package_id_rate_get_500",
            "module.api_gateway.aws_api_gateway_method_response.root_get_200",
            "module.api_gateway.aws_api_gateway_resource.admin",
            "module.api_gateway.aws_api_gateway_resource.artifact",
            "module.api_gateway.aws_api_gateway_resource.artifact_byname",
            "module.api_gateway.aws_api_gateway_resource.artifact_byname_name",
            "module.api_gateway.aws_api_gateway_resource.artifact_byregex",
            "module.api_gateway.aws_api_gateway_resource.artifact_directory",
            "module.api_gateway.aws_api_gateway_resource.artifact_ingest",
            "module.api_gateway.aws_api_gateway_resource.artifact_model",
            "module.api_gateway.aws_api_gateway_resource.artifact_model_id",
            "module.api_gateway.aws_api_gateway_resource.artifact_model_id_download",
            "module.api_gateway.aws_api_gateway_resource.artifact_model_id_license_check",
            "module.api_gateway.aws_api_gateway_resource.artifact_model_id_lineage",
            "module.api_gateway.aws_api_gateway_resource.artifact_model_id_rate",
            "module.api_gateway.aws_api_gateway_resource.artifact_model_id_upload",
            "module.api_gateway.aws_api_gateway_resource.artifact_type",
            "module.api_gateway.aws_api_gateway_resource.artifact_type_id",
            "module.api_gateway.aws_api_gateway_resource.artifact_type_id_audit",
            "module.api_gateway.aws_api_gateway_resource.artifact_type_id_cost",
            "module.api_gateway.aws_api_gateway_resource.artifacts",
            "module.api_gateway.aws_api_gateway_resource.artifacts_type",
            "module.api_gateway.aws_api_gateway_resource.artifacts_type_id",
            "module.api_gateway.aws_api_gateway_resource.authenticate",
            "module.api_gateway.aws_api_gateway_resource.directory",
            "module.api_gateway.aws_api_gateway_resource.health",
            "module.api_gateway.aws_api_gateway_resource.health_components",
            "module.api_gateway.aws_api_gateway_resource.health_performance",
            "module.api_gateway.aws_api_gateway_resource.health_performance_results",
            "module.api_gateway.aws_api_gateway_resource.health_performance_results_run_id",
            "module.api_gateway.aws_api_gateway_resource.health_performance_workload",
            "module.api_gateway.aws_api_gateway_resource.package",
            "module.api_gateway.aws_api_gateway_resource.package_id",
            "module.api_gateway.aws_api_gateway_resource.package_id_rate",
            "module.api_gateway.aws_api_gateway_resource.reset",
            "module.api_gateway.aws_api_gateway_resource.tracks",
            "module.api_gateway.aws_api_gateway_resource.upload",
            "module.api_gateway.aws_api_gateway_rest_api.main_api",
            "module.api_gateway.aws_api_gateway_stage.main_stage",
            "module.api_gateway.aws_cloudwatch_log_group.api_gateway_logs",
            "module.api_gateway.aws_iam_role.api_gateway_cloudwatch_role",
            "module.ecs.aws_lb.validator_lb",
            "module.ecs.aws_security_group.validator_sg",
            "module.ecs.aws_subnet.validator_subnet_1",
            "module.ecs.aws_subnet.validator_subnet_2",
            "module.ecs.aws_vpc.validator_vpc"
          ]
        }
      ]
    },
    {
      "module": "module.api_gateway",
      "mode": "managed",
      "type": "aws_api_gateway_resource",
      "name": "admin",
      "provider": "provider[\"registry.terraform.io/hashicorp/aws\"]",
      "instances": [
        {
          "schema_version": 0,
          "attributes": {
            "id": "hc00rg",
            "parent_id": "kkazkjelg4",
            "path": "/admin",
            "path_part": "admin",
            "region": "us-east-1",
            "rest_api_id": "pc1plkgnbd"
          },
          "sensitive_attributes": [],
          "identity_schema_version": 0,
          "private": "bnVsbA==",
          "dependencies": [
            "module.api_gateway.aws_api_gateway_rest_api.main_api"
          ],
          "create_before_destroy": true
        }
      ]
    },
    {
      "module": "module.api_gateway",
      "mode": "managed",
      "type": "aws_api_gateway_resource",
      "name": "artifact",
      "provider": "provider[\"registry.terraform.io/hashicorp/aws\"]",
      "instances": [
        {
          "schema_version": 0,
          "attributes": {
            "id": "m9052t",
            "parent_id": "kkazkjelg4",
            "path": "/artifact",
            "path_part": "artifact",
            "region": "us-east-1",
            "rest_api_id": "pc1plkgnbd"
          },
          "sensitive_attributes": [],
          "identity_schema_version": 0,
          "private": "bnVsbA==",
          "dependencies": [
            "module.api_gateway.aws_api_gateway_rest_api.main_api"
          ],
          "create_before_destroy": true
        }
      ]
    },
    {
      "module": "module.api_gateway",
      "mode": "managed",
      "type": "aws_api_gateway_resource",
      "name": "artifact_byname",
      "provider": "provider[\"registry.terraform.io/hashicorp/aws\"]",
      "instances": [
        {
          "schema_version": 0,
          "attributes": {
            "id": "nm4dis",
            "parent_id": "m9052t",
            "path": "/artifact/byName",
            "path_part": "byName",
            "region": "us-east-1",
            "rest_api_id": "pc1plkgnbd"
          },
          "sensitive_attributes": [],
          "identity_schema_version": 0,
          "private": "bnVsbA==",
          "dependencies": [
            "module.api_gateway.aws_api_gateway_resource.artifact",
            "module.api_gateway.aws_api_gateway_rest_api.main_api"
          ],
          "create_before_destroy": true
        }
      ]
    },
    {
      "module": "module.api_gateway",
      "mode": "managed",
      "type": "aws_api_gateway_resource",
      "name": "artifact_byname_name",
      "provider": "provider[\"registry.terraform.io/hashicorp/aws\"]",
      "instances": [
        {
          "schema_version": 0,
          "attributes": {
            "id": "elyrrt",
            "parent_id": "nm4dis",
            "path": "/artifact/byName/{proxy+}",
            "path_part": "{proxy+}",
            "region": "us-east-1",
            "rest_api_id": "pc1plkgnbd"
          },
          "sensitive_attributes": [],
          "identity_schema_version": 0,
          "private": "bnVsbA==",
          "dependencies": [
            "module.api_gateway.aws_api_gateway_resource.artifact",
            "module.api_gateway.aws_api_gateway_resource.artifact_byname",
            "module.api_gateway.aws_api_gateway_rest_api.main_api"
          ],
          "create_before_destroy": true
        }
      ]
    },
    {
      "module": "module.api_gateway",
      "mode": "managed",
      "type": "aws_api_gateway_resource",
      "name": "artifact_byregex",
      "provider": "provider[\"registry.terraform.io/hashicorp/aws\"]",
      "instances": [
        {
          "schema_version": 0,
          "attributes": {
            "id": "ua868c",
            "parent_id": "m9052t",
            "path": "/artifact/byRegEx",
            "path_part": "byRegEx",
            "region": "us-east-1",
            "rest_api_id": "pc1plkgnbd"
          },
          "sensitive_attributes": [],
          "identity_schema_version": 0,
          "private": "bnVsbA==",
          "dependencies": [
            "module.api_gateway.aws_api_gateway_resource.artifact",
            "module.api_gateway.aws_api_gateway_rest_api.main_api"
          ],
          "create_before_destroy": true
        }
      ]
    },
    {
      "module": "module.api_gateway",
      "mode": "managed",
      "type": "aws_api_gateway_resource",
      "name": "artifact_directory",
      "provider": "provider[\"registry.terraform.io/hashicorp/aws\"]",
      "instances": [
        {
          "schema_version": 0,
          "attributes": {
            "id": "avc8qw",
            "parent_id": "m9052t",
            "path": "/artifact/directory",
            "path_part": "directory",
            "region": "us-east-1",
            "rest_api_id": "pc1plkgnbd"
          },
          "sensitive_attributes": [],
          "identity_schema_version": 0,
          "private": "bnVsbA==",
          "dependencies": [
            "module.api_gateway.aws_api_gateway_resource.artifact",
            "module.api_gateway.aws_api_gateway_rest_api.main_api"
          ],
          "create_before_destroy": true
        }
      ]
    },
    {
      "module": "module.api_gateway",
      "mode": "managed",
      "type": "aws_api_gateway_resource",
      "name": "artifact_ingest",
      "provider": "provider[\"registry.terraform.io/hashicorp/aws\"]",
      "instances": [
        {
          "schema_version": 0,
          "attributes": {
            "id": "4uu3bi",
            "parent_id": "m9052t",
            "path": "/artifact/ingest",
            "path_part": "ingest",
            "region": "us-east-1",
            "rest_api_id": "pc1plkgnbd"
          },
          "sensitive_attributes": [],
          "identity_schema_version": 0,
          "private": "bnVsbA==",
          "dependencies": [
            "module.api_gateway.aws_api_gateway_resource.artifact",
            "module.api_gateway.aws_api_gateway_rest_api.main_api"
          ],
          "create_before_destroy": true
        }
      ]
    },
    {
      "module": "module.api_gateway",
      "mode": "managed",
      "type": "aws_api_gateway_resource",
      "name": "artifact_model",
      "provider": "provider[\"registry.terraform.io/hashicorp/aws\"]",
      "instances": [
        {
          "schema_version": 0,
          "attributes": {
            "id": "3x6ogc",
            "parent_id": "m9052t",
            "path": "/artifact/model",
            "path_part": "model",
            "region": "us-east-1",
            "rest_api_id": "pc1plkgnbd"
          },
          "sensitive_attributes": [],
          "identity_schema_version": 0,
          "private": "bnVsbA==",
          "dependencies": [
            "module.api_gateway.aws_api_gateway_resource.artifact",
            "module.api_gateway.aws_api_gateway_rest_api.main_api"
          ],
          "create_before_destroy": true
        }
      ]
    },
    {
      "module": "module.api_gateway",
      "mode": "managed",
      "type": "aws_api_gateway_resource",
      "name": "artifact_model_id",
      "provider": "provider[\"registry.terraform.io/hashicorp/aws\"]",
      "instances": [
        {
          "schema_version": 0,
          "attributes": {
            "id": "yjhozo",
            "parent_id": "3x6ogc",
            "path": "/artifact/model/{id}",
            "path_part": "{id}",
            "region": "us-east-1",
            "rest_api_id": "pc1plkgnbd"
          },
          "sensitive_attributes": [],
          "identity_schema_version": 0,
          "private": "bnVsbA==",
          "dependencies": [
            "module.api_gateway.aws_api_gateway_resource.artifact",
            "module.api_gateway.aws_api_gateway_resource.artifact_model",
            "module.api_gateway.aws_api_gateway_rest_api.main_api"
          ],
          "create_before_destroy": true
        }
      ]
    },
    {
      "module": "module.api_gateway",
      "mode": "managed",
      "type": "aws_api_gateway_resource",
      "name": "artifact_model_id_download",
      "provider": "provider[\"registry.terraform.io/hashicorp/aws\"]",
      "instances": [
        {
          "schema_version": 0,
          "attributes": {
            "id": "frr39l",
            "parent_id": "yjhozo",
            "path": "/artifact/model/{id}/download",
            "path_part": "download",
            "region": "us-east-1",
            "rest_api_id": "pc1plkgnbd"
          },
          "sensitive_attributes": [],
          "identity_schema_version": 0,
          "private": "bnVsbA==",
          "dependencies": [
            "module.api_gateway.aws_api_gateway_resource.artifact",
            "module.api_gateway.aws_api_gateway_resource.artifact_model",
            "module.api_gateway.aws_api_gateway_resource.artifact_model_id",
            "module.api_gateway.aws_api_gateway_rest_api.main_api"
          ],
          "create_before_destroy": true
        }
      ]
    },
    {
      "module": "module.api_gateway",
      "mode": "managed",
      "type": "aws_api_gateway_resource",
      "name": "artifact_model_id_license_check",
      "provider": "provider[\"registry.terraform.io/hashicorp/aws\"]",
      "instances": [
        {
          "schema_version": 0,
          "attributes": {
            "id": "azzh6n",
            "parent_id": "yjhozo",
            "path": "/artifact/model/{id}/license-check",
            "path_part": "license-check",
            "region": "us-east-1",
            "rest_api_id": "pc1plkgnbd"
          },
          "sensitive_attributes": [],
          "identity_schema_version": 0,
          "private": "bnVsbA==",
          "dependencies": [
            "module.api_gateway.aws_api_gateway_resource.artifact",
            "module.api_gateway.aws_api_gateway_resource.artifact_model",
            "module.api_gateway.aws_api_gateway_resource.artifact_model_id",
            "module.api_gateway.aws_api_gateway_rest_api.main_api"
          ],
          "create_before_destroy": true
        }
      ]
    },
    {
      "module": "module.api_gateway",
      "mode": "managed",
      "type": "aws_api_gateway_resource",
      "name": "artifact_model_id_lineage",
      "provider": "provider[\"registry.terraform.io/hashicorp/aws\"]",
      "instances": [
        {
          "schema_version": 0,
          "attributes": {
            "id": "st42x5",
            "parent_id": "yjhozo",
            "path": "/artifact/model/{id}/lineage",
            "path_part": "lineage",
            "region": "us-east-1",
            "rest_api_id": "pc1plkgnbd"
          },
          "sensitive_attributes": [],
          "identity_schema_version": 0,
          "private": "bnVsbA==",
          "dependencies": [
            "module.api_gateway.aws_api_gateway_resource.artifact",
            "module.api_gateway.aws_api_gateway_resource.artifact_model",
            "module.api_gateway.aws_api_gateway_resource.artifact_model_id",
            "module.api_gateway.aws_api_gateway_rest_api.main_api"
          ],
          "create_before_destroy": true
        }
      ]
    },
    {
      "module": "module.api_gateway",
      "mode": "managed",
      "type": "aws_api_gateway_resource",
      "name": "artifact_model_id_rate",
      "provider": "provider[\"registry.terraform.io/hashicorp/aws\"]",
      "instances": [
        {
          "schema_version": 0,
          "attributes": {
            "id": "gl51hs",
            "parent_id": "yjhozo",
            "path": "/artifact/model/{id}/rate",
            "path_part": "rate",
            "region": "us-east-1",
            "rest_api_id": "pc1plkgnbd"
          },
          "sensitive_attributes": [],
          "identity_schema_version": 0,
          "private": "bnVsbA==",
          "dependencies": [
            "module.api_gateway.aws_api_gateway_resource.artifact",
            "module.api_gateway.aws_api_gateway_resource.artifact_model",
            "module.api_gateway.aws_api_gateway_resource.artifact_model_id",
            "module.api_gateway.aws_api_gateway_rest_api.main_api"
          ],
          "create_before_destroy": true
        }
      ]
    },
    {
      "module": "module.api_gateway",
      "mode": "managed",
      "type": "aws_api_gateway_resource",
      "name": "artifact_model_id_upload",
      "provider": "provider[\"registry.terraform.io/hashicorp/aws\"]",
      "instances": [
        {
          "schema_version": 0,
          "attributes": {
            "id": "ftwq2j",
            "parent_id": "yjhozo",
            "path": "/artifact/model/{id}/upload",
            "path_part": "upload",
            "region": "us-east-1",
            "rest_api_id": "pc1plkgnbd"
          },
          "sensitive_attributes": [],
          "identity_schema_version": 0,
          "private": "bnVsbA==",
          "dependencies": [
            "module.api_gateway.aws_api_gateway_resource.artifact",
            "module.api_gateway.aws_api_gateway_resource.artifact_model",
            "module.api_gateway.aws_api_gateway_resource.artifact_model_id",
            "module.api_gateway.aws_api_gateway_rest_api.main_api"
          ],
          "create_before_destroy": true
        }
      ]
    },
    {
      "module": "module.api_gateway",
      "mode": "managed",
      "type": "aws_api_gateway_resource",
      "name": "artifact_type",
      "provider": "provider[\"registry.terraform.io/hashicorp/aws\"]",
      "instances": [
        {
          "schema_version": 0,
          "attributes": {
            "id": "2qsucn",
            "parent_id": "m9052t",
            "path": "/artifact/{artifact_type}",
            "path_part": "{artifact_type}",
            "region": "us-east-1",
            "rest_api_id": "pc1plkgnbd"
          },
          "sensitive_attributes": [],
          "identity_schema_version": 0,
          "private": "bnVsbA==",
          "dependencies": [
            "module.api_gateway.aws_api_gateway_resource.artifact",
            "module.api_gateway.aws_api_gateway_rest_api.main_api"
          ],
          "create_before_destroy": true
        }
      ]
    },
    {
      "module": "module.api_gateway",
      "mode": "managed",
      "type": "aws_api_gateway_resource",
      "name": "artifact_type_id",
      "provider": "provider[\"registry.terraform.io/hashicorp/aws\"]",
      "instances": [
        {
          "schema_version": 0,
          "attributes": {
            "id": "jkth37",
            "parent_id": "2qsucn",
            "path": "/artifact/{artifact_type}/{id}",
            "path_part": "{id}",
            "region": "us-east-1",
            "rest_api_id": "pc1plkgnbd"
          },
          "sensitive_attributes": [],
          "identity_schema_version": 0,
          "private": "bnVsbA==",
          "dependencies": [
            "module.api_gateway.aws_api_gateway_resource.artifact",
            "module.api_gateway.aws_api_gateway_resource.artifact_type",
            "module.api_gateway.aws_api_gateway_rest_api.main_api"
          ],
          "create_before_destroy": true
        }
      ]
    },
    {
      "module": "module.api_gateway",
      "mode": "managed",
      "type": "aws_api_gateway_resource",
      "name": "artifact_type_id_audit",
      "provider": "provider[\"registry.terraform.io/hashicorp/aws\"]",
      "instances": [
        {
          "schema_version": 0,
          "attributes": {
            "id": "fwlez3",
            "parent_id": "jkth37",
            "path": "/artifact/{artifact_type}/{id}/audit",
            "path_part": "audit",
            "region": "us-east-1",
            "rest_api_id": "pc1plkgnbd"
          },
          "sensitive_attributes": [],
          "identity_schema_version": 0,
          "private": "bnVsbA==",
          "dependencies": [
            "module.api_gateway.aws_api_gateway_resource.artifact",
            "module.api_gateway.aws_api_gateway_resource.artifact_type",
            "module.api_gateway.aws_api_gateway_resource.artifact_type_id",
            "module.api_gateway.aws_api_gateway_rest_api.main_api"
          ],
          "create_before_destroy": true
        }
      ]
    },
    {
      "module": "module.api_gateway",
      "mode": "managed",
      "type": "aws_api_gateway_resource",
      "name": "artifact_type_id_cost",
      "provider": "provider[\"registry.terraform.io/hashicorp/aws\"]",
      "instances": [
        {
          "schema_version": 0,
          "attributes": {
            "id": "zs83ai",
            "parent_id": "jkth37",
            "path": "/artifact/{artifact_type}/{id}/cost",
            "path_part": "cost",
            "region": "us-east-1",
            "rest_api_id": "pc1plkgnbd"
          },
          "sensitive_attributes": [],
          "identity_schema_version": 0,
          "private": "bnVsbA==",
          "dependencies": [
            "module.api_gateway.aws_api_gateway_resource.artifact",
            "module.api_gateway.aws_api_gateway_resource.artifact_type",
            "module.api_gateway.aws_api_gateway_resource.artifact_type_id",
            "module.api_gateway.aws_api_gateway_rest_api.main_api"
          ],
          "create_before_destroy": true
        }
      ]
    },
    {
      "module": "module.api_gateway",
      "mode": "managed",
      "type": "aws_api_gateway_resource",
      "name": "artifacts",
      "provider": "provider[\"registry.terraform.io/hashicorp/aws\"]",
      "instances": [
        {
          "schema_version": 0,
          "attributes": {
            "id": "l3zo3u",
            "parent_id": "kkazkjelg4",
            "path": "/artifacts",
            "path_part": "artifacts",
            "region": "us-east-1",
            "rest_api_id": "pc1plkgnbd"
          },
          "sensitive_attributes": [],
          "identity_schema_version": 0,
          "private": "bnVsbA==",
          "dependencies": [
            "module.api_gateway.aws_api_gateway_rest_api.main_api"
          ],
          "create_before_destroy": true
        }
      ]
    },
    {
      "module": "module.api_gateway",
      "mode": "managed",
      "type": "aws_api_gateway_resource",
      "name": "artifacts_type",
      "provider": "provider[\"registry.terraform.io/hashicorp/aws\"]",
      "instances": [
        {
          "schema_version": 0,
          "attributes": {
            "id": "6hxrfm",
            "parent_id": "l3zo3u",
            "path": "/artifacts/{artifact_type}",
            "path_part": "{artifact_type}",
            "region": "us-east-1",
            "rest_api_id": "pc1plkgnbd"
          },
          "sensitive_attributes": [],
          "identity_schema_version": 0,
          "private": "bnVsbA==",
          "dependencies": [
            "module.api_gateway.aws_api_gateway_resource.artifacts",
            "module.api_gateway.aws_api_gateway_rest_api.main_api"
          ],
          "create_before_destroy": true
        }
      ]
    },
    {
      "module": "module.api_gateway",
      "mode": "managed",
      "type": "aws_api_gateway_resource",
      "name": "artifacts_type_id",
      "provider": "provider[\"registry.terraform.io/hashicorp/aws\"]",
      "instances": [
        {
          "schema_version": 0,
          "attributes": {
            "id": "act92r",
            "parent_id": "6hxrfm",
            "path": "/artifacts/{artifact_type}/{id}",
            "path_part": "{id}",
            "region": "us-east-1",
            "rest_api_id": "pc1plkgnbd"
          },
          "sensitive_attributes": [],
          "identity_schema_version": 0,
          "private": "bnVsbA==",
          "dependencies": [
            "module.api_gateway.aws_api_gateway_resource.artifacts",
            "module.api_gateway.aws_api_gateway_resource.artifacts_type",
            "module.api_gateway.aws_api_gateway_rest_api.main_api"
          ],
          "create_before_destroy": true
        }
      ]
    },
    {
      "module": "module.api_gateway",
      "mode": "managed",
      "type": "aws_api_gateway_resource",
      "name": "authenticate",
      "provider": "provider[\"registry.terraform.io/hashicorp/aws\"]",
      "instances": [
        {
          "schema_version": 0,
          "attributes": {
            "id": "2i5q4v",
            "parent_id": "kkazkjelg4",
            "path": "/authenticate",
            "path_part": "authenticate",
            "region": "us-east-1",
            "rest_api_id": "pc1plkgnbd"
          },
          "sensitive_attributes": [],
          "identity_schema_version": 0,
          "private": "bnVsbA==",
          "dependencies": [
            "module.api_gateway.aws_api_gateway_rest_api.main_api"
          ],
          "create_before_destroy": true
        }
      ]
    },
    {
      "module": "module.api_gateway",
      "mode": "managed",
      "type": "aws_api_gateway_resource",
      "name": "directory",
      "provider": "provider[\"registry.terraform.io/hashicorp/aws\"]",
      "instances": [
        {
          "schema_version": 0,
          "attributes": {
            "id": "0cv1iq",
            "parent_id": "kkazkjelg4",
            "path": "/directory",
            "path_part": "directory",
            "region": "us-east-1",
            "rest_api_id": "pc1plkgnbd"
          },
          "sensitive_attributes": [],
          "identity_schema_version": 0,
          "private": "bnVsbA==",
          "dependencies": [
            "module.api_gateway.aws_api_gateway_rest_api.main_api"
          ],
          "create_before_destroy": true
        }
      ]
    },
    {
      "module": "module.api_gateway",
      "mode": "managed",
      "type": "aws_api_gateway_resource",
      "name": "health",
      "provider": "provider[\"registry.terraform.io/hashicorp/aws\"]",
      "instances": [
        {
          "schema_version": 0,
          "attributes": {
            "id": "mvqmg2",
            "parent_id": "kkazkjelg4",
            "path": "/health",
            "path_part": "health",
            "region": "us-east-1",
            "rest_api_id": "pc1plkgnbd"
          },
          "sensitive_attributes": [],
          "identity_schema_version": 0,
          "private": "bnVsbA==",
          "dependencies": [
            "module.api_gateway.aws_api_gateway_rest_api.main_api"
          ],
          "create_before_destroy": true
        }
      ]
    },
    {
      "module": "module.api_gateway",
      "mode": "managed",
      "type": "aws_api_gateway_resource",
      "name": "health_components",
      "provider": "provider[\"registry.terraform.io/hashicorp/aws\"]",
      "instances": [
        {
          "schema_version": 0,
          "attributes": {
            "id": "go5arl",
            "parent_id": "mvqmg2",
            "path": "/health/components",
            "path_part": "components",
            "region": "us-east-1",
            "rest_api_id": "pc1plkgnbd"
          },
          "sensitive_attributes": [],
          "identity_schema_version": 0,
          "private": "bnVsbA==",
          "dependencies": [
            "module.api_gateway.aws_api_gateway_resource.health",
            "module.api_gateway.aws_api_gateway_rest_api.main_api"
          ],
          "create_before_destroy": true
        }
      ]
    },
    {
      "module": "module.api_gateway",
      "mode": "managed",
      "type": "aws_api_gateway_resource",
      "name": "health_performance",
      "provider": "provider[\"registry.terraform.io/hashicorp/aws\"]",
      "instances": [
        {
          "schema_version": 0,
          "attributes": {
            "id": "lib71x",
            "parent_id": "mvqmg2",
            "path": "/health/performance",
            "path_part": "performance",
            "region": "us-east-1",
            "rest_api_id": "pc1plkgnbd"
          },
          "sensitive_attributes": [],
          "identity_schema_version": 0,
          "private": "bnVsbA==",
          "dependencies": [
            "module.api_gateway.aws_api_gateway_resource.health",
            "module.api_gateway.aws_api_gateway_rest_api.main_api"
          ],
          "create_before_destroy": true
        }
      ]
    },
    {
      "module": "module.api_gateway",
      "mode": "managed",
      "type": "aws_api_gateway_resource",
      "name": "health_performance_results",
      "provider": "provider[\"registry.terraform.io/hashicorp/aws\"]",
      "instances": [
        {
          "schema_version": 0,
          "attributes": {
            "id": "mwa6b8",
            "parent_id": "lib71x",
            "path": "/health/performance/results",
            "path_part": "results",
            "region": "us-east-1",
            "rest_api_id": "pc1plkgnbd"
          },
          "sensitive_attributes": [],
          "identity_schema_version": 0,
          "private": "bnVsbA==",
          "dependencies": [
            "module.api_gateway.aws_api_gateway_resource.health",
            "module.api_gateway.aws_api_gateway_resource.health_performance",
            "module.api_gateway.aws_api_gateway_rest_api.main_api"
          ],
          "create_before_destroy": true
        }
      ]
    },
    {
      "module": "module.api_gateway",
      "mode": "managed",
      "type": "aws_api_gateway_resource",
      "name": "health_performance_results_run_id",
      "provider": "provider[\"registry.terraform.io/hashicorp/aws\"]",
      "instances": [
        {
          "schema_version": 0,
          "attributes": {
            "id": "8b44nc",
            "parent_id": "mwa6b8",
            "path": "/health/performance/results/{run_id}",
            "path_part": "{run_id}",
            "region": "us-east-1",
            "rest_api_id": "pc1plkgnbd"
          },
          "sensitive_attributes": [],
          "identity_schema_version": 0,
          "private": "bnVsbA==",
          "dependencies": [
            "module.api_gateway.aws_api_gateway_resource.health",
            "module.api_gateway.aws_api_gateway_resource.health_performance",
            "module.api_gateway.aws_api_gateway_resource.health_performance_results",
            "module.api_gateway.aws_api_gateway_rest_api.main_api"
          ],
          "create_before_destroy": true
        }
      ]
    },
    {
      "module": "module.api_gateway",
      "mode": "managed",
      "type": "aws_api_gateway_resource",
      "name": "health_performance_workload",
      "provider": "provider[\"registry.terraform.io/hashicorp/aws\"]",
      "instances": [
        {
          "schema_version": 0,
          "attributes": {
            "id": "mhkb1e",
            "parent_id": "lib71x",
            "path": "/health/performance/workload",
            "path_part": "workload",
            "region": "us-east-1",
            "rest_api_id": "pc1plkgnbd"
          },
          "sensitive_attributes": [],
          "identity_schema_version": 0,
          "private": "bnVsbA==",
          "dependencies": [
            "module.api_gateway.aws_api_gateway_resource.health",
            "module.api_gateway.aws_api_gateway_resource.health_performance",
            "module.api_gateway.aws_api_gateway_rest_api.main_api"
          ],
          "create_before_destroy": true
        }
      ]
    },
    {
      "module": "module.api_gateway",
      "mode": "managed",
      "type": "aws_api_gateway_resource",
      "name": "package",
      "provider": "provider[\"registry.terraform.io/hashicorp/aws\"]",
      "instances": [
        {
          "schema_version": 0,
          "attributes": {
            "id": "1v0lbu",
            "parent_id": "kkazkjelg4",
            "path": "/package",
            "path_part": "package",
            "region": "us-east-1",
            "rest_api_id": "pc1plkgnbd"
          },
          "sensitive_attributes": [],
          "identity_schema_version": 0,
          "private": "bnVsbA==",
          "dependencies": [
            "module.api_gateway.aws_api_gateway_rest_api.main_api"
          ],
          "create_before_destroy": true
        }
      ]
    },
    {
      "module": "module.api_gateway",
      "mode": "managed",
      "type": "aws_api_gateway_resource",
      "name": "package_id",
      "provider": "provider[\"registry.terraform.io/hashicorp/aws\"]",
      "instances": [
        {
          "schema_version": 0,
          "attributes": {
            "id": "xk3sss",
            "parent_id": "1v0lbu",
            "path": "/package/{id}",
            "path_part": "{id}",
            "region": "us-east-1",
            "rest_api_id": "pc1plkgnbd"
          },
          "sensitive_attributes": [],
          "identity_schema_version": 0,
          "private": "bnVsbA==",
          "dependencies": [
            "module.api_gateway.aws_api_gateway_resource.package",
            "module.api_gateway.aws_api_gateway_rest_api.main_api"
          ],
          "create_before_destroy": true
        }
      ]
    },
    {
      "module": "module.api_gateway",
      "mode": "managed",
      "type": "aws_api_gateway_resource",
      "name": "package_id_rate",
      "provider": "provider[\"registry.terraform.io/hashicorp/aws\"]",
      "instances": [
        {
          "schema_version": 0,
          "attributes": {
            "id": "vs0h0g",
            "parent_id": "xk3sss",
            "path": "/package/{id}/rate",
            "path_part": "rate",
            "region": "us-east-1",
            "rest_api_id": "pc1plkgnbd"
          },
          "sensitive_attributes": [],
          "identity_schema_version": 0,
          "private": "bnVsbA==",
          "dependencies": [
            "module.api_gateway.aws_api_gateway_resource.package",
            "module.api_gateway.aws_api_gateway_resource.package_id",
            "module.api_gateway.aws_api_gateway_rest_api.main_api"
          ],
          "create_before_destroy": true
        }
      ]
    },
    {
      "module": "module.api_gateway",
      "mode": "managed",
      "type": "aws_api_gateway_resource",
      "name": "reset",
      "provider": "provider[\"registry.terraform.io/hashicorp/aws\"]",
      "instances": [
        {
          "schema_version": 0,
          "attributes": {
            "id": "kmlom9",
            "parent_id": "kkazkjelg4",
            "path": "/reset",
            "path_part": "reset",
            "region": "us-east-1",
            "rest_api_id": "pc1plkgnbd"
          },
          "sensitive_attributes": [],
          "identity_schema_version": 0,
          "private": "bnVsbA==",
          "dependencies": [
            "module.api_gateway.aws_api_gateway_rest_api.main_api"
          ],
          "create_before_destroy": true
        }
      ]
    },
    {
      "module": "module.api_gateway",
      "mode": "managed",
      "type": "aws_api_gateway_resource",
      "name": "tracks",
      "provider": "provider[\"registry.terraform.io/hashicorp/aws\"]",
      "instances": [
        {
          "schema_version": 0,
          "attributes": {
            "id": "ja86tk",
            "parent_id": "kkazkjelg4",
            "path": "/tracks",
            "path_part": "tracks",
            "region": "us-east-1",
            "rest_api_id": "pc1plkgnbd"
          },
          "sensitive_attributes": [],
          "identity_schema_version": 0,
          "private": "bnVsbA==",
          "dependencies": [
            "module.api_gateway.aws_api_gateway_rest_api.main_api"
          ],
          "create_before_destroy": true
        }
      ]
    },
    {
      "module": "module.api_gateway",
      "mode": "managed",
      "type": "aws_api_gateway_resource",
      "name": "upload",
      "provider": "provider[\"registry.terraform.io/hashicorp/aws\"]",
      "instances": [
        {
          "schema_version": 0,
          "attributes": {
            "id": "afoai9",
            "parent_id": "kkazkjelg4",
            "path": "/upload",
            "path_part": "upload",
            "region": "us-east-1",
            "rest_api_id": "pc1plkgnbd"
          },
          "sensitive_attributes": [],
          "identity_schema_version": 0,
          "private": "bnVsbA==",
          "dependencies": [
            "module.api_gateway.aws_api_gateway_rest_api.main_api"
          ],
          "create_before_destroy": true
        }
      ]
    },
    {
      "module": "module.api_gateway",
      "mode": "managed",
      "type": "aws_api_gateway_rest_api",
      "name": "main_api",
      "provider": "provider[\"registry.terraform.io/hashicorp/aws\"]",
      "instances": [
        {
          "schema_version": 0,
          "attributes": {
            "api_key_source": "HEADER",
            "arn": "arn:aws:apigateway:us-east-1::/restapis/pc1plkgnbd",
            "binary_media_types": [],
            "body": null,
            "created_date": "2025-11-21T11:09:27Z",
            "description": "",
            "disable_execute_api_endpoint": false,
            "endpoint_configuration": [
              {
                "ip_address_type": "ipv4",
                "types": [
                  "REGIONAL"
                ],
                "vpc_endpoint_ids": []
              }
            ],
            "execution_arn": "arn:aws:execute-api:us-east-1:838693051036:pc1plkgnbd",
            "fail_on_warnings": null,
            "id": "pc1plkgnbd",
            "minimum_compression_size": "",
            "name": "acme-api",
            "parameters": null,
            "policy": "",
            "put_rest_api_mode": null,
            "region": "us-east-1",
            "root_resource_id": "kkazkjelg4",
            "tags": {
              "Environment": "dev",
              "Name": "acme-api",
              "Project": "CS_450_Phase_2"
            },
            "tags_all": {
              "Environment": "dev",
              "Name": "acme-api",
              "Project": "CS_450_Phase_2"
            }
          },
          "sensitive_attributes": [],
          "identity_schema_version": 0,
          "private": "bnVsbA==",
          "create_before_destroy": true
        }
      ]
    },
    {
      "module": "module.api_gateway",
      "mode": "managed",
      "type": "aws_api_gateway_stage",
      "name": "main_stage",
      "provider": "provider[\"registry.terraform.io/hashicorp/aws\"]",
      "instances": [
        {
          "schema_version": 0,
          "attributes": {
            "access_log_settings": [
              {
                "destination_arn": "arn:aws:logs:us-east-1:838693051036:log-group:/aws/apigateway/pc1plkgnbd/prod",
                "format": "{\"caller\":\"$context.identity.caller\",\"httpMethod\":\"$context.httpMethod\",\"ip\":\"$context.identity.sourceIp\",\"protocol\":\"$context.protocol\",\"requestId\":\"$context.requestId\",\"requestTime\":\"$context.requestTime\",\"resourcePath\":\"$context.resourcePath\",\"responseLength\":\"$context.responseLength\",\"status\":\"$context.status\",\"user\":\"$context.identity.user\"}"
              }
            ],
            "arn": "arn:aws:apigateway:us-east-1::/restapis/pc1plkgnbd/stages/prod",
            "cache_cluster_enabled": false,
            "cache_cluster_size": "",
            "canary_settings": [],
            "client_certificate_id": "",
            "deployment_id": "h5etex",
            "description": "",
            "documentation_version": "",
            "execution_arn": "arn:aws:execute-api:us-east-1:838693051036:pc1plkgnbd/prod",
            "id": "ags-pc1plkgnbd-prod",
            "invoke_url": "https://pc1plkgnbd.execute-api.us-east-1.amazonaws.com/prod",
            "region": "us-east-1",
            "rest_api_id": "pc1plkgnbd",
            "stage_name": "prod",
            "tags": {
              "Environment": "dev",
              "Name": "acme-api-prod",
              "Project": "CS_450_Phase_2"
            },
            "tags_all": {
              "Environment": "dev",
              "Name": "acme-api-prod",
              "Project": "CS_450_Phase_2"
            },
            "variables": {},
            "web_acl_arn": "",
            "xray_tracing_enabled": true
          },
          "sensitive_attributes": [],
          "identity_schema_version": 0,
          "private": "bnVsbA==",
          "dependencies": [
            "module.api_gateway.aws_api_gateway_account.api_gateway_account",
            "module.api_gateway.aws_api_gateway_deployment.main_deployment",
            "module.api_gateway.aws_api_gateway_integration.admin_get",
            "module.api_gateway.aws_api_gateway_integration.admin_options",
            "module.api_gateway.aws_api_gateway_integration.artifact_byname_name_get",
            "module.api_gateway.aws_api_gateway_integration.artifact_byregex_options",
            "module.api_gateway.aws_api_gateway_integration.artifact_byregex_post",
            "module.api_gateway.aws_api_gateway_integration.artifact_directory_get",
            "module.api_gateway.aws_api_gateway_integration.artifact_get",
            "module.api_gateway.aws_api_gateway_integration.artifact_ingest_get",
            "module.api_gateway.aws_api_gateway_integration.artifact_ingest_post",
            "module.api_gateway.aws_api_gateway_integration.artifact_model_id_download_get",
            "module.api_gateway.aws_api_gateway_integration.artifact_model_id_license_check_post",
            "module.api_gateway.aws_api_gateway_integration.artifact_model_id_lineage_get",
            "module.api_gateway.aws_api_gateway_integration.artifact_model_id_rate_get",
            "module.api_gateway.aws_api_gateway_integration.artifact_model_id_upload_post",
            "module.api_gateway.aws_api_gateway_integration.artifact_type_get",
            "module.api_gateway.aws_api_gateway_integration.artifact_type_id_audit_get",
            "module.api_gateway.aws_api_gateway_integration.artifact_type_id_cost_get",
            "module.api_gateway.aws_api_gateway_integration.artifact_type_id_get",
            "module.api_gateway.aws_api_gateway_integration.artifact_type_options",
            "module.api_gateway.aws_api_gateway_integration.artifact_type_post",
            "module.api_gateway.aws_api_gateway_integration.artifacts_options",
            "module.api_gateway.aws_api_gateway_integration.artifacts_post",
            "module.api_gateway.aws_api_gateway_integration.artifacts_type_id_delete",
            "module.api_gateway.aws_api_gateway_integration.artifacts_type_id_get",
            "module.api_gateway.aws_api_gateway_integration.artifacts_type_id_put",
            "module.api_gateway.aws_api_gateway_integration.authenticate_options",
            "module.api_gateway.aws_api_gateway_integration.authenticate_put",
            "module.api_gateway.aws_api_gateway_integration.directory_get",
            "module.api_gateway.aws_api_gateway_integration.directory_options",
            "module.api_gateway.aws_api_gateway_integration.health_components_get",
            "module.api_gateway.aws_api_gateway_integration.health_get",
            "module.api_gateway.aws_api_gateway_integration.health_performance_results_run_id_get",
            "module.api_gateway.aws_api_gateway_integration.health_performance_workload_post",
            "module.api_gateway.aws_api_gateway_integration.package_id_get",
            "module.api_gateway.aws_api_gateway_integration.package_id_rate_get",
            "module.api_gateway.aws_api_gateway_integration.reset_delete",
            "module.api_gateway.aws_api_gateway_integration.root_get",
            "module.api_gateway.aws_api_gateway_integration.tracks_get",
            "module.api_gateway.aws_api_gateway_integration.upload_get",
            "module.api_gateway.aws_api_gateway_integration.upload_options",
            "module.api_gateway.aws_api_gateway_integration.upload_post",
            "module.api_gateway.aws_api_gateway_integration_response.artifact_byname_name_get_200",
            "module.api_gateway.aws_api_gateway_integration_response.artifact_byname_name_get_400",
            "module.api_gateway.aws_api_gateway_integration_response.artifact_byname_name_get_403",
            "module.api_gateway.aws_api_gateway_integration_response.artifact_byname_name_get_404",
            "module.api_gateway.aws_api_gateway_integration_response.artifact_byregex_options_200",
            "module.api_gateway.aws_api_gateway_integration_response.artifact_model_id_rate_get_200",
            "module.api_gateway.aws_api_gateway_integration_response.artifact_model_id_rate_get_400",
            "module.api_gateway.aws_api_gateway_integration_response.artifact_model_id_rate_get_403",
            "module.api_gateway.aws_api_gateway_integration_response.artifact_model_id_rate_get_404",
            "module.api_gateway.aws_api_gateway_integration_response.artifact_model_id_rate_get_500",
            "module.api_gateway.aws_api_gateway_integration_response.artifact_type_options_200",
            "module.api_gateway.aws_api_gateway_integration_response.artifacts_options_200",
            "module.api_gateway.aws_api_gateway_integration_response.authenticate_options_200",
            "module.api_gateway.aws_api_gateway_integration_response.health_performance_results_run_id_get_200",
            "module.api_gateway.aws_api_gateway_integration_response.health_performance_results_run_id_get_404",
            "module.api_gateway.aws_api_gateway_integration_response.health_performance_results_run_id_get_500",
            "module.api_gateway.aws_api_gateway_integration_response.health_performance_workload_post_202",
            "module.api_gateway.aws_api_gateway_integration_response.health_performance_workload_post_400",
            "module.api_gateway.aws_api_gateway_integration_response.health_performance_workload_post_500",
            "module.api_gateway.aws_api_gateway_integration_response.package_id_get_200",
            "module.api_gateway.aws_api_gateway_integration_response.package_id_get_400",
            "module.api_gateway.aws_api_gateway_integration_response.package_id_get_403",
            "module.api_gateway.aws_api_gateway_integration_response.package_id_get_404",
            "module.api_gateway.aws_api_gateway_integration_response.package_id_get_500",
            "module.api_gateway.aws_api_gateway_integration_response.package_id_rate_get_200",
            "module.api_gateway.aws_api_gateway_integration_response.package_id_rate_get_400",
            "module.api_gateway.aws_api_gateway_integration_response.package_id_rate_get_403",
            "module.api_gateway.aws_api_gateway_integration_response.package_id_rate_get_404",
            "module.api_gateway.aws_api_gateway_integration_response.package_id_rate_get_500",
            "module.api_gateway.aws_api_gateway_integration_response.root_get_200",
            "module.api_gateway.aws_api_gateway_method.admin_get",
            "module.api_gateway.aws_api_gateway_method.admin_options",
            "module.api_gateway.aws_api_gateway_method.artifact_byname_name_get",
            "module.api_gateway.aws_api_gateway_method.artifact_byregex_options",
            "module.api_gateway.aws_api_gateway_method.artifact_byregex_post",
            "module.api_gateway.aws_api_gateway_method.artifact_directory_get",
            "module.api_gateway.aws_api_gateway_method.artifact_get",
            "module.api_gateway.aws_api_gateway_method.artifact_ingest_get",
            "module.api_gateway.aws_api_gateway_method.artifact_ingest_post",
            "module.api_gateway.aws_api_gateway_method.artifact_model_id_download_get",
            "module.api_gateway.aws_api_gateway_method.artifact_model_id_license_check_post",
            "module.api_gateway.aws_api_gateway_method.artifact_model_id_lineage_get",
            "module.api_gateway.aws_api_gateway_method.artifact_model_id_rate_get",
            "module.api_gateway.aws_api_gateway_method.artifact_model_id_upload_post",
            "module.api_gateway.aws_api_gateway_method.artifact_type_get",
            "module.api_gateway.aws_api_gateway_method.artifact_type_id_audit_get",
            "module.api_gateway.aws_api_gateway_method.artifact_type_id_cost_get",
            "module.api_gateway.aws_api_gateway_method.artifact_type_id_delete",
            "module.api_gateway.aws_api_gateway_method.artifact_type_id_get",
            "module.api_gateway.aws_api_gateway_method.artifact_type_id_put",
            "module.api_gateway.aws_api_gateway_method.artifact_type_options",
            "module.api_gateway.aws_api_gateway_method.artifact_type_post",
            "module.api_gateway.aws_api_gateway_method.artifacts_options",
            "module.api_gateway.aws_api_gateway_method.artifacts_post",
            "module.api_gateway.aws_api_gateway_method.artifacts_type_id_delete",
            "module.api_gateway.aws_api_gateway_method.artifacts_type_id_get",
            "module.api_gateway.aws_api_gateway_method.artifacts_type_id_put",
            "module.api_gateway.aws_api_gateway_method.authenticate_options",
            "module.api_gateway.aws_api_gateway_method.authenticate_put",
            "module.api_gateway.aws_api_gateway_method.directory_get",
            "module.api_gateway.aws_api_gateway_method.directory_options",
            "module.api_gateway.aws_api_gateway_method.health_components_get",
            "module.api_gateway.aws_api_gateway_method.health_get",
            "module.api_gateway.aws_api_gateway_method.health_performance_results_run_id_get",
            "module.api_gateway.aws_api_gateway_method.health_performance_workload_post",
            "module.api_gateway.aws_api_gateway_method.package_id_get",
            "module.api_gateway.aws_api_gateway_method.package_id_rate_get",
            "module.api_gateway.aws_api_gateway_method.reset_delete",
            "module.api_gateway.aws_api_gateway_method.root_get",
            "module.api_gateway.aws_api_gateway_method.tracks_get",
            "module.api_gateway.aws_api_gateway_method.upload_get",
            "module.api_gateway.aws_api_gateway_method.upload_options",
            "module.api_gateway.aws_api_gateway_method.upload_post",
            "module.api_gateway.aws_api_gateway_method_response.artifact_byname_name_get_200",
            "module.api_gateway.aws_api_gateway_method_response.artifact_byname_name_get_400",
            "module.api_gateway.aws_api_gateway_method_response.artifact_byname_name_get_403",
            "module.api_gateway.aws_api_gateway_method_response.artifact_byname_name_get_404",
            "module.api_gateway.aws_api_gateway_method_response.artifact_byregex_options_200",
            "module.api_gateway.aws_api_gateway_method_response.artifact_model_id_rate_get_200",
            "module.api_gateway.aws_api_gateway_method_response.artifact_model_id_rate_get_400",
            "module.api_gateway.aws_api_gateway_method_response.artifact_model_id_rate_get_403",
            "module.api_gateway.aws_api_gateway_method_response.artifact_model_id_rate_get_404",
            "module.api_gateway.aws_api_gateway_method_response.artifact_model_id_rate_get_500",
            "module.api_gateway.aws_api_gateway_method_response.artifact_type_options_200",
            "module.api_gateway.aws_api_gateway_method_response.artifacts_options_200",
            "module.api_gateway.aws_api_gateway_method_response.authenticate_options_200",
            "module.api_gateway.aws_api_gateway_method_response.health_performance_results_run_id_get_200",
            "module.api_gateway.aws_api_gateway_method_response.health_performance_results_run_id_get_404",
            "module.api_gateway.aws_api_gateway_method_response.health_performance_results_run_id_get_500",
            "module.api_gateway.aws_api_gateway_method_response.health_performance_workload_post_202",
            "module.api_gateway.aws_api_gateway_method_response.health_performance_workload_post_400",
            "module.api_gateway.aws_api_gateway_method_response.health_performance_workload_post_500",
            "module.api_gateway.aws_api_gateway_method_response.package_id_get_200",
            "module.api_gateway.aws_api_gateway_method_response.package_id_get_400",
            "module.api_gateway.aws_api_gateway_method_response.package_id_get_403",
            "module.api_gateway.aws_api_gateway_method_response.package_id_get_404",
            "module.api_gateway.aws_api_gateway_method_response.package_id_get_500",
            "module.api_gateway.aws_api_gateway_method_response.package_id_rate_get_200",
            "module.api_gateway.aws_api_gateway_method_response.package_id_rate_get_400",
            "module.api_gateway.aws_api_gateway_method_response.package_id_rate_get_403",
            "module.api_gateway.aws_api_gateway_method_response.package_id_rate_get_404",
            "module.api_gateway.aws_api_gateway_method_response.package_id_rate_get_500",
            "module.api_gateway.aws_api_gateway_method_response.root_get_200",
            "module.api_gateway.aws_api_gateway_resource.admin",
            "module.api_gateway.aws_api_gateway_resource.artifact",
            "module.api_gateway.aws_api_gateway_resource.artifact_byname",
            "module.api_gateway.aws_api_gateway_resource.artifact_byname_name",
            "module.api_gateway.aws_api_gateway_resource.artifact_byregex",
            "module.api_gateway.aws_api_gateway_resource.artifact_directory",
            "module.api_gateway.aws_api_gateway_resource.artifact_ingest",
            "module.api_gateway.aws_api_gateway_resource.artifact_model",
            "module.api_gateway.aws_api_gateway_resource.artifact_model_id",
            "module.api_gateway.aws_api_gateway_resource.artifact_model_id_download",
            "module.api_gateway.aws_api_gateway_resource.artifact_model_id_license_check",
            "module.api_gateway.aws_api_gateway_resource.artifact_model_id_lineage",
            "module.api_gateway.aws_api_gateway_resource.artifact_model_id_rate",
            "module.api_gateway.aws_api_gateway_resource.artifact_model_id_upload",
            "module.api_gateway.aws_api_gateway_resource.artifact_type",
            "module.api_gateway.aws_api_gateway_resource.artifact_type_id",
            "module.api_gateway.aws_api_gateway_resource.artifact_type_id_audit",
            "module.api_gateway.aws_api_gateway_resource.artifact_type_id_cost",
            "module.api_gateway.aws_api_gateway_resource.artifacts",
            "module.api_gateway.aws_api_gateway_resource.artifacts_type",
            "module.api_gateway.aws_api_gateway_resource.artifacts_type_id",
            "module.api_gateway.aws_api_gateway_resource.authenticate",
            "module.api_gateway.aws_api_gateway_resource.directory",
            "module.api_gateway.aws_api_gateway_resource.health",
            "module.api_gateway.aws_api_gateway_resource.health_components",
            "module.api_gateway.aws_api_gateway_resource.health_performance",
            "module.api_gateway.aws_api_gateway_resource.health_performance_results",
            "module.api_gateway.aws_api_gateway_resource.health_performance_results_run_id",
            "module.api_gateway.aws_api_gateway_resource.health_performance_workload",
            "module.api_gateway.aws_api_gateway_resource.package",
            "module.api_gateway.aws_api_gateway_resource.package_id",
            "module.api_gateway.aws_api_gateway_resource.package_id_rate",
            "module.api_gateway.aws_api_gateway_resource.reset",
            "module.api_gateway.aws_api_gateway_resource.tracks",
            "module.api_gateway.aws_api_gateway_resource.upload",
            "module.api_gateway.aws_api_gateway_rest_api.main_api",
            "module.api_gateway.aws_cloudwatch_log_group.api_gateway_logs",
            "module.api_gateway.aws_iam_role.api_gateway_cloudwatch_role",
            "module.ecs.aws_lb.validator_lb",
            "module.ecs.aws_security_group.validator_sg",
            "module.ecs.aws_subnet.validator_subnet_1",
            "module.ecs.aws_subnet.validator_subnet_2",
            "module.ecs.aws_vpc.validator_vpc"
          ]
        }
      ]
    },
    {
      "module": "module.api_gateway",
      "mode": "managed",
      "type": "aws_cloudwatch_log_group",
      "name": "api_gateway_logs",
      "provider": "provider[\"registry.terraform.io/hashicorp/aws\"]",
      "instances": [
        {
          "schema_version": 0,
          "attributes": {
            "arn": "arn:aws:logs:us-east-1:838693051036:log-group:/aws/apigateway/pc1plkgnbd/prod",
            "id": "/aws/apigateway/pc1plkgnbd/prod",
            "kms_key_id": "",
            "log_group_class": "STANDARD",
            "name": "/aws/apigateway/pc1plkgnbd/prod",
            "name_prefix": "",
            "region": "us-east-1",
            "retention_in_days": 14,
            "skip_destroy": false,
            "tags": {
              "Environment": "dev",
              "Name": "acme-api-gateway-logs",
              "Project": "CS_450_Phase_2"
            },
            "tags_all": {
              "Environment": "dev",
              "Name": "acme-api-gateway-logs",
              "Project": "CS_450_Phase_2"
            }
          },
          "sensitive_attributes": [],
          "identity_schema_version": 0,
          "identity": {
            "account_id": "838693051036",
            "name": "/aws/apigateway/pc1plkgnbd/prod",
            "region": "us-east-1"
          },
          "private": "bnVsbA==",
          "dependencies": [
            "module.api_gateway.aws_api_gateway_rest_api.main_api"
          ]
        }
      ]
    },
    {
      "module": "module.api_gateway",
      "mode": "managed",
      "type": "aws_cloudwatch_log_resource_policy",
      "name": "apigw_to_logs",
      "provider": "provider[\"registry.terraform.io/hashicorp/aws\"]",
      "instances": [
        {
          "schema_version": 0,
          "attributes": {
            "id": "APIGatewayLogsPolicy",
            "policy_document": "{\"Statement\":[{\"Action\":[\"logs:CreateLogStream\",\"logs:PutLogEvents\"],\"Effect\":\"Allow\",\"Principal\":{\"Service\":\"apigateway.amazonaws.com\"},\"Resource\":\"*\"}],\"Version\":\"2012-10-17\"}",
            "policy_name": "APIGatewayLogsPolicy",
            "region": "us-east-1"
          },
          "sensitive_attributes": [],
          "identity_schema_version": 0,
          "private": "bnVsbA=="
        }
      ]
    },
    {
      "module": "module.api_gateway",
      "mode": "managed",
      "type": "aws_iam_policy",
      "name": "lambda_ddb_policy",
      "provider": "provider[\"registry.terraform.io/hashicorp/aws\"]",
      "instances": [
        {
          "schema_version": 0,
          "attributes": {
            "arn": "arn:aws:iam::838693051036:policy/lambda-ddb-policy",
            "attachment_count": 1,
            "description": "",
            "id": "arn:aws:iam::838693051036:policy/lambda-ddb-policy",
            "name": "lambda-ddb-policy",
            "name_prefix": "",
            "path": "/",
            "policy": "{\"Statement\":[{\"Action\":[\"dynamodb:GetItem\",\"dynamodb:BatchGetItem\",\"dynamodb:Query\",\"dynamodb:Scan\",\"dynamodb:DescribeTable\"],\"Effect\":\"Allow\",\"Resource\":[\"arn:aws:dynamodb:us-east-1:838693051036:table/artifacts\",\"arn:aws:dynamodb:us-east-1:838693051036:table/downloads\",\"arn:aws:dynamodb:us-east-1:838693051036:table/packages\",\"arn:aws:dynamodb:us-east-1:838693051036:table/performance_metrics\",\"arn:aws:dynamodb:us-east-1:838693051036:table/tokens\",\"arn:aws:dynamodb:us-east-1:838693051036:table/uploads\",\"arn:aws:dynamodb:us-east-1:838693051036:table/users\"]},{\"Action\":[\"dynamodb:GetItem\",\"dynamodb:BatchGetItem\",\"dynamodb:Query\",\"dynamodb:Scan\",\"dynamodb:DescribeTable\"],\"Effect\":\"Allow\",\"Resource\":[\"arn:aws:dynamodb:us-east-1:838693051036:table/artifacts/index/*\",\"arn:aws:dynamodb:us-east-1:838693051036:table/downloads/index/*\",\"arn:aws:dynamodb:us-east-1:838693051036:table/packages/index/*\",\"arn:aws:dynamodb:us-east-1:838693051036:table/performance_metrics/index/*\",\"arn:aws:dynamodb:us-east-1:838693051036:table/tokens/index/*\",\"arn:aws:dynamodb:us-east-1:838693051036:table/uploads/index/*\",\"arn:aws:dynamodb:us-east-1:838693051036:table/users/index/*\"]},{\"Action\":[\"dynamodb:PutItem\",\"dynamodb:UpdateItem\",\"dynamodb:DeleteItem\",\"dynamodb:BatchWriteItem\"],\"Effect\":\"Allow\",\"Resource\":[\"arn:aws:dynamodb:us-east-1:838693051036:table/artifacts\",\"arn:aws:dynamodb:us-east-1:838693051036:table/downloads\",\"arn:aws:dynamodb:us-east-1:838693051036:table/packages\",\"arn:aws:dynamodb:us-east-1:838693051036:table/performance_metrics\",\"arn:aws:dynamodb:us-east-1:838693051036:table/tokens\",\"arn:aws:dynamodb:us-east-1:838693051036:table/uploads\",\"arn:aws:dynamodb:us-east-1:838693051036:table/users\"]}],\"Version\":\"2012-10-17\"}",
            "policy_id": "ANPA4GRQALKODUMSZEHKY",
            "tags": {},
            "tags_all": {}
          },
          "sensitive_attributes": [],
          "identity_schema_version": 0,
          "identity": {
            "arn": "arn:aws:iam::838693051036:policy/lambda-ddb-policy"
          },
          "private": "bnVsbA=="
        }
      ]
    },
    {
      "module": "module.api_gateway",
      "mode": "managed",
      "type": "aws_iam_policy",
      "name": "lambda_kms_policy",
      "provider": "provider[\"registry.terraform.io/hashicorp/aws\"]",
      "instances": [
        {
          "schema_version": 0,
          "attributes": {
            "arn": "arn:aws:iam::838693051036:policy/lambda-kms-s3-policy",
            "attachment_count": 1,
            "description": "",
            "id": "arn:aws:iam::838693051036:policy/lambda-kms-s3-policy",
            "name": "lambda-kms-s3-policy",
            "name_prefix": "",
            "path": "/",
            "policy": "{\"Statement\":[{\"Action\":[\"kms:Encrypt\",\"kms:Decrypt\",\"kms:ReEncrypt*\",\"kms:GenerateDataKey*\",\"kms:DescribeKey\"],\"Condition\":{\"StringEquals\":{\"kms:ViaService\":\"s3.us-east-1.amazonaws.com\"}},\"Effect\":\"Allow\",\"Resource\":\"arn:aws:kms:us-east-1:838693051036:key/0a2286a2-0ced-4a1a-aabc-43400aa4b8eb\"}],\"Version\":\"2012-10-17\"}",
            "policy_id": "ANPA4GRQALKOERJUVOUJ5",
            "tags": {},
            "tags_all": {}
          },
          "sensitive_attributes": [],
          "identity_schema_version": 0,
          "identity": {
            "arn": "arn:aws:iam::838693051036:policy/lambda-kms-s3-policy"
          },
          "private": "bnVsbA==",
          "dependencies": [
            "module.monitoring.aws_kms_key.main_key"
          ]
        }
      ]
    },
    {
      "module": "module.api_gateway",
      "mode": "managed",
      "type": "aws_iam_policy",
      "name": "lambda_s3_policy",
      "provider": "provider[\"registry.terraform.io/hashicorp/aws\"]",
      "instances": [
        {
          "schema_version": 0,
          "attributes": {
            "arn": "arn:aws:iam::838693051036:policy/lambda-s3-packages-policy",
            "attachment_count": 1,
            "description": "",
            "id": "arn:aws:iam::838693051036:policy/lambda-s3-packages-policy",
            "name": "lambda-s3-packages-policy",
            "name_prefix": "",
            "path": "/",
            "policy": "{\"Statement\":[{\"Action\":[\"s3:ListBucket\"],\"Condition\":{\"StringLike\":{\"s3:prefix\":[\"packages/*\"]}},\"Effect\":\"Allow\",\"Resource\":[\"arn:aws:s3:::pkg-artifacts\"],\"Sid\":\"ListPackagesPrefix\"},{\"Action\":[\"s3:GetObject\",\"s3:GetObjectTagging\"],\"Effect\":\"Allow\",\"Resource\":[\"arn:aws:s3:::pkg-artifacts/packages/*\"],\"Sid\":\"ReadPackages\"},{\"Action\":[\"s3:PutObject\",\"s3:PutObjectTagging\",\"s3:DeleteObject\",\"s3:AbortMultipartUpload\",\"s3:ListMultipartUploadParts\",\"s3:CreateMultipartUpload\",\"s3:CompleteMultipartUpload\",\"s3:UploadPart\",\"s3:UploadPartCopy\"],\"Condition\":{\"StringEquals\":{\"s3:x-amz-server-side-encryption\":\"aws:kms\"}},\"Effect\":\"Allow\",\"Resource\":[\"arn:aws:s3:::pkg-artifacts/packages/*\"],\"Sid\":\"WritePackagesWithKMS\"}],\"Version\":\"2012-10-17\"}",
            "policy_id": "ANPA4GRQALKOOHRBPLSGZ",
            "tags": {},
            "tags_all": {}
          },
          "sensitive_attributes": [],
          "identity_schema_version": 0,
          "identity": {
            "arn": "arn:aws:iam::838693051036:policy/lambda-s3-packages-policy"
          },
          "private": "bnVsbA=="
        }
      ]
    },
    {
      "module": "module.api_gateway",
      "mode": "managed",
      "type": "aws_iam_role",
      "name": "api_gateway_cloudwatch_role",
      "provider": "provider[\"registry.terraform.io/hashicorp/aws\"]",
      "instances": [
        {
          "schema_version": 0,
          "attributes": {
            "arn": "arn:aws:iam::838693051036:role/api-gateway-cloudwatch-logs-role",
            "assume_role_policy": "{\"Statement\":[{\"Action\":\"sts:AssumeRole\",\"Effect\":\"Allow\",\"Principal\":{\"Service\":\"apigateway.amazonaws.com\"}}],\"Version\":\"2012-10-17\"}",
            "create_date": "2025-11-22T16:28:30Z",
            "description": "",
            "force_detach_policies": false,
            "id": "api-gateway-cloudwatch-logs-role",
            "inline_policy": [
              {
                "name": "terraform-20251124203249050000000001",
                "policy": "{\"Version\":\"2012-10-17\",\"Statement\":[{\"Action\":[\"logs:CreateLogGroup\",\"logs:CreateLogStream\",\"logs:DescribeLogGroups\",\"logs:DescribeLogStreams\",\"logs:PutLogEvents\",\"logs:GetLogEvents\",\"logs:FilterLogEvents\"],\"Effect\":\"Allow\",\"Resource\":\"*\"}]}"
              }
            ],
            "managed_policy_arns": [],
            "max_session_duration": 3600,
            "name": "api-gateway-cloudwatch-logs-role",
            "name_prefix": "",
            "path": "/",
            "permissions_boundary": "",
            "tags": {
              "Environment": "dev",
              "Name": "api-gateway-cloudwatch-logs-role",
              "Project": "CS_450_Phase_2"
            },
            "tags_all": {
              "Environment": "dev",
              "Name": "api-gateway-cloudwatch-logs-role",
              "Project": "CS_450_Phase_2"
            },
            "unique_id": "AROA4GRQALKOHLRVGV7F7"
          },
          "sensitive_attributes": [],
          "identity_schema_version": 0,
          "identity": {
            "account_id": "838693051036",
            "name": "api-gateway-cloudwatch-logs-role"
          },
          "private": "bnVsbA=="
        }
      ]
    },
    {
      "module": "module.api_gateway",
      "mode": "managed",
      "type": "aws_iam_role",
      "name": "lambda_role",
      "provider": "provider[\"registry.terraform.io/hashicorp/aws\"]",
      "instances": [
        {
          "schema_version": 0,
          "attributes": {
            "arn": "arn:aws:iam::838693051036:role/lambda-execution-role",
            "assume_role_policy": "{\"Statement\":[{\"Action\":\"sts:AssumeRole\",\"Effect\":\"Allow\",\"Principal\":{\"Service\":\"lambda.amazonaws.com\"}}],\"Version\":\"2012-10-17\"}",
            "create_date": "2025-11-21T11:09:27Z",
            "description": "",
            "force_detach_policies": false,
            "id": "lambda-execution-role",
            "inline_policy": [],
            "managed_policy_arns": [
              "arn:aws:iam::838693051036:policy/lambda-ddb-policy",
              "arn:aws:iam::838693051036:policy/lambda-kms-s3-policy",
              "arn:aws:iam::838693051036:policy/lambda-s3-packages-policy",
              "arn:aws:iam::aws:policy/service-role/AWSLambdaBasicExecutionRole"
            ],
            "max_session_duration": 3600,
            "name": "lambda-execution-role",
            "name_prefix": "",
            "path": "/",
            "permissions_boundary": "",
            "tags": {
              "Environment": "dev",
              "Name": "lambda-execution-role",
              "Project": "CS_450_Phase_2"
            },
            "tags_all": {
              "Environment": "dev",
              "Name": "lambda-execution-role",
              "Project": "CS_450_Phase_2"
            },
            "unique_id": "AROA4GRQALKOKDM37T5TR"
          },
          "sensitive_attributes": [],
          "identity_schema_version": 0,
          "identity": {
            "account_id": "838693051036",
            "name": "lambda-execution-role"
          },
          "private": "bnVsbA=="
        }
      ]
    },
    {
      "module": "module.api_gateway",
      "mode": "managed",
      "type": "aws_iam_role_policy",
      "name": "api_gateway_cloudwatch_logs_policy",
      "provider": "provider[\"registry.terraform.io/hashicorp/aws\"]",
      "instances": [
        {
          "schema_version": 0,
          "attributes": {
            "id": "api-gateway-cloudwatch-logs-role:terraform-20251124203249050000000001",
            "name": "terraform-20251124203249050000000001",
            "name_prefix": "terraform-",
            "policy": "{\"Version\":\"2012-10-17\",\"Statement\":[{\"Action\":[\"logs:CreateLogGroup\",\"logs:CreateLogStream\",\"logs:DescribeLogGroups\",\"logs:DescribeLogStreams\",\"logs:PutLogEvents\",\"logs:GetLogEvents\",\"logs:FilterLogEvents\"],\"Effect\":\"Allow\",\"Resource\":\"*\"}]}",
            "role": "api-gateway-cloudwatch-logs-role"
          },
          "sensitive_attributes": [],
          "identity_schema_version": 0,
          "identity": {
            "account_id": "838693051036",
            "name": "terraform-20251124203249050000000001",
            "role": "api-gateway-cloudwatch-logs-role"
          },
          "private": "bnVsbA==",
          "dependencies": [
            "module.api_gateway.aws_iam_role.api_gateway_cloudwatch_role"
          ]
        }
      ]
    },
    {
      "module": "module.api_gateway",
      "mode": "managed",
      "type": "aws_iam_role_policy_attachment",
      "name": "lambda_basic_execution",
      "provider": "provider[\"registry.terraform.io/hashicorp/aws\"]",
      "instances": [
        {
          "schema_version": 0,
          "attributes": {
            "id": "lambda-execution-role/arn:aws:iam::aws:policy/service-role/AWSLambdaBasicExecutionRole",
            "policy_arn": "arn:aws:iam::aws:policy/service-role/AWSLambdaBasicExecutionRole",
            "role": "lambda-execution-role"
          },
          "sensitive_attributes": [],
          "identity_schema_version": 0,
          "identity": {
            "account_id": "838693051036",
            "policy_arn": "arn:aws:iam::aws:policy/service-role/AWSLambdaBasicExecutionRole",
            "role": "lambda-execution-role"
          },
          "private": "bnVsbA==",
          "dependencies": [
            "module.api_gateway.aws_iam_role.lambda_role"
          ]
        }
      ]
    },
    {
      "module": "module.api_gateway",
      "mode": "managed",
      "type": "aws_iam_role_policy_attachment",
      "name": "lambda_ddb_attachment",
      "provider": "provider[\"registry.terraform.io/hashicorp/aws\"]",
      "instances": [
        {
          "schema_version": 0,
          "attributes": {
            "id": "lambda-execution-role/arn:aws:iam::838693051036:policy/lambda-ddb-policy",
            "policy_arn": "arn:aws:iam::838693051036:policy/lambda-ddb-policy",
            "role": "lambda-execution-role"
          },
          "sensitive_attributes": [],
          "identity_schema_version": 0,
          "identity": {
            "account_id": "838693051036",
            "policy_arn": "arn:aws:iam::838693051036:policy/lambda-ddb-policy",
            "role": "lambda-execution-role"
          },
          "private": "bnVsbA==",
          "dependencies": [
            "module.api_gateway.aws_iam_policy.lambda_ddb_policy",
            "module.api_gateway.aws_iam_role.lambda_role"
          ]
        }
      ]
    },
    {
      "module": "module.api_gateway",
      "mode": "managed",
      "type": "aws_iam_role_policy_attachment",
      "name": "lambda_kms_attachment",
      "provider": "provider[\"registry.terraform.io/hashicorp/aws\"]",
      "instances": [
        {
          "schema_version": 0,
          "attributes": {
            "id": "lambda-execution-role/arn:aws:iam::838693051036:policy/lambda-kms-s3-policy",
            "policy_arn": "arn:aws:iam::838693051036:policy/lambda-kms-s3-policy",
            "role": "lambda-execution-role"
          },
          "sensitive_attributes": [],
          "identity_schema_version": 0,
          "identity": {
            "account_id": "838693051036",
            "policy_arn": "arn:aws:iam::838693051036:policy/lambda-kms-s3-policy",
            "role": "lambda-execution-role"
          },
          "private": "bnVsbA==",
          "dependencies": [
            "module.api_gateway.aws_iam_policy.lambda_kms_policy",
            "module.api_gateway.aws_iam_role.lambda_role",
            "module.monitoring.aws_kms_key.main_key"
          ]
        }
      ]
    },
    {
      "module": "module.api_gateway",
      "mode": "managed",
      "type": "aws_iam_role_policy_attachment",
      "name": "lambda_s3_attachment",
      "provider": "provider[\"registry.terraform.io/hashicorp/aws\"]",
      "instances": [
        {
          "schema_version": 0,
          "attributes": {
            "id": "lambda-execution-role/arn:aws:iam::838693051036:policy/lambda-s3-packages-policy",
            "policy_arn": "arn:aws:iam::838693051036:policy/lambda-s3-packages-policy",
            "role": "lambda-execution-role"
          },
          "sensitive_attributes": [],
          "identity_schema_version": 0,
          "identity": {
            "account_id": "838693051036",
            "policy_arn": "arn:aws:iam::838693051036:policy/lambda-s3-packages-policy",
            "role": "lambda-execution-role"
          },
          "private": "bnVsbA==",
          "dependencies": [
            "module.api_gateway.aws_iam_policy.lambda_s3_policy",
            "module.api_gateway.aws_iam_role.lambda_role"
          ]
        }
      ]
    },
    {
      "module": "module.cloudfront",
      "mode": "managed",
      "type": "aws_cloudfront_distribution",
      "name": "main",
      "provider": "provider[\"registry.terraform.io/hashicorp/aws\"]",
      "instances": [
        {
          "schema_version": 1,
          "attributes": {
            "aliases": [],
            "anycast_ip_list_id": "",
            "arn": "arn:aws:cloudfront::838693051036:distribution/E3DMUZE2UO7GWZ",
            "caller_reference": "terraform-20251120173157701900000001",
            "comment": "ACME Registry Frontend and API Distribution",
            "continuous_deployment_policy_id": "",
            "custom_error_response": [
              {
                "error_caching_min_ttl": 10,
                "error_code": 403,
                "response_code": 200,
                "response_page_path": "/"
              },
              {
                "error_caching_min_ttl": 10,
                "error_code": 404,
                "response_code": 200,
                "response_page_path": "/"
              }
            ],
            "default_cache_behavior": [
              {
                "allowed_methods": [
                  "DELETE",
                  "GET",
                  "HEAD",
                  "OPTIONS",
                  "PATCH",
                  "POST",
                  "PUT"
                ],
                "cache_policy_id": "",
                "cached_methods": [
                  "GET",
                  "HEAD"
                ],
                "compress": true,
                "default_ttl": 0,
                "field_level_encryption_id": "",
                "forwarded_values": [
                  {
                    "cookies": [
                      {
                        "forward": "all",
                        "whitelisted_names": []
                      }
                    ],
                    "headers": [
                      "*"
                    ],
                    "query_string": true,
                    "query_string_cache_keys": []
                  }
                ],
                "function_association": [],
                "grpc_config": [
                  {
                    "enabled": false
                  }
                ],
                "lambda_function_association": [],
                "max_ttl": 0,
                "min_ttl": 0,
                "origin_request_policy_id": "",
                "realtime_log_config_arn": "",
                "response_headers_policy_id": "",
                "smooth_streaming": false,
                "target_origin_id": "alb-origin",
                "trusted_key_groups": [],
                "trusted_signers": [],
                "viewer_protocol_policy": "redirect-to-https"
              }
            ],
            "default_root_object": "",
            "domain_name": "d2y6kf3qaredsh.cloudfront.net",
            "enabled": true,
            "etag": "EX71Q49T5FCGM",
            "hosted_zone_id": "Z2FDTNDATAQYW2",
            "http_version": "http2",
            "id": "E3DMUZE2UO7GWZ",
            "in_progress_validation_batches": 0,
            "is_ipv6_enabled": true,
            "last_modified_time": "2025-11-21 22:49:53.822 +0000 UTC",
            "logging_config": [],
            "ordered_cache_behavior": [
              {
                "allowed_methods": [
                  "GET",
                  "HEAD",
                  "OPTIONS"
                ],
                "cache_policy_id": "",
                "cached_methods": [
                  "GET",
                  "HEAD"
                ],
                "compress": true,
                "default_ttl": 86400,
                "field_level_encryption_id": "",
                "forwarded_values": [
                  {
                    "cookies": [
                      {
                        "forward": "none",
                        "whitelisted_names": []
                      }
                    ],
                    "headers": [
                      "Access-Control-Request-Headers",
                      "Access-Control-Request-Method",
                      "Origin"
                    ],
                    "query_string": false,
                    "query_string_cache_keys": []
                  }
                ],
                "function_association": [],
                "grpc_config": [
                  {
                    "enabled": false
                  }
                ],
                "lambda_function_association": [],
                "max_ttl": 31536000,
                "min_ttl": 0,
                "origin_request_policy_id": "",
                "path_pattern": "/static/*",
                "realtime_log_config_arn": "",
                "response_headers_policy_id": "",
                "smooth_streaming": false,
                "target_origin_id": "alb-origin",
                "trusted_key_groups": [],
                "trusted_signers": [],
                "viewer_protocol_policy": "redirect-to-https"
              },
              {
                "allowed_methods": [
                  "DELETE",
                  "GET",
                  "HEAD",
                  "OPTIONS",
                  "PATCH",
                  "POST",
                  "PUT"
                ],
                "cache_policy_id": "",
                "cached_methods": [
                  "GET",
                  "HEAD"
                ],
                "compress": true,
                "default_ttl": 0,
                "field_level_encryption_id": "",
                "forwarded_values": [
                  {
                    "cookies": [
                      {
                        "forward": "all",
                        "whitelisted_names": []
                      }
                    ],
                    "headers": [
                      "*"
                    ],
                    "query_string": true,
                    "query_string_cache_keys": []
                  }
                ],
                "function_association": [],
                "grpc_config": [
                  {
                    "enabled": false
                  }
                ],
                "lambda_function_association": [],
                "max_ttl": 0,
                "min_ttl": 0,
                "origin_request_policy_id": "",
                "path_pattern": "/api/*",
                "realtime_log_config_arn": "",
                "response_headers_policy_id": "",
                "smooth_streaming": false,
                "target_origin_id": "alb-origin",
                "trusted_key_groups": [],
                "trusted_signers": [],
                "viewer_protocol_policy": "redirect-to-https"
              },
              {
                "allowed_methods": [
                  "DELETE",
                  "GET",
                  "HEAD",
                  "OPTIONS",
                  "PATCH",
                  "POST",
                  "PUT"
                ],
                "cache_policy_id": "",
                "cached_methods": [
                  "GET",
                  "HEAD"
                ],
                "compress": true,
                "default_ttl": 0,
                "field_level_encryption_id": "",
                "forwarded_values": [
                  {
                    "cookies": [
                      {
                        "forward": "all",
                        "whitelisted_names": []
                      }
                    ],
                    "headers": [
                      "*"
                    ],
                    "query_string": true,
                    "query_string_cache_keys": []
                  }
                ],
                "function_association": [],
                "grpc_config": [
                  {
                    "enabled": false
                  }
                ],
                "lambda_function_association": [],
                "max_ttl": 0,
                "min_ttl": 0,
                "origin_request_policy_id": "",
                "path_pattern": "/artifact/*",
                "realtime_log_config_arn": "",
                "response_headers_policy_id": "",
                "smooth_streaming": false,
                "target_origin_id": "alb-origin",
                "trusted_key_groups": [],
                "trusted_signers": [],
                "viewer_protocol_policy": "redirect-to-https"
              },
              {
                "allowed_methods": [
                  "DELETE",
                  "GET",
                  "HEAD",
                  "OPTIONS",
                  "PATCH",
                  "POST",
                  "PUT"
                ],
                "cache_policy_id": "",
                "cached_methods": [
                  "GET",
                  "HEAD"
                ],
                "compress": true,
                "default_ttl": 0,
                "field_level_encryption_id": "",
                "forwarded_values": [
                  {
                    "cookies": [
                      {
                        "forward": "all",
                        "whitelisted_names": []
                      }
                    ],
                    "headers": [
                      "*"
                    ],
                    "query_string": true,
                    "query_string_cache_keys": []
                  }
                ],
                "function_association": [],
                "grpc_config": [
                  {
                    "enabled": false
                  }
                ],
                "lambda_function_association": [],
                "max_ttl": 0,
                "min_ttl": 0,
                "origin_request_policy_id": "",
                "path_pattern": "/artifacts*",
                "realtime_log_config_arn": "",
                "response_headers_policy_id": "",
                "smooth_streaming": false,
                "target_origin_id": "alb-origin",
                "trusted_key_groups": [],
                "trusted_signers": [],
                "viewer_protocol_policy": "redirect-to-https"
              },
              {
                "allowed_methods": [
                  "GET",
                  "HEAD",
                  "OPTIONS"
                ],
                "cache_policy_id": "",
                "cached_methods": [
                  "GET",
                  "HEAD"
                ],
                "compress": true,
                "default_ttl": 60,
                "field_level_encryption_id": "",
                "forwarded_values": [
                  {
                    "cookies": [
                      {
                        "forward": "none",
                        "whitelisted_names": []
                      }
                    ],
                    "headers": [
                      "*"
                    ],
                    "query_string": true,
                    "query_string_cache_keys": []
                  }
                ],
                "function_association": [],
                "grpc_config": [
                  {
                    "enabled": false
                  }
                ],
                "lambda_function_association": [],
                "max_ttl": 300,
                "min_ttl": 0,
                "origin_request_policy_id": "",
                "path_pattern": "/health*",
                "realtime_log_config_arn": "",
                "response_headers_policy_id": "",
                "smooth_streaming": false,
                "target_origin_id": "alb-origin",
                "trusted_key_groups": [],
                "trusted_signers": [],
                "viewer_protocol_policy": "redirect-to-https"
              },
              {
                "allowed_methods": [
                  "DELETE",
                  "GET",
                  "HEAD",
                  "OPTIONS",
                  "PATCH",
                  "POST",
                  "PUT"
                ],
                "cache_policy_id": "",
                "cached_methods": [
                  "GET",
                  "HEAD"
                ],
                "compress": true,
                "default_ttl": 0,
                "field_level_encryption_id": "",
                "forwarded_values": [
                  {
                    "cookies": [
                      {
                        "forward": "all",
                        "whitelisted_names": []
                      }
                    ],
                    "headers": [
                      "*"
                    ],
                    "query_string": true,
                    "query_string_cache_keys": []
                  }
                ],
                "function_association": [],
                "grpc_config": [
                  {
                    "enabled": false
                  }
                ],
                "lambda_function_association": [],
                "max_ttl": 0,
                "min_ttl": 0,
                "origin_request_policy_id": "",
                "path_pattern": "/authenticate*",
                "realtime_log_config_arn": "",
                "response_headers_policy_id": "",
                "smooth_streaming": false,
                "target_origin_id": "alb-origin",
                "trusted_key_groups": [],
                "trusted_signers": [],
                "viewer_protocol_policy": "redirect-to-https"
              },
              {
                "allowed_methods": [
                  "DELETE",
                  "GET",
                  "HEAD",
                  "OPTIONS",
                  "PATCH",
                  "POST",
                  "PUT"
                ],
                "cache_policy_id": "",
                "cached_methods": [
                  "GET",
                  "HEAD"
                ],
                "compress": true,
                "default_ttl": 0,
                "field_level_encryption_id": "",
                "forwarded_values": [
                  {
                    "cookies": [
                      {
                        "forward": "all",
                        "whitelisted_names": []
                      }
                    ],
                    "headers": [
                      "*"
                    ],
                    "query_string": true,
                    "query_string_cache_keys": []
                  }
                ],
                "function_association": [],
                "grpc_config": [
                  {
                    "enabled": false
                  }
                ],
                "lambda_function_association": [],
                "max_ttl": 0,
                "min_ttl": 0,
                "origin_request_policy_id": "",
                "path_pattern": "/auth/*",
                "realtime_log_config_arn": "",
                "response_headers_policy_id": "",
                "smooth_streaming": false,
                "target_origin_id": "alb-origin",
                "trusted_key_groups": [],
                "trusted_signers": [],
                "viewer_protocol_policy": "redirect-to-https"
              }
            ],
            "origin": [
              {
                "connection_attempts": 3,
                "connection_timeout": 10,
                "custom_header": [
                  {
                    "name": "X-Forwarded-Host",
                    "value": "validator-lb-727503296.us-east-1.elb.amazonaws.com"
                  },
                  {
                    "name": "X-Forwarded-Proto",
                    "value": "https"
                  }
                ],
                "custom_origin_config": [
                  {
                    "http_port": 80,
                    "https_port": 443,
                    "ip_address_type": "",
                    "origin_keepalive_timeout": 5,
                    "origin_protocol_policy": "http-only",
                    "origin_read_timeout": 30,
                    "origin_ssl_protocols": [
                      "TLSv1.2"
                    ]
                  }
                ],
                "domain_name": "validator-lb-727503296.us-east-1.elb.amazonaws.com",
                "origin_access_control_id": "",
                "origin_id": "alb-origin",
                "origin_path": "",
                "origin_shield": [],
                "response_completion_timeout": 0,
                "s3_origin_config": [],
                "vpc_origin_config": []
              }
            ],
            "origin_group": [],
            "price_class": "PriceClass_100",
            "restrictions": [
              {
                "geo_restriction": [
                  {
                    "locations": [],
                    "restriction_type": "none"
                  }
                ]
              }
            ],
            "retain_on_delete": false,
            "staging": false,
            "status": "Deployed",
            "tags": {
              "Environment": "dev",
              "Name": "acme-registry-cloudfront",
              "Project": "CS_450_Phase_2"
            },
            "tags_all": {
              "Environment": "dev",
              "Name": "acme-registry-cloudfront",
              "Project": "CS_450_Phase_2"
            },
            "trusted_key_groups": [
              {
                "enabled": false,
                "items": []
              }
            ],
            "trusted_signers": [
              {
                "enabled": false,
                "items": []
              }
            ],
            "viewer_certificate": [
              {
                "acm_certificate_arn": "",
                "cloudfront_default_certificate": true,
                "iam_certificate_id": "",
                "minimum_protocol_version": "TLSv1",
                "ssl_support_method": ""
              }
            ],
            "wait_for_deployment": true,
            "web_acl_id": ""
          },
          "sensitive_attributes": [],
          "identity_schema_version": 0,
          "private": "eyJzY2hlbWFfdmVyc2lvbiI6IjEifQ==",
          "dependencies": [
            "module.ecs.aws_lb.validator_lb",
            "module.ecs.aws_security_group.validator_sg",
            "module.ecs.aws_subnet.validator_subnet_1",
            "module.ecs.aws_subnet.validator_subnet_2",
            "module.ecs.aws_vpc.validator_vpc"
          ]
        }
      ]
    },
    {
      "module": "module.ddb",
      "mode": "managed",
      "type": "aws_dynamodb_table",
      "name": "this",
      "provider": "provider[\"registry.terraform.io/hashicorp/aws\"]",
      "instances": [
        {
          "index_key": "artifacts",
          "schema_version": 1,
          "attributes": {
            "arn": "arn:aws:dynamodb:us-east-1:838693051036:table/artifacts",
            "attribute": [
              {
                "name": "artifact_id",
                "type": "S"
              }
            ],
            "billing_mode": "PAY_PER_REQUEST",
            "deletion_protection_enabled": false,
            "global_secondary_index": [],
            "hash_key": "artifact_id",
            "id": "artifacts",
            "import_table": [],
            "local_secondary_index": [],
            "name": "artifacts",
            "on_demand_throughput": [],
            "point_in_time_recovery": [
              {
                "enabled": false,
                "recovery_period_in_days": 0
              }
            ],
            "range_key": null,
            "read_capacity": 0,
            "region": "us-east-1",
            "replica": [],
            "restore_date_time": null,
            "restore_source_name": null,
            "restore_source_table_arn": null,
            "restore_to_latest_time": null,
            "server_side_encryption": [],
            "stream_arn": "",
            "stream_enabled": false,
            "stream_label": "",
            "stream_view_type": "",
            "table_class": "STANDARD",
            "tags": {},
            "tags_all": {},
            "timeouts": null,
            "ttl": [
              {
                "attribute_name": "",
                "enabled": false
              }
            ],
            "warm_throughput": [],
            "write_capacity": 0
          },
          "sensitive_attributes": [],
          "identity_schema_version": 0,
          "private": "eyJlMmJmYjczMC1lY2FhLTExZTYtOGY4OC0zNDM2M2JjN2M0YzAiOnsiY3JlYXRlIjoxODAwMDAwMDAwMDAwLCJkZWxldGUiOjYwMDAwMDAwMDAwMCwidXBkYXRlIjozNjAwMDAwMDAwMDAwfSwic2NoZW1hX3ZlcnNpb24iOiIxIn0="
        },
        {
          "index_key": "downloads",
          "schema_version": 1,
          "attributes": {
            "arn": "arn:aws:dynamodb:us-east-1:838693051036:table/downloads",
            "attribute": [
              {
                "name": "event_id",
                "type": "S"
              },
              {
                "name": "timestamp",
                "type": "S"
              },
              {
                "name": "user_id",
                "type": "S"
              }
            ],
            "billing_mode": "PAY_PER_REQUEST",
            "deletion_protection_enabled": false,
            "global_secondary_index": [
              {
                "hash_key": "user_id",
                "name": "user-timestamp-index",
                "non_key_attributes": [],
                "on_demand_throughput": [],
                "projection_type": "ALL",
                "range_key": "timestamp",
                "read_capacity": 0,
                "warm_throughput": [],
                "write_capacity": 0
              }
            ],
            "hash_key": "event_id",
            "id": "downloads",
            "import_table": [],
            "local_secondary_index": [],
            "name": "downloads",
            "on_demand_throughput": [],
            "point_in_time_recovery": [
              {
                "enabled": false,
                "recovery_period_in_days": 0
              }
            ],
            "range_key": null,
            "read_capacity": 0,
            "region": "us-east-1",
            "replica": [],
            "restore_date_time": null,
            "restore_source_name": null,
            "restore_source_table_arn": null,
            "restore_to_latest_time": null,
            "server_side_encryption": [],
            "stream_arn": "",
            "stream_enabled": false,
            "stream_label": "",
            "stream_view_type": "",
            "table_class": "STANDARD",
            "tags": {},
            "tags_all": {},
            "timeouts": null,
            "ttl": [
              {
                "attribute_name": "",
                "enabled": false
              }
            ],
            "warm_throughput": [],
            "write_capacity": 0
          },
          "sensitive_attributes": [],
          "identity_schema_version": 0,
          "private": "eyJlMmJmYjczMC1lY2FhLTExZTYtOGY4OC0zNDM2M2JjN2M0YzAiOnsiY3JlYXRlIjoxODAwMDAwMDAwMDAwLCJkZWxldGUiOjYwMDAwMDAwMDAwMCwidXBkYXRlIjozNjAwMDAwMDAwMDAwfSwic2NoZW1hX3ZlcnNpb24iOiIxIn0="
        },
        {
          "index_key": "packages",
          "schema_version": 1,
          "attributes": {
            "arn": "arn:aws:dynamodb:us-east-1:838693051036:table/packages",
            "attribute": [
              {
                "name": "pkg_key",
                "type": "S"
              }
            ],
            "billing_mode": "PAY_PER_REQUEST",
            "deletion_protection_enabled": false,
            "global_secondary_index": [],
            "hash_key": "pkg_key",
            "id": "packages",
            "import_table": [],
            "local_secondary_index": [],
            "name": "packages",
            "on_demand_throughput": [],
            "point_in_time_recovery": [
              {
                "enabled": false,
                "recovery_period_in_days": 0
              }
            ],
            "range_key": null,
            "read_capacity": 0,
            "region": "us-east-1",
            "replica": [],
            "restore_date_time": null,
            "restore_source_name": null,
            "restore_source_table_arn": null,
            "restore_to_latest_time": null,
            "server_side_encryption": [],
            "stream_arn": "",
            "stream_enabled": false,
            "stream_label": "",
            "stream_view_type": "",
            "table_class": "STANDARD",
            "tags": {},
            "tags_all": {},
            "timeouts": null,
            "ttl": [
              {
                "attribute_name": "",
                "enabled": false
              }
            ],
            "warm_throughput": [],
            "write_capacity": 0
          },
          "sensitive_attributes": [],
          "identity_schema_version": 0,
          "private": "eyJlMmJmYjczMC1lY2FhLTExZTYtOGY4OC0zNDM2M2JjN2M0YzAiOnsiY3JlYXRlIjoxODAwMDAwMDAwMDAwLCJkZWxldGUiOjYwMDAwMDAwMDAwMCwidXBkYXRlIjozNjAwMDAwMDAwMDAwfSwic2NoZW1hX3ZlcnNpb24iOiIxIn0="
        },
        {
          "index_key": "performance_metrics",
          "schema_version": 1,
          "attributes": {
            "arn": "arn:aws:dynamodb:us-east-1:838693051036:table/performance_metrics",
            "attribute": [
              {
                "name": "metric_id",
                "type": "S"
              },
              {
                "name": "run_id",
                "type": "S"
              },
              {
                "name": "timestamp",
                "type": "S"
              }
            ],
            "billing_mode": "PAY_PER_REQUEST",
            "deletion_protection_enabled": false,
            "global_secondary_index": [
              {
                "hash_key": "run_id",
                "name": "run-timestamp-index",
                "non_key_attributes": [],
                "on_demand_throughput": [],
                "projection_type": "ALL",
                "range_key": "timestamp",
                "read_capacity": 0,
                "warm_throughput": [],
                "write_capacity": 0
              }
            ],
            "hash_key": "run_id",
            "id": "performance_metrics",
            "import_table": [],
            "local_secondary_index": [],
            "name": "performance_metrics",
            "on_demand_throughput": [],
            "point_in_time_recovery": [
              {
                "enabled": false,
                "recovery_period_in_days": 0
              }
            ],
            "range_key": "metric_id",
            "read_capacity": 0,
            "region": "us-east-1",
            "replica": [],
            "restore_date_time": null,
            "restore_source_name": null,
            "restore_source_table_arn": null,
            "restore_to_latest_time": null,
            "server_side_encryption": [],
            "stream_arn": "",
            "stream_enabled": false,
            "stream_label": "",
            "stream_view_type": "",
            "table_class": "STANDARD",
            "tags": {},
            "tags_all": {},
            "timeouts": null,
            "ttl": [
              {
                "attribute_name": "",
                "enabled": false
              }
            ],
            "warm_throughput": [],
            "write_capacity": 0
          },
          "sensitive_attributes": [],
          "identity_schema_version": 0,
          "private": "eyJlMmJmYjczMC1lY2FhLTExZTYtOGY4OC0zNDM2M2JjN2M0YzAiOnsiY3JlYXRlIjoxODAwMDAwMDAwMDAwLCJkZWxldGUiOjYwMDAwMDAwMDAwMCwidXBkYXRlIjozNjAwMDAwMDAwMDAwfSwic2NoZW1hX3ZlcnNpb24iOiIxIn0="
        },
        {
          "index_key": "tokens",
          "schema_version": 1,
          "attributes": {
            "arn": "arn:aws:dynamodb:us-east-1:838693051036:table/tokens",
            "attribute": [
              {
                "name": "token_id",
                "type": "S"
              }
            ],
            "billing_mode": "PAY_PER_REQUEST",
            "deletion_protection_enabled": false,
            "global_secondary_index": [],
            "hash_key": "token_id",
            "id": "tokens",
            "import_table": [],
            "local_secondary_index": [],
            "name": "tokens",
            "on_demand_throughput": [],
            "point_in_time_recovery": [
              {
                "enabled": false,
                "recovery_period_in_days": 0
              }
            ],
            "range_key": null,
            "read_capacity": 0,
            "region": "us-east-1",
            "replica": [],
            "restore_date_time": null,
            "restore_source_name": null,
            "restore_source_table_arn": null,
            "restore_to_latest_time": null,
            "server_side_encryption": [],
            "stream_arn": "",
            "stream_enabled": false,
            "stream_label": "",
            "stream_view_type": "",
            "table_class": "STANDARD",
            "tags": {},
            "tags_all": {},
            "timeouts": null,
            "ttl": [
              {
                "attribute_name": "exp_ts",
                "enabled": true
              }
            ],
            "warm_throughput": [],
            "write_capacity": 0
          },
          "sensitive_attributes": [],
          "identity_schema_version": 0,
          "private": "eyJlMmJmYjczMC1lY2FhLTExZTYtOGY4OC0zNDM2M2JjN2M0YzAiOnsiY3JlYXRlIjoxODAwMDAwMDAwMDAwLCJkZWxldGUiOjYwMDAwMDAwMDAwMCwidXBkYXRlIjozNjAwMDAwMDAwMDAwfSwic2NoZW1hX3ZlcnNpb24iOiIxIn0="
        },
        {
          "index_key": "uploads",
          "schema_version": 1,
          "attributes": {
            "arn": "arn:aws:dynamodb:us-east-1:838693051036:table/uploads",
            "attribute": [
              {
                "name": "upload_id",
                "type": "S"
              }
            ],
            "billing_mode": "PAY_PER_REQUEST",
            "deletion_protection_enabled": false,
            "global_secondary_index": [],
            "hash_key": "upload_id",
            "id": "uploads",
            "import_table": [],
            "local_secondary_index": [],
            "name": "uploads",
            "on_demand_throughput": [],
            "point_in_time_recovery": [
              {
                "enabled": false,
                "recovery_period_in_days": 0
              }
            ],
            "range_key": null,
            "read_capacity": 0,
            "region": "us-east-1",
            "replica": [],
            "restore_date_time": null,
            "restore_source_name": null,
            "restore_source_table_arn": null,
            "restore_to_latest_time": null,
            "server_side_encryption": [],
            "stream_arn": "",
            "stream_enabled": false,
            "stream_label": "",
            "stream_view_type": "",
            "table_class": "STANDARD",
            "tags": {},
            "tags_all": {},
            "timeouts": null,
            "ttl": [
              {
                "attribute_name": "",
                "enabled": false
              }
            ],
            "warm_throughput": [],
            "write_capacity": 0
          },
          "sensitive_attributes": [],
          "identity_schema_version": 0,
          "private": "eyJlMmJmYjczMC1lY2FhLTExZTYtOGY4OC0zNDM2M2JjN2M0YzAiOnsiY3JlYXRlIjoxODAwMDAwMDAwMDAwLCJkZWxldGUiOjYwMDAwMDAwMDAwMCwidXBkYXRlIjozNjAwMDAwMDAwMDAwfSwic2NoZW1hX3ZlcnNpb24iOiIxIn0="
        },
        {
          "index_key": "users",
          "schema_version": 1,
          "attributes": {
            "arn": "arn:aws:dynamodb:us-east-1:838693051036:table/users",
            "attribute": [
              {
                "name": "user_id",
                "type": "S"
              }
            ],
            "billing_mode": "PAY_PER_REQUEST",
            "deletion_protection_enabled": false,
            "global_secondary_index": [],
            "hash_key": "user_id",
            "id": "users",
            "import_table": [],
            "local_secondary_index": [],
            "name": "users",
            "on_demand_throughput": [],
            "point_in_time_recovery": [
              {
                "enabled": false,
                "recovery_period_in_days": 0
              }
            ],
            "range_key": null,
            "read_capacity": 0,
            "region": "us-east-1",
            "replica": [],
            "restore_date_time": null,
            "restore_source_name": null,
            "restore_source_table_arn": null,
            "restore_to_latest_time": null,
            "server_side_encryption": [],
            "stream_arn": "",
            "stream_enabled": false,
            "stream_label": "",
            "stream_view_type": "",
            "table_class": "STANDARD",
            "tags": {},
            "tags_all": {},
            "timeouts": null,
            "ttl": [
              {
                "attribute_name": "",
                "enabled": false
              }
            ],
            "warm_throughput": [],
            "write_capacity": 0
          },
          "sensitive_attributes": [],
          "identity_schema_version": 0,
          "private": "eyJlMmJmYjczMC1lY2FhLTExZTYtOGY4OC0zNDM2M2JjN2M0YzAiOnsiY3JlYXRlIjoxODAwMDAwMDAwMDAwLCJkZWxldGUiOjYwMDAwMDAwMDAwMCwidXBkYXRlIjozNjAwMDAwMDAwMDAwfSwic2NoZW1hX3ZlcnNpb24iOiIxIn0="
        }
      ]
    },
    {
      "module": "module.ecs",
      "mode": "data",
      "type": "aws_secretsmanager_secret",
      "name": "jwt_secret",
      "provider": "provider[\"registry.terraform.io/hashicorp/aws\"]",
      "instances": [
        {
          "schema_version": 0,
          "attributes": {
            "arn": "arn:aws:secretsmanager:us-east-1:838693051036:secret:acme-jwt-secret-lFC1MI",
            "created_date": "2025-10-14T19:25:39Z",
            "description": "",
            "id": "arn:aws:secretsmanager:us-east-1:838693051036:secret:acme-jwt-secret-lFC1MI",
            "kms_key_id": "arn:aws:kms:us-east-1:838693051036:key/8bceba21-d653-4025-ac7d-7c4f7b271162",
            "last_changed_date": "2025-11-22T16:49:05Z",
            "name": "acme-jwt-secret",
            "policy": "",
            "region": "us-east-1",
            "tags": {
              "Environment": "dev",
              "Name": "acme-jwt-secret",
              "Project": "CS_450_Phase_2"
            }
          },
          "sensitive_attributes": [],
          "identity_schema_version": 0
        }
      ]
    },
    {
      "module": "module.ecs",
      "mode": "managed",
      "type": "aws_cloudwatch_log_group",
      "name": "application_api_logs",
      "provider": "provider[\"registry.terraform.io/hashicorp/aws\"]",
      "instances": [
        {
          "schema_version": 0,
          "attributes": {
            "arn": "arn:aws:logs:us-east-1:838693051036:log-group:/acme-api/application-logs",
            "id": "/acme-api/application-logs",
            "kms_key_id": "",
            "log_group_class": "STANDARD",
            "name": "/acme-api/application-logs",
            "name_prefix": "",
            "region": "us-east-1",
            "retention_in_days": 7,
            "skip_destroy": false,
            "tags": {
              "Environment": "dev",
              "Name": "acme-api-application-logs",
              "Project": "CS_450_Phase_2"
            },
            "tags_all": {
              "Environment": "dev",
              "Name": "acme-api-application-logs",
              "Project": "CS_450_Phase_2"
            }
          },
          "sensitive_attributes": [],
          "identity_schema_version": 0,
          "identity": {
            "account_id": "838693051036",
            "name": "/acme-api/application-logs",
            "region": "us-east-1"
          },
          "private": "bnVsbA=="
        }
      ]
    },
    {
      "module": "module.ecs",
      "mode": "managed",
      "type": "aws_cloudwatch_log_group",
      "name": "validator_logs",
      "provider": "provider[\"registry.terraform.io/hashicorp/aws\"]",
      "instances": [
        {
          "schema_version": 0,
          "attributes": {
            "arn": "arn:aws:logs:us-east-1:838693051036:log-group:/ecs/validator-service",
            "id": "/ecs/validator-service",
            "kms_key_id": "",
            "log_group_class": "STANDARD",
            "name": "/ecs/validator-service",
            "name_prefix": "",
            "region": "us-east-1",
            "retention_in_days": 7,
            "skip_destroy": false,
            "tags": {},
            "tags_all": {}
          },
          "sensitive_attributes": [],
          "identity_schema_version": 0,
          "identity": {
            "account_id": "838693051036",
            "name": "/ecs/validator-service",
            "region": "us-east-1"
          },
          "private": "eyJzY2hlbWFfdmVyc2lvbiI6IjAifQ=="
        }
      ]
    },
    {
      "module": "module.ecs",
      "mode": "managed",
      "type": "aws_ecr_repository",
      "name": "validator_repo",
      "provider": "provider[\"registry.terraform.io/hashicorp/aws\"]",
      "instances": [
        {
          "schema_version": 0,
          "attributes": {
            "arn": "arn:aws:ecr:us-east-1:838693051036:repository/validator-service",
            "encryption_configuration": [
              {
                "encryption_type": "AES256",
                "kms_key": ""
              }
            ],
            "force_delete": null,
            "id": "validator-service",
            "image_scanning_configuration": [
              {
                "scan_on_push": true
              }
            ],
            "image_tag_mutability": "MUTABLE",
            "image_tag_mutability_exclusion_filter": [],
            "name": "validator-service",
            "region": "us-east-1",
            "registry_id": "838693051036",
            "repository_url": "838693051036.dkr.ecr.us-east-1.amazonaws.com/validator-service",
            "tags": {
              "Name": "validator-service"
            },
            "tags_all": {
              "Name": "validator-service"
            },
            "timeouts": null
          },
          "sensitive_attributes": [],
          "identity_schema_version": 0,
          "identity": {
            "account_id": "838693051036",
            "name": "validator-service",
            "region": "us-east-1"
          },
          "private": "eyJlMmJmYjczMC1lY2FhLTExZTYtOGY4OC0zNDM2M2JjN2M0YzAiOnsiZGVsZXRlIjoxMjAwMDAwMDAwMDAwfSwic2NoZW1hX3ZlcnNpb24iOiIwIn0="
        }
      ]
    },
    {
      "module": "module.ecs",
      "mode": "managed",
      "type": "aws_ecs_cluster",
      "name": "validator_cluster",
      "provider": "provider[\"registry.terraform.io/hashicorp/aws\"]",
      "instances": [
        {
          "schema_version": 0,
          "attributes": {
            "arn": "arn:aws:ecs:us-east-1:838693051036:cluster/validator-cluster",
            "configuration": [],
            "id": "arn:aws:ecs:us-east-1:838693051036:cluster/validator-cluster",
            "name": "validator-cluster",
            "region": "us-east-1",
            "service_connect_defaults": [],
            "setting": [
              {
                "name": "containerInsights",
                "value": "enabled"
              }
            ],
            "tags": {},
            "tags_all": {}
          },
          "sensitive_attributes": [],
          "identity_schema_version": 0,
          "private": "bnVsbA=="
        }
      ]
    },
    {
      "module": "module.ecs",
      "mode": "managed",
      "type": "aws_ecs_service",
      "name": "validator_service",
      "provider": "provider[\"registry.terraform.io/hashicorp/aws\"]",
      "instances": [
        {
          "schema_version": 1,
          "attributes": {
            "alarms": [],
            "arn": "arn:aws:ecs:us-east-1:838693051036:service/validator-cluster/validator-service",
            "availability_zone_rebalancing": "ENABLED",
            "capacity_provider_strategy": [],
            "cluster": "arn:aws:ecs:us-east-1:838693051036:cluster/validator-cluster",
            "deployment_circuit_breaker": [
              {
                "enable": false,
                "rollback": false
              }
            ],
            "deployment_configuration": [
              {
                "bake_time_in_minutes": "0",
                "lifecycle_hook": [],
                "strategy": "ROLLING"
              }
            ],
            "deployment_controller": [
              {
                "type": "ECS"
              }
            ],
            "deployment_maximum_percent": 200,
            "deployment_minimum_healthy_percent": 100,
            "desired_count": 1,
            "enable_ecs_managed_tags": false,
            "enable_execute_command": false,
            "force_delete": null,
            "force_new_deployment": null,
            "health_check_grace_period_seconds": 0,
            "iam_role": "/aws-service-role/ecs.amazonaws.com/AWSServiceRoleForECS",
            "id": "arn:aws:ecs:us-east-1:838693051036:service/validator-cluster/validator-service",
            "launch_type": "FARGATE",
            "load_balancer": [
              {
                "advanced_configuration": [],
                "container_name": "validator-service",
                "container_port": 3000,
                "elb_name": "",
                "target_group_arn": "arn:aws:elasticloadbalancing:us-east-1:838693051036:targetgroup/valtg-20251120071135881500000001/bece7b8300436745"
              }
            ],
            "name": "validator-service",
            "network_configuration": [
              {
                "assign_public_ip": true,
                "security_groups": [
                  "sg-0103506464b34803c"
                ],
                "subnets": [
                  "subnet-0326c3f0b0293b419",
                  "subnet-09d712845cafa5f2a"
                ]
              }
            ],
            "ordered_placement_strategy": [],
            "placement_constraints": [],
            "platform_version": "LATEST",
            "propagate_tags": "NONE",
            "region": "us-east-1",
            "scheduling_strategy": "REPLICA",
            "service_connect_configuration": [],
            "service_registries": [],
            "sigint_rollback": null,
            "tags": {},
            "tags_all": {},
            "task_definition": "arn:aws:ecs:us-east-1:838693051036:task-definition/validator-service:322",
            "timeouts": null,
            "triggers": {},
            "volume_configuration": [],
            "vpc_lattice_configurations": [],
            "wait_for_steady_state": false
          },
          "sensitive_attributes": [],
          "identity_schema_version": 0,
          "private": "eyJlMmJmYjczMC1lY2FhLTExZTYtOGY4OC0zNDM2M2JjN2M0YzAiOnsiY3JlYXRlIjoxMjAwMDAwMDAwMDAwLCJkZWxldGUiOjEyMDAwMDAwMDAwMDAsInVwZGF0ZSI6MTIwMDAwMDAwMDAwMH0sInNjaGVtYV92ZXJzaW9uIjoiMSJ9",
          "dependencies": [
            "module.ecs.aws_cloudwatch_log_group.validator_logs",
            "module.ecs.aws_ecs_cluster.validator_cluster",
            "module.ecs.aws_ecs_task_definition.validator_task",
            "module.ecs.aws_iam_role.ecs_execution_role",
            "module.ecs.aws_iam_role.ecs_task_role",
            "module.ecs.aws_lb.validator_lb",
            "module.ecs.aws_lb_listener.validator_listener",
            "module.ecs.aws_lb_target_group.validator_tg",
            "module.ecs.aws_security_group.validator_sg",
            "module.ecs.aws_subnet.validator_subnet_1",
            "module.ecs.aws_subnet.validator_subnet_2",
            "module.ecs.aws_vpc.validator_vpc",
            "module.ecs.data.aws_secretsmanager_secret.jwt_secret",
            "module.monitoring.aws_kms_key.main_key",
            "module.monitoring.aws_secretsmanager_secret.github_token"
          ]
        }
      ]
    },
    {
      "module": "module.ecs",
      "mode": "managed",
      "type": "aws_iam_role",
      "name": "ecs_execution_role",
      "provider": "provider[\"registry.terraform.io/hashicorp/aws\"]",
      "instances": [
        {
          "schema_version": 0,
          "attributes": {
            "arn": "arn:aws:iam::838693051036:role/ecs-execution-role",
            "assume_role_policy": "{\"Statement\":[{\"Action\":\"sts:AssumeRole\",\"Effect\":\"Allow\",\"Principal\":{\"Service\":\"ecs-tasks.amazonaws.com\"}}],\"Version\":\"2012-10-17\"}",
            "create_date": "2025-10-14T19:25:34Z",
            "description": "",
            "force_detach_policies": false,
            "id": "ecs-execution-role",
            "inline_policy": [
              {
                "name": "ecs-execution-secrets-policy",
                "policy": "{\"Version\":\"2012-10-17\",\"Statement\":[{\"Action\":[\"secretsmanager:GetSecretValue\",\"secretsmanager:DescribeSecret\"],\"Effect\":\"Allow\",\"Resource\":\"arn:aws:secretsmanager:us-east-1:838693051036:secret:acme-jwt-secret-lFC1MI\"},{\"Action\":[\"kms:Decrypt\"],\"Condition\":{\"StringEquals\":{\"kms:ViaService\":\"secretsmanager.us-east-1.amazonaws.com\"}},\"Effect\":\"Allow\",\"Resource\":\"*\"}]}"
              }
            ],
            "managed_policy_arns": [
              "arn:aws:iam::aws:policy/service-role/AmazonECSTaskExecutionRolePolicy"
            ],
            "max_session_duration": 3600,
            "name": "ecs-execution-role",
            "name_prefix": "",
            "path": "/",
            "permissions_boundary": "",
            "tags": {},
            "tags_all": {},
            "unique_id": "AROA4GRQALKOASMTTLHS3"
          },
          "sensitive_attributes": [],
          "identity_schema_version": 0,
          "identity": {
            "account_id": "838693051036",
            "name": "ecs-execution-role"
          },
          "private": "eyJzY2hlbWFfdmVyc2lvbiI6IjAifQ=="
        }
      ]
    },
    {
      "module": "module.ecs",
      "mode": "managed",
      "type": "aws_iam_role",
      "name": "ecs_task_role",
      "provider": "provider[\"registry.terraform.io/hashicorp/aws\"]",
      "instances": [
        {
          "schema_version": 0,
          "attributes": {
            "arn": "arn:aws:iam::838693051036:role/ecs-task-role",
            "assume_role_policy": "{\"Statement\":[{\"Action\":\"sts:AssumeRole\",\"Effect\":\"Allow\",\"Principal\":{\"Service\":\"ecs-tasks.amazonaws.com\"}}],\"Version\":\"2012-10-17\"}",
            "create_date": "2025-10-14T19:25:34Z",
            "description": "",
            "force_detach_policies": false,
            "id": "ecs-task-role",
            "inline_policy": [
              {
                "name": "ecs-task-policy",
                "policy": "{\"Version\":\"2012-10-17\",\"Statement\":[{\"Action\":[\"s3:GetAccessPoint\",\"s3:ListAccessPoint\"],\"Effect\":\"Allow\",\"Resource\":[\"arn:aws:s3:us-east-1:838693051036:accesspoint/cs450-s3\"],\"Sid\":\"S3AccessPointPermissions\"},{\"Action\":[\"s3:GetObject\",\"s3:PutObject\",\"s3:DeleteObject\",\"s3:GetObjectTagging\",\"s3:PutObjectTagging\",\"s3:AbortMultipartUpload\",\"s3:ListMultipartUploadParts\",\"s3:CreateMultipartUpload\",\"s3:CompleteMultipartUpload\",\"s3:UploadPart\"],\"Effect\":\"Allow\",\"Resource\":[\"arn:aws:s3:::pkg-artifacts/*\",\"arn:aws:s3:us-east-1:838693051036:accesspoint/cs450-s3/*\"]},{\"Action\":[\"s3:ListBucket\"],\"Effect\":\"Allow\",\"Resource\":[\"arn:aws:s3:::pkg-artifacts\",\"arn:aws:s3:us-east-1:838693051036:accesspoint/cs450-s3\"],\"Sid\":\"S3ListBucketViaAccessPoint\"},{\"Action\":[\"dynamodb:GetItem\",\"dynamodb:PutItem\",\"dynamodb:UpdateItem\",\"dynamodb:DeleteItem\",\"dynamodb:Query\",\"dynamodb:Scan\",\"dynamodb:BatchGetItem\",\"dynamodb:BatchWriteItem\"],\"Effect\":\"Allow\",\"Resource\":[\"arn:aws:dynamodb:us-east-1:838693051036:table/artifacts\",\"arn:aws:dynamodb:us-east-1:838693051036:table/downloads\",\"arn:aws:dynamodb:us-east-1:838693051036:table/packages\",\"arn:aws:dynamodb:us-east-1:838693051036:table/performance_metrics\",\"arn:aws:dynamodb:us-east-1:838693051036:table/tokens\",\"arn:aws:dynamodb:us-east-1:838693051036:table/uploads\",\"arn:aws:dynamodb:us-east-1:838693051036:table/users\"]},{\"Action\":[\"kms:Encrypt\",\"kms:Decrypt\",\"kms:ReEncrypt*\",\"kms:GenerateDataKey*\",\"kms:DescribeKey\"],\"Condition\":{\"StringEquals\":{\"kms:ViaService\":\"s3.us-east-1.amazonaws.com\"}},\"Effect\":\"Allow\",\"Resource\":[\"arn:aws:kms:us-east-1:838693051036:key/0a2286a2-0ced-4a1a-aabc-43400aa4b8eb\",\"arn:aws:kms:us-east-1:838693051036:key/ffc50d00-4db1-4676-a63a-c7c1e286abfc\"],\"Sid\":\"KMSViaS3Service\"},{\"Action\":[\"kms:Encrypt\",\"kms:Decrypt\",\"kms:ReEncrypt*\",\"kms:GenerateDataKey*\",\"kms:DescribeKey\"],\"Effect\":\"Allow\",\"Resource\":[\"arn:aws:kms:us-east-1:838693051036:key/0a2286a2-0ced-4a1a-aabc-43400aa4b8eb\",\"arn:aws:kms:us-east-1:838693051036:key/ffc50d00-4db1-4676-a63a-c7c1e286abfc\"],\"Sid\":\"KMSDirectAccess\"},{\"Action\":[\"logs:CreateLogGroup\",\"logs:CreateLogStream\",\"logs:PutLogEvents\",\"logs:DescribeLogStreams\"],\"Effect\":\"Allow\",\"Resource\":[\"arn:aws:logs:*:*:log-group:/acme-api/*\",\"arn:aws:logs:*:*:log-group:/ecs/validator-service\"]},{\"Action\":[\"cloudwatch:PutMetricData\"],\"Condition\":{\"StringEquals\":{\"cloudwatch:namespace\":\"ACME/Performance\"}},\"Effect\":\"Allow\",\"Resource\":\"*\"}]}"
              }
            ],
            "managed_policy_arns": [],
            "max_session_duration": 3600,
            "name": "ecs-task-role",
            "name_prefix": "",
            "path": "/",
            "permissions_boundary": "",
            "tags": {},
            "tags_all": {},
            "unique_id": "AROA4GRQALKOPIFHSBZOA"
          },
          "sensitive_attributes": [],
          "identity_schema_version": 0,
          "identity": {
            "account_id": "838693051036",
            "name": "ecs-task-role"
          },
          "private": "eyJzY2hlbWFfdmVyc2lvbiI6IjAifQ=="
        }
      ]
    },
    {
      "module": "module.ecs",
      "mode": "managed",
      "type": "aws_iam_role_policy",
      "name": "ecs_execution_secrets_policy",
      "provider": "provider[\"registry.terraform.io/hashicorp/aws\"]",
      "instances": [
        {
          "schema_version": 0,
          "attributes": {
            "id": "ecs-execution-role:ecs-execution-secrets-policy",
            "name": "ecs-execution-secrets-policy",
            "name_prefix": "",
            "policy": "{\"Version\":\"2012-10-17\",\"Statement\":[{\"Action\":[\"secretsmanager:GetSecretValue\",\"secretsmanager:DescribeSecret\"],\"Effect\":\"Allow\",\"Resource\":\"arn:aws:secretsmanager:us-east-1:838693051036:secret:acme-jwt-secret-lFC1MI\"},{\"Action\":[\"kms:Decrypt\"],\"Condition\":{\"StringEquals\":{\"kms:ViaService\":\"secretsmanager.us-east-1.amazonaws.com\"}},\"Effect\":\"Allow\",\"Resource\":\"*\"}]}",
            "role": "ecs-execution-role"
          },
          "sensitive_attributes": [],
          "identity_schema_version": 0,
          "identity": {
            "account_id": "838693051036",
            "name": "ecs-execution-secrets-policy",
            "role": "ecs-execution-role"
          },
          "private": "bnVsbA==",
          "dependencies": [
            "module.ecs.aws_iam_role.ecs_execution_role",
            "module.ecs.data.aws_secretsmanager_secret.jwt_secret",
            "module.monitoring.aws_kms_key.main_key",
            "module.monitoring.aws_secretsmanager_secret.github_token"
          ]
        }
      ]
    },
    {
      "module": "module.ecs",
      "mode": "managed",
      "type": "aws_iam_role_policy",
      "name": "ecs_task_policy",
      "provider": "provider[\"registry.terraform.io/hashicorp/aws\"]",
      "instances": [
        {
          "schema_version": 0,
          "attributes": {
            "id": "ecs-task-role:ecs-task-policy",
            "name": "ecs-task-policy",
            "name_prefix": "",
            "policy": "{\"Version\":\"2012-10-17\",\"Statement\":[{\"Action\":[\"s3:GetAccessPoint\",\"s3:ListAccessPoint\"],\"Effect\":\"Allow\",\"Resource\":[\"arn:aws:s3:us-east-1:838693051036:accesspoint/cs450-s3\"],\"Sid\":\"S3AccessPointPermissions\"},{\"Action\":[\"s3:GetObject\",\"s3:PutObject\",\"s3:DeleteObject\",\"s3:GetObjectTagging\",\"s3:PutObjectTagging\",\"s3:AbortMultipartUpload\",\"s3:ListMultipartUploadParts\",\"s3:CreateMultipartUpload\",\"s3:CompleteMultipartUpload\",\"s3:UploadPart\"],\"Effect\":\"Allow\",\"Resource\":[\"arn:aws:s3:::pkg-artifacts/*\",\"arn:aws:s3:us-east-1:838693051036:accesspoint/cs450-s3/*\"]},{\"Action\":[\"s3:ListBucket\"],\"Effect\":\"Allow\",\"Resource\":[\"arn:aws:s3:::pkg-artifacts\",\"arn:aws:s3:us-east-1:838693051036:accesspoint/cs450-s3\"],\"Sid\":\"S3ListBucketViaAccessPoint\"},{\"Action\":[\"dynamodb:GetItem\",\"dynamodb:PutItem\",\"dynamodb:UpdateItem\",\"dynamodb:DeleteItem\",\"dynamodb:Query\",\"dynamodb:Scan\",\"dynamodb:BatchGetItem\",\"dynamodb:BatchWriteItem\"],\"Effect\":\"Allow\",\"Resource\":[\"arn:aws:dynamodb:us-east-1:838693051036:table/artifacts\",\"arn:aws:dynamodb:us-east-1:838693051036:table/downloads\",\"arn:aws:dynamodb:us-east-1:838693051036:table/packages\",\"arn:aws:dynamodb:us-east-1:838693051036:table/performance_metrics\",\"arn:aws:dynamodb:us-east-1:838693051036:table/tokens\",\"arn:aws:dynamodb:us-east-1:838693051036:table/uploads\",\"arn:aws:dynamodb:us-east-1:838693051036:table/users\"]},{\"Action\":[\"kms:Encrypt\",\"kms:Decrypt\",\"kms:ReEncrypt*\",\"kms:GenerateDataKey*\",\"kms:DescribeKey\"],\"Condition\":{\"StringEquals\":{\"kms:ViaService\":\"s3.us-east-1.amazonaws.com\"}},\"Effect\":\"Allow\",\"Resource\":[\"arn:aws:kms:us-east-1:838693051036:key/0a2286a2-0ced-4a1a-aabc-43400aa4b8eb\",\"arn:aws:kms:us-east-1:838693051036:key/ffc50d00-4db1-4676-a63a-c7c1e286abfc\"],\"Sid\":\"KMSViaS3Service\"},{\"Action\":[\"kms:Encrypt\",\"kms:Decrypt\",\"kms:ReEncrypt*\",\"kms:GenerateDataKey*\",\"kms:DescribeKey\"],\"Effect\":\"Allow\",\"Resource\":[\"arn:aws:kms:us-east-1:838693051036:key/0a2286a2-0ced-4a1a-aabc-43400aa4b8eb\",\"arn:aws:kms:us-east-1:838693051036:key/ffc50d00-4db1-4676-a63a-c7c1e286abfc\"],\"Sid\":\"KMSDirectAccess\"},{\"Action\":[\"logs:CreateLogGroup\",\"logs:CreateLogStream\",\"logs:PutLogEvents\",\"logs:DescribeLogStreams\"],\"Effect\":\"Allow\",\"Resource\":[\"arn:aws:logs:*:*:log-group:/acme-api/*\",\"arn:aws:logs:*:*:log-group:/ecs/validator-service\"]},{\"Action\":[\"cloudwatch:PutMetricData\"],\"Condition\":{\"StringEquals\":{\"cloudwatch:namespace\":\"ACME/Performance\"}},\"Effect\":\"Allow\",\"Resource\":\"*\"}]}",
            "role": "ecs-task-role"
          },
          "sensitive_attributes": [],
          "identity_schema_version": 0,
          "identity": {
            "account_id": "838693051036",
            "name": "ecs-task-policy",
            "role": "ecs-task-role"
          },
          "private": "bnVsbA==",
          "dependencies": [
            "module.ecs.aws_iam_role.ecs_task_role",
            "module.monitoring.aws_kms_key.main_key"
          ]
        }
      ]
    },
    {
      "module": "module.ecs",
      "mode": "managed",
      "type": "aws_iam_role_policy_attachment",
      "name": "ecs_execution_role_policy",
      "provider": "provider[\"registry.terraform.io/hashicorp/aws\"]",
      "instances": [
        {
          "schema_version": 0,
          "attributes": {
            "id": "ecs-execution-role/arn:aws:iam::aws:policy/service-role/AmazonECSTaskExecutionRolePolicy",
            "policy_arn": "arn:aws:iam::aws:policy/service-role/AmazonECSTaskExecutionRolePolicy",
            "role": "ecs-execution-role"
          },
          "sensitive_attributes": [],
          "identity_schema_version": 0,
          "identity": {
            "account_id": "838693051036",
            "policy_arn": "arn:aws:iam::aws:policy/service-role/AmazonECSTaskExecutionRolePolicy",
            "role": "ecs-execution-role"
          },
          "private": "bnVsbA==",
          "dependencies": [
            "module.ecs.aws_iam_role.ecs_execution_role"
          ]
        }
      ]
    },
    {
      "module": "module.ecs",
      "mode": "managed",
      "type": "aws_internet_gateway",
      "name": "validator_igw",
      "provider": "provider[\"registry.terraform.io/hashicorp/aws\"]",
      "instances": [
        {
          "schema_version": 0,
          "attributes": {
            "arn": "arn:aws:ec2:us-east-1:838693051036:internet-gateway/igw-0c197294fff722b33",
            "id": "igw-0c197294fff722b33",
            "owner_id": "838693051036",
            "region": "us-east-1",
            "tags": {
              "Name": "validator-igw"
            },
            "tags_all": {
              "Name": "validator-igw"
            },
            "timeouts": null,
            "vpc_id": "vpc-0823e2a14f6aa023f"
          },
          "sensitive_attributes": [],
          "identity_schema_version": 0,
          "private": "eyJlMmJmYjczMC1lY2FhLTExZTYtOGY4OC0zNDM2M2JjN2M0YzAiOnsiY3JlYXRlIjoxMjAwMDAwMDAwMDAwLCJkZWxldGUiOjEyMDAwMDAwMDAwMDAsInVwZGF0ZSI6MTIwMDAwMDAwMDAwMH0sInNjaGVtYV92ZXJzaW9uIjoiMCJ9",
          "dependencies": [
            "module.ecs.aws_vpc.validator_vpc"
          ]
        }
      ]
    },
    {
      "module": "module.ecs",
      "mode": "managed",
      "type": "aws_lb",
      "name": "validator_lb",
      "provider": "provider[\"registry.terraform.io/hashicorp/aws\"]",
      "instances": [
        {
          "schema_version": 0,
          "attributes": {
            "access_logs": [
              {
                "bucket": "",
                "enabled": false,
                "prefix": ""
              }
            ],
            "arn": "arn:aws:elasticloadbalancing:us-east-1:838693051036:loadbalancer/app/validator-lb/047eef966c56b0cf",
            "arn_suffix": "app/validator-lb/047eef966c56b0cf",
            "client_keep_alive": 3600,
            "connection_logs": [
              {
                "bucket": "",
                "enabled": false,
                "prefix": ""
              }
            ],
            "customer_owned_ipv4_pool": "",
            "desync_mitigation_mode": "defensive",
            "dns_name": "validator-lb-727503296.us-east-1.elb.amazonaws.com",
            "dns_record_client_routing_policy": null,
            "drop_invalid_header_fields": false,
            "enable_cross_zone_load_balancing": true,
            "enable_deletion_protection": false,
            "enable_http2": true,
            "enable_tls_version_and_cipher_suite_headers": false,
            "enable_waf_fail_open": false,
            "enable_xff_client_port": false,
            "enable_zonal_shift": false,
            "enforce_security_group_inbound_rules_on_private_link_traffic": "",
            "id": "arn:aws:elasticloadbalancing:us-east-1:838693051036:loadbalancer/app/validator-lb/047eef966c56b0cf",
            "idle_timeout": 60,
            "internal": false,
            "ip_address_type": "ipv4",
            "ipam_pools": [],
            "load_balancer_type": "application",
            "minimum_load_balancer_capacity": [],
            "name": "validator-lb",
            "name_prefix": "",
            "preserve_host_header": false,
            "region": "us-east-1",
            "secondary_ips_auto_assigned_per_subnet": null,
            "security_groups": [
              "sg-0103506464b34803c"
            ],
            "subnet_mapping": [
              {
                "allocation_id": "",
                "ipv6_address": "",
                "outpost_id": "",
                "private_ipv4_address": "",
                "subnet_id": "subnet-0326c3f0b0293b419"
              },
              {
                "allocation_id": "",
                "ipv6_address": "",
                "outpost_id": "",
                "private_ipv4_address": "",
                "subnet_id": "subnet-09d712845cafa5f2a"
              }
            ],
            "subnets": [
              "subnet-0326c3f0b0293b419",
              "subnet-09d712845cafa5f2a"
            ],
            "tags": {},
            "tags_all": {},
            "timeouts": null,
            "vpc_id": "vpc-0823e2a14f6aa023f",
            "xff_header_processing_mode": "append",
            "zone_id": "Z35SXDOTRQ7X7K"
          },
          "sensitive_attributes": [],
          "identity_schema_version": 0,
          "identity": {
            "arn": "arn:aws:elasticloadbalancing:us-east-1:838693051036:loadbalancer/app/validator-lb/047eef966c56b0cf"
          },
          "private": "eyJlMmJmYjczMC1lY2FhLTExZTYtOGY4OC0zNDM2M2JjN2M0YzAiOnsiY3JlYXRlIjo2MDAwMDAwMDAwMDAsImRlbGV0ZSI6NjAwMDAwMDAwMDAwLCJ1cGRhdGUiOjYwMDAwMDAwMDAwMH0sInNjaGVtYV92ZXJzaW9uIjoiMCJ9",
          "dependencies": [
            "module.ecs.aws_security_group.validator_sg",
            "module.ecs.aws_subnet.validator_subnet_1",
            "module.ecs.aws_subnet.validator_subnet_2",
            "module.ecs.aws_vpc.validator_vpc"
          ],
          "create_before_destroy": true
        }
      ]
    },
    {
      "module": "module.ecs",
      "mode": "managed",
      "type": "aws_lb_listener",
      "name": "validator_listener",
      "provider": "provider[\"registry.terraform.io/hashicorp/aws\"]",
      "instances": [
        {
          "schema_version": 0,
          "attributes": {
            "alpn_policy": null,
            "arn": "arn:aws:elasticloadbalancing:us-east-1:838693051036:listener/app/validator-lb/047eef966c56b0cf/e031bfcc25cca3ee",
            "certificate_arn": null,
            "default_action": [
              {
                "authenticate_cognito": [],
                "authenticate_oidc": [],
                "fixed_response": [],
                "forward": [],
                "order": 1,
                "redirect": [],
                "target_group_arn": "arn:aws:elasticloadbalancing:us-east-1:838693051036:targetgroup/valtg-20251120071135881500000001/bece7b8300436745",
                "type": "forward"
              }
            ],
            "id": "arn:aws:elasticloadbalancing:us-east-1:838693051036:listener/app/validator-lb/047eef966c56b0cf/e031bfcc25cca3ee",
            "load_balancer_arn": "arn:aws:elasticloadbalancing:us-east-1:838693051036:loadbalancer/app/validator-lb/047eef966c56b0cf",
            "mutual_authentication": [],
            "port": 80,
            "protocol": "HTTP",
            "region": "us-east-1",
            "routing_http_request_x_amzn_mtls_clientcert_header_name": null,
            "routing_http_request_x_amzn_mtls_clientcert_issuer_header_name": null,
            "routing_http_request_x_amzn_mtls_clientcert_leaf_header_name": null,
            "routing_http_request_x_amzn_mtls_clientcert_serial_number_header_name": null,
            "routing_http_request_x_amzn_mtls_clientcert_subject_header_name": null,
            "routing_http_request_x_amzn_mtls_clientcert_validity_header_name": null,
            "routing_http_request_x_amzn_tls_cipher_suite_header_name": null,
            "routing_http_request_x_amzn_tls_version_header_name": null,
            "routing_http_response_access_control_allow_credentials_header_value": "",
            "routing_http_response_access_control_allow_headers_header_value": "",
            "routing_http_response_access_control_allow_methods_header_value": "",
            "routing_http_response_access_control_allow_origin_header_value": "",
            "routing_http_response_access_control_expose_headers_header_value": "",
            "routing_http_response_access_control_max_age_header_value": "",
            "routing_http_response_content_security_policy_header_value": "",
            "routing_http_response_server_enabled": true,
            "routing_http_response_strict_transport_security_header_value": "",
            "routing_http_response_x_content_type_options_header_value": "",
            "routing_http_response_x_frame_options_header_value": "",
            "ssl_policy": "",
            "tags": {},
            "tags_all": {},
            "tcp_idle_timeout_seconds": null,
            "timeouts": null
          },
          "sensitive_attributes": [],
          "identity_schema_version": 0,
          "identity": {
            "arn": "arn:aws:elasticloadbalancing:us-east-1:838693051036:listener/app/validator-lb/047eef966c56b0cf/e031bfcc25cca3ee"
          },
          "private": "eyJlMmJmYjczMC1lY2FhLTExZTYtOGY4OC0zNDM2M2JjN2M0YzAiOnsiY3JlYXRlIjozMDAwMDAwMDAwMDAsInVwZGF0ZSI6MzAwMDAwMDAwMDAwfX0=",
          "dependencies": [
            "module.ecs.aws_lb.validator_lb",
            "module.ecs.aws_lb_target_group.validator_tg",
            "module.ecs.aws_security_group.validator_sg",
            "module.ecs.aws_subnet.validator_subnet_1",
            "module.ecs.aws_subnet.validator_subnet_2",
            "module.ecs.aws_vpc.validator_vpc"
          ]
        }
      ]
    },
    {
      "module": "module.ecs",
      "mode": "managed",
      "type": "aws_lb_target_group",
      "name": "validator_tg",
      "provider": "provider[\"registry.terraform.io/hashicorp/aws\"]",
      "instances": [
        {
          "schema_version": 0,
          "attributes": {
            "arn": "arn:aws:elasticloadbalancing:us-east-1:838693051036:targetgroup/valtg-20251120071135881500000001/bece7b8300436745",
            "arn_suffix": "targetgroup/valtg-20251120071135881500000001/bece7b8300436745",
            "connection_termination": null,
            "deregistration_delay": "300",
            "health_check": [
              {
                "enabled": true,
                "healthy_threshold": 2,
                "interval": 30,
                "matcher": "200",
                "path": "/health",
                "port": "traffic-port",
                "protocol": "HTTP",
                "timeout": 5,
                "unhealthy_threshold": 2
              }
            ],
            "id": "arn:aws:elasticloadbalancing:us-east-1:838693051036:targetgroup/valtg-20251120071135881500000001/bece7b8300436745",
            "ip_address_type": "ipv4",
            "lambda_multi_value_headers_enabled": false,
            "load_balancer_arns": [
              "arn:aws:elasticloadbalancing:us-east-1:838693051036:loadbalancer/app/validator-lb/047eef966c56b0cf"
            ],
            "load_balancing_algorithm_type": "round_robin",
            "load_balancing_anomaly_mitigation": "off",
            "load_balancing_cross_zone_enabled": "use_load_balancer_configuration",
            "name": "valtg-20251120071135881500000001",
            "name_prefix": "valtg-",
            "port": 3000,
            "preserve_client_ip": null,
            "protocol": "HTTP",
            "protocol_version": "HTTP1",
            "proxy_protocol_v2": false,
            "region": "us-east-1",
            "slow_start": 0,
            "stickiness": [
              {
                "cookie_duration": 86400,
                "cookie_name": "",
                "enabled": false,
                "type": "lb_cookie"
              }
            ],
            "tags": {},
            "tags_all": {},
            "target_failover": [
              {
                "on_deregistration": null,
                "on_unhealthy": null
              }
            ],
            "target_group_health": [
              {
                "dns_failover": [
                  {
                    "minimum_healthy_targets_count": "1",
                    "minimum_healthy_targets_percentage": "off"
                  }
                ],
                "unhealthy_state_routing": [
                  {
                    "minimum_healthy_targets_count": 1,
                    "minimum_healthy_targets_percentage": "off"
                  }
                ]
              }
            ],
            "target_health_state": [
              {
                "enable_unhealthy_connection_termination": null,
                "unhealthy_draining_interval": null
              }
            ],
            "target_type": "ip",
            "vpc_id": "vpc-0823e2a14f6aa023f"
          },
          "sensitive_attributes": [],
          "identity_schema_version": 0,
          "identity": {
            "arn": "arn:aws:elasticloadbalancing:us-east-1:838693051036:targetgroup/valtg-20251120071135881500000001/bece7b8300436745"
          },
          "private": "bnVsbA==",
          "dependencies": [
            "module.ecs.aws_vpc.validator_vpc"
          ]
        }
      ]
    },
    {
      "module": "module.ecs",
      "mode": "managed",
      "type": "aws_route_table",
      "name": "validator_rt",
      "provider": "provider[\"registry.terraform.io/hashicorp/aws\"]",
      "instances": [
        {
          "schema_version": 0,
          "attributes": {
            "arn": "arn:aws:ec2:us-east-1:838693051036:route-table/rtb-0f5d4f991953d4cc7",
            "id": "rtb-0f5d4f991953d4cc7",
            "owner_id": "838693051036",
            "propagating_vgws": [],
            "region": "us-east-1",
            "route": [
              {
                "carrier_gateway_id": "",
                "cidr_block": "0.0.0.0/0",
                "core_network_arn": "",
                "destination_prefix_list_id": "",
                "egress_only_gateway_id": "",
                "gateway_id": "igw-0c197294fff722b33",
                "ipv6_cidr_block": "",
                "local_gateway_id": "",
                "nat_gateway_id": "",
                "network_interface_id": "",
                "transit_gateway_id": "",
                "vpc_endpoint_id": "",
                "vpc_peering_connection_id": ""
              }
            ],
            "tags": {
              "Name": "validator-rt"
            },
            "tags_all": {
              "Name": "validator-rt"
            },
            "timeouts": null,
            "vpc_id": "vpc-0823e2a14f6aa023f"
          },
          "sensitive_attributes": [],
          "identity_schema_version": 0,
          "identity": {
            "account_id": "838693051036",
            "id": "rtb-0f5d4f991953d4cc7",
            "region": "us-east-1"
          },
          "private": "eyJlMmJmYjczMC1lY2FhLTExZTYtOGY4OC0zNDM2M2JjN2M0YzAiOnsiY3JlYXRlIjozMDAwMDAwMDAwMDAsImRlbGV0ZSI6MzAwMDAwMDAwMDAwLCJ1cGRhdGUiOjEyMDAwMDAwMDAwMH0sInNjaGVtYV92ZXJzaW9uIjoiMCJ9",
          "dependencies": [
            "module.ecs.aws_internet_gateway.validator_igw",
            "module.ecs.aws_vpc.validator_vpc"
          ]
        }
      ]
    },
    {
      "module": "module.ecs",
      "mode": "managed",
      "type": "aws_route_table_association",
      "name": "validator_rta_1",
      "provider": "provider[\"registry.terraform.io/hashicorp/aws\"]",
      "instances": [
        {
          "schema_version": 0,
          "attributes": {
            "gateway_id": "",
            "id": "rtbassoc-02f0ecf201ada78b8",
            "region": "us-east-1",
            "route_table_id": "rtb-0f5d4f991953d4cc7",
            "subnet_id": "subnet-09d712845cafa5f2a",
            "timeouts": null
          },
          "sensitive_attributes": [],
          "identity_schema_version": 0,
          "private": "eyJlMmJmYjczMC1lY2FhLTExZTYtOGY4OC0zNDM2M2JjN2M0YzAiOnsiY3JlYXRlIjozMDAwMDAwMDAwMDAsImRlbGV0ZSI6MzAwMDAwMDAwMDAwLCJ1cGRhdGUiOjEyMDAwMDAwMDAwMH0sInNjaGVtYV92ZXJzaW9uIjoiMCJ9",
          "dependencies": [
            "module.ecs.aws_internet_gateway.validator_igw",
            "module.ecs.aws_route_table.validator_rt",
            "module.ecs.aws_subnet.validator_subnet_1",
            "module.ecs.aws_vpc.validator_vpc"
          ]
        }
      ]
    },
    {
      "module": "module.ecs",
      "mode": "managed",
      "type": "aws_route_table_association",
      "name": "validator_rta_2",
      "provider": "provider[\"registry.terraform.io/hashicorp/aws\"]",
      "instances": [
        {
          "schema_version": 0,
          "attributes": {
            "gateway_id": "",
            "id": "rtbassoc-031e6daa2ad1a6af2",
            "region": "us-east-1",
            "route_table_id": "rtb-0f5d4f991953d4cc7",
            "subnet_id": "subnet-0326c3f0b0293b419",
            "timeouts": null
          },
          "sensitive_attributes": [],
          "identity_schema_version": 0,
          "private": "eyJlMmJmYjczMC1lY2FhLTExZTYtOGY4OC0zNDM2M2JjN2M0YzAiOnsiY3JlYXRlIjozMDAwMDAwMDAwMDAsImRlbGV0ZSI6MzAwMDAwMDAwMDAwLCJ1cGRhdGUiOjEyMDAwMDAwMDAwMH0sInNjaGVtYV92ZXJzaW9uIjoiMCJ9",
          "dependencies": [
            "module.ecs.aws_internet_gateway.validator_igw",
            "module.ecs.aws_route_table.validator_rt",
            "module.ecs.aws_subnet.validator_subnet_2",
            "module.ecs.aws_vpc.validator_vpc"
          ]
        }
      ]
    },
    {
      "module": "module.ecs",
      "mode": "managed",
      "type": "aws_security_group",
      "name": "validator_sg",
      "provider": "provider[\"registry.terraform.io/hashicorp/aws\"]",
      "instances": [
        {
          "schema_version": 1,
          "attributes": {
            "arn": "arn:aws:ec2:us-east-1:838693051036:security-group/sg-0103506464b34803c",
            "description": "Managed by Terraform",
            "egress": [
              {
                "cidr_blocks": [
                  "0.0.0.0/0"
                ],
                "description": "",
                "from_port": 0,
                "ipv6_cidr_blocks": [],
                "prefix_list_ids": [],
                "protocol": "-1",
                "security_groups": [],
                "self": false,
                "to_port": 0
              }
            ],
            "id": "sg-0103506464b34803c",
            "ingress": [
              {
                "cidr_blocks": [
                  "0.0.0.0/0"
                ],
                "description": "",
                "from_port": 3000,
                "ipv6_cidr_blocks": [],
                "prefix_list_ids": [],
                "protocol": "tcp",
                "security_groups": [],
                "self": false,
                "to_port": 3000
              },
              {
                "cidr_blocks": [
                  "0.0.0.0/0"
                ],
                "description": "",
                "from_port": 80,
                "ipv6_cidr_blocks": [],
                "prefix_list_ids": [],
                "protocol": "tcp",
                "security_groups": [],
                "self": false,
                "to_port": 80
              }
            ],
            "name": "validator-sg20251109024247307700000001",
            "name_prefix": "validator-sg",
            "owner_id": "838693051036",
            "region": "us-east-1",
            "revoke_rules_on_delete": null,
            "tags": {
              "Name": "validator-sg"
            },
            "tags_all": {
              "Name": "validator-sg"
            },
            "timeouts": null,
            "vpc_id": "vpc-0823e2a14f6aa023f"
          },
          "sensitive_attributes": [],
          "identity_schema_version": 0,
          "identity": {
            "account_id": "838693051036",
            "id": "sg-0103506464b34803c",
            "region": "us-east-1"
          },
          "private": "eyJlMmJmYjczMC1lY2FhLTExZTYtOGY4OC0zNDM2M2JjN2M0YzAiOnsiY3JlYXRlIjo2MDAwMDAwMDAwMDAsImRlbGV0ZSI6OTAwMDAwMDAwMDAwfSwic2NoZW1hX3ZlcnNpb24iOiIxIn0=",
          "dependencies": [
            "module.ecs.aws_vpc.validator_vpc"
          ],
          "create_before_destroy": true
        }
      ]
    },
    {
      "module": "module.ecs",
      "mode": "managed",
      "type": "aws_subnet",
      "name": "validator_subnet_1",
      "provider": "provider[\"registry.terraform.io/hashicorp/aws\"]",
      "instances": [
        {
          "schema_version": 1,
          "attributes": {
            "arn": "arn:aws:ec2:us-east-1:838693051036:subnet/subnet-09d712845cafa5f2a",
            "assign_ipv6_address_on_creation": false,
            "availability_zone": "us-east-1a",
            "availability_zone_id": "use1-az1",
            "cidr_block": "10.0.10.0/24",
            "customer_owned_ipv4_pool": "",
            "enable_dns64": false,
            "enable_lni_at_device_index": 0,
            "enable_resource_name_dns_a_record_on_launch": false,
            "enable_resource_name_dns_aaaa_record_on_launch": false,
            "id": "subnet-09d712845cafa5f2a",
            "ipv6_cidr_block": "",
            "ipv6_cidr_block_association_id": "",
            "ipv6_native": false,
            "map_customer_owned_ip_on_launch": false,
            "map_public_ip_on_launch": true,
            "outpost_arn": "",
            "owner_id": "838693051036",
            "private_dns_hostname_type_on_launch": "ip-name",
            "region": "us-east-1",
            "tags": {
              "Name": "validator-subnet-1"
            },
            "tags_all": {
              "Name": "validator-subnet-1"
            },
            "timeouts": null,
            "vpc_id": "vpc-0823e2a14f6aa023f"
          },
          "sensitive_attributes": [],
          "identity_schema_version": 0,
          "identity": {
            "account_id": "838693051036",
            "id": "subnet-09d712845cafa5f2a",
            "region": "us-east-1"
          },
          "private": "eyJlMmJmYjczMC1lY2FhLTExZTYtOGY4OC0zNDM2M2JjN2M0YzAiOnsiY3JlYXRlIjo2MDAwMDAwMDAwMDAsImRlbGV0ZSI6MTIwMDAwMDAwMDAwMH0sInNjaGVtYV92ZXJzaW9uIjoiMSJ9",
          "dependencies": [
            "module.ecs.aws_vpc.validator_vpc"
          ],
          "create_before_destroy": true
        }
      ]
    },
    {
      "module": "module.ecs",
      "mode": "managed",
      "type": "aws_subnet",
      "name": "validator_subnet_2",
      "provider": "provider[\"registry.terraform.io/hashicorp/aws\"]",
      "instances": [
        {
          "schema_version": 1,
          "attributes": {
            "arn": "arn:aws:ec2:us-east-1:838693051036:subnet/subnet-0326c3f0b0293b419",
            "assign_ipv6_address_on_creation": false,
            "availability_zone": "us-east-1b",
            "availability_zone_id": "use1-az2",
            "cidr_block": "10.0.20.0/24",
            "customer_owned_ipv4_pool": "",
            "enable_dns64": false,
            "enable_lni_at_device_index": 0,
            "enable_resource_name_dns_a_record_on_launch": false,
            "enable_resource_name_dns_aaaa_record_on_launch": false,
            "id": "subnet-0326c3f0b0293b419",
            "ipv6_cidr_block": "",
            "ipv6_cidr_block_association_id": "",
            "ipv6_native": false,
            "map_customer_owned_ip_on_launch": false,
            "map_public_ip_on_launch": true,
            "outpost_arn": "",
            "owner_id": "838693051036",
            "private_dns_hostname_type_on_launch": "ip-name",
            "region": "us-east-1",
            "tags": {
              "Name": "validator-subnet-2"
            },
            "tags_all": {
              "Name": "validator-subnet-2"
            },
            "timeouts": null,
            "vpc_id": "vpc-0823e2a14f6aa023f"
          },
          "sensitive_attributes": [],
          "identity_schema_version": 0,
          "identity": {
            "account_id": "838693051036",
            "id": "subnet-0326c3f0b0293b419",
            "region": "us-east-1"
          },
          "private": "eyJlMmJmYjczMC1lY2FhLTExZTYtOGY4OC0zNDM2M2JjN2M0YzAiOnsiY3JlYXRlIjo2MDAwMDAwMDAwMDAsImRlbGV0ZSI6MTIwMDAwMDAwMDAwMH0sInNjaGVtYV92ZXJzaW9uIjoiMSJ9",
          "dependencies": [
            "module.ecs.aws_vpc.validator_vpc"
          ],
          "create_before_destroy": true
        }
      ]
    },
    {
      "module": "module.ecs",
      "mode": "managed",
      "type": "aws_vpc",
      "name": "validator_vpc",
      "provider": "provider[\"registry.terraform.io/hashicorp/aws\"]",
      "instances": [
        {
          "schema_version": 1,
          "attributes": {
            "arn": "arn:aws:ec2:us-east-1:838693051036:vpc/vpc-0823e2a14f6aa023f",
            "assign_generated_ipv6_cidr_block": false,
            "cidr_block": "10.0.0.0/16",
            "default_network_acl_id": "acl-00153e4de13810109",
            "default_route_table_id": "rtb-0ad3a623f1b291a66",
            "default_security_group_id": "sg-094c21fb7a9543f53",
            "dhcp_options_id": "dopt-0eb5b52a67aba1f28",
            "enable_dns_hostnames": true,
            "enable_dns_support": true,
            "enable_network_address_usage_metrics": false,
            "id": "vpc-0823e2a14f6aa023f",
            "instance_tenancy": "default",
            "ipv4_ipam_pool_id": null,
            "ipv4_netmask_length": null,
            "ipv6_association_id": "",
            "ipv6_cidr_block": "",
            "ipv6_cidr_block_network_border_group": "",
            "ipv6_ipam_pool_id": "",
            "ipv6_netmask_length": 0,
            "main_route_table_id": "rtb-0ad3a623f1b291a66",
            "owner_id": "838693051036",
            "region": "us-east-1",
            "tags": {
              "Name": "validator-vpc"
            },
            "tags_all": {
              "Name": "validator-vpc"
            }
          },
          "sensitive_attributes": [],
          "identity_schema_version": 0,
          "identity": {
            "account_id": "838693051036",
            "id": "vpc-0823e2a14f6aa023f",
            "region": "us-east-1"
          },
          "private": "eyJzY2hlbWFfdmVyc2lvbiI6IjEifQ==",
          "create_before_destroy": true
        }
      ]
    },
    {
      "module": "module.iam",
      "mode": "managed",
      "type": "aws_iam_policy",
      "name": "group106_policy",
      "provider": "provider[\"registry.terraform.io/hashicorp/aws\"]",
      "instances": [
        {
          "schema_version": 0,
          "attributes": {
            "arn": "arn:aws:iam::838693051036:policy/group106_project_policy",
            "attachment_count": 0,
            "description": "",
            "id": "arn:aws:iam::838693051036:policy/group106_project_policy",
            "name": "group106_project_policy",
            "name_prefix": "",
            "path": "/",
            "policy": "{\"Statement\":[{\"Action\":[\"s3:PutObject\",\"s3:GetObject\",\"s3:AbortMultipartUpload\",\"s3:CreateMultipartUpload\",\"s3:ListBucketMultipartUploads\",\"s3:ListBucket\"],\"Effect\":\"Allow\",\"Resource\":[\"arn:aws:s3:::pkg-artifacts\",\"arn:aws:s3:::pkg-artifacts/packages/*\",\"arn:aws:s3:::pkg-artifacts/validators/*\"]},{\"Action\":[\"dynamodb:PutItem\",\"dynamodb:GetItem\",\"dynamodb:UpdateItem\",\"dynamodb:Query\"],\"Effect\":\"Allow\",\"Resource\":[\"arn:aws:dynamodb:us-east-1:838693051036:table/artifacts\",\"arn:aws:dynamodb:us-east-1:838693051036:table/downloads\",\"arn:aws:dynamodb:us-east-1:838693051036:table/packages\",\"arn:aws:dynamodb:us-east-1:838693051036:table/performance_metrics\",\"arn:aws:dynamodb:us-east-1:838693051036:table/tokens\",\"arn:aws:dynamodb:us-east-1:838693051036:table/uploads\",\"arn:aws:dynamodb:us-east-1:838693051036:table/users\"]}],\"Version\":\"2012-10-17\"}",
            "policy_id": "ANPA4GRQALKOJPYXLNVRB",
            "tags": {},
            "tags_all": {}
          },
          "sensitive_attributes": [],
          "identity_schema_version": 0,
          "identity": {
            "arn": "arn:aws:iam::838693051036:policy/group106_project_policy"
          },
          "private": "bnVsbA=="
        }
      ]
    },
    {
      "module": "module.monitoring",
      "mode": "managed",
      "type": "aws_cloudwatch_dashboard",
      "name": "main_dashboard",
      "provider": "provider[\"registry.terraform.io/hashicorp/aws\"]",
      "instances": [
        {
          "schema_version": 0,
          "attributes": {
            "dashboard_arn": "arn:aws:cloudwatch::838693051036:dashboard/acme-main-dashboard",
            "dashboard_body": "{\"widgets\":[{\"height\":6,\"properties\":{\"metrics\":[[\"AWS/ECS\",\"CPUUtilization\",\"ServiceName\",\"validator-service\",\"ClusterName\",\"validator-cluster\"],[\".\",\"MemoryUtilization\",\".\",\".\",\".\",\".\"],[\".\",\"RunningTaskCount\",\".\",\".\",\".\",\".\"]],\"period\":300,\"region\":\"us-east-1\",\"stacked\":false,\"title\":\"ECS Validator Service Metrics\",\"view\":\"timeSeries\"},\"type\":\"metric\",\"width\":12,\"x\":0,\"y\":0},{\"height\":6,\"properties\":{\"metrics\":[[\"AWS/DynamoDB\",\"ConsumedReadCapacityUnits\",\"TableName\",\"packages\"],[\".\",\"ConsumedWriteCapacityUnits\",\".\",\".\"],[\".\",\"ConsumedReadCapacityUnits\",\"TableName\",\"users\"],[\".\",\"ConsumedWriteCapacityUnits\",\".\",\".\"]],\"period\":300,\"region\":\"us-east-1\",\"stacked\":false,\"title\":\"DynamoDB Metrics\",\"view\":\"timeSeries\"},\"type\":\"metric\",\"width\":12,\"x\":0,\"y\":6},{\"height\":6,\"properties\":{\"metrics\":[[\"AWS/S3\",\"BucketSizeBytes\",\"BucketName\",\"pkg-artifacts\",\"StorageType\",\"StandardStorage\"],[\".\",\"NumberOfObjects\",\".\",\".\",\".\",\".\"]],\"period\":300,\"region\":\"us-east-1\",\"stacked\":false,\"title\":\"S3 Bucket Metrics\",\"view\":\"timeSeries\"},\"type\":\"metric\",\"width\":12,\"x\":0,\"y\":12}]}",
            "dashboard_name": "acme-main-dashboard",
            "id": "acme-main-dashboard",
            "region": "us-east-1"
          },
          "sensitive_attributes": [],
          "identity_schema_version": 0,
          "private": "bnVsbA=="
        }
      ]
    },
    {
      "module": "module.monitoring",
      "mode": "managed",
      "type": "aws_cloudwatch_metric_alarm",
      "name": "validator_high_cpu",
      "provider": "provider[\"registry.terraform.io/hashicorp/aws\"]",
      "instances": [
        {
          "schema_version": 1,
          "attributes": {
            "actions_enabled": true,
            "alarm_actions": [],
            "alarm_description": "This metric monitors validator service CPU utilization",
            "alarm_name": "validator-high-cpu",
            "arn": "arn:aws:cloudwatch:us-east-1:838693051036:alarm:validator-high-cpu",
            "comparison_operator": "GreaterThanThreshold",
            "datapoints_to_alarm": 0,
            "dimensions": {
              "ClusterName": "validator-cluster",
              "ServiceName": "validator-service"
            },
            "evaluate_low_sample_count_percentiles": "",
            "evaluation_periods": 2,
            "extended_statistic": "",
            "id": "validator-high-cpu",
            "insufficient_data_actions": [],
            "metric_name": "CPUUtilization",
            "metric_query": [],
            "namespace": "AWS/ECS",
            "ok_actions": [],
            "period": 300,
            "region": "us-east-1",
            "statistic": "Average",
            "tags": {
              "Environment": "dev",
              "Name": "validator-high-cpu",
              "Project": "CS_450_Phase_2"
            },
            "tags_all": {
              "Environment": "dev",
              "Name": "validator-high-cpu",
              "Project": "CS_450_Phase_2"
            },
            "threshold": 80,
            "threshold_metric_id": "",
            "treat_missing_data": "missing",
            "unit": ""
          },
          "sensitive_attributes": [],
          "identity_schema_version": 0,
          "identity": {
            "account_id": "838693051036",
            "alarm_name": "validator-high-cpu",
            "region": "us-east-1"
          },
          "private": "eyJzY2hlbWFfdmVyc2lvbiI6IjEifQ=="
        }
      ]
    },
    {
      "module": "module.monitoring",
      "mode": "managed",
      "type": "aws_cloudwatch_metric_alarm",
      "name": "validator_high_memory",
      "provider": "provider[\"registry.terraform.io/hashicorp/aws\"]",
      "instances": [
        {
          "schema_version": 1,
          "attributes": {
            "actions_enabled": true,
            "alarm_actions": [],
            "alarm_description": "This metric monitors validator service memory utilization",
            "alarm_name": "validator-high-memory",
            "arn": "arn:aws:cloudwatch:us-east-1:838693051036:alarm:validator-high-memory",
            "comparison_operator": "GreaterThanThreshold",
            "datapoints_to_alarm": 0,
            "dimensions": {
              "ClusterName": "validator-cluster",
              "ServiceName": "validator-service"
            },
            "evaluate_low_sample_count_percentiles": "",
            "evaluation_periods": 2,
            "extended_statistic": "",
            "id": "validator-high-memory",
            "insufficient_data_actions": [],
            "metric_name": "MemoryUtilization",
            "metric_query": [],
            "namespace": "AWS/ECS",
            "ok_actions": [],
            "period": 300,
            "region": "us-east-1",
            "statistic": "Average",
            "tags": {
              "Environment": "dev",
              "Name": "validator-high-memory",
              "Project": "CS_450_Phase_2"
            },
            "tags_all": {
              "Environment": "dev",
              "Name": "validator-high-memory",
              "Project": "CS_450_Phase_2"
            },
            "threshold": 80,
            "threshold_metric_id": "",
            "treat_missing_data": "missing",
            "unit": ""
          },
          "sensitive_attributes": [],
          "identity_schema_version": 0,
          "identity": {
            "account_id": "838693051036",
            "alarm_name": "validator-high-memory",
            "region": "us-east-1"
          },
          "private": "eyJzY2hlbWFfdmVyc2lvbiI6IjEifQ=="
        }
      ]
    },
    {
      "module": "module.monitoring",
      "mode": "managed",
      "type": "aws_cloudwatch_metric_alarm",
      "name": "validator_task_count",
      "provider": "provider[\"registry.terraform.io/hashicorp/aws\"]",
      "instances": [
        {
          "schema_version": 1,
          "attributes": {
            "actions_enabled": true,
            "alarm_actions": [],
            "alarm_description": "This metric monitors validator service task count",
            "alarm_name": "validator-task-count",
            "arn": "arn:aws:cloudwatch:us-east-1:838693051036:alarm:validator-task-count",
            "comparison_operator": "LessThanThreshold",
            "datapoints_to_alarm": 0,
            "dimensions": {
              "ClusterName": "validator-cluster",
              "ServiceName": "validator-service"
            },
            "evaluate_low_sample_count_percentiles": "",
            "evaluation_periods": 2,
            "extended_statistic": "",
            "id": "validator-task-count",
            "insufficient_data_actions": [],
            "metric_name": "RunningTaskCount",
            "metric_query": [],
            "namespace": "AWS/ECS",
            "ok_actions": [],
            "period": 300,
            "region": "us-east-1",
            "statistic": "Average",
            "tags": {
              "Environment": "dev",
              "Name": "validator-task-count",
              "Project": "CS_450_Phase_2"
            },
            "tags_all": {
              "Environment": "dev",
              "Name": "validator-task-count",
              "Project": "CS_450_Phase_2"
            },
            "threshold": 1,
            "threshold_metric_id": "",
            "treat_missing_data": "missing",
            "unit": ""
          },
          "sensitive_attributes": [],
          "identity_schema_version": 0,
          "identity": {
            "account_id": "838693051036",
            "alarm_name": "validator-task-count",
            "region": "us-east-1"
          },
          "private": "eyJzY2hlbWFfdmVyc2lvbiI6IjEifQ=="
        }
      ]
    },
    {
      "module": "module.monitoring",
      "mode": "managed",
      "type": "aws_kms_alias",
      "name": "main_key_alias",
      "provider": "provider[\"registry.terraform.io/hashicorp/aws\"]",
      "instances": [
        {
          "schema_version": 0,
          "attributes": {
            "arn": "arn:aws:kms:us-east-1:838693051036:alias/acme-main-key",
            "id": "alias/acme-main-key",
            "name": "alias/acme-main-key",
            "name_prefix": "",
            "region": "us-east-1",
            "target_key_arn": "arn:aws:kms:us-east-1:838693051036:key/0a2286a2-0ced-4a1a-aabc-43400aa4b8eb",
            "target_key_id": "0a2286a2-0ced-4a1a-aabc-43400aa4b8eb"
          },
          "sensitive_attributes": [],
          "identity_schema_version": 0,
          "identity": {
            "account_id": "838693051036",
            "name": "alias/acme-main-key",
            "region": "us-east-1"
          },
          "private": "bnVsbA==",
          "dependencies": [
            "module.monitoring.aws_kms_key.main_key"
          ]
        }
      ]
    },
    {
      "module": "module.monitoring",
      "mode": "managed",
      "type": "aws_kms_key",
      "name": "main_key",
      "provider": "provider[\"registry.terraform.io/hashicorp/aws\"]",
      "instances": [
        {
          "schema_version": 0,
          "attributes": {
            "arn": "arn:aws:kms:us-east-1:838693051036:key/0a2286a2-0ced-4a1a-aabc-43400aa4b8eb",
            "bypass_policy_lockout_safety_check": false,
            "custom_key_store_id": "",
            "customer_master_key_spec": "SYMMETRIC_DEFAULT",
            "deletion_window_in_days": 7,
            "description": "KMS key for ACME project encryption",
            "enable_key_rotation": false,
            "id": "0a2286a2-0ced-4a1a-aabc-43400aa4b8eb",
            "is_enabled": true,
            "key_id": "0a2286a2-0ced-4a1a-aabc-43400aa4b8eb",
            "key_usage": "ENCRYPT_DECRYPT",
            "multi_region": false,
            "policy": "{\"Id\":\"key-default-1\",\"Statement\":[{\"Action\":\"kms:*\",\"Effect\":\"Allow\",\"Principal\":{\"AWS\":\"arn:aws:iam::838693051036:root\"},\"Resource\":\"*\",\"Sid\":\"Enable IAM User Permissions\"}],\"Version\":\"2012-10-17\"}",
            "region": "us-east-1",
            "rotation_period_in_days": 0,
            "tags": {
              "Environment": "dev",
              "Name": "acme-main-key",
              "Project": "CS_450_Phase_2"
            },
            "tags_all": {
              "Environment": "dev",
              "Name": "acme-main-key",
              "Project": "CS_450_Phase_2"
            },
            "timeouts": null,
            "xks_key_id": ""
          },
          "sensitive_attributes": [],
          "identity_schema_version": 0,
          "identity": {
            "account_id": "838693051036",
            "id": "0a2286a2-0ced-4a1a-aabc-43400aa4b8eb",
            "region": "us-east-1"
          },
          "private": "eyJlMmJmYjczMC1lY2FhLTExZTYtOGY4OC0zNDM2M2JjN2M0YzAiOnsiY3JlYXRlIjoxMjAwMDAwMDAwMDB9fQ=="
        }
      ]
    },
    {
      "module": "module.monitoring",
      "mode": "managed",
      "type": "aws_secretsmanager_secret",
      "name": "jwt_secret",
      "provider": "provider[\"registry.terraform.io/hashicorp/aws\"]",
      "instances": [
        {
          "schema_version": 0,
          "attributes": {
            "arn": "arn:aws:secretsmanager:us-east-1:838693051036:secret:acme-jwt-secret-lFC1MI",
            "description": "",
            "force_overwrite_replica_secret": false,
            "id": "arn:aws:secretsmanager:us-east-1:838693051036:secret:acme-jwt-secret-lFC1MI",
            "kms_key_id": "arn:aws:kms:us-east-1:838693051036:key/8bceba21-d653-4025-ac7d-7c4f7b271162",
            "name": "acme-jwt-secret",
            "name_prefix": "",
            "policy": "",
            "recovery_window_in_days": 30,
            "region": "us-east-1",
            "replica": [],
            "tags": {
              "Environment": "dev",
              "Name": "acme-jwt-secret",
              "Project": "CS_450_Phase_2"
            },
            "tags_all": {
              "Environment": "dev",
              "Name": "acme-jwt-secret",
              "Project": "CS_450_Phase_2"
            }
          },
          "sensitive_attributes": [],
          "identity_schema_version": 0,
          "identity": {
            "arn": "arn:aws:secretsmanager:us-east-1:838693051036:secret:acme-jwt-secret-lFC1MI"
          },
          "private": "bnVsbA==",
          "dependencies": [
            "module.monitoring.aws_kms_key.main_key"
          ]
        }
      ]
    },
    {
      "module": "module.monitoring",
      "mode": "managed",
      "type": "aws_secretsmanager_secret_version",
      "name": "jwt_secret",
      "provider": "provider[\"registry.terraform.io/hashicorp/aws\"]",
      "instances": [
        {
          "schema_version": 0,
          "attributes": {
            "arn": "arn:aws:secretsmanager:us-east-1:838693051036:secret:acme-jwt-secret-lFC1MI",
            "has_secret_string_wo": null,
            "id": "arn:aws:secretsmanager:us-east-1:838693051036:secret:acme-jwt-secret-lFC1MI|terraform-20251122164905576700000001",
            "region": "us-east-1",
            "secret_binary": "",
            "secret_id": "arn:aws:secretsmanager:us-east-1:838693051036:secret:acme-jwt-secret-lFC1MI",
            "secret_string": "{\"jwt_algorithm\":\"HS256\",\"jwt_expiration_hours\":10,\"jwt_max_uses\":1000,\"jwt_secret\":\"your-super-secret-jwt-key-change-this-in-production\"}",
            "secret_string_wo": null,
            "secret_string_wo_version": null,
            "version_id": "terraform-20251122164905576700000001",
            "version_stages": [
              "AWSCURRENT"
            ]
          },
          "sensitive_attributes": [
            [
              {
                "type": "get_attr",
                "value": "secret_binary"
              }
            ],
            [
              {
                "type": "get_attr",
                "value": "secret_string"
              }
            ],
            [
              {
                "type": "get_attr",
                "value": "secret_string_wo"
              }
            ]
          ],
          "identity_schema_version": 0,
          "identity": {
            "account_id": "838693051036",
            "region": "us-east-1",
            "secret_id": "arn:aws:secretsmanager:us-east-1:838693051036:secret:acme-jwt-secret-lFC1MI",
            "version_id": "terraform-20251122164905576700000001"
          },
          "private": "bnVsbA==",
          "dependencies": [
            "module.monitoring.aws_kms_key.main_key",
            "module.monitoring.aws_secretsmanager_secret.jwt_secret"
          ]
        }
      ]
    }
  ],
  "check_results": null
}
